{
  "version": 4,
  "terraform_version": "0.14.11",
  "serial": 60,
  "lineage": "9a5eefaf-770f-6058-06a4-f361ef46f4b9",
  "outputs": {},
  "resources": [
    {
      "mode": "data",
      "type": "aws_ami",
      "name": "eks_worker",
      "provider": "provider[\"registry.terraform.io/hashicorp/aws\"]",
      "instances": [
        {
          "schema_version": 0,
          "attributes": {
            "architecture": "x86_64",
            "arn": "arn:aws:ec2:ap-southeast-2::image/ami-06eb8d7d0eb5ee68e",
            "block_device_mappings": [
              {
                "device_name": "/dev/xvda",
                "ebs": {
                  "delete_on_termination": "true",
                  "encrypted": "false",
                  "iops": "0",
                  "snapshot_id": "snap-0a08fadf037116795",
                  "throughput": "0",
                  "volume_size": "20",
                  "volume_type": "gp2"
                },
                "no_device": "",
                "virtual_name": ""
              }
            ],
            "creation_date": "2022-11-12T12:40:45.000Z",
            "description": "EKS Kubernetes Worker AMI with AmazonLinux2 image, (k8s: 1.23.13, docker: 20.10.17-1.amzn2.0.1, containerd: 1.6.6-1.amzn2.0.2)",
            "ena_support": true,
            "executable_users": null,
            "filter": [
              {
                "name": "name",
                "values": [
                  "amazon-eks-node-1.23-v*"
                ]
              }
            ],
            "hypervisor": "xen",
            "id": "ami-06eb8d7d0eb5ee68e",
            "image_id": "ami-06eb8d7d0eb5ee68e",
            "image_location": "amazon/amazon-eks-node-1.23-v20221112",
            "image_owner_alias": "amazon",
            "image_type": "machine",
            "kernel_id": null,
            "most_recent": true,
            "name": "amazon-eks-node-1.23-v20221112",
            "name_regex": null,
            "owner_id": "602401143452",
            "owners": [
              "602401143452"
            ],
            "platform": null,
            "platform_details": "Linux/UNIX",
            "product_codes": [],
            "public": true,
            "ramdisk_id": null,
            "root_device_name": "/dev/xvda",
            "root_device_type": "ebs",
            "root_snapshot_id": "snap-0a08fadf037116795",
            "sriov_net_support": "simple",
            "state": "available",
            "state_reason": {
              "code": "UNSET",
              "message": "UNSET"
            },
            "tags": {},
            "usage_operation": "RunInstances",
            "virtualization_type": "hvm"
          },
          "sensitive_attributes": []
        }
      ]
    },
    {
      "mode": "data",
      "type": "aws_availability_zones",
      "name": "azs",
      "provider": "provider[\"registry.terraform.io/hashicorp/aws\"]",
      "instances": [
        {
          "schema_version": 0,
          "attributes": {
            "all_availability_zones": null,
            "exclude_names": null,
            "exclude_zone_ids": null,
            "filter": null,
            "group_names": [
              "ap-southeast-2"
            ],
            "id": "ap-southeast-2",
            "names": [
              "ap-southeast-2a",
              "ap-southeast-2b",
              "ap-southeast-2c"
            ],
            "state": null,
            "zone_ids": [
              "apse2-az1",
              "apse2-az3",
              "apse2-az2"
            ]
          },
          "sensitive_attributes": []
        }
      ]
    },
    {
      "mode": "data",
      "type": "aws_caller_identity",
      "name": "current",
      "provider": "provider[\"registry.terraform.io/hashicorp/aws\"]",
      "instances": [
        {
          "schema_version": 0,
          "attributes": {
            "account_id": "126494010021",
            "arn": "arn:aws:iam::126494010021:user/nokia_installer",
            "id": "126494010021",
            "user_id": "AIDAR245BNKSXQLGVE4AX"
          },
          "sensitive_attributes": []
        }
      ]
    },
    {
      "mode": "data",
      "type": "aws_iam_role",
      "name": "eks",
      "provider": "provider[\"registry.terraform.io/hashicorp/aws\"]",
      "instances": [
        {
          "schema_version": 0,
          "attributes": {
            "arn": "arn:aws:iam::126494010021:role/service_eks_cluster",
            "assume_role_policy": "{\"Version\":\"2012-10-17\",\"Statement\":[{\"Effect\":\"Allow\",\"Principal\":{\"Service\":\"eks.amazonaws.com\"},\"Action\":\"sts:AssumeRole\"}]}",
            "create_date": "2022-02-17T09:04:42Z",
            "description": "Allows access to other AWS service resources that are required to operate clusters managed by EKS.",
            "id": "service_eks_cluster",
            "max_session_duration": 3600,
            "name": "service_eks_cluster",
            "path": "/",
            "permissions_boundary": "",
            "tags": {
              "Name": "service_eks_cluster"
            },
            "unique_id": "AROAR245BNKS5W76WXNZT"
          },
          "sensitive_attributes": []
        }
      ]
    },
    {
      "mode": "data",
      "type": "aws_iam_role",
      "name": "nodes",
      "provider": "provider[\"registry.terraform.io/hashicorp/aws\"]",
      "instances": [
        {
          "schema_version": 0,
          "attributes": {
            "arn": "arn:aws:iam::126494010021:role/service_ec2_eksnode",
            "assume_role_policy": "{\"Version\":\"2012-10-17\",\"Statement\":[{\"Effect\":\"Allow\",\"Principal\":{\"Service\":\"ec2.amazonaws.com\"},\"Action\":\"sts:AssumeRole\"}]}",
            "create_date": "2022-02-17T09:34:50Z",
            "description": "Allows EC2 instances to call AWS services on your behalf.",
            "id": "service_ec2_eksnode",
            "max_session_duration": 3600,
            "name": "service_ec2_eksnode",
            "path": "/",
            "permissions_boundary": "",
            "tags": {
              "Name": "service_ec2_eksnode"
            },
            "unique_id": "AROAR245BNKS42ZXRZBFF"
          },
          "sensitive_attributes": []
        }
      ]
    },
    {
      "mode": "data",
      "type": "aws_kms_key",
      "name": "cluster",
      "provider": "provider[\"registry.terraform.io/hashicorp/aws\"]",
      "instances": [
        {
          "schema_version": 0,
          "attributes": {
            "arn": "arn:aws:kms:ap-southeast-2:126494010021:key/c9aeb1e7-8a40-47b1-b1d2-4d49400c0fa7",
            "aws_account_id": "126494010021",
            "creation_date": "2022-11-29T08:51:06Z",
            "customer_master_key_spec": "SYMMETRIC_DEFAULT",
            "deletion_date": null,
            "description": "nokia-lab3 EKS Secret Encryption Key",
            "enabled": true,
            "expiration_model": "",
            "grant_tokens": null,
            "id": "c9aeb1e7-8a40-47b1-b1d2-4d49400c0fa7",
            "key_id": "c9aeb1e7-8a40-47b1-b1d2-4d49400c0fa7",
            "key_manager": "CUSTOMER",
            "key_state": "Enabled",
            "key_usage": "ENCRYPT_DECRYPT",
            "multi_region": false,
            "multi_region_configuration": [],
            "origin": "AWS_KMS",
            "valid_to": null
          },
          "sensitive_attributes": []
        }
      ]
    },
    {
      "mode": "data",
      "type": "aws_kms_key",
      "name": "s3_artifacts",
      "provider": "provider[\"registry.terraform.io/hashicorp/aws\"]",
      "instances": [
        {
          "schema_version": 0,
          "attributes": {
            "arn": "arn:aws:kms:ap-southeast-2:126494010021:key/c9aeb1e7-8a40-47b1-b1d2-4d49400c0fa7",
            "aws_account_id": "126494010021",
            "creation_date": "2022-11-29T08:51:06Z",
            "customer_master_key_spec": "SYMMETRIC_DEFAULT",
            "deletion_date": null,
            "description": "nokia-lab3 EKS Secret Encryption Key",
            "enabled": true,
            "expiration_model": "",
            "grant_tokens": null,
            "id": "c9aeb1e7-8a40-47b1-b1d2-4d49400c0fa7",
            "key_id": "c9aeb1e7-8a40-47b1-b1d2-4d49400c0fa7",
            "key_manager": "CUSTOMER",
            "key_state": "Enabled",
            "key_usage": "ENCRYPT_DECRYPT",
            "multi_region": false,
            "multi_region_configuration": [],
            "origin": "AWS_KMS",
            "valid_to": null
          },
          "sensitive_attributes": []
        }
      ]
    },
    {
      "mode": "data",
      "type": "aws_partition",
      "name": "current",
      "provider": "provider[\"registry.terraform.io/hashicorp/aws\"]",
      "instances": [
        {
          "schema_version": 0,
          "attributes": {
            "dns_suffix": "amazonaws.com",
            "id": "aws",
            "partition": "aws",
            "reverse_dns_prefix": "com.amazonaws"
          },
          "sensitive_attributes": []
        }
      ]
    },
    {
      "mode": "data",
      "type": "aws_subnet_ids",
      "name": "private",
      "provider": "provider[\"registry.terraform.io/hashicorp/aws\"]",
      "instances": [
        {
          "schema_version": 0,
          "attributes": {
            "filter": null,
            "id": "vpc-07788b521aff07e8a",
            "ids": [
              "subnet-0b03596537c51c6b4",
              "subnet-0bca5485a6e80ee75",
              "subnet-0c61726a22c7e21e7"
            ],
            "tags": {
              "Network": "private"
            },
            "vpc_id": "vpc-07788b521aff07e8a"
          },
          "sensitive_attributes": []
        }
      ]
    },
    {
      "mode": "data",
      "type": "aws_subnet_ids",
      "name": "public",
      "provider": "provider[\"registry.terraform.io/hashicorp/aws\"]",
      "instances": [
        {
          "schema_version": 0,
          "attributes": {
            "filter": null,
            "id": "vpc-07788b521aff07e8a",
            "ids": [
              "subnet-007767e7e27de0615",
              "subnet-0138ab8d708089a1e",
              "subnet-053a9a6b33b85e899"
            ],
            "tags": {
              "Network": "public"
            },
            "vpc_id": "vpc-07788b521aff07e8a"
          },
          "sensitive_attributes": []
        }
      ]
    },
    {
      "mode": "data",
      "type": "aws_subnet_ids",
      "name": "vpc",
      "provider": "provider[\"registry.terraform.io/hashicorp/aws\"]",
      "instances": [
        {
          "schema_version": 0,
          "attributes": {
            "filter": null,
            "id": "vpc-07788b521aff07e8a",
            "ids": [
              "subnet-007767e7e27de0615",
              "subnet-0138ab8d708089a1e",
              "subnet-053a9a6b33b85e899",
              "subnet-0b03596537c51c6b4",
              "subnet-0bca5485a6e80ee75",
              "subnet-0c61726a22c7e21e7"
            ],
            "tags": null,
            "vpc_id": "vpc-07788b521aff07e8a"
          },
          "sensitive_attributes": []
        }
      ]
    },
    {
      "mode": "data",
      "type": "template_file",
      "name": "aws_ssm_seelog",
      "provider": "provider[\"registry.terraform.io/hashicorp/template\"]",
      "instances": [
        {
          "schema_version": 0,
          "attributes": {
            "filename": null,
            "id": "48dbc678e54e0fed9d9b6fcaff45966100684d71adf898ae09a8a6d6889a0848",
            "rendered": "\u003c!--amazon-ssm-agent uses seelog logging --\u003e\n\u003c!--Seelog has github wiki pages, which contain detailed how-tos references: https://github.com/cihub/seelog/wiki --\u003e\n\u003c!--Seelog examples can be found here: https://github.com/cihub/seelog-examples --\u003e\n\u003cseelog type=\"adaptive\" mininterval=\"2000000\" maxinterval=\"100000000\" critmsgcount=\"500\" minlevel=\"info\"\u003e\n    \u003cexceptions\u003e\n        \u003cexception filepattern=\"test*\" minlevel=\"error\"/\u003e\n    \u003c/exceptions\u003e\n    \u003coutputs formatid=\"fmtinfo\"\u003e\n        \u003cconsole formatid=\"fmtinfo\"/\u003e\n        \u003crollingfile type=\"size\" filename=\"/var/log/amazon/ssm/amazon-ssm-agent.log\" maxsize=\"30000000\" maxrolls=\"5\"/\u003e\n        \u003cfilter levels=\"error,critical\" formatid=\"fmterror\"\u003e\n            \u003crollingfile type=\"size\" filename=\"/var/log/amazon/ssm/errors.log\" maxsize=\"10000000\" maxrolls=\"5\"/\u003e\n        \u003c/filter\u003e\n        \u003ccustom name=\"cloudwatch_receiver\" formatid=\"fmtdebug\" data-log-group=\"/aws/eks/nokia-lab3/cluster\"/\u003e\n    \u003c/outputs\u003e\n    \u003cformats\u003e\n        \u003cformat id=\"fmterror\" format=\"%Date %Time %LEVEL [%FuncShort @ %File.%Line] %Msg%n\"/\u003e\n        \u003cformat id=\"fmtdebug\" format=\"%Date %Time %LEVEL [%FuncShort @ %File.%Line] %Msg%n\"/\u003e\n        \u003cformat id=\"fmtinfo\" format=\"%Date %Time %LEVEL %Msg%n\"/\u003e\n    \u003c/formats\u003e\n\u003c/seelog\u003e",
            "template": "\u003c!--amazon-ssm-agent uses seelog logging --\u003e\n\u003c!--Seelog has github wiki pages, which contain detailed how-tos references: https://github.com/cihub/seelog/wiki --\u003e\n\u003c!--Seelog examples can be found here: https://github.com/cihub/seelog-examples --\u003e\n\u003cseelog type=\"adaptive\" mininterval=\"2000000\" maxinterval=\"100000000\" critmsgcount=\"500\" minlevel=\"info\"\u003e\n    \u003cexceptions\u003e\n        \u003cexception filepattern=\"test*\" minlevel=\"error\"/\u003e\n    \u003c/exceptions\u003e\n    \u003coutputs formatid=\"fmtinfo\"\u003e\n        \u003cconsole formatid=\"fmtinfo\"/\u003e\n        \u003crollingfile type=\"size\" filename=\"/var/log/amazon/ssm/amazon-ssm-agent.log\" maxsize=\"30000000\" maxrolls=\"5\"/\u003e\n        \u003cfilter levels=\"error,critical\" formatid=\"fmterror\"\u003e\n            \u003crollingfile type=\"size\" filename=\"/var/log/amazon/ssm/errors.log\" maxsize=\"10000000\" maxrolls=\"5\"/\u003e\n        \u003c/filter\u003e\n        \u003ccustom name=\"cloudwatch_receiver\" formatid=\"fmtdebug\" data-log-group=\"/aws/eks/${cluster_name}/cluster\"/\u003e\n    \u003c/outputs\u003e\n    \u003cformats\u003e\n        \u003cformat id=\"fmterror\" format=\"%Date %Time %LEVEL [%FuncShort @ %File.%Line] %Msg%n\"/\u003e\n        \u003cformat id=\"fmtdebug\" format=\"%Date %Time %LEVEL [%FuncShort @ %File.%Line] %Msg%n\"/\u003e\n        \u003cformat id=\"fmtinfo\" format=\"%Date %Time %LEVEL %Msg%n\"/\u003e\n    \u003c/formats\u003e\n\u003c/seelog\u003e",
            "vars": {
              "cluster_name": "nokia-lab3"
            }
          },
          "sensitive_attributes": []
        }
      ]
    },
    {
      "mode": "data",
      "type": "template_file",
      "name": "edges_userdata",
      "provider": "provider[\"registry.terraform.io/hashicorp/template\"]",
      "instances": [
        {
          "schema_version": 0,
          "attributes": {
            "filename": null,
            "id": "f186763925f5df44a84351454f029aedf0f972226bb97c2d78436504a4ad1c0e",
            "rendered": "MIME-Version: 1.0\nContent-Type: multipart/mixed; boundary=\"//\"\n\n--//\nContent-Type: text/cloud-config; charset=\"us-ascii\"\nMIME-Version: 1.0\nContent-Transfer-Encoding: 7bit\nContent-Disposition: attachment; filename=\"cloud-config.txt\"\n\n#cloud-config\ncloud_final_modules:\n- [scripts-user, always]\n\n--//\nContent-Type: text/x-shellscript; charset=\"us-ascii\"\n#!/bin/bash -xe\n\nexec \u003e \u003e(tee /var/log/user-data.log|logger -t user-data -s 2\u003e/dev/console) 2\u003e\u00261\n\n[[ -f /etc/.firstboot_done ]] || {\n\n## Install requirements\nrpm -qa | grep parted || yum install -y parted\nrpm -qa | grep rsync || yum install -y rsync\n\n## Install Amazon SSM Agent\nrpm -qa | grep amazon-ssm-agent || yum install -y https://s3.ap-southeast-2.amazonaws.com/amazon-ssm-ap-southeast-2/latest/linux_amd64/amazon-ssm-agent.rpm\nsystemctl enable amazon-ssm-agent\ncat \u003c\u003c EOF \u003e\u003e /etc/amazon/ssm/seelog.xml\n\u003c!--amazon-ssm-agent uses seelog logging --\u003e\n\u003c!--Seelog has github wiki pages, which contain detailed how-tos references: https://github.com/cihub/seelog/wiki --\u003e\n\u003c!--Seelog examples can be found here: https://github.com/cihub/seelog-examples --\u003e\n\u003cseelog type=\"adaptive\" mininterval=\"2000000\" maxinterval=\"100000000\" critmsgcount=\"500\" minlevel=\"info\"\u003e\n    \u003cexceptions\u003e\n        \u003cexception filepattern=\"test*\" minlevel=\"error\"/\u003e\n    \u003c/exceptions\u003e\n    \u003coutputs formatid=\"fmtinfo\"\u003e\n        \u003cconsole formatid=\"fmtinfo\"/\u003e\n        \u003crollingfile type=\"size\" filename=\"/var/log/amazon/ssm/amazon-ssm-agent.log\" maxsize=\"30000000\" maxrolls=\"5\"/\u003e\n        \u003cfilter levels=\"error,critical\" formatid=\"fmterror\"\u003e\n            \u003crollingfile type=\"size\" filename=\"/var/log/amazon/ssm/errors.log\" maxsize=\"10000000\" maxrolls=\"5\"/\u003e\n        \u003c/filter\u003e\n        \u003ccustom name=\"cloudwatch_receiver\" formatid=\"fmtdebug\" data-log-group=\"/aws/eks/nokia-lab3/cluster\"/\u003e\n    \u003c/outputs\u003e\n    \u003cformats\u003e\n        \u003cformat id=\"fmterror\" format=\"%Date %Time %LEVEL [%FuncShort @ %File.%Line] %Msg%n\"/\u003e\n        \u003cformat id=\"fmtdebug\" format=\"%Date %Time %LEVEL [%FuncShort @ %File.%Line] %Msg%n\"/\u003e\n        \u003cformat id=\"fmtinfo\" format=\"%Date %Time %LEVEL %Msg%n\"/\u003e\n    \u003c/formats\u003e\n\u003c/seelog\u003e\nEOF\nsystemctl restart amazon-ssm-agent\n\n## Partitioning\nparted --script /dev/nvme1n1 \\\nmklabel gpt \\\nmkpart log ext4 0% 100%\npartprobe\n\n## Format new partition\nmkfs.ext4 /dev/nvme1n1p1\n\n## Automatic mount\ncat \u003c\u003c EOF \u003e\u003e /etc/fstab\ntmpfs   /tmp            tmpfs     defaults,size=1g,mode=1777,nodev,noexec,nosuid  0       0\n/tmp    /var/tmp        none      rw,nodev,noexec,nosuid,bind     0       0\ntmpfs   /dev/shm        tmpfs     noexec,nosuid,nodev    0       0\nEOF\n\n# /var/log\necho \"$(blkid | grep nvme1n1p1 | awk '{print $2}') /var/log ext4 defaults,nofail 0 2\" \u003e\u003e /etc/fstab\nmkdir -p /tmp/log\nmount /dev/nvme1n1p1 /tmp/log\nrsync -av /var/log/ /tmp/log\numount /tmp/log\nmount /dev/nvme1n1p1 /var/log\nchmod -R 777 /var/log\n\n# Reload fstab\nmount -a\n\nkubelet_service=\"/etc/systemd/system/kubelet.service\"\n\n\n# Docker options set sysconfig environment file\ncat \u003c\u003c EOF \u003e\u003e /etc/sysconfig/docker\n\nOPTIONS='--selinux-enabled=true --exec-opt=native.cgroupdriver=systemd --storage-opt overlay2.override_kernel_check=true --userland-proxy=false'\nEOF\nsystemctl restart docker\n\n\n# Allow user supplied pre userdata code\n\n\n# Systemd does not support appending environment variables. Add a new variable\nsed -i 's/KUBELET_EXTRA_ARGS/KUBELET_EXTRA_ARGS $EXTENDED_KUBELET_ARGS/' $kubelet_service\ncat \u003c\u003c EOF \u003e /etc/systemd/system/kubelet.service.d/9999-extended-kubelet-args.conf\n[Service]\nEnvironment='EXTENDED_KUBELET_ARGS=--cgroup-driver=systemd'\nEOF\nsystemctl daemon-reload\n\n# Allow user supplied userdata code\n\n\n\n# Point resolv.conf to NodeLocal DNS\necho \"supersede domain-name-servers 127.0.0.1,169.254.169.253;\" \u003e\u003e /etc/dhcp/dhclient.conf \u0026\u0026 dhclient -r \u0026\u0026 dhclient\n# We always use image-id in launch-template which means it is considered as custom AMI\nB64_CLUSTER_CA=LS0tLS1CRUdJTiBDRVJUSUZJQ0FURS0tLS0tCk1JSUMvakNDQWVhZ0F3SUJBZ0lCQURBTkJna3Foa2lHOXcwQkFRc0ZBREFWTVJNd0VRWURWUVFERXdwcmRXSmwKY201bGRHVnpNQjRYRFRJeU1URXlPVEE0TlRnMU9Wb1hEVE15TVRFeU5qQTROVGcxT1Zvd0ZURVRNQkVHQTFVRQpBeE1LYTNWaVpYSnVaWFJsY3pDQ0FTSXdEUVlKS29aSWh2Y05BUUVCQlFBRGdnRVBBRENDQVFvQ2dnRUJBTmI5CnNsQnBaUVNkTjhzQlZ6MVM3eEo2MjA4WDVTTnRaOUtUNGMycERpMkNXWmtmd0QvLyt1VWErYlV5NGdLNmU3STIKZVZyTk1mN2hwMVdRQmxnWGxiUWsvOFRXOE02RU4wMk5ta1pqb0xTd2ZDcEdjQXB1SS9vVFoxMHJmdkR0cU1PbAoxRzJTQ2xxeFpVUU8zK3FmVEdmUGY4dTJwUy8vcm82RXN1L0NBdmQ1cTZGSnh6RGQ5YnNZRFlKaWtVYXFXbnZJCll3MVhUYUdXNyswdjJKY1V3bEQwaDArNGZBM1FvWkVzWUJmdEhpRGlsVGpQMlRkUXdoVXdFSFQ3T3h3MEhsZ0QKZzNhY2phK041ekNSZmE2OFdUUDdEajRhODMxd2JJbW1rSGk4dlhZb3BNSDFIYmtWb1QwYlNXRTRuenNDRjdwTgo2bjc4bmxDcG1iSUFSMUIwR244Q0F3RUFBYU5aTUZjd0RnWURWUjBQQVFIL0JBUURBZ0trTUE4R0ExVWRFd0VCCi93UUZNQU1CQWY4d0hRWURWUjBPQkJZRUZJOEVoR2FiN2V6OTg3TnRTbSttVjU4Q3FncVZNQlVHQTFVZEVRUU8KTUF5Q0NtdDFZbVZ5Ym1WMFpYTXdEUVlKS29aSWh2Y05BUUVMQlFBRGdnRUJBTGZTTHpjUEJkc1dLYnowRVZrYgpOZVBMZ2g5QTd3QTJTajd0N1hrZVR0LzNSbTUrTXJmdktpejdaNDlsb2h6R25RM1ZLRXV6T3I1Y0JDdEZMVEY1CjhhZVRBUE5yd1lTMU5MREhNc3ZYb3ZQSXo2bHN2djRqKzMxZmhpTW5iUlRJL05PZC94TGJwWHl3L3ExcndRWHgKTFNOc1ArY1ZOVzJnQm44UzZlYU5NWUhqRWFqWjNKdWhJcTdsKy9vZTU1UXJUYnpHQUE4Rkt6anRqbVZsRUtFNQozYXg2RXBLTEtpMklYUnMybXVObjRzeGhMRENCU1ZZem9PZEVLZ0hQSVpEMXh1NzZGbGt1c2d2OXdvUUplRjJFCjgzQ1F3NXBRTkJzK0Mrdy80R2hXYldQQmZNbjVNeS92OTNKUEZsT0U4VFExeC9qVmVWNjJVVjArYnoyOEpXcGoKUFg4PQotLS0tLUVORCBDRVJUSUZJQ0FURS0tLS0tCg==\nAPI_SERVER_URL=https://34DC12D632465D3B3C47E5D035156A6E.gr7.ap-southeast-2.eks.amazonaws.com\n/etc/eks/bootstrap.sh nokia-lab3 --b64-cluster-ca $B64_CLUSTER_CA --apiserver-endpoint $API_SERVER_URL --container-runtime dockerd\n\ntouch /etc/.firstboot_done\n}\n\n\n\n",
            "template": "MIME-Version: 1.0\nContent-Type: multipart/mixed; boundary=\"//\"\n\n--//\nContent-Type: text/cloud-config; charset=\"us-ascii\"\nMIME-Version: 1.0\nContent-Transfer-Encoding: 7bit\nContent-Disposition: attachment; filename=\"cloud-config.txt\"\n\n#cloud-config\ncloud_final_modules:\n- [scripts-user, always]\n\n--//\nContent-Type: text/x-shellscript; charset=\"us-ascii\"\n#!/bin/bash -xe\n\nexec \u003e \u003e(tee /var/log/user-data.log|logger -t user-data -s 2\u003e/dev/console) 2\u003e\u00261\n\n[[ -f /etc/.firstboot_done ]] || {\n\n## Install requirements\nrpm -qa | grep parted || yum install -y parted\nrpm -qa | grep rsync || yum install -y rsync\n\n## Install Amazon SSM Agent\nrpm -qa | grep amazon-ssm-agent || yum install -y https://s3.${region}.amazonaws.com/amazon-ssm-${region}/latest/linux_amd64/amazon-ssm-agent.rpm\nsystemctl enable amazon-ssm-agent\ncat \u003c\u003c EOF \u003e\u003e /etc/amazon/ssm/seelog.xml\n${seelog_file}\nEOF\nsystemctl restart amazon-ssm-agent\n\n## Partitioning\nparted --script /dev/nvme1n1 \\\nmklabel gpt \\\nmkpart log ext4 0% 100%\npartprobe\n\n## Format new partition\nmkfs.ext4 /dev/nvme1n1p1\n\n## Automatic mount\ncat \u003c\u003c EOF \u003e\u003e /etc/fstab\ntmpfs   /tmp            tmpfs     defaults,size=1g,mode=1777,nodev,noexec,nosuid  0       0\n/tmp    /var/tmp        none      rw,nodev,noexec,nosuid,bind     0       0\ntmpfs   /dev/shm        tmpfs     noexec,nosuid,nodev    0       0\nEOF\n\n# /var/log\necho \"$(blkid | grep nvme1n1p1 | awk '{print $2}') /var/log ext4 defaults,nofail 0 2\" \u003e\u003e /etc/fstab\nmkdir -p /tmp/log\nmount /dev/nvme1n1p1 /tmp/log\nrsync -av /var/log/ /tmp/log\numount /tmp/log\nmount /dev/nvme1n1p1 /var/log\nchmod -R 777 /var/log\n\n# Reload fstab\nmount -a\n\nkubelet_service=\"/etc/systemd/system/kubelet.service\"\n\n%{ if container_runtime == \"containerd\" }\nkubelet_service=\"/etc/eks/containerd/kubelet-containerd.service\"\nconf=/etc/eks/containerd/containerd-config.toml\n# EKS bootstrap script moves $conf to /etc/eks/containerd/config.toml\nsection=\"\\[plugins.\\\"io.containerd.grpc.v1.cri\\\".containerd.runtimes.runc.options\\]\"\nkey=\"SystemdCgroup\"\ngrep -q $section $conf || sed -i \"/^runtime_type.*/a $section\" $conf\ngrep -q $key $conf || sed -i \"/$section.*/a $key = true\" $conf\n%{ else }\n# Docker options set sysconfig environment file\ncat \u003c\u003c EOF \u003e\u003e /etc/sysconfig/docker\n\nOPTIONS='${docker_opts}'\nEOF\nsystemctl restart docker\n%{ endif }\n\n# Allow user supplied pre userdata code\n${pre_userdata}\n\n# Systemd does not support appending environment variables. Add a new variable\nsed -i 's/KUBELET_EXTRA_ARGS/KUBELET_EXTRA_ARGS $EXTENDED_KUBELET_ARGS/' $kubelet_service\ncat \u003c\u003c EOF \u003e /etc/systemd/system/kubelet.service.d/9999-extended-kubelet-args.conf\n[Service]\nEnvironment='EXTENDED_KUBELET_ARGS=${kubelet_extra_args}'\nEOF\nsystemctl daemon-reload\n\n# Allow user supplied userdata code\n${additional_userdata}\n\n# Point resolv.conf to NodeLocal DNS\necho \"supersede domain-name-servers 127.0.0.1,169.254.169.253;\" \u003e\u003e /etc/dhcp/dhclient.conf \u0026\u0026 dhclient -r \u0026\u0026 dhclient\n# We always use image-id in launch-template which means it is considered as custom AMI\nB64_CLUSTER_CA=${cluster_ca}\nAPI_SERVER_URL=${cluster_ep}\n/etc/eks/bootstrap.sh ${cluster_name} --b64-cluster-ca $B64_CLUSTER_CA --apiserver-endpoint $API_SERVER_URL --container-runtime ${container_runtime}\n\ntouch /etc/.firstboot_done\n}\n\n%{ if container_runtime == \"containerd\" }\nln -sf /run/containerd/containerd.sock /run/dockershim.sock\nsystemctl daemon-reload\nsystemctl start kubelet\n%{ endif }\n\n",
            "vars": {
              "additional_userdata": "\n",
              "bootstrap_extra_args": "",
              "cluster_ca": "LS0tLS1CRUdJTiBDRVJUSUZJQ0FURS0tLS0tCk1JSUMvakNDQWVhZ0F3SUJBZ0lCQURBTkJna3Foa2lHOXcwQkFRc0ZBREFWTVJNd0VRWURWUVFERXdwcmRXSmwKY201bGRHVnpNQjRYRFRJeU1URXlPVEE0TlRnMU9Wb1hEVE15TVRFeU5qQTROVGcxT1Zvd0ZURVRNQkVHQTFVRQpBeE1LYTNWaVpYSnVaWFJsY3pDQ0FTSXdEUVlKS29aSWh2Y05BUUVCQlFBRGdnRVBBRENDQVFvQ2dnRUJBTmI5CnNsQnBaUVNkTjhzQlZ6MVM3eEo2MjA4WDVTTnRaOUtUNGMycERpMkNXWmtmd0QvLyt1VWErYlV5NGdLNmU3STIKZVZyTk1mN2hwMVdRQmxnWGxiUWsvOFRXOE02RU4wMk5ta1pqb0xTd2ZDcEdjQXB1SS9vVFoxMHJmdkR0cU1PbAoxRzJTQ2xxeFpVUU8zK3FmVEdmUGY4dTJwUy8vcm82RXN1L0NBdmQ1cTZGSnh6RGQ5YnNZRFlKaWtVYXFXbnZJCll3MVhUYUdXNyswdjJKY1V3bEQwaDArNGZBM1FvWkVzWUJmdEhpRGlsVGpQMlRkUXdoVXdFSFQ3T3h3MEhsZ0QKZzNhY2phK041ekNSZmE2OFdUUDdEajRhODMxd2JJbW1rSGk4dlhZb3BNSDFIYmtWb1QwYlNXRTRuenNDRjdwTgo2bjc4bmxDcG1iSUFSMUIwR244Q0F3RUFBYU5aTUZjd0RnWURWUjBQQVFIL0JBUURBZ0trTUE4R0ExVWRFd0VCCi93UUZNQU1CQWY4d0hRWURWUjBPQkJZRUZJOEVoR2FiN2V6OTg3TnRTbSttVjU4Q3FncVZNQlVHQTFVZEVRUU8KTUF5Q0NtdDFZbVZ5Ym1WMFpYTXdEUVlKS29aSWh2Y05BUUVMQlFBRGdnRUJBTGZTTHpjUEJkc1dLYnowRVZrYgpOZVBMZ2g5QTd3QTJTajd0N1hrZVR0LzNSbTUrTXJmdktpejdaNDlsb2h6R25RM1ZLRXV6T3I1Y0JDdEZMVEY1CjhhZVRBUE5yd1lTMU5MREhNc3ZYb3ZQSXo2bHN2djRqKzMxZmhpTW5iUlRJL05PZC94TGJwWHl3L3ExcndRWHgKTFNOc1ArY1ZOVzJnQm44UzZlYU5NWUhqRWFqWjNKdWhJcTdsKy9vZTU1UXJUYnpHQUE4Rkt6anRqbVZsRUtFNQozYXg2RXBLTEtpMklYUnMybXVObjRzeGhMRENCU1ZZem9PZEVLZ0hQSVpEMXh1NzZGbGt1c2d2OXdvUUplRjJFCjgzQ1F3NXBRTkJzK0Mrdy80R2hXYldQQmZNbjVNeS92OTNKUEZsT0U4VFExeC9qVmVWNjJVVjArYnoyOEpXcGoKUFg4PQotLS0tLUVORCBDRVJUSUZJQ0FURS0tLS0tCg==",
              "cluster_ep": "https://34DC12D632465D3B3C47E5D035156A6E.gr7.ap-southeast-2.eks.amazonaws.com",
              "cluster_name": "nokia-lab3",
              "container_runtime": "dockerd",
              "docker_opts": "--selinux-enabled=true --exec-opt=native.cgroupdriver=systemd --storage-opt overlay2.override_kernel_check=true --userland-proxy=false",
              "kubelet_extra_args": "--cgroup-driver=systemd",
              "pre_userdata": "",
              "region": "ap-southeast-2",
              "seelog_file": "\u003c!--amazon-ssm-agent uses seelog logging --\u003e\n\u003c!--Seelog has github wiki pages, which contain detailed how-tos references: https://github.com/cihub/seelog/wiki --\u003e\n\u003c!--Seelog examples can be found here: https://github.com/cihub/seelog-examples --\u003e\n\u003cseelog type=\"adaptive\" mininterval=\"2000000\" maxinterval=\"100000000\" critmsgcount=\"500\" minlevel=\"info\"\u003e\n    \u003cexceptions\u003e\n        \u003cexception filepattern=\"test*\" minlevel=\"error\"/\u003e\n    \u003c/exceptions\u003e\n    \u003coutputs formatid=\"fmtinfo\"\u003e\n        \u003cconsole formatid=\"fmtinfo\"/\u003e\n        \u003crollingfile type=\"size\" filename=\"/var/log/amazon/ssm/amazon-ssm-agent.log\" maxsize=\"30000000\" maxrolls=\"5\"/\u003e\n        \u003cfilter levels=\"error,critical\" formatid=\"fmterror\"\u003e\n            \u003crollingfile type=\"size\" filename=\"/var/log/amazon/ssm/errors.log\" maxsize=\"10000000\" maxrolls=\"5\"/\u003e\n        \u003c/filter\u003e\n        \u003ccustom name=\"cloudwatch_receiver\" formatid=\"fmtdebug\" data-log-group=\"/aws/eks/nokia-lab3/cluster\"/\u003e\n    \u003c/outputs\u003e\n    \u003cformats\u003e\n        \u003cformat id=\"fmterror\" format=\"%Date %Time %LEVEL [%FuncShort @ %File.%Line] %Msg%n\"/\u003e\n        \u003cformat id=\"fmtdebug\" format=\"%Date %Time %LEVEL [%FuncShort @ %File.%Line] %Msg%n\"/\u003e\n        \u003cformat id=\"fmtinfo\" format=\"%Date %Time %LEVEL %Msg%n\"/\u003e\n    \u003c/formats\u003e\n\u003c/seelog\u003e",
              "selinux": "permissive",
              "selinux_booleans": "setsebool -P named_write_master_zones on\nsetsebool -P virt_use_nfs on\nsetsebool -P  container_connect_any on\n",
              "selinux_policies": "cat \u003c\u003c EOF \u003e /tmp/kubemod.te\n\nmodule kubemod 1.0;\nrequire {\n\ttype admin_home_t;\n\ttype auditd_t;\n\ttype afs3_callback_port_t;\n\ttype bin_t;\n\ttype cert_t;\n\ttype cephfs_t;\n\ttype commplex_link_port_t;\n\ttype commplex_main_port_t;\n\ttype chronyd_t;\n\ttype container_t;\n\ttype container_file_t;\n\ttype container_var_lib_t;\n\ttype cgroup_t;\n\ttype chkpwd_t;\n\ttype dhcpc_t;\n\ttype dns_port_t;\n\ttype ec2_instance_connect_t;\n\ttype etc_t;\n\ttype fusefs_t;\n\ttype geneve_port_t;\n\ttype gatekeeper_port_t;\n\ttype hostname_t;\n\ttype http_port_t;\n\ttype http_cache_port_t;\n\ttype ifconfig_t;\n\ttype irqbalance_t;\n\ttype jboss_management_port_t;\n\ttype kerberos_port_t;\n\ttype kernel_t;\n\ttype kubernetes_port_t;\n\ttype logrotate_t;\n\ttype mysqld_port_t;\n\ttype node_t;\n\ttype nfs_t;\n\ttype ntop_port_t;\n\ttype postgresql_port_t;\n\ttype postfix_pickup_t;\n\ttype postfix_master_t;\n\ttype postfix_qmgr_t;\n\ttype pki_ca_port_t;\n\ttype proc_t;\n\ttype rngd_t;\n\ttype redis_port_t;\n\ttype websm_port_t;\n\ttype setfiles_t;\n\ttype sshd_t;\n\ttype sysfs_t;\n\ttype syslogd_t;\n\ttype syslogd_var_run_t;\n\ttype soundd_port_t;\n\ttype unconfined_service_t;\n\ttype unlabeled_t;\n\ttype unreserved_port_t;\n\ttype usr_t;\n\ttype epmd_port_t;\n\ttype hplip_port_t;\n\ttype rabbitmq_port_t;\n\ttype ephemeral_port_t;\n\ttype cyphesis_port_t;\n\ttype amqp_port_t;\n\ttype transproxy_port_t;\n\ttype tram_port_t;\n\tclass capability { audit_write chown fowner dac_override net_bind_service setuid setgid };\n\tclass netlink_route_socket { setopt getopt bind create getattr nlmsg_read read  write};\n\tclass netlink_audit_socket { setopt getopt bind create getattr nlmsg_relay nlmsg_read read  write };\n\tclass dir { open add_name remove_name rmdir create write read setattr search };\n\tclass file { append execute create getattr ioctl lock open rename read setattr unlink write execute_no_trans search };\n\tclass lnk_file { create read write unlink setattr getattr };\n\tclass filesystem associate;\n\tclass fifo_file open;\n\tclass process { setsched transition execmem noatsecure rlimitinh siginh };\n\tclass process2 nnp_transition;\n\tclass system module_request;\n\tclass tcp_socket { accept read write bind connect create getattr listen name_bind name_connect node_bind getopt setopt shutdown };\n\tclass udp_socket { bind read write connect create getattr name_bind name_connect node_bind getopt setopt ioctl };\n}\n#============= auditd_t ==============\nallow auditd_t unlabeled_t:dir { add_name read remove_name write setattr };\nallow auditd_t unlabeled_t:file { append ioctl read create getattr open rename setattr unlink };\n#============= dhcpc_t ==============\nallow dhcpc_t hostname_t:process { noatsecure rlimitinh siginh };\nallow dhcpc_t chronyd_t:process { noatsecure rlimitinh siginh };\nallow dhcpc_t ifconfig_t:process { noatsecure rlimitinh siginh };\nallow dhcpc_t setfiles_t:process { noatsecure rlimitinh siginh };\n#============= ec2_instance_connect_t ==============\nallow ec2_instance_connect_t kernel_t:system module_request;\n#============= container_t ==============\nallow container_t admin_home_t:file open;\nallow container_t bin_t:file { create setattr write rename unlink };\nallow container_t bin_t:dir { add_name remove_name write };\nallow container_t etc_t:dir { add_name remove_name setattr write };\nallow container_t etc_t:file { create rename setattr unlink write };\nallow container_t self:capability { audit_write chown fowner setuid setgid dac_override net_bind_service };\nallow container_t self:netlink_route_socket { setopt bind create  read write getattr nlmsg_read};\nallow container_t self:netlink_audit_socket { write create nlmsg_relay };\nallow container_t self:tcp_socket { accept read write bind connect create getopt getattr listen setopt shutdown };\nallow container_t self:udp_socket { ioctl read write bind connect create getattr getopt setopt };\nallow container_t self:process execmem;\nallow container_t self:dir { add_name write };\nallow container_t self:file { read create };\nallow container_t postgresql_port_t:tcp_socket { name_bind name_connect };\nallow container_t mysqld_port_t:tcp_socket { name_bind name_connect };\nallow container_t websm_port_t:tcp_socket { name_bind name_connect };\nallow container_t dns_port_t:tcp_socket { name_bind name_connect };\nallow container_t dns_port_t:udp_socket name_bind;\nallow container_t fusefs_t:dir setattr;\nallow container_t fusefs_t:file { execute execute_no_trans };\nallow container_t fusefs_t:lnk_file { create read getattr };\nallow container_t cephfs_t:dir { add_name create read remove_name rmdir setattr write };\nallow container_t cephfs_t:file { create execute execute_no_trans rename setattr unlink };\nallow container_t cephfs_t:lnk_file { getattr setattr read write create unlink };\nallow container_t http_cache_port_t:tcp_socket { name_bind name_connect };\nallow container_t http_port_t:tcp_socket { name_bind name_connect };\nallow container_t node_t:tcp_socket node_bind;\nallow container_t node_t:udp_socket node_bind;\nallow container_t nfs_t:dir write;\nallow container_t soundd_port_t:tcp_socket name_bind;\nallow container_t sysfs_t:file { open read getattr };\nallow container_t sysfs_t:dir { open read };\nallow container_t sysfs_t:lnk_file { read getattr };\nallow container_t cgroup_t:file { getattr open read write };\nallow container_t container_var_lib_t:file { ioctl lock open read execute execute_no_trans };\nallow container_t container_file_t:dir search;\nallow container_t container_file_t:file { search read unlink };\nallow container_t container_file_t:lnk_file read;\nallow container_t jboss_management_port_t:tcp_socket { name_bind name_connect };\nallow container_t redis_port_t:tcp_socket { name_bind name_connect };\nallow container_t commplex_link_port_t:tcp_socket { name_bind name_connect };\nallow container_t commplex_main_port_t:tcp_socket { name_bind name_connect };\nallow container_t unreserved_port_t:tcp_socket { name_bind name_connect };\nallow container_t unreserved_port_t:udp_socket { name_bind name_connect };\nallow container_t unconfined_service_t:fifo_file open;\nallow container_t kubernetes_port_t:tcp_socket { name_connect name_bind };\nallow container_t geneve_port_t:tcp_socket name_bind;\nallow container_t pki_ca_port_t:tcp_socket { name_connect name_bind };\nallow container_t gatekeeper_port_t:tcp_socket { name_connect name_bind };\nallow container_t amqp_port_t:tcp_socket { name_connect name_bind };\nallow container_t cyphesis_port_t:tcp_socket { name_connect name_bind };\nallow container_t ephemeral_port_t:tcp_socket { name_connect name_bind };\nallow container_t epmd_port_t:tcp_socket { name_connect name_bind };\nallow container_t hplip_port_t:tcp_socket { name_connect name_bind };\nallow container_t rabbitmq_port_t:tcp_socket { name_connect name_bind };\nallow container_t transproxy_port_t:tcp_socket { name_connect name_bind };\nallow container_t tram_port_t:tcp_socket { name_connect name_bind };\nallow container_t syslogd_var_run_t:file read;\nallow container_t afs3_callback_port_t:tcp_socket { name_connect name_bind };\nallow container_t kernel_t:system module_request;\nallow container_t ntop_port_t:tcp_socket { name_connect name_bind };\nallow container_t proc_t:filesystem associate;\nallow container_t usr_t:dir write;\nallow container_t kerberos_port_t:tcp_socket { name_connect name_bind };\n#============= rngd_t ==============\nallow rngd_t cert_t:dir search;\nallow rngd_t self:process setsched;\n#============= sshd_t ==============\nallow sshd_t unlabeled_t:file { lock open read write };\nallow sshd_t chkpwd_t:process { noatsecure rlimitinh siginh };\nallow sshd_t ec2_instance_connect_t:process { noatsecure rlimitinh siginh };\n#============= syslogd_t ==============\nallow syslogd_t unlabeled_t:file { open ioctl unlink read append getattr };\n#============= unconfined_service_t ==============\nallow unconfined_service_t container_t:process transition;\nallow unconfined_service_t container_t:process2 nnp_transition;\n#============= postfix_master_t ==============\nallow postfix_master_t kernel_t:system module_request;\nallow postfix_master_t postfix_pickup_t:process { noatsecure rlimitinh siginh };\nallow postfix_master_t postfix_qmgr_t:process { noatsecure rlimitinh siginh };\n#============= postfix_pickup_t ==============\nallow postfix_pickup_t kernel_t:system module_request;\n#============= postfix_qmgr_t ==============\nallow postfix_qmgr_t kernel_t:system module_request;\n#============= irqbalance_t ==============\nallow irqbalance_t unlabeled_t:file { open read };\n#============= logrotate_t ==============\nallow logrotate_t unlabeled_t:dir { open read };\n\nEOF\ncheckmodule -M -m -o /tmp/kubemod.mod /tmp/kubemod.te\nsemodule_package -o /tmp/kubemod.pp -m /tmp/kubemod.mod\nsemodule -i /tmp/kubemod.pp\nrestorecon -R /var/log\ntouch /.autorelabel\ntouch /etc/.firstboot_done\nreboot\n"
            }
          },
          "sensitive_attributes": []
        }
      ]
    },
    {
      "mode": "data",
      "type": "template_file",
      "name": "workers_userdata",
      "provider": "provider[\"registry.terraform.io/hashicorp/template\"]",
      "instances": [
        {
          "schema_version": 0,
          "attributes": {
            "filename": null,
            "id": "f186763925f5df44a84351454f029aedf0f972226bb97c2d78436504a4ad1c0e",
            "rendered": "MIME-Version: 1.0\nContent-Type: multipart/mixed; boundary=\"//\"\n\n--//\nContent-Type: text/cloud-config; charset=\"us-ascii\"\nMIME-Version: 1.0\nContent-Transfer-Encoding: 7bit\nContent-Disposition: attachment; filename=\"cloud-config.txt\"\n\n#cloud-config\ncloud_final_modules:\n- [scripts-user, always]\n\n--//\nContent-Type: text/x-shellscript; charset=\"us-ascii\"\n#!/bin/bash -xe\n\nexec \u003e \u003e(tee /var/log/user-data.log|logger -t user-data -s 2\u003e/dev/console) 2\u003e\u00261\n\n[[ -f /etc/.firstboot_done ]] || {\n\n## Install requirements\nrpm -qa | grep parted || yum install -y parted\nrpm -qa | grep rsync || yum install -y rsync\n\n## Install Amazon SSM Agent\nrpm -qa | grep amazon-ssm-agent || yum install -y https://s3.ap-southeast-2.amazonaws.com/amazon-ssm-ap-southeast-2/latest/linux_amd64/amazon-ssm-agent.rpm\nsystemctl enable amazon-ssm-agent\ncat \u003c\u003c EOF \u003e\u003e /etc/amazon/ssm/seelog.xml\n\u003c!--amazon-ssm-agent uses seelog logging --\u003e\n\u003c!--Seelog has github wiki pages, which contain detailed how-tos references: https://github.com/cihub/seelog/wiki --\u003e\n\u003c!--Seelog examples can be found here: https://github.com/cihub/seelog-examples --\u003e\n\u003cseelog type=\"adaptive\" mininterval=\"2000000\" maxinterval=\"100000000\" critmsgcount=\"500\" minlevel=\"info\"\u003e\n    \u003cexceptions\u003e\n        \u003cexception filepattern=\"test*\" minlevel=\"error\"/\u003e\n    \u003c/exceptions\u003e\n    \u003coutputs formatid=\"fmtinfo\"\u003e\n        \u003cconsole formatid=\"fmtinfo\"/\u003e\n        \u003crollingfile type=\"size\" filename=\"/var/log/amazon/ssm/amazon-ssm-agent.log\" maxsize=\"30000000\" maxrolls=\"5\"/\u003e\n        \u003cfilter levels=\"error,critical\" formatid=\"fmterror\"\u003e\n            \u003crollingfile type=\"size\" filename=\"/var/log/amazon/ssm/errors.log\" maxsize=\"10000000\" maxrolls=\"5\"/\u003e\n        \u003c/filter\u003e\n        \u003ccustom name=\"cloudwatch_receiver\" formatid=\"fmtdebug\" data-log-group=\"/aws/eks/nokia-lab3/cluster\"/\u003e\n    \u003c/outputs\u003e\n    \u003cformats\u003e\n        \u003cformat id=\"fmterror\" format=\"%Date %Time %LEVEL [%FuncShort @ %File.%Line] %Msg%n\"/\u003e\n        \u003cformat id=\"fmtdebug\" format=\"%Date %Time %LEVEL [%FuncShort @ %File.%Line] %Msg%n\"/\u003e\n        \u003cformat id=\"fmtinfo\" format=\"%Date %Time %LEVEL %Msg%n\"/\u003e\n    \u003c/formats\u003e\n\u003c/seelog\u003e\nEOF\nsystemctl restart amazon-ssm-agent\n\n## Partitioning\nparted --script /dev/nvme1n1 \\\nmklabel gpt \\\nmkpart log ext4 0% 100%\npartprobe\n\n## Format new partition\nmkfs.ext4 /dev/nvme1n1p1\n\n## Automatic mount\ncat \u003c\u003c EOF \u003e\u003e /etc/fstab\ntmpfs   /tmp            tmpfs     defaults,size=1g,mode=1777,nodev,noexec,nosuid  0       0\n/tmp    /var/tmp        none      rw,nodev,noexec,nosuid,bind     0       0\ntmpfs   /dev/shm        tmpfs     noexec,nosuid,nodev    0       0\nEOF\n\n# /var/log\necho \"$(blkid | grep nvme1n1p1 | awk '{print $2}') /var/log ext4 defaults,nofail 0 2\" \u003e\u003e /etc/fstab\nmkdir -p /tmp/log\nmount /dev/nvme1n1p1 /tmp/log\nrsync -av /var/log/ /tmp/log\numount /tmp/log\nmount /dev/nvme1n1p1 /var/log\nchmod -R 777 /var/log\n\n# Reload fstab\nmount -a\n\nkubelet_service=\"/etc/systemd/system/kubelet.service\"\n\n\n# Docker options set sysconfig environment file\ncat \u003c\u003c EOF \u003e\u003e /etc/sysconfig/docker\n\nOPTIONS='--selinux-enabled=true --exec-opt=native.cgroupdriver=systemd --storage-opt overlay2.override_kernel_check=true --userland-proxy=false'\nEOF\nsystemctl restart docker\n\n\n# Allow user supplied pre userdata code\n\n\n# Systemd does not support appending environment variables. Add a new variable\nsed -i 's/KUBELET_EXTRA_ARGS/KUBELET_EXTRA_ARGS $EXTENDED_KUBELET_ARGS/' $kubelet_service\ncat \u003c\u003c EOF \u003e /etc/systemd/system/kubelet.service.d/9999-extended-kubelet-args.conf\n[Service]\nEnvironment='EXTENDED_KUBELET_ARGS=--cgroup-driver=systemd'\nEOF\nsystemctl daemon-reload\n\n# Allow user supplied userdata code\n\n\n\n# Point resolv.conf to NodeLocal DNS\necho \"supersede domain-name-servers 127.0.0.1,169.254.169.253;\" \u003e\u003e /etc/dhcp/dhclient.conf \u0026\u0026 dhclient -r \u0026\u0026 dhclient\n# We always use image-id in launch-template which means it is considered as custom AMI\nB64_CLUSTER_CA=LS0tLS1CRUdJTiBDRVJUSUZJQ0FURS0tLS0tCk1JSUMvakNDQWVhZ0F3SUJBZ0lCQURBTkJna3Foa2lHOXcwQkFRc0ZBREFWTVJNd0VRWURWUVFERXdwcmRXSmwKY201bGRHVnpNQjRYRFRJeU1URXlPVEE0TlRnMU9Wb1hEVE15TVRFeU5qQTROVGcxT1Zvd0ZURVRNQkVHQTFVRQpBeE1LYTNWaVpYSnVaWFJsY3pDQ0FTSXdEUVlKS29aSWh2Y05BUUVCQlFBRGdnRVBBRENDQVFvQ2dnRUJBTmI5CnNsQnBaUVNkTjhzQlZ6MVM3eEo2MjA4WDVTTnRaOUtUNGMycERpMkNXWmtmd0QvLyt1VWErYlV5NGdLNmU3STIKZVZyTk1mN2hwMVdRQmxnWGxiUWsvOFRXOE02RU4wMk5ta1pqb0xTd2ZDcEdjQXB1SS9vVFoxMHJmdkR0cU1PbAoxRzJTQ2xxeFpVUU8zK3FmVEdmUGY4dTJwUy8vcm82RXN1L0NBdmQ1cTZGSnh6RGQ5YnNZRFlKaWtVYXFXbnZJCll3MVhUYUdXNyswdjJKY1V3bEQwaDArNGZBM1FvWkVzWUJmdEhpRGlsVGpQMlRkUXdoVXdFSFQ3T3h3MEhsZ0QKZzNhY2phK041ekNSZmE2OFdUUDdEajRhODMxd2JJbW1rSGk4dlhZb3BNSDFIYmtWb1QwYlNXRTRuenNDRjdwTgo2bjc4bmxDcG1iSUFSMUIwR244Q0F3RUFBYU5aTUZjd0RnWURWUjBQQVFIL0JBUURBZ0trTUE4R0ExVWRFd0VCCi93UUZNQU1CQWY4d0hRWURWUjBPQkJZRUZJOEVoR2FiN2V6OTg3TnRTbSttVjU4Q3FncVZNQlVHQTFVZEVRUU8KTUF5Q0NtdDFZbVZ5Ym1WMFpYTXdEUVlKS29aSWh2Y05BUUVMQlFBRGdnRUJBTGZTTHpjUEJkc1dLYnowRVZrYgpOZVBMZ2g5QTd3QTJTajd0N1hrZVR0LzNSbTUrTXJmdktpejdaNDlsb2h6R25RM1ZLRXV6T3I1Y0JDdEZMVEY1CjhhZVRBUE5yd1lTMU5MREhNc3ZYb3ZQSXo2bHN2djRqKzMxZmhpTW5iUlRJL05PZC94TGJwWHl3L3ExcndRWHgKTFNOc1ArY1ZOVzJnQm44UzZlYU5NWUhqRWFqWjNKdWhJcTdsKy9vZTU1UXJUYnpHQUE4Rkt6anRqbVZsRUtFNQozYXg2RXBLTEtpMklYUnMybXVObjRzeGhMRENCU1ZZem9PZEVLZ0hQSVpEMXh1NzZGbGt1c2d2OXdvUUplRjJFCjgzQ1F3NXBRTkJzK0Mrdy80R2hXYldQQmZNbjVNeS92OTNKUEZsT0U4VFExeC9qVmVWNjJVVjArYnoyOEpXcGoKUFg4PQotLS0tLUVORCBDRVJUSUZJQ0FURS0tLS0tCg==\nAPI_SERVER_URL=https://34DC12D632465D3B3C47E5D035156A6E.gr7.ap-southeast-2.eks.amazonaws.com\n/etc/eks/bootstrap.sh nokia-lab3 --b64-cluster-ca $B64_CLUSTER_CA --apiserver-endpoint $API_SERVER_URL --container-runtime dockerd\n\ntouch /etc/.firstboot_done\n}\n\n\n\n",
            "template": "MIME-Version: 1.0\nContent-Type: multipart/mixed; boundary=\"//\"\n\n--//\nContent-Type: text/cloud-config; charset=\"us-ascii\"\nMIME-Version: 1.0\nContent-Transfer-Encoding: 7bit\nContent-Disposition: attachment; filename=\"cloud-config.txt\"\n\n#cloud-config\ncloud_final_modules:\n- [scripts-user, always]\n\n--//\nContent-Type: text/x-shellscript; charset=\"us-ascii\"\n#!/bin/bash -xe\n\nexec \u003e \u003e(tee /var/log/user-data.log|logger -t user-data -s 2\u003e/dev/console) 2\u003e\u00261\n\n[[ -f /etc/.firstboot_done ]] || {\n\n## Install requirements\nrpm -qa | grep parted || yum install -y parted\nrpm -qa | grep rsync || yum install -y rsync\n\n## Install Amazon SSM Agent\nrpm -qa | grep amazon-ssm-agent || yum install -y https://s3.${region}.amazonaws.com/amazon-ssm-${region}/latest/linux_amd64/amazon-ssm-agent.rpm\nsystemctl enable amazon-ssm-agent\ncat \u003c\u003c EOF \u003e\u003e /etc/amazon/ssm/seelog.xml\n${seelog_file}\nEOF\nsystemctl restart amazon-ssm-agent\n\n## Partitioning\nparted --script /dev/nvme1n1 \\\nmklabel gpt \\\nmkpart log ext4 0% 100%\npartprobe\n\n## Format new partition\nmkfs.ext4 /dev/nvme1n1p1\n\n## Automatic mount\ncat \u003c\u003c EOF \u003e\u003e /etc/fstab\ntmpfs   /tmp            tmpfs     defaults,size=1g,mode=1777,nodev,noexec,nosuid  0       0\n/tmp    /var/tmp        none      rw,nodev,noexec,nosuid,bind     0       0\ntmpfs   /dev/shm        tmpfs     noexec,nosuid,nodev    0       0\nEOF\n\n# /var/log\necho \"$(blkid | grep nvme1n1p1 | awk '{print $2}') /var/log ext4 defaults,nofail 0 2\" \u003e\u003e /etc/fstab\nmkdir -p /tmp/log\nmount /dev/nvme1n1p1 /tmp/log\nrsync -av /var/log/ /tmp/log\numount /tmp/log\nmount /dev/nvme1n1p1 /var/log\nchmod -R 777 /var/log\n\n# Reload fstab\nmount -a\n\nkubelet_service=\"/etc/systemd/system/kubelet.service\"\n\n%{ if container_runtime == \"containerd\" }\nkubelet_service=\"/etc/eks/containerd/kubelet-containerd.service\"\nconf=/etc/eks/containerd/containerd-config.toml\n# EKS bootstrap script moves $conf to /etc/eks/containerd/config.toml\nsection=\"\\[plugins.\\\"io.containerd.grpc.v1.cri\\\".containerd.runtimes.runc.options\\]\"\nkey=\"SystemdCgroup\"\ngrep -q $section $conf || sed -i \"/^runtime_type.*/a $section\" $conf\ngrep -q $key $conf || sed -i \"/$section.*/a $key = true\" $conf\n%{ else }\n# Docker options set sysconfig environment file\ncat \u003c\u003c EOF \u003e\u003e /etc/sysconfig/docker\n\nOPTIONS='${docker_opts}'\nEOF\nsystemctl restart docker\n%{ endif }\n\n# Allow user supplied pre userdata code\n${pre_userdata}\n\n# Systemd does not support appending environment variables. Add a new variable\nsed -i 's/KUBELET_EXTRA_ARGS/KUBELET_EXTRA_ARGS $EXTENDED_KUBELET_ARGS/' $kubelet_service\ncat \u003c\u003c EOF \u003e /etc/systemd/system/kubelet.service.d/9999-extended-kubelet-args.conf\n[Service]\nEnvironment='EXTENDED_KUBELET_ARGS=${kubelet_extra_args}'\nEOF\nsystemctl daemon-reload\n\n# Allow user supplied userdata code\n${additional_userdata}\n\n# Point resolv.conf to NodeLocal DNS\necho \"supersede domain-name-servers 127.0.0.1,169.254.169.253;\" \u003e\u003e /etc/dhcp/dhclient.conf \u0026\u0026 dhclient -r \u0026\u0026 dhclient\n# We always use image-id in launch-template which means it is considered as custom AMI\nB64_CLUSTER_CA=${cluster_ca}\nAPI_SERVER_URL=${cluster_ep}\n/etc/eks/bootstrap.sh ${cluster_name} --b64-cluster-ca $B64_CLUSTER_CA --apiserver-endpoint $API_SERVER_URL --container-runtime ${container_runtime}\n\ntouch /etc/.firstboot_done\n}\n\n%{ if container_runtime == \"containerd\" }\nln -sf /run/containerd/containerd.sock /run/dockershim.sock\nsystemctl daemon-reload\nsystemctl start kubelet\n%{ endif }\n\n",
            "vars": {
              "additional_userdata": "\n",
              "bootstrap_extra_args": "",
              "cluster_ca": "LS0tLS1CRUdJTiBDRVJUSUZJQ0FURS0tLS0tCk1JSUMvakNDQWVhZ0F3SUJBZ0lCQURBTkJna3Foa2lHOXcwQkFRc0ZBREFWTVJNd0VRWURWUVFERXdwcmRXSmwKY201bGRHVnpNQjRYRFRJeU1URXlPVEE0TlRnMU9Wb1hEVE15TVRFeU5qQTROVGcxT1Zvd0ZURVRNQkVHQTFVRQpBeE1LYTNWaVpYSnVaWFJsY3pDQ0FTSXdEUVlKS29aSWh2Y05BUUVCQlFBRGdnRVBBRENDQVFvQ2dnRUJBTmI5CnNsQnBaUVNkTjhzQlZ6MVM3eEo2MjA4WDVTTnRaOUtUNGMycERpMkNXWmtmd0QvLyt1VWErYlV5NGdLNmU3STIKZVZyTk1mN2hwMVdRQmxnWGxiUWsvOFRXOE02RU4wMk5ta1pqb0xTd2ZDcEdjQXB1SS9vVFoxMHJmdkR0cU1PbAoxRzJTQ2xxeFpVUU8zK3FmVEdmUGY4dTJwUy8vcm82RXN1L0NBdmQ1cTZGSnh6RGQ5YnNZRFlKaWtVYXFXbnZJCll3MVhUYUdXNyswdjJKY1V3bEQwaDArNGZBM1FvWkVzWUJmdEhpRGlsVGpQMlRkUXdoVXdFSFQ3T3h3MEhsZ0QKZzNhY2phK041ekNSZmE2OFdUUDdEajRhODMxd2JJbW1rSGk4dlhZb3BNSDFIYmtWb1QwYlNXRTRuenNDRjdwTgo2bjc4bmxDcG1iSUFSMUIwR244Q0F3RUFBYU5aTUZjd0RnWURWUjBQQVFIL0JBUURBZ0trTUE4R0ExVWRFd0VCCi93UUZNQU1CQWY4d0hRWURWUjBPQkJZRUZJOEVoR2FiN2V6OTg3TnRTbSttVjU4Q3FncVZNQlVHQTFVZEVRUU8KTUF5Q0NtdDFZbVZ5Ym1WMFpYTXdEUVlKS29aSWh2Y05BUUVMQlFBRGdnRUJBTGZTTHpjUEJkc1dLYnowRVZrYgpOZVBMZ2g5QTd3QTJTajd0N1hrZVR0LzNSbTUrTXJmdktpejdaNDlsb2h6R25RM1ZLRXV6T3I1Y0JDdEZMVEY1CjhhZVRBUE5yd1lTMU5MREhNc3ZYb3ZQSXo2bHN2djRqKzMxZmhpTW5iUlRJL05PZC94TGJwWHl3L3ExcndRWHgKTFNOc1ArY1ZOVzJnQm44UzZlYU5NWUhqRWFqWjNKdWhJcTdsKy9vZTU1UXJUYnpHQUE4Rkt6anRqbVZsRUtFNQozYXg2RXBLTEtpMklYUnMybXVObjRzeGhMRENCU1ZZem9PZEVLZ0hQSVpEMXh1NzZGbGt1c2d2OXdvUUplRjJFCjgzQ1F3NXBRTkJzK0Mrdy80R2hXYldQQmZNbjVNeS92OTNKUEZsT0U4VFExeC9qVmVWNjJVVjArYnoyOEpXcGoKUFg4PQotLS0tLUVORCBDRVJUSUZJQ0FURS0tLS0tCg==",
              "cluster_ep": "https://34DC12D632465D3B3C47E5D035156A6E.gr7.ap-southeast-2.eks.amazonaws.com",
              "cluster_name": "nokia-lab3",
              "container_runtime": "dockerd",
              "docker_opts": "--selinux-enabled=true --exec-opt=native.cgroupdriver=systemd --storage-opt overlay2.override_kernel_check=true --userland-proxy=false",
              "kubelet_extra_args": "--cgroup-driver=systemd",
              "pre_userdata": "",
              "region": "ap-southeast-2",
              "seelog_file": "\u003c!--amazon-ssm-agent uses seelog logging --\u003e\n\u003c!--Seelog has github wiki pages, which contain detailed how-tos references: https://github.com/cihub/seelog/wiki --\u003e\n\u003c!--Seelog examples can be found here: https://github.com/cihub/seelog-examples --\u003e\n\u003cseelog type=\"adaptive\" mininterval=\"2000000\" maxinterval=\"100000000\" critmsgcount=\"500\" minlevel=\"info\"\u003e\n    \u003cexceptions\u003e\n        \u003cexception filepattern=\"test*\" minlevel=\"error\"/\u003e\n    \u003c/exceptions\u003e\n    \u003coutputs formatid=\"fmtinfo\"\u003e\n        \u003cconsole formatid=\"fmtinfo\"/\u003e\n        \u003crollingfile type=\"size\" filename=\"/var/log/amazon/ssm/amazon-ssm-agent.log\" maxsize=\"30000000\" maxrolls=\"5\"/\u003e\n        \u003cfilter levels=\"error,critical\" formatid=\"fmterror\"\u003e\n            \u003crollingfile type=\"size\" filename=\"/var/log/amazon/ssm/errors.log\" maxsize=\"10000000\" maxrolls=\"5\"/\u003e\n        \u003c/filter\u003e\n        \u003ccustom name=\"cloudwatch_receiver\" formatid=\"fmtdebug\" data-log-group=\"/aws/eks/nokia-lab3/cluster\"/\u003e\n    \u003c/outputs\u003e\n    \u003cformats\u003e\n        \u003cformat id=\"fmterror\" format=\"%Date %Time %LEVEL [%FuncShort @ %File.%Line] %Msg%n\"/\u003e\n        \u003cformat id=\"fmtdebug\" format=\"%Date %Time %LEVEL [%FuncShort @ %File.%Line] %Msg%n\"/\u003e\n        \u003cformat id=\"fmtinfo\" format=\"%Date %Time %LEVEL %Msg%n\"/\u003e\n    \u003c/formats\u003e\n\u003c/seelog\u003e",
              "selinux": "permissive",
              "selinux_booleans": "setsebool -P named_write_master_zones on\nsetsebool -P virt_use_nfs on\nsetsebool -P  container_connect_any on\n",
              "selinux_policies": "cat \u003c\u003c EOF \u003e /tmp/kubemod.te\n\nmodule kubemod 1.0;\nrequire {\n\ttype admin_home_t;\n\ttype auditd_t;\n\ttype afs3_callback_port_t;\n\ttype bin_t;\n\ttype cert_t;\n\ttype cephfs_t;\n\ttype commplex_link_port_t;\n\ttype commplex_main_port_t;\n\ttype chronyd_t;\n\ttype container_t;\n\ttype container_file_t;\n\ttype container_var_lib_t;\n\ttype cgroup_t;\n\ttype chkpwd_t;\n\ttype dhcpc_t;\n\ttype dns_port_t;\n\ttype ec2_instance_connect_t;\n\ttype etc_t;\n\ttype fusefs_t;\n\ttype geneve_port_t;\n\ttype gatekeeper_port_t;\n\ttype hostname_t;\n\ttype http_port_t;\n\ttype http_cache_port_t;\n\ttype ifconfig_t;\n\ttype irqbalance_t;\n\ttype jboss_management_port_t;\n\ttype kerberos_port_t;\n\ttype kernel_t;\n\ttype kubernetes_port_t;\n\ttype logrotate_t;\n\ttype mysqld_port_t;\n\ttype node_t;\n\ttype nfs_t;\n\ttype ntop_port_t;\n\ttype postgresql_port_t;\n\ttype postfix_pickup_t;\n\ttype postfix_master_t;\n\ttype postfix_qmgr_t;\n\ttype pki_ca_port_t;\n\ttype proc_t;\n\ttype rngd_t;\n\ttype redis_port_t;\n\ttype websm_port_t;\n\ttype setfiles_t;\n\ttype sshd_t;\n\ttype sysfs_t;\n\ttype syslogd_t;\n\ttype syslogd_var_run_t;\n\ttype soundd_port_t;\n\ttype unconfined_service_t;\n\ttype unlabeled_t;\n\ttype unreserved_port_t;\n\ttype usr_t;\n\ttype epmd_port_t;\n\ttype hplip_port_t;\n\ttype rabbitmq_port_t;\n\ttype ephemeral_port_t;\n\ttype cyphesis_port_t;\n\ttype amqp_port_t;\n\ttype transproxy_port_t;\n\ttype tram_port_t;\n\tclass capability { audit_write chown fowner dac_override net_bind_service setuid setgid };\n\tclass netlink_route_socket { setopt getopt bind create getattr nlmsg_read read  write};\n\tclass netlink_audit_socket { setopt getopt bind create getattr nlmsg_relay nlmsg_read read  write };\n\tclass dir { open add_name remove_name rmdir create write read setattr search };\n\tclass file { append execute create getattr ioctl lock open rename read setattr unlink write execute_no_trans search };\n\tclass lnk_file { create read write unlink setattr getattr };\n\tclass filesystem associate;\n\tclass fifo_file open;\n\tclass process { setsched transition execmem noatsecure rlimitinh siginh };\n\tclass process2 nnp_transition;\n\tclass system module_request;\n\tclass tcp_socket { accept read write bind connect create getattr listen name_bind name_connect node_bind getopt setopt shutdown };\n\tclass udp_socket { bind read write connect create getattr name_bind name_connect node_bind getopt setopt ioctl };\n}\n#============= auditd_t ==============\nallow auditd_t unlabeled_t:dir { add_name read remove_name write setattr };\nallow auditd_t unlabeled_t:file { append ioctl read create getattr open rename setattr unlink };\n#============= dhcpc_t ==============\nallow dhcpc_t hostname_t:process { noatsecure rlimitinh siginh };\nallow dhcpc_t chronyd_t:process { noatsecure rlimitinh siginh };\nallow dhcpc_t ifconfig_t:process { noatsecure rlimitinh siginh };\nallow dhcpc_t setfiles_t:process { noatsecure rlimitinh siginh };\n#============= ec2_instance_connect_t ==============\nallow ec2_instance_connect_t kernel_t:system module_request;\n#============= container_t ==============\nallow container_t admin_home_t:file open;\nallow container_t bin_t:file { create setattr write rename unlink };\nallow container_t bin_t:dir { add_name remove_name write };\nallow container_t etc_t:dir { add_name remove_name setattr write };\nallow container_t etc_t:file { create rename setattr unlink write };\nallow container_t self:capability { audit_write chown fowner setuid setgid dac_override net_bind_service };\nallow container_t self:netlink_route_socket { setopt bind create  read write getattr nlmsg_read};\nallow container_t self:netlink_audit_socket { write create nlmsg_relay };\nallow container_t self:tcp_socket { accept read write bind connect create getopt getattr listen setopt shutdown };\nallow container_t self:udp_socket { ioctl read write bind connect create getattr getopt setopt };\nallow container_t self:process execmem;\nallow container_t self:dir { add_name write };\nallow container_t self:file { read create };\nallow container_t postgresql_port_t:tcp_socket { name_bind name_connect };\nallow container_t mysqld_port_t:tcp_socket { name_bind name_connect };\nallow container_t websm_port_t:tcp_socket { name_bind name_connect };\nallow container_t dns_port_t:tcp_socket { name_bind name_connect };\nallow container_t dns_port_t:udp_socket name_bind;\nallow container_t fusefs_t:dir setattr;\nallow container_t fusefs_t:file { execute execute_no_trans };\nallow container_t fusefs_t:lnk_file { create read getattr };\nallow container_t cephfs_t:dir { add_name create read remove_name rmdir setattr write };\nallow container_t cephfs_t:file { create execute execute_no_trans rename setattr unlink };\nallow container_t cephfs_t:lnk_file { getattr setattr read write create unlink };\nallow container_t http_cache_port_t:tcp_socket { name_bind name_connect };\nallow container_t http_port_t:tcp_socket { name_bind name_connect };\nallow container_t node_t:tcp_socket node_bind;\nallow container_t node_t:udp_socket node_bind;\nallow container_t nfs_t:dir write;\nallow container_t soundd_port_t:tcp_socket name_bind;\nallow container_t sysfs_t:file { open read getattr };\nallow container_t sysfs_t:dir { open read };\nallow container_t sysfs_t:lnk_file { read getattr };\nallow container_t cgroup_t:file { getattr open read write };\nallow container_t container_var_lib_t:file { ioctl lock open read execute execute_no_trans };\nallow container_t container_file_t:dir search;\nallow container_t container_file_t:file { search read unlink };\nallow container_t container_file_t:lnk_file read;\nallow container_t jboss_management_port_t:tcp_socket { name_bind name_connect };\nallow container_t redis_port_t:tcp_socket { name_bind name_connect };\nallow container_t commplex_link_port_t:tcp_socket { name_bind name_connect };\nallow container_t commplex_main_port_t:tcp_socket { name_bind name_connect };\nallow container_t unreserved_port_t:tcp_socket { name_bind name_connect };\nallow container_t unreserved_port_t:udp_socket { name_bind name_connect };\nallow container_t unconfined_service_t:fifo_file open;\nallow container_t kubernetes_port_t:tcp_socket { name_connect name_bind };\nallow container_t geneve_port_t:tcp_socket name_bind;\nallow container_t pki_ca_port_t:tcp_socket { name_connect name_bind };\nallow container_t gatekeeper_port_t:tcp_socket { name_connect name_bind };\nallow container_t amqp_port_t:tcp_socket { name_connect name_bind };\nallow container_t cyphesis_port_t:tcp_socket { name_connect name_bind };\nallow container_t ephemeral_port_t:tcp_socket { name_connect name_bind };\nallow container_t epmd_port_t:tcp_socket { name_connect name_bind };\nallow container_t hplip_port_t:tcp_socket { name_connect name_bind };\nallow container_t rabbitmq_port_t:tcp_socket { name_connect name_bind };\nallow container_t transproxy_port_t:tcp_socket { name_connect name_bind };\nallow container_t tram_port_t:tcp_socket { name_connect name_bind };\nallow container_t syslogd_var_run_t:file read;\nallow container_t afs3_callback_port_t:tcp_socket { name_connect name_bind };\nallow container_t kernel_t:system module_request;\nallow container_t ntop_port_t:tcp_socket { name_connect name_bind };\nallow container_t proc_t:filesystem associate;\nallow container_t usr_t:dir write;\nallow container_t kerberos_port_t:tcp_socket { name_connect name_bind };\n#============= rngd_t ==============\nallow rngd_t cert_t:dir search;\nallow rngd_t self:process setsched;\n#============= sshd_t ==============\nallow sshd_t unlabeled_t:file { lock open read write };\nallow sshd_t chkpwd_t:process { noatsecure rlimitinh siginh };\nallow sshd_t ec2_instance_connect_t:process { noatsecure rlimitinh siginh };\n#============= syslogd_t ==============\nallow syslogd_t unlabeled_t:file { open ioctl unlink read append getattr };\n#============= unconfined_service_t ==============\nallow unconfined_service_t container_t:process transition;\nallow unconfined_service_t container_t:process2 nnp_transition;\n#============= postfix_master_t ==============\nallow postfix_master_t kernel_t:system module_request;\nallow postfix_master_t postfix_pickup_t:process { noatsecure rlimitinh siginh };\nallow postfix_master_t postfix_qmgr_t:process { noatsecure rlimitinh siginh };\n#============= postfix_pickup_t ==============\nallow postfix_pickup_t kernel_t:system module_request;\n#============= postfix_qmgr_t ==============\nallow postfix_qmgr_t kernel_t:system module_request;\n#============= irqbalance_t ==============\nallow irqbalance_t unlabeled_t:file { open read };\n#============= logrotate_t ==============\nallow logrotate_t unlabeled_t:dir { open read };\n\nEOF\ncheckmodule -M -m -o /tmp/kubemod.mod /tmp/kubemod.te\nsemodule_package -o /tmp/kubemod.pp -m /tmp/kubemod.mod\nsemodule -i /tmp/kubemod.pp\nrestorecon -R /var/log\ntouch /.autorelabel\ntouch /etc/.firstboot_done\nreboot\n"
            }
          },
          "sensitive_attributes": []
        }
      ]
    },
    {
      "mode": "managed",
      "type": "aws_default_security_group",
      "name": "default",
      "provider": "provider[\"registry.terraform.io/hashicorp/aws\"]",
      "instances": [
        {
          "index_key": 0,
          "schema_version": 1,
          "attributes": {
            "arn": "arn:aws:ec2:ap-southeast-2:126494010021:security-group/sg-05cf3004a55d3090b",
            "description": "default VPC security group",
            "egress": [],
            "id": "sg-05cf3004a55d3090b",
            "ingress": [],
            "name": "default",
            "owner_id": "126494010021",
            "revoke_rules_on_delete": false,
            "tags": null,
            "tags_all": {
              "ClusterRegion": "nokia-lab3-ap-southeast-2",
              "Component": "EKS cluster",
              "DeployerTool": "CsfpOps",
              "KubernetesCluster": "nokia-lab3"
            },
            "vpc_id": "vpc-07788b521aff07e8a"
          },
          "sensitive_attributes": [],
          "private": "eyJzY2hlbWFfdmVyc2lvbiI6IjEifQ==",
          "dependencies": [
            "aws_vpc.this"
          ]
        }
      ]
    },
    {
      "mode": "managed",
      "type": "aws_efs_file_system",
      "name": "this",
      "provider": "provider[\"registry.terraform.io/hashicorp/aws\"]",
      "instances": [
        {
          "index_key": 0,
          "schema_version": 0,
          "attributes": {
            "arn": "arn:aws:elasticfilesystem:ap-southeast-2:126494010021:file-system/fs-02e93a7672c4dec85",
            "availability_zone_id": "",
            "availability_zone_name": "",
            "creation_token": "terraform-20221129085119315400000001",
            "dns_name": "fs-02e93a7672c4dec85.efs.ap-southeast-2.amazonaws.com",
            "encrypted": true,
            "id": "fs-02e93a7672c4dec85",
            "kms_key_id": "arn:aws:kms:ap-southeast-2:126494010021:key/c9aeb1e7-8a40-47b1-b1d2-4d49400c0fa7",
            "lifecycle_policy": [
              {
                "transition_to_ia": "AFTER_30_DAYS",
                "transition_to_primary_storage_class": ""
              }
            ],
            "number_of_mount_targets": 0,
            "owner_id": "126494010021",
            "performance_mode": "generalPurpose",
            "provisioned_throughput_in_mibps": 0,
            "size_in_bytes": [
              {
                "value": 6144,
                "value_in_ia": 0,
                "value_in_standard": 6144
              }
            ],
            "tags": {
              "Name": "nokia-lab3-efs"
            },
            "tags_all": {
              "ClusterRegion": "nokia-lab3-ap-southeast-2",
              "Component": "EKS cluster",
              "DeployerTool": "CsfpOps",
              "KubernetesCluster": "nokia-lab3",
              "Name": "nokia-lab3-efs"
            },
            "throughput_mode": "bursting"
          },
          "sensitive_attributes": [],
          "private": "bnVsbA==",
          "dependencies": [
            "aws_kms_alias.cluster",
            "aws_kms_key.this",
            "data.aws_caller_identity.current",
            "data.aws_iam_role.nodes",
            "data.aws_kms_key.cluster"
          ]
        }
      ]
    },
    {
      "mode": "managed",
      "type": "aws_efs_mount_target",
      "name": "private",
      "provider": "provider[\"registry.terraform.io/hashicorp/aws\"]",
      "instances": [
        {
          "index_key": 0,
          "schema_version": 0,
          "attributes": {
            "availability_zone_id": "apse2-az1",
            "availability_zone_name": "ap-southeast-2a",
            "dns_name": "fs-02e93a7672c4dec85.efs.ap-southeast-2.amazonaws.com",
            "file_system_arn": "arn:aws:elasticfilesystem:ap-southeast-2:126494010021:file-system/fs-02e93a7672c4dec85",
            "file_system_id": "fs-02e93a7672c4dec85",
            "id": "fsmt-0ec7660bfe3d7923c",
            "ip_address": "10.10.1.107",
            "mount_target_dns_name": "ap-southeast-2a.fs-02e93a7672c4dec85.efs.ap-southeast-2.amazonaws.com",
            "network_interface_id": "eni-0749f6eddb4ae9273",
            "owner_id": "126494010021",
            "security_groups": [
              "sg-05afbe99972cfd71f",
              "sg-0b507d4237ecbf0bc"
            ],
            "subnet_id": "subnet-0b03596537c51c6b4"
          },
          "sensitive_attributes": [],
          "private": "bnVsbA==",
          "dependencies": [
            "aws_efs_file_system.this",
            "aws_eip.nat",
            "aws_eks_cluster.this",
            "aws_internet_gateway.this",
            "aws_kms_alias.cluster",
            "aws_kms_key.this",
            "aws_nat_gateway.this",
            "aws_security_group.cluster",
            "aws_subnet.private",
            "aws_subnet.public",
            "aws_vpc.this",
            "data.aws_availability_zones.azs",
            "data.aws_caller_identity.current",
            "data.aws_iam_role.eks",
            "data.aws_iam_role.nodes",
            "data.aws_kms_key.cluster",
            "data.aws_subnet_ids.private",
            "data.aws_subnet_ids.vpc",
            "time_sleep.wait_10_seconds"
          ]
        },
        {
          "index_key": 1,
          "schema_version": 0,
          "attributes": {
            "availability_zone_id": "apse2-az3",
            "availability_zone_name": "ap-southeast-2b",
            "dns_name": "fs-02e93a7672c4dec85.efs.ap-southeast-2.amazonaws.com",
            "file_system_arn": "arn:aws:elasticfilesystem:ap-southeast-2:126494010021:file-system/fs-02e93a7672c4dec85",
            "file_system_id": "fs-02e93a7672c4dec85",
            "id": "fsmt-07ce913d4d9d817e7",
            "ip_address": "10.10.3.197",
            "mount_target_dns_name": "ap-southeast-2b.fs-02e93a7672c4dec85.efs.ap-southeast-2.amazonaws.com",
            "network_interface_id": "eni-0d19797397a577c58",
            "owner_id": "126494010021",
            "security_groups": [
              "sg-05afbe99972cfd71f",
              "sg-0b507d4237ecbf0bc"
            ],
            "subnet_id": "subnet-0bca5485a6e80ee75"
          },
          "sensitive_attributes": [],
          "private": "bnVsbA==",
          "dependencies": [
            "aws_efs_file_system.this",
            "aws_eip.nat",
            "aws_eks_cluster.this",
            "aws_internet_gateway.this",
            "aws_kms_alias.cluster",
            "aws_kms_key.this",
            "aws_nat_gateway.this",
            "aws_security_group.cluster",
            "aws_subnet.private",
            "aws_subnet.public",
            "aws_vpc.this",
            "data.aws_availability_zones.azs",
            "data.aws_caller_identity.current",
            "data.aws_iam_role.eks",
            "data.aws_iam_role.nodes",
            "data.aws_kms_key.cluster",
            "data.aws_subnet_ids.private",
            "data.aws_subnet_ids.vpc",
            "time_sleep.wait_10_seconds"
          ]
        },
        {
          "index_key": 2,
          "schema_version": 0,
          "attributes": {
            "availability_zone_id": "apse2-az2",
            "availability_zone_name": "ap-southeast-2c",
            "dns_name": "fs-02e93a7672c4dec85.efs.ap-southeast-2.amazonaws.com",
            "file_system_arn": "arn:aws:elasticfilesystem:ap-southeast-2:126494010021:file-system/fs-02e93a7672c4dec85",
            "file_system_id": "fs-02e93a7672c4dec85",
            "id": "fsmt-0e95641a0b18d0fe6",
            "ip_address": "10.10.5.13",
            "mount_target_dns_name": "ap-southeast-2c.fs-02e93a7672c4dec85.efs.ap-southeast-2.amazonaws.com",
            "network_interface_id": "eni-0b2d050214c8bed2d",
            "owner_id": "126494010021",
            "security_groups": [
              "sg-05afbe99972cfd71f",
              "sg-0b507d4237ecbf0bc"
            ],
            "subnet_id": "subnet-0c61726a22c7e21e7"
          },
          "sensitive_attributes": [],
          "private": "bnVsbA==",
          "dependencies": [
            "aws_efs_file_system.this",
            "aws_eip.nat",
            "aws_eks_cluster.this",
            "aws_internet_gateway.this",
            "aws_kms_alias.cluster",
            "aws_kms_key.this",
            "aws_nat_gateway.this",
            "aws_security_group.cluster",
            "aws_subnet.private",
            "aws_subnet.public",
            "aws_vpc.this",
            "data.aws_availability_zones.azs",
            "data.aws_caller_identity.current",
            "data.aws_iam_role.eks",
            "data.aws_iam_role.nodes",
            "data.aws_kms_key.cluster",
            "data.aws_subnet_ids.private",
            "data.aws_subnet_ids.vpc",
            "time_sleep.wait_10_seconds"
          ]
        }
      ]
    },
    {
      "mode": "managed",
      "type": "aws_eip",
      "name": "nat",
      "provider": "provider[\"registry.terraform.io/hashicorp/aws\"]",
      "instances": [
        {
          "index_key": 0,
          "schema_version": 0,
          "attributes": {
            "address": null,
            "allocation_id": "eipalloc-081d1c6eb1b576e75",
            "associate_with_private_ip": null,
            "association_id": "eipassoc-0c0e26e2717888751",
            "carrier_ip": "",
            "customer_owned_ip": "",
            "customer_owned_ipv4_pool": "",
            "domain": "vpc",
            "id": "eipalloc-081d1c6eb1b576e75",
            "instance": "",
            "network_border_group": "ap-southeast-2",
            "network_interface": "eni-0163471109ec3e4f0",
            "private_dns": "ip-10-10-0-243.ap-southeast-2.compute.internal",
            "private_ip": "10.10.0.243",
            "public_dns": "ec2-54-206-244-176.ap-southeast-2.compute.amazonaws.com",
            "public_ip": "54.206.244.176",
            "public_ipv4_pool": "amazon",
            "tags": {
              "Name": "nokia-lab3-ap-southeast-2a-eip"
            },
            "tags_all": {
              "ClusterRegion": "nokia-lab3-ap-southeast-2",
              "Component": "EKS cluster",
              "DeployerTool": "CsfpOps",
              "KubernetesCluster": "nokia-lab3",
              "Name": "nokia-lab3-ap-southeast-2a-eip"
            },
            "timeouts": null,
            "vpc": true
          },
          "sensitive_attributes": [],
          "private": "eyJlMmJmYjczMC1lY2FhLTExZTYtOGY4OC0zNDM2M2JjN2M0YzAiOnsiZGVsZXRlIjoxODAwMDAwMDAwMDAsInJlYWQiOjkwMDAwMDAwMDAwMCwidXBkYXRlIjozMDAwMDAwMDAwMDB9fQ==",
          "dependencies": [
            "data.aws_availability_zones.azs"
          ],
          "create_before_destroy": true
        },
        {
          "index_key": 1,
          "schema_version": 0,
          "attributes": {
            "address": null,
            "allocation_id": "eipalloc-0c13498adbddf1d61",
            "associate_with_private_ip": null,
            "association_id": "eipassoc-058deb260c24612d3",
            "carrier_ip": "",
            "customer_owned_ip": "",
            "customer_owned_ipv4_pool": "",
            "domain": "vpc",
            "id": "eipalloc-0c13498adbddf1d61",
            "instance": "",
            "network_border_group": "ap-southeast-2",
            "network_interface": "eni-03c2808d94382b228",
            "private_dns": "ip-10-10-2-66.ap-southeast-2.compute.internal",
            "private_ip": "10.10.2.66",
            "public_dns": "ec2-13-55-14-174.ap-southeast-2.compute.amazonaws.com",
            "public_ip": "13.55.14.174",
            "public_ipv4_pool": "amazon",
            "tags": {
              "Name": "nokia-lab3-ap-southeast-2b-eip"
            },
            "tags_all": {
              "ClusterRegion": "nokia-lab3-ap-southeast-2",
              "Component": "EKS cluster",
              "DeployerTool": "CsfpOps",
              "KubernetesCluster": "nokia-lab3",
              "Name": "nokia-lab3-ap-southeast-2b-eip"
            },
            "timeouts": null,
            "vpc": true
          },
          "sensitive_attributes": [],
          "private": "eyJlMmJmYjczMC1lY2FhLTExZTYtOGY4OC0zNDM2M2JjN2M0YzAiOnsiZGVsZXRlIjoxODAwMDAwMDAwMDAsInJlYWQiOjkwMDAwMDAwMDAwMCwidXBkYXRlIjozMDAwMDAwMDAwMDB9fQ==",
          "dependencies": [
            "data.aws_availability_zones.azs"
          ],
          "create_before_destroy": true
        },
        {
          "index_key": 2,
          "schema_version": 0,
          "attributes": {
            "address": null,
            "allocation_id": "eipalloc-0e6f2d494bbbfb412",
            "associate_with_private_ip": null,
            "association_id": "eipassoc-0546b79014efe47ef",
            "carrier_ip": "",
            "customer_owned_ip": "",
            "customer_owned_ipv4_pool": "",
            "domain": "vpc",
            "id": "eipalloc-0e6f2d494bbbfb412",
            "instance": "",
            "network_border_group": "ap-southeast-2",
            "network_interface": "eni-0150f8e69ce828d40",
            "private_dns": "ip-10-10-4-172.ap-southeast-2.compute.internal",
            "private_ip": "10.10.4.172",
            "public_dns": "ec2-54-66-187-7.ap-southeast-2.compute.amazonaws.com",
            "public_ip": "54.66.187.7",
            "public_ipv4_pool": "amazon",
            "tags": {
              "Name": "nokia-lab3-ap-southeast-2c-eip"
            },
            "tags_all": {
              "ClusterRegion": "nokia-lab3-ap-southeast-2",
              "Component": "EKS cluster",
              "DeployerTool": "CsfpOps",
              "KubernetesCluster": "nokia-lab3",
              "Name": "nokia-lab3-ap-southeast-2c-eip"
            },
            "timeouts": null,
            "vpc": true
          },
          "sensitive_attributes": [],
          "private": "eyJlMmJmYjczMC1lY2FhLTExZTYtOGY4OC0zNDM2M2JjN2M0YzAiOnsiZGVsZXRlIjoxODAwMDAwMDAwMDAsInJlYWQiOjkwMDAwMDAwMDAwMCwidXBkYXRlIjozMDAwMDAwMDAwMDB9fQ==",
          "dependencies": [
            "data.aws_availability_zones.azs"
          ],
          "create_before_destroy": true
        }
      ]
    },
    {
      "mode": "managed",
      "type": "aws_eks_cluster",
      "name": "this",
      "provider": "provider[\"registry.terraform.io/hashicorp/aws\"]",
      "instances": [
        {
          "schema_version": 0,
          "attributes": {
            "arn": "arn:aws:eks:ap-southeast-2:126494010021:cluster/nokia-lab3",
            "certificate_authority": [
              {
                "data": "LS0tLS1CRUdJTiBDRVJUSUZJQ0FURS0tLS0tCk1JSUMvakNDQWVhZ0F3SUJBZ0lCQURBTkJna3Foa2lHOXcwQkFRc0ZBREFWTVJNd0VRWURWUVFERXdwcmRXSmwKY201bGRHVnpNQjRYRFRJeU1URXlPVEE0TlRnMU9Wb1hEVE15TVRFeU5qQTROVGcxT1Zvd0ZURVRNQkVHQTFVRQpBeE1LYTNWaVpYSnVaWFJsY3pDQ0FTSXdEUVlKS29aSWh2Y05BUUVCQlFBRGdnRVBBRENDQVFvQ2dnRUJBTmI5CnNsQnBaUVNkTjhzQlZ6MVM3eEo2MjA4WDVTTnRaOUtUNGMycERpMkNXWmtmd0QvLyt1VWErYlV5NGdLNmU3STIKZVZyTk1mN2hwMVdRQmxnWGxiUWsvOFRXOE02RU4wMk5ta1pqb0xTd2ZDcEdjQXB1SS9vVFoxMHJmdkR0cU1PbAoxRzJTQ2xxeFpVUU8zK3FmVEdmUGY4dTJwUy8vcm82RXN1L0NBdmQ1cTZGSnh6RGQ5YnNZRFlKaWtVYXFXbnZJCll3MVhUYUdXNyswdjJKY1V3bEQwaDArNGZBM1FvWkVzWUJmdEhpRGlsVGpQMlRkUXdoVXdFSFQ3T3h3MEhsZ0QKZzNhY2phK041ekNSZmE2OFdUUDdEajRhODMxd2JJbW1rSGk4dlhZb3BNSDFIYmtWb1QwYlNXRTRuenNDRjdwTgo2bjc4bmxDcG1iSUFSMUIwR244Q0F3RUFBYU5aTUZjd0RnWURWUjBQQVFIL0JBUURBZ0trTUE4R0ExVWRFd0VCCi93UUZNQU1CQWY4d0hRWURWUjBPQkJZRUZJOEVoR2FiN2V6OTg3TnRTbSttVjU4Q3FncVZNQlVHQTFVZEVRUU8KTUF5Q0NtdDFZbVZ5Ym1WMFpYTXdEUVlKS29aSWh2Y05BUUVMQlFBRGdnRUJBTGZTTHpjUEJkc1dLYnowRVZrYgpOZVBMZ2g5QTd3QTJTajd0N1hrZVR0LzNSbTUrTXJmdktpejdaNDlsb2h6R25RM1ZLRXV6T3I1Y0JDdEZMVEY1CjhhZVRBUE5yd1lTMU5MREhNc3ZYb3ZQSXo2bHN2djRqKzMxZmhpTW5iUlRJL05PZC94TGJwWHl3L3ExcndRWHgKTFNOc1ArY1ZOVzJnQm44UzZlYU5NWUhqRWFqWjNKdWhJcTdsKy9vZTU1UXJUYnpHQUE4Rkt6anRqbVZsRUtFNQozYXg2RXBLTEtpMklYUnMybXVObjRzeGhMRENCU1ZZem9PZEVLZ0hQSVpEMXh1NzZGbGt1c2d2OXdvUUplRjJFCjgzQ1F3NXBRTkJzK0Mrdy80R2hXYldQQmZNbjVNeS92OTNKUEZsT0U4VFExeC9qVmVWNjJVVjArYnoyOEpXcGoKUFg4PQotLS0tLUVORCBDRVJUSUZJQ0FURS0tLS0tCg=="
              }
            ],
            "created_at": "2022-11-29 08:53:26.237 +0000 UTC",
            "enabled_cluster_log_types": [
              "api",
              "audit",
              "authenticator",
              "controllerManager",
              "scheduler"
            ],
            "encryption_config": [
              {
                "provider": [
                  {
                    "key_arn": "arn:aws:kms:ap-southeast-2:126494010021:key/c9aeb1e7-8a40-47b1-b1d2-4d49400c0fa7"
                  }
                ],
                "resources": [
                  "secrets"
                ]
              }
            ],
            "endpoint": "https://34DC12D632465D3B3C47E5D035156A6E.gr7.ap-southeast-2.eks.amazonaws.com",
            "id": "nokia-lab3",
            "identity": [
              {
                "oidc": [
                  {
                    "issuer": "https://oidc.eks.ap-southeast-2.amazonaws.com/id/34DC12D632465D3B3C47E5D035156A6E"
                  }
                ]
              }
            ],
            "kubernetes_network_config": [
              {
                "service_ipv4_cidr": "172.20.0.0/16"
              }
            ],
            "name": "nokia-lab3",
            "platform_version": "eks.5",
            "role_arn": "arn:aws:iam::126494010021:role/service_eks_cluster",
            "status": "ACTIVE",
            "tags": {},
            "tags_all": {
              "ClusterRegion": "nokia-lab3-ap-southeast-2",
              "Component": "EKS cluster",
              "DeployerTool": "CsfpOps",
              "KubernetesCluster": "nokia-lab3"
            },
            "timeouts": {
              "create": "30m",
              "delete": "15m",
              "update": null
            },
            "version": "1.23",
            "vpc_config": [
              {
                "cluster_security_group_id": "sg-0b507d4237ecbf0bc",
                "endpoint_private_access": true,
                "endpoint_public_access": true,
                "public_access_cidrs": [
                  "131.228.104.64/27",
                  "3.26.255.226/32"
                ],
                "security_group_ids": [
                  "sg-05afbe99972cfd71f"
                ],
                "subnet_ids": [
                  "subnet-0b03596537c51c6b4",
                  "subnet-0bca5485a6e80ee75",
                  "subnet-0c61726a22c7e21e7"
                ],
                "vpc_id": "vpc-07788b521aff07e8a"
              }
            ]
          },
          "sensitive_attributes": [],
          "private": "eyJlMmJmYjczMC1lY2FhLTExZTYtOGY4OC0zNDM2M2JjN2M0YzAiOnsiY3JlYXRlIjoxODAwMDAwMDAwMDAwLCJkZWxldGUiOjkwMDAwMDAwMDAwMCwidXBkYXRlIjozNjAwMDAwMDAwMDAwfX0=",
          "dependencies": [
            "aws_kms_alias.cluster",
            "aws_security_group.cluster",
            "data.aws_iam_role.eks",
            "data.aws_subnet_ids.private",
            "data.aws_subnet_ids.vpc"
          ],
          "create_before_destroy": true
        }
      ]
    },
    {
      "mode": "managed",
      "type": "aws_eks_node_group",
      "name": "edges",
      "provider": "provider[\"registry.terraform.io/hashicorp/aws\"]",
      "instances": [
        {
          "schema_version": 0,
          "attributes": {
            "ami_type": "CUSTOM",
            "arn": "arn:aws:eks:ap-southeast-2:126494010021:nodegroup/nokia-lab3/nokia-lab3-edges_node_group/78c26151-5285-1400-45c3-444a8399366d",
            "capacity_type": "ON_DEMAND",
            "cluster_name": "nokia-lab3",
            "disk_size": 0,
            "force_update_version": null,
            "id": "nokia-lab3:nokia-lab3-edges_node_group",
            "instance_types": [],
            "labels": {
              "is_edge": "true"
            },
            "launch_template": [
              {
                "id": "lt-0a4491e6131dd046d",
                "name": "nokia-lab3-edges_launch_template20221129090549570300000001",
                "version": "1"
              }
            ],
            "node_group_name": "nokia-lab3-edges_node_group",
            "node_group_name_prefix": "",
            "node_role_arn": "arn:aws:iam::126494010021:role/service_ec2_eksnode",
            "release_version": "ami-06eb8d7d0eb5ee68e",
            "remote_access": [],
            "resources": [
              {
                "autoscaling_groups": [
                  {
                    "name": "eks-nokia-lab3-edges_node_group-78c26151-5285-1400-45c3-444a8399366d"
                  }
                ],
                "remote_access_security_group_id": ""
              }
            ],
            "scaling_config": [
              {
                "desired_size": 3,
                "max_size": 3,
                "min_size": 3
              }
            ],
            "status": "ACTIVE",
            "subnet_ids": [
              "subnet-0b03596537c51c6b4",
              "subnet-0bca5485a6e80ee75",
              "subnet-0c61726a22c7e21e7"
            ],
            "tags": {
              "Name": "nokia-lab3-edges_node_group",
              "Role": "edges"
            },
            "tags_all": {
              "ClusterRegion": "nokia-lab3-ap-southeast-2",
              "Component": "EKS cluster",
              "DeployerTool": "CsfpOps",
              "KubernetesCluster": "nokia-lab3",
              "Name": "nokia-lab3-edges_node_group",
              "Role": "edges"
            },
            "taint": [
              {
                "effect": "NO_EXECUTE",
                "key": "is_edge",
                "value": "true"
              }
            ],
            "timeouts": null,
            "update_config": [
              {
                "max_unavailable": 1,
                "max_unavailable_percentage": 0
              }
            ],
            "version": "1.23"
          },
          "sensitive_attributes": [],
          "private": "eyJlMmJmYjczMC1lY2FhLTExZTYtOGY4OC0zNDM2M2JjN2M0YzAiOnsiY3JlYXRlIjozNjAwMDAwMDAwMDAwLCJkZWxldGUiOjM2MDAwMDAwMDAwMDAsInVwZGF0ZSI6MzYwMDAwMDAwMDAwMH19",
          "dependencies": [
            "aws_eks_cluster.this",
            "aws_key_pair.cluster_key",
            "aws_kms_alias.cluster",
            "aws_launch_template.edges",
            "aws_security_group.cluster",
            "data.aws_ami.eks_worker",
            "data.aws_iam_role.eks",
            "data.aws_iam_role.nodes",
            "data.aws_subnet_ids.private",
            "data.aws_subnet_ids.vpc",
            "data.template_file.aws_ssm_seelog",
            "data.template_file.edges_userdata"
          ],
          "create_before_destroy": true
        }
      ]
    },
    {
      "mode": "managed",
      "type": "aws_eks_node_group",
      "name": "workers",
      "provider": "provider[\"registry.terraform.io/hashicorp/aws\"]",
      "instances": [
        {
          "schema_version": 0,
          "attributes": {
            "ami_type": "CUSTOM",
            "arn": "arn:aws:eks:ap-southeast-2:126494010021:nodegroup/nokia-lab3/nokia-lab3-workers_node_group/76c26151-5289-123c-dfcc-fef5361d0a3a",
            "capacity_type": "ON_DEMAND",
            "cluster_name": "nokia-lab3",
            "disk_size": 0,
            "force_update_version": null,
            "id": "nokia-lab3:nokia-lab3-workers_node_group",
            "instance_types": [],
            "labels": {
              "is_control": "true",
              "is_worker": "true"
            },
            "launch_template": [
              {
                "id": "lt-0dc423355c238229c",
                "name": "nokia-lab3-workers_launch_template20221129090549571900000003",
                "version": "1"
              }
            ],
            "node_group_name": "nokia-lab3-workers_node_group",
            "node_group_name_prefix": "",
            "node_role_arn": "arn:aws:iam::126494010021:role/service_ec2_eksnode",
            "release_version": "ami-06eb8d7d0eb5ee68e",
            "remote_access": [],
            "resources": [
              {
                "autoscaling_groups": [
                  {
                    "name": "eks-nokia-lab3-workers_node_group-76c26151-5289-123c-dfcc-fef5361d0a3a"
                  }
                ],
                "remote_access_security_group_id": ""
              }
            ],
            "scaling_config": [
              {
                "desired_size": 6,
                "max_size": 9,
                "min_size": 6
              }
            ],
            "status": "ACTIVE",
            "subnet_ids": [
              "subnet-0b03596537c51c6b4",
              "subnet-0bca5485a6e80ee75",
              "subnet-0c61726a22c7e21e7"
            ],
            "tags": {
              "Name": "nokia-lab3-workers_node_group",
              "Role": "workers"
            },
            "tags_all": {
              "ClusterRegion": "nokia-lab3-ap-southeast-2",
              "Component": "EKS cluster",
              "DeployerTool": "CsfpOps",
              "KubernetesCluster": "nokia-lab3",
              "Name": "nokia-lab3-workers_node_group",
              "Role": "workers"
            },
            "taint": [],
            "timeouts": null,
            "update_config": [
              {
                "max_unavailable": 1,
                "max_unavailable_percentage": 0
              }
            ],
            "version": "1.23"
          },
          "sensitive_attributes": [],
          "private": "eyJlMmJmYjczMC1lY2FhLTExZTYtOGY4OC0zNDM2M2JjN2M0YzAiOnsiY3JlYXRlIjozNjAwMDAwMDAwMDAwLCJkZWxldGUiOjM2MDAwMDAwMDAwMDAsInVwZGF0ZSI6MzYwMDAwMDAwMDAwMH19",
          "dependencies": [
            "aws_eks_cluster.this",
            "aws_key_pair.cluster_key",
            "aws_kms_alias.cluster",
            "aws_launch_template.workers",
            "aws_security_group.cluster",
            "data.aws_ami.eks_worker",
            "data.aws_iam_role.eks",
            "data.aws_iam_role.nodes",
            "data.aws_subnet_ids.private",
            "data.aws_subnet_ids.vpc",
            "data.template_file.aws_ssm_seelog",
            "data.template_file.workers_userdata"
          ],
          "create_before_destroy": true
        }
      ]
    },
    {
      "mode": "managed",
      "type": "aws_internet_gateway",
      "name": "this",
      "provider": "provider[\"registry.terraform.io/hashicorp/aws\"]",
      "instances": [
        {
          "index_key": 0,
          "schema_version": 0,
          "attributes": {
            "arn": "arn:aws:ec2:ap-southeast-2:126494010021:internet-gateway/igw-0ff2b25ace04fafde",
            "id": "igw-0ff2b25ace04fafde",
            "owner_id": "126494010021",
            "tags": {
              "Name": "nokia-lab3-igw"
            },
            "tags_all": {
              "ClusterRegion": "nokia-lab3-ap-southeast-2",
              "Component": "EKS cluster",
              "DeployerTool": "CsfpOps",
              "KubernetesCluster": "nokia-lab3",
              "Name": "nokia-lab3-igw"
            },
            "vpc_id": "vpc-07788b521aff07e8a"
          },
          "sensitive_attributes": [],
          "private": "bnVsbA==",
          "dependencies": [
            "aws_vpc.this"
          ],
          "create_before_destroy": true
        }
      ]
    },
    {
      "mode": "managed",
      "type": "aws_key_pair",
      "name": "cluster_key",
      "provider": "provider[\"registry.terraform.io/hashicorp/aws\"]",
      "instances": [
        {
          "index_key": 0,
          "schema_version": 1,
          "attributes": {
            "arn": "arn:aws:ec2:ap-southeast-2:126494010021:key-pair/nokia-lab3-key",
            "fingerprint": "3c:4e:bc:17:97:19:cf:97:da:ad:53:65:12:9e:5e:5d",
            "id": "nokia-lab3-key",
            "key_name": "nokia-lab3-key",
            "key_name_prefix": "",
            "key_pair_id": "key-0677967b15908e9d6",
            "public_key": "ssh-rsa AAAAB3NzaC1yc2EAAAADAQABAAACAQDZRM5kc0G6INr9O2QjXNZwDVooDayF0o2GWDULn0N5s/dg+Msfh7YzlAW1GePu2GEHmCWuGJ4LRrZrI5iC3L7Ea0tKLM+jitr4+VsNwiTGsr7C7o7nfG9+viKNKoTJRZz938pPDCEYdcTKh+/y0I6I6AvHKbJafzQ0i+LE8NzgMGz1ejrgwonz8HPUNqzgkocBIq5l2F++jHiomHrsiFHyLbfjqYBUuBTbsnJnLerroJNBv8KrRTqt5IsOlPJtpKdclHyRcavUCDG6maFUy1Wh28zQLcRks5wBe5/G5jRP8Q00DJyP1WCjmaeDMkzxYri1AcdRz9OkxGcH6A7ql4k97LToVEU1d0d8DM7u9088dgbe/qPzbcUOBZisubeYeFjhU4r8nANrxIir1oAb8qxphxJ2bwTxv7TKYywKJznyRjd2K0QiVnX72kcXz2Kv3kptk2+NekCyRYg8VRKtf9OqFNm9gC3R5YcinY9BZt6px6GPuJxkEdpwQUiwqwsg3mZhNtsmHlzyhukf1qz1TlDdibQbkgp0OxewR26JJqc3JDoPvNZpKa1QGeAN6RvkC9z4oS0wj76egdBAEkqOsmdAn8cv2AJw7S9eAHn4lku+ytfkKV650ssxijVmKZLcaq2DTzy7f7hf+lEtNFD9xO8fyNDa6s9f2N07zPLnsIcB+Q==",
            "tags": {},
            "tags_all": {
              "ClusterRegion": "nokia-lab3-ap-southeast-2",
              "Component": "EKS cluster",
              "DeployerTool": "CsfpOps",
              "KubernetesCluster": "nokia-lab3"
            }
          },
          "sensitive_attributes": [],
          "private": "eyJzY2hlbWFfdmVyc2lvbiI6IjEifQ==",
          "create_before_destroy": true
        }
      ]
    },
    {
      "mode": "managed",
      "type": "aws_kms_alias",
      "name": "cluster",
      "provider": "provider[\"registry.terraform.io/hashicorp/aws\"]",
      "instances": [
        {
          "schema_version": 0,
          "attributes": {
            "arn": "arn:aws:kms:ap-southeast-2:126494010021:alias/cluster-nokia-lab3",
            "id": "alias/cluster-nokia-lab3",
            "name": "alias/cluster-nokia-lab3",
            "name_prefix": "",
            "target_key_arn": "arn:aws:kms:ap-southeast-2:126494010021:key/c9aeb1e7-8a40-47b1-b1d2-4d49400c0fa7",
            "target_key_id": "c9aeb1e7-8a40-47b1-b1d2-4d49400c0fa7"
          },
          "sensitive_attributes": [],
          "private": "bnVsbA==",
          "dependencies": [
            "aws_kms_key.this",
            "data.aws_caller_identity.current",
            "data.aws_iam_role.nodes",
            "data.aws_kms_key.cluster"
          ],
          "create_before_destroy": true
        }
      ]
    },
    {
      "mode": "managed",
      "type": "aws_kms_alias",
      "name": "s3_artifacts",
      "provider": "provider[\"registry.terraform.io/hashicorp/aws\"]",
      "instances": [
        {
          "schema_version": 0,
          "attributes": {
            "arn": "arn:aws:kms:ap-southeast-2:126494010021:alias/s3-artifacts-nokia-lab3",
            "id": "alias/s3-artifacts-nokia-lab3",
            "name": "alias/s3-artifacts-nokia-lab3",
            "name_prefix": "",
            "target_key_arn": "arn:aws:kms:ap-southeast-2:126494010021:key/c9aeb1e7-8a40-47b1-b1d2-4d49400c0fa7",
            "target_key_id": "c9aeb1e7-8a40-47b1-b1d2-4d49400c0fa7"
          },
          "sensitive_attributes": [],
          "private": "bnVsbA==",
          "dependencies": [
            "aws_kms_key.this",
            "data.aws_caller_identity.current",
            "data.aws_iam_role.nodes",
            "data.aws_kms_key.s3_artifacts"
          ]
        }
      ]
    },
    {
      "mode": "managed",
      "type": "aws_kms_key",
      "name": "this",
      "provider": "provider[\"registry.terraform.io/hashicorp/aws\"]",
      "instances": [
        {
          "index_key": 0,
          "schema_version": 0,
          "attributes": {
            "arn": "arn:aws:kms:ap-southeast-2:126494010021:key/c9aeb1e7-8a40-47b1-b1d2-4d49400c0fa7",
            "bypass_policy_lockout_safety_check": false,
            "customer_master_key_spec": "SYMMETRIC_DEFAULT",
            "deletion_window_in_days": null,
            "description": "nokia-lab3 EKS Secret Encryption Key",
            "enable_key_rotation": true,
            "id": "c9aeb1e7-8a40-47b1-b1d2-4d49400c0fa7",
            "is_enabled": true,
            "key_id": "c9aeb1e7-8a40-47b1-b1d2-4d49400c0fa7",
            "key_usage": "ENCRYPT_DECRYPT",
            "multi_region": false,
            "policy": "{\"Id\":\"key-default-1\",\"Statement\":[{\"Action\":\"kms:*\",\"Effect\":\"Allow\",\"Principal\":{\"AWS\":[\"arn:aws:iam::126494010021:role/service_ec2_eksnode\",\"arn:aws:iam::126494010021:root\",\"arn:aws:iam::126494010021:role/aws-service-role/autoscaling.amazonaws.com/AWSServiceRoleForAutoScaling\"]},\"Resource\":\"*\",\"Sid\":\"Enable IAM Role Permissions\"}],\"Version\":\"2012-10-17\"}",
            "tags": {},
            "tags_all": {
              "ClusterRegion": "nokia-lab3-ap-southeast-2",
              "Component": "EKS cluster",
              "DeployerTool": "CsfpOps",
              "KubernetesCluster": "nokia-lab3"
            }
          },
          "sensitive_attributes": [],
          "private": "bnVsbA==",
          "dependencies": [
            "data.aws_caller_identity.current",
            "data.aws_iam_role.nodes"
          ],
          "create_before_destroy": true
        }
      ]
    },
    {
      "mode": "managed",
      "type": "aws_launch_template",
      "name": "edges",
      "provider": "provider[\"registry.terraform.io/hashicorp/aws\"]",
      "instances": [
        {
          "schema_version": 0,
          "attributes": {
            "arn": "arn:aws:ec2:ap-southeast-2:126494010021:launch-template/lt-0a4491e6131dd046d",
            "block_device_mappings": [
              {
                "device_name": "/dev/xvda",
                "ebs": [
                  {
                    "delete_on_termination": "true",
                    "encrypted": "true",
                    "iops": 0,
                    "kms_key_id": "arn:aws:kms:ap-southeast-2:126494010021:alias/cluster-nokia-lab3",
                    "snapshot_id": "",
                    "throughput": 0,
                    "volume_size": 50,
                    "volume_type": "gp2"
                  }
                ],
                "no_device": "",
                "virtual_name": ""
              },
              {
                "device_name": "/dev/sdf",
                "ebs": [
                  {
                    "delete_on_termination": "true",
                    "encrypted": "true",
                    "iops": 0,
                    "kms_key_id": "arn:aws:kms:ap-southeast-2:126494010021:alias/cluster-nokia-lab3",
                    "snapshot_id": "",
                    "throughput": 0,
                    "volume_size": 50,
                    "volume_type": "gp2"
                  }
                ],
                "no_device": "",
                "virtual_name": ""
              }
            ],
            "capacity_reservation_specification": [],
            "cpu_options": [],
            "credit_specification": [
              {
                "cpu_credits": "standard"
              }
            ],
            "default_version": 1,
            "description": "",
            "disable_api_termination": false,
            "ebs_optimized": "true",
            "elastic_gpu_specifications": [],
            "elastic_inference_accelerator": [],
            "enclave_options": [],
            "hibernation_options": [],
            "iam_instance_profile": [],
            "id": "lt-0a4491e6131dd046d",
            "image_id": "ami-06eb8d7d0eb5ee68e",
            "instance_initiated_shutdown_behavior": "",
            "instance_market_options": [],
            "instance_type": "m5a.2xlarge",
            "kernel_id": "",
            "key_name": "nokia-lab3-key",
            "latest_version": 1,
            "license_specification": [],
            "metadata_options": [
              {
                "http_endpoint": "enabled",
                "http_protocol_ipv6": "disabled",
                "http_put_response_hop_limit": 1,
                "http_tokens": "optional"
              }
            ],
            "monitoring": [
              {
                "enabled": true
              }
            ],
            "name": "nokia-lab3-edges_launch_template20221129090549570300000001",
            "name_prefix": "nokia-lab3-edges_launch_template",
            "network_interfaces": [
              {
                "associate_carrier_ip_address": "",
                "associate_public_ip_address": "false",
                "delete_on_termination": "true",
                "description": "",
                "device_index": 0,
                "interface_type": "",
                "ipv4_address_count": 0,
                "ipv4_addresses": null,
                "ipv6_address_count": 0,
                "ipv6_addresses": null,
                "network_card_index": 0,
                "network_interface_id": "",
                "private_ip_address": "",
                "security_groups": [
                  "sg-05afbe99972cfd71f"
                ],
                "subnet_id": ""
              }
            ],
            "placement": [
              {
                "affinity": "",
                "availability_zone": "",
                "group_name": "",
                "host_id": "",
                "host_resource_group_arn": "",
                "partition_number": 0,
                "spread_domain": "",
                "tenancy": "default"
              }
            ],
            "ram_disk_id": "",
            "security_group_names": null,
            "tag_specifications": [
              {
                "resource_type": "volume",
                "tags": {
                  "ClusterRegion": "nokia-lab3-ap-southeast-2",
                  "Component": "EKS cluster",
                  "DeployerTool": "CsfpOps",
                  "KubernetesCluster": "nokia-lab3",
                  "Name": "nokia-lab3_eks-edges-node"
                }
              },
              {
                "resource_type": "instance",
                "tags": {
                  "ClusterRegion": "nokia-lab3-ap-southeast-2",
                  "Component": "EKS cluster",
                  "DeployerTool": "CsfpOps",
                  "KubernetesCluster": "nokia-lab3",
                  "Name": "nokia-lab3_eks-edges-node",
                  "k8s.io/cluster-autoscaler/enabled": "false",
                  "k8s.io/cluster-autoscaler/nokia-lab3": "owned",
                  "role": "['edges']"
                }
              }
            ],
            "tags": null,
            "tags_all": {
              "ClusterRegion": "nokia-lab3-ap-southeast-2",
              "Component": "EKS cluster",
              "DeployerTool": "CsfpOps",
              "KubernetesCluster": "nokia-lab3"
            },
            "update_default_version": null,
            "user_data": "TUlNRS1WZXJzaW9uOiAxLjAKQ29udGVudC1UeXBlOiBtdWx0aXBhcnQvbWl4ZWQ7IGJvdW5kYXJ5PSIvLyIKCi0tLy8KQ29udGVudC1UeXBlOiB0ZXh0L2Nsb3VkLWNvbmZpZzsgY2hhcnNldD0idXMtYXNjaWkiCk1JTUUtVmVyc2lvbjogMS4wCkNvbnRlbnQtVHJhbnNmZXItRW5jb2Rpbmc6IDdiaXQKQ29udGVudC1EaXNwb3NpdGlvbjogYXR0YWNobWVudDsgZmlsZW5hbWU9ImNsb3VkLWNvbmZpZy50eHQiCgojY2xvdWQtY29uZmlnCmNsb3VkX2ZpbmFsX21vZHVsZXM6Ci0gW3NjcmlwdHMtdXNlciwgYWx3YXlzXQoKLS0vLwpDb250ZW50LVR5cGU6IHRleHQveC1zaGVsbHNjcmlwdDsgY2hhcnNldD0idXMtYXNjaWkiCiMhL2Jpbi9iYXNoIC14ZQoKZXhlYyA+ID4odGVlIC92YXIvbG9nL3VzZXItZGF0YS5sb2d8bG9nZ2VyIC10IHVzZXItZGF0YSAtcyAyPi9kZXYvY29uc29sZSkgMj4mMQoKW1sgLWYgL2V0Yy8uZmlyc3Rib290X2RvbmUgXV0gfHwgewoKIyMgSW5zdGFsbCByZXF1aXJlbWVudHMKcnBtIC1xYSB8IGdyZXAgcGFydGVkIHx8IHl1bSBpbnN0YWxsIC15IHBhcnRlZApycG0gLXFhIHwgZ3JlcCByc3luYyB8fCB5dW0gaW5zdGFsbCAteSByc3luYwoKIyMgSW5zdGFsbCBBbWF6b24gU1NNIEFnZW50CnJwbSAtcWEgfCBncmVwIGFtYXpvbi1zc20tYWdlbnQgfHwgeXVtIGluc3RhbGwgLXkgaHR0cHM6Ly9zMy5hcC1zb3V0aGVhc3QtMi5hbWF6b25hd3MuY29tL2FtYXpvbi1zc20tYXAtc291dGhlYXN0LTIvbGF0ZXN0L2xpbnV4X2FtZDY0L2FtYXpvbi1zc20tYWdlbnQucnBtCnN5c3RlbWN0bCBlbmFibGUgYW1hem9uLXNzbS1hZ2VudApjYXQgPDwgRU9GID4+IC9ldGMvYW1hem9uL3NzbS9zZWVsb2cueG1sCjwhLS1hbWF6b24tc3NtLWFnZW50IHVzZXMgc2VlbG9nIGxvZ2dpbmcgLS0+CjwhLS1TZWVsb2cgaGFzIGdpdGh1YiB3aWtpIHBhZ2VzLCB3aGljaCBjb250YWluIGRldGFpbGVkIGhvdy10b3MgcmVmZXJlbmNlczogaHR0cHM6Ly9naXRodWIuY29tL2NpaHViL3NlZWxvZy93aWtpIC0tPgo8IS0tU2VlbG9nIGV4YW1wbGVzIGNhbiBiZSBmb3VuZCBoZXJlOiBodHRwczovL2dpdGh1Yi5jb20vY2lodWIvc2VlbG9nLWV4YW1wbGVzIC0tPgo8c2VlbG9nIHR5cGU9ImFkYXB0aXZlIiBtaW5pbnRlcnZhbD0iMjAwMDAwMCIgbWF4aW50ZXJ2YWw9IjEwMDAwMDAwMCIgY3JpdG1zZ2NvdW50PSI1MDAiIG1pbmxldmVsPSJpbmZvIj4KICAgIDxleGNlcHRpb25zPgogICAgICAgIDxleGNlcHRpb24gZmlsZXBhdHRlcm49InRlc3QqIiBtaW5sZXZlbD0iZXJyb3IiLz4KICAgIDwvZXhjZXB0aW9ucz4KICAgIDxvdXRwdXRzIGZvcm1hdGlkPSJmbXRpbmZvIj4KICAgICAgICA8Y29uc29sZSBmb3JtYXRpZD0iZm10aW5mbyIvPgogICAgICAgIDxyb2xsaW5nZmlsZSB0eXBlPSJzaXplIiBmaWxlbmFtZT0iL3Zhci9sb2cvYW1hem9uL3NzbS9hbWF6b24tc3NtLWFnZW50LmxvZyIgbWF4c2l6ZT0iMzAwMDAwMDAiIG1heHJvbGxzPSI1Ii8+CiAgICAgICAgPGZpbHRlciBsZXZlbHM9ImVycm9yLGNyaXRpY2FsIiBmb3JtYXRpZD0iZm10ZXJyb3IiPgogICAgICAgICAgICA8cm9sbGluZ2ZpbGUgdHlwZT0ic2l6ZSIgZmlsZW5hbWU9Ii92YXIvbG9nL2FtYXpvbi9zc20vZXJyb3JzLmxvZyIgbWF4c2l6ZT0iMTAwMDAwMDAiIG1heHJvbGxzPSI1Ii8+CiAgICAgICAgPC9maWx0ZXI+CiAgICAgICAgPGN1c3RvbSBuYW1lPSJjbG91ZHdhdGNoX3JlY2VpdmVyIiBmb3JtYXRpZD0iZm10ZGVidWciIGRhdGEtbG9nLWdyb3VwPSIvYXdzL2Vrcy9ub2tpYS1sYWIzL2NsdXN0ZXIiLz4KICAgIDwvb3V0cHV0cz4KICAgIDxmb3JtYXRzPgogICAgICAgIDxmb3JtYXQgaWQ9ImZtdGVycm9yIiBmb3JtYXQ9IiVEYXRlICVUaW1lICVMRVZFTCBbJUZ1bmNTaG9ydCBAICVGaWxlLiVMaW5lXSAlTXNnJW4iLz4KICAgICAgICA8Zm9ybWF0IGlkPSJmbXRkZWJ1ZyIgZm9ybWF0PSIlRGF0ZSAlVGltZSAlTEVWRUwgWyVGdW5jU2hvcnQgQCAlRmlsZS4lTGluZV0gJU1zZyVuIi8+CiAgICAgICAgPGZvcm1hdCBpZD0iZm10aW5mbyIgZm9ybWF0PSIlRGF0ZSAlVGltZSAlTEVWRUwgJU1zZyVuIi8+CiAgICA8L2Zvcm1hdHM+Cjwvc2VlbG9nPgpFT0YKc3lzdGVtY3RsIHJlc3RhcnQgYW1hem9uLXNzbS1hZ2VudAoKIyMgUGFydGl0aW9uaW5nCnBhcnRlZCAtLXNjcmlwdCAvZGV2L252bWUxbjEgXApta2xhYmVsIGdwdCBcCm1rcGFydCBsb2cgZXh0NCAwJSAxMDAlCnBhcnRwcm9iZQoKIyMgRm9ybWF0IG5ldyBwYXJ0aXRpb24KbWtmcy5leHQ0IC9kZXYvbnZtZTFuMXAxCgojIyBBdXRvbWF0aWMgbW91bnQKY2F0IDw8IEVPRiA+PiAvZXRjL2ZzdGFiCnRtcGZzICAgL3RtcCAgICAgICAgICAgIHRtcGZzICAgICBkZWZhdWx0cyxzaXplPTFnLG1vZGU9MTc3Nyxub2Rldixub2V4ZWMsbm9zdWlkICAwICAgICAgIDAKL3RtcCAgICAvdmFyL3RtcCAgICAgICAgbm9uZSAgICAgIHJ3LG5vZGV2LG5vZXhlYyxub3N1aWQsYmluZCAgICAgMCAgICAgICAwCnRtcGZzICAgL2Rldi9zaG0gICAgICAgIHRtcGZzICAgICBub2V4ZWMsbm9zdWlkLG5vZGV2ICAgIDAgICAgICAgMApFT0YKCiMgL3Zhci9sb2cKZWNobyAiJChibGtpZCB8IGdyZXAgbnZtZTFuMXAxIHwgYXdrICd7cHJpbnQgJDJ9JykgL3Zhci9sb2cgZXh0NCBkZWZhdWx0cyxub2ZhaWwgMCAyIiA+PiAvZXRjL2ZzdGFiCm1rZGlyIC1wIC90bXAvbG9nCm1vdW50IC9kZXYvbnZtZTFuMXAxIC90bXAvbG9nCnJzeW5jIC1hdiAvdmFyL2xvZy8gL3RtcC9sb2cKdW1vdW50IC90bXAvbG9nCm1vdW50IC9kZXYvbnZtZTFuMXAxIC92YXIvbG9nCmNobW9kIC1SIDc3NyAvdmFyL2xvZwoKIyBSZWxvYWQgZnN0YWIKbW91bnQgLWEKCmt1YmVsZXRfc2VydmljZT0iL2V0Yy9zeXN0ZW1kL3N5c3RlbS9rdWJlbGV0LnNlcnZpY2UiCgoKIyBEb2NrZXIgb3B0aW9ucyBzZXQgc3lzY29uZmlnIGVudmlyb25tZW50IGZpbGUKY2F0IDw8IEVPRiA+PiAvZXRjL3N5c2NvbmZpZy9kb2NrZXIKCk9QVElPTlM9Jy0tc2VsaW51eC1lbmFibGVkPXRydWUgLS1leGVjLW9wdD1uYXRpdmUuY2dyb3VwZHJpdmVyPXN5c3RlbWQgLS1zdG9yYWdlLW9wdCBvdmVybGF5Mi5vdmVycmlkZV9rZXJuZWxfY2hlY2s9dHJ1ZSAtLXVzZXJsYW5kLXByb3h5PWZhbHNlJwpFT0YKc3lzdGVtY3RsIHJlc3RhcnQgZG9ja2VyCgoKIyBBbGxvdyB1c2VyIHN1cHBsaWVkIHByZSB1c2VyZGF0YSBjb2RlCgoKIyBTeXN0ZW1kIGRvZXMgbm90IHN1cHBvcnQgYXBwZW5kaW5nIGVudmlyb25tZW50IHZhcmlhYmxlcy4gQWRkIGEgbmV3IHZhcmlhYmxlCnNlZCAtaSAncy9LVUJFTEVUX0VYVFJBX0FSR1MvS1VCRUxFVF9FWFRSQV9BUkdTICRFWFRFTkRFRF9LVUJFTEVUX0FSR1MvJyAka3ViZWxldF9zZXJ2aWNlCmNhdCA8PCBFT0YgPiAvZXRjL3N5c3RlbWQvc3lzdGVtL2t1YmVsZXQuc2VydmljZS5kLzk5OTktZXh0ZW5kZWQta3ViZWxldC1hcmdzLmNvbmYKW1NlcnZpY2VdCkVudmlyb25tZW50PSdFWFRFTkRFRF9LVUJFTEVUX0FSR1M9LS1jZ3JvdXAtZHJpdmVyPXN5c3RlbWQnCkVPRgpzeXN0ZW1jdGwgZGFlbW9uLXJlbG9hZAoKIyBBbGxvdyB1c2VyIHN1cHBsaWVkIHVzZXJkYXRhIGNvZGUKCgoKIyBQb2ludCByZXNvbHYuY29uZiB0byBOb2RlTG9jYWwgRE5TCmVjaG8gInN1cGVyc2VkZSBkb21haW4tbmFtZS1zZXJ2ZXJzIDEyNy4wLjAuMSwxNjkuMjU0LjE2OS4yNTM7IiA+PiAvZXRjL2RoY3AvZGhjbGllbnQuY29uZiAmJiBkaGNsaWVudCAtciAmJiBkaGNsaWVudAojIFdlIGFsd2F5cyB1c2UgaW1hZ2UtaWQgaW4gbGF1bmNoLXRlbXBsYXRlIHdoaWNoIG1lYW5zIGl0IGlzIGNvbnNpZGVyZWQgYXMgY3VzdG9tIEFNSQpCNjRfQ0xVU1RFUl9DQT1MUzB0TFMxQ1JVZEpUaUJEUlZKVVNVWkpRMEZVUlMwdExTMHRDazFKU1VNdmFrTkRRV1ZoWjBGM1NVSkJaMGxDUVVSQlRrSm5hM0ZvYTJsSE9YY3dRa0ZSYzBaQlJFRldUVkpOZDBWUldVUldVVkZFUlhkd2NtUlhTbXdLWTIwMWJHUkhWbnBOUWpSWVJGUkplVTFVUlhsUFZFRTBUbFJuTVU5V2IxaEVWRTE1VFZSRmVVNXFRVFJPVkdjeFQxWnZkMFpVUlZSTlFrVkhRVEZWUlFwQmVFMUxZVE5XYVZwWVNuVmFXRkpzWTNwRFEwRlRTWGRFVVZsS1MyOWFTV2gyWTA1QlVVVkNRbEZCUkdkblJWQkJSRU5EUVZGdlEyZG5SVUpCVG1JNUNuTnNRbkJhVVZOa1RqaHpRbFo2TVZNM2VFbzJNakE0V0RWVFRuUmFPVXRVTkdNeWNFUnBNa05YV210bWQwUXZMeXQxVldFcllsVjVOR2RMTm1VM1NUSUtaVlp5VGsxbU4yaHdNVmRSUW14bldHeGlVV3N2T0ZSWE9FMDJSVTR3TWs1dGExcHFiMHhUZDJaRGNFZGpRWEIxU1M5dlZGb3hNSEptZGtSMGNVMVBiQW94UnpKVFEyeHhlRnBWVVU4ekszRm1WRWRtVUdZNGRUSndVeTh2Y204MlJYTjFMME5CZG1RMWNUWkdTbmg2UkdRNVluTlpSRmxLYVd0VllYRlhiblpKQ2xsM01WaFVZVWRYTnlzd2RqSktZMVYzYkVRd2FEQXJOR1pCTTFGdldrVnpXVUptZEVocFJHbHNWR3BRTWxSa1VYZG9WWGRGU0ZRM1QzaDNNRWhzWjBRS1p6TmhZMnBoSzA0MWVrTlNabUUyT0ZkVVVEZEVhalJoT0RNeGQySkpiVzFyU0drNGRsaFpiM0JOU0RGSVltdFdiMVF3WWxOWFJUUnVlbk5EUmpkd1RnbzJiamM0Ym14RGNHMWlTVUZTTVVJd1IyNDRRMEYzUlVGQllVNWFUVVpqZDBSbldVUldVakJRUVZGSUwwSkJVVVJCWjB0clRVRTRSMEV4VldSRmQwVkNDaTkzVVVaTlFVMUNRV1k0ZDBoUldVUldVakJQUWtKWlJVWkpPRVZvUjJGaU4yVjZPVGczVG5SVGJTdHRWalU0UTNGbmNWWk5RbFZIUVRGVlpFVlJVVThLVFVGNVEwTnRkREZaYlZaNVltMVdNRnBZVFhkRVVWbEtTMjlhU1doMlkwNUJVVVZNUWxGQlJHZG5SVUpCVEdaVFRIcGpVRUprYzFkTFlub3dSVlpyWWdwT1pWQk1aMmc1UVRkM1FUSlRhamQwTjFoclpWUjBMek5TYlRVclRYSm1ka3RwZWpkYU5EbHNiMmg2UjI1Uk0xWkxSWFY2VDNJMVkwSkRkRVpNVkVZMUNqaGhaVlJCVUU1eWQxbFRNVTVNUkVoTmMzWlliM1pRU1hvMmJITjJkalJxS3pNeFptaHBUVzVpVWxSSkwwNVBaQzk0VEdKd1dIbDNMM0V4Y25kUldIZ0tURk5PYzFBclkxWk9WekpuUW00NFV6WmxZVTVOV1VocVJXRnFXak5LZFdoSmNUZHNLeTl2WlRVMVVYSlVZbnBIUVVFNFJrdDZhblJxYlZac1JVdEZOUW96WVhnMlJYQkxURXRwTWtsWVVuTXliWFZPYmpSemVHaE1SRU5DVTFaWmVtOVBaRVZMWjBoUVNWcEVNWGgxTnpaR2JHdDFjMmQyT1hkdlVVcGxSakpGQ2pnelExRjNOWEJSVGtKekswTXJkeTgwUjJoWFlsZFFRbVpOYmpWTmVTOTJPVE5LVUVac1QwVTRWRkV4ZUM5cVZtVldOakpWVmpBcllub3lPRXBYY0dvS1VGZzRQUW90TFMwdExVVk9SQ0JEUlZKVVNVWkpRMEZVUlMwdExTMHRDZz09CkFQSV9TRVJWRVJfVVJMPWh0dHBzOi8vMzREQzEyRDYzMjQ2NUQzQjNDNDdFNUQwMzUxNTZBNkUuZ3I3LmFwLXNvdXRoZWFzdC0yLmVrcy5hbWF6b25hd3MuY29tCi9ldGMvZWtzL2Jvb3RzdHJhcC5zaCBub2tpYS1sYWIzIC0tYjY0LWNsdXN0ZXItY2EgJEI2NF9DTFVTVEVSX0NBIC0tYXBpc2VydmVyLWVuZHBvaW50ICRBUElfU0VSVkVSX1VSTCAtLWNvbnRhaW5lci1ydW50aW1lIGRvY2tlcmQKCnRvdWNoIC9ldGMvLmZpcnN0Ym9vdF9kb25lCn0KCgoK",
            "vpc_security_group_ids": null
          },
          "sensitive_attributes": [],
          "private": "bnVsbA==",
          "dependencies": [
            "aws_eks_cluster.this",
            "aws_key_pair.cluster_key",
            "aws_kms_alias.cluster",
            "aws_security_group.cluster",
            "data.aws_ami.eks_worker",
            "data.aws_iam_role.eks",
            "data.aws_subnet_ids.private",
            "data.aws_subnet_ids.vpc",
            "data.template_file.aws_ssm_seelog",
            "data.template_file.edges_userdata"
          ],
          "create_before_destroy": true
        }
      ]
    },
    {
      "mode": "managed",
      "type": "aws_launch_template",
      "name": "workers",
      "provider": "provider[\"registry.terraform.io/hashicorp/aws\"]",
      "instances": [
        {
          "schema_version": 0,
          "attributes": {
            "arn": "arn:aws:ec2:ap-southeast-2:126494010021:launch-template/lt-0dc423355c238229c",
            "block_device_mappings": [
              {
                "device_name": "/dev/xvda",
                "ebs": [
                  {
                    "delete_on_termination": "true",
                    "encrypted": "true",
                    "iops": 0,
                    "kms_key_id": "arn:aws:kms:ap-southeast-2:126494010021:alias/cluster-nokia-lab3",
                    "snapshot_id": "",
                    "throughput": 0,
                    "volume_size": 50,
                    "volume_type": "gp2"
                  }
                ],
                "no_device": "",
                "virtual_name": ""
              },
              {
                "device_name": "/dev/sdf",
                "ebs": [
                  {
                    "delete_on_termination": "true",
                    "encrypted": "true",
                    "iops": 0,
                    "kms_key_id": "arn:aws:kms:ap-southeast-2:126494010021:alias/cluster-nokia-lab3",
                    "snapshot_id": "",
                    "throughput": 0,
                    "volume_size": 100,
                    "volume_type": "gp2"
                  }
                ],
                "no_device": "",
                "virtual_name": ""
              }
            ],
            "capacity_reservation_specification": [],
            "cpu_options": [],
            "credit_specification": [
              {
                "cpu_credits": "standard"
              }
            ],
            "default_version": 1,
            "description": "",
            "disable_api_termination": false,
            "ebs_optimized": "true",
            "elastic_gpu_specifications": [],
            "elastic_inference_accelerator": [],
            "enclave_options": [],
            "hibernation_options": [],
            "iam_instance_profile": [],
            "id": "lt-0dc423355c238229c",
            "image_id": "ami-06eb8d7d0eb5ee68e",
            "instance_initiated_shutdown_behavior": "",
            "instance_market_options": [],
            "instance_type": "m5a.4xlarge",
            "kernel_id": "",
            "key_name": "nokia-lab3-key",
            "latest_version": 1,
            "license_specification": [],
            "metadata_options": [
              {
                "http_endpoint": "enabled",
                "http_protocol_ipv6": "disabled",
                "http_put_response_hop_limit": 1,
                "http_tokens": "optional"
              }
            ],
            "monitoring": [
              {
                "enabled": true
              }
            ],
            "name": "nokia-lab3-workers_launch_template20221129090549571900000003",
            "name_prefix": "nokia-lab3-workers_launch_template",
            "network_interfaces": [
              {
                "associate_carrier_ip_address": "",
                "associate_public_ip_address": "false",
                "delete_on_termination": "true",
                "description": "",
                "device_index": 0,
                "interface_type": "",
                "ipv4_address_count": 0,
                "ipv4_addresses": null,
                "ipv6_address_count": 0,
                "ipv6_addresses": null,
                "network_card_index": 0,
                "network_interface_id": "",
                "private_ip_address": "",
                "security_groups": [
                  "sg-05afbe99972cfd71f"
                ],
                "subnet_id": ""
              }
            ],
            "placement": [
              {
                "affinity": "",
                "availability_zone": "",
                "group_name": "",
                "host_id": "",
                "host_resource_group_arn": "",
                "partition_number": 0,
                "spread_domain": "",
                "tenancy": "default"
              }
            ],
            "ram_disk_id": "",
            "security_group_names": null,
            "tag_specifications": [
              {
                "resource_type": "volume",
                "tags": {
                  "ClusterRegion": "nokia-lab3-ap-southeast-2",
                  "Component": "EKS cluster",
                  "DeployerTool": "CsfpOps",
                  "KubernetesCluster": "nokia-lab3",
                  "Name": "nokia-lab3_eks-workers-node"
                }
              },
              {
                "resource_type": "instance",
                "tags": {
                  "ClusterRegion": "nokia-lab3-ap-southeast-2",
                  "Component": "EKS cluster",
                  "DeployerTool": "CsfpOps",
                  "KubernetesCluster": "nokia-lab3",
                  "Name": "nokia-lab3_eks-workers-node",
                  "k8s.io/cluster-autoscaler/enabled": "false",
                  "k8s.io/cluster-autoscaler/nokia-lab3": "owned",
                  "role": "['workers']"
                }
              }
            ],
            "tags": null,
            "tags_all": {
              "ClusterRegion": "nokia-lab3-ap-southeast-2",
              "Component": "EKS cluster",
              "DeployerTool": "CsfpOps",
              "KubernetesCluster": "nokia-lab3"
            },
            "update_default_version": null,
            "user_data": "TUlNRS1WZXJzaW9uOiAxLjAKQ29udGVudC1UeXBlOiBtdWx0aXBhcnQvbWl4ZWQ7IGJvdW5kYXJ5PSIvLyIKCi0tLy8KQ29udGVudC1UeXBlOiB0ZXh0L2Nsb3VkLWNvbmZpZzsgY2hhcnNldD0idXMtYXNjaWkiCk1JTUUtVmVyc2lvbjogMS4wCkNvbnRlbnQtVHJhbnNmZXItRW5jb2Rpbmc6IDdiaXQKQ29udGVudC1EaXNwb3NpdGlvbjogYXR0YWNobWVudDsgZmlsZW5hbWU9ImNsb3VkLWNvbmZpZy50eHQiCgojY2xvdWQtY29uZmlnCmNsb3VkX2ZpbmFsX21vZHVsZXM6Ci0gW3NjcmlwdHMtdXNlciwgYWx3YXlzXQoKLS0vLwpDb250ZW50LVR5cGU6IHRleHQveC1zaGVsbHNjcmlwdDsgY2hhcnNldD0idXMtYXNjaWkiCiMhL2Jpbi9iYXNoIC14ZQoKZXhlYyA+ID4odGVlIC92YXIvbG9nL3VzZXItZGF0YS5sb2d8bG9nZ2VyIC10IHVzZXItZGF0YSAtcyAyPi9kZXYvY29uc29sZSkgMj4mMQoKW1sgLWYgL2V0Yy8uZmlyc3Rib290X2RvbmUgXV0gfHwgewoKIyMgSW5zdGFsbCByZXF1aXJlbWVudHMKcnBtIC1xYSB8IGdyZXAgcGFydGVkIHx8IHl1bSBpbnN0YWxsIC15IHBhcnRlZApycG0gLXFhIHwgZ3JlcCByc3luYyB8fCB5dW0gaW5zdGFsbCAteSByc3luYwoKIyMgSW5zdGFsbCBBbWF6b24gU1NNIEFnZW50CnJwbSAtcWEgfCBncmVwIGFtYXpvbi1zc20tYWdlbnQgfHwgeXVtIGluc3RhbGwgLXkgaHR0cHM6Ly9zMy5hcC1zb3V0aGVhc3QtMi5hbWF6b25hd3MuY29tL2FtYXpvbi1zc20tYXAtc291dGhlYXN0LTIvbGF0ZXN0L2xpbnV4X2FtZDY0L2FtYXpvbi1zc20tYWdlbnQucnBtCnN5c3RlbWN0bCBlbmFibGUgYW1hem9uLXNzbS1hZ2VudApjYXQgPDwgRU9GID4+IC9ldGMvYW1hem9uL3NzbS9zZWVsb2cueG1sCjwhLS1hbWF6b24tc3NtLWFnZW50IHVzZXMgc2VlbG9nIGxvZ2dpbmcgLS0+CjwhLS1TZWVsb2cgaGFzIGdpdGh1YiB3aWtpIHBhZ2VzLCB3aGljaCBjb250YWluIGRldGFpbGVkIGhvdy10b3MgcmVmZXJlbmNlczogaHR0cHM6Ly9naXRodWIuY29tL2NpaHViL3NlZWxvZy93aWtpIC0tPgo8IS0tU2VlbG9nIGV4YW1wbGVzIGNhbiBiZSBmb3VuZCBoZXJlOiBodHRwczovL2dpdGh1Yi5jb20vY2lodWIvc2VlbG9nLWV4YW1wbGVzIC0tPgo8c2VlbG9nIHR5cGU9ImFkYXB0aXZlIiBtaW5pbnRlcnZhbD0iMjAwMDAwMCIgbWF4aW50ZXJ2YWw9IjEwMDAwMDAwMCIgY3JpdG1zZ2NvdW50PSI1MDAiIG1pbmxldmVsPSJpbmZvIj4KICAgIDxleGNlcHRpb25zPgogICAgICAgIDxleGNlcHRpb24gZmlsZXBhdHRlcm49InRlc3QqIiBtaW5sZXZlbD0iZXJyb3IiLz4KICAgIDwvZXhjZXB0aW9ucz4KICAgIDxvdXRwdXRzIGZvcm1hdGlkPSJmbXRpbmZvIj4KICAgICAgICA8Y29uc29sZSBmb3JtYXRpZD0iZm10aW5mbyIvPgogICAgICAgIDxyb2xsaW5nZmlsZSB0eXBlPSJzaXplIiBmaWxlbmFtZT0iL3Zhci9sb2cvYW1hem9uL3NzbS9hbWF6b24tc3NtLWFnZW50LmxvZyIgbWF4c2l6ZT0iMzAwMDAwMDAiIG1heHJvbGxzPSI1Ii8+CiAgICAgICAgPGZpbHRlciBsZXZlbHM9ImVycm9yLGNyaXRpY2FsIiBmb3JtYXRpZD0iZm10ZXJyb3IiPgogICAgICAgICAgICA8cm9sbGluZ2ZpbGUgdHlwZT0ic2l6ZSIgZmlsZW5hbWU9Ii92YXIvbG9nL2FtYXpvbi9zc20vZXJyb3JzLmxvZyIgbWF4c2l6ZT0iMTAwMDAwMDAiIG1heHJvbGxzPSI1Ii8+CiAgICAgICAgPC9maWx0ZXI+CiAgICAgICAgPGN1c3RvbSBuYW1lPSJjbG91ZHdhdGNoX3JlY2VpdmVyIiBmb3JtYXRpZD0iZm10ZGVidWciIGRhdGEtbG9nLWdyb3VwPSIvYXdzL2Vrcy9ub2tpYS1sYWIzL2NsdXN0ZXIiLz4KICAgIDwvb3V0cHV0cz4KICAgIDxmb3JtYXRzPgogICAgICAgIDxmb3JtYXQgaWQ9ImZtdGVycm9yIiBmb3JtYXQ9IiVEYXRlICVUaW1lICVMRVZFTCBbJUZ1bmNTaG9ydCBAICVGaWxlLiVMaW5lXSAlTXNnJW4iLz4KICAgICAgICA8Zm9ybWF0IGlkPSJmbXRkZWJ1ZyIgZm9ybWF0PSIlRGF0ZSAlVGltZSAlTEVWRUwgWyVGdW5jU2hvcnQgQCAlRmlsZS4lTGluZV0gJU1zZyVuIi8+CiAgICAgICAgPGZvcm1hdCBpZD0iZm10aW5mbyIgZm9ybWF0PSIlRGF0ZSAlVGltZSAlTEVWRUwgJU1zZyVuIi8+CiAgICA8L2Zvcm1hdHM+Cjwvc2VlbG9nPgpFT0YKc3lzdGVtY3RsIHJlc3RhcnQgYW1hem9uLXNzbS1hZ2VudAoKIyMgUGFydGl0aW9uaW5nCnBhcnRlZCAtLXNjcmlwdCAvZGV2L252bWUxbjEgXApta2xhYmVsIGdwdCBcCm1rcGFydCBsb2cgZXh0NCAwJSAxMDAlCnBhcnRwcm9iZQoKIyMgRm9ybWF0IG5ldyBwYXJ0aXRpb24KbWtmcy5leHQ0IC9kZXYvbnZtZTFuMXAxCgojIyBBdXRvbWF0aWMgbW91bnQKY2F0IDw8IEVPRiA+PiAvZXRjL2ZzdGFiCnRtcGZzICAgL3RtcCAgICAgICAgICAgIHRtcGZzICAgICBkZWZhdWx0cyxzaXplPTFnLG1vZGU9MTc3Nyxub2Rldixub2V4ZWMsbm9zdWlkICAwICAgICAgIDAKL3RtcCAgICAvdmFyL3RtcCAgICAgICAgbm9uZSAgICAgIHJ3LG5vZGV2LG5vZXhlYyxub3N1aWQsYmluZCAgICAgMCAgICAgICAwCnRtcGZzICAgL2Rldi9zaG0gICAgICAgIHRtcGZzICAgICBub2V4ZWMsbm9zdWlkLG5vZGV2ICAgIDAgICAgICAgMApFT0YKCiMgL3Zhci9sb2cKZWNobyAiJChibGtpZCB8IGdyZXAgbnZtZTFuMXAxIHwgYXdrICd7cHJpbnQgJDJ9JykgL3Zhci9sb2cgZXh0NCBkZWZhdWx0cyxub2ZhaWwgMCAyIiA+PiAvZXRjL2ZzdGFiCm1rZGlyIC1wIC90bXAvbG9nCm1vdW50IC9kZXYvbnZtZTFuMXAxIC90bXAvbG9nCnJzeW5jIC1hdiAvdmFyL2xvZy8gL3RtcC9sb2cKdW1vdW50IC90bXAvbG9nCm1vdW50IC9kZXYvbnZtZTFuMXAxIC92YXIvbG9nCmNobW9kIC1SIDc3NyAvdmFyL2xvZwoKIyBSZWxvYWQgZnN0YWIKbW91bnQgLWEKCmt1YmVsZXRfc2VydmljZT0iL2V0Yy9zeXN0ZW1kL3N5c3RlbS9rdWJlbGV0LnNlcnZpY2UiCgoKIyBEb2NrZXIgb3B0aW9ucyBzZXQgc3lzY29uZmlnIGVudmlyb25tZW50IGZpbGUKY2F0IDw8IEVPRiA+PiAvZXRjL3N5c2NvbmZpZy9kb2NrZXIKCk9QVElPTlM9Jy0tc2VsaW51eC1lbmFibGVkPXRydWUgLS1leGVjLW9wdD1uYXRpdmUuY2dyb3VwZHJpdmVyPXN5c3RlbWQgLS1zdG9yYWdlLW9wdCBvdmVybGF5Mi5vdmVycmlkZV9rZXJuZWxfY2hlY2s9dHJ1ZSAtLXVzZXJsYW5kLXByb3h5PWZhbHNlJwpFT0YKc3lzdGVtY3RsIHJlc3RhcnQgZG9ja2VyCgoKIyBBbGxvdyB1c2VyIHN1cHBsaWVkIHByZSB1c2VyZGF0YSBjb2RlCgoKIyBTeXN0ZW1kIGRvZXMgbm90IHN1cHBvcnQgYXBwZW5kaW5nIGVudmlyb25tZW50IHZhcmlhYmxlcy4gQWRkIGEgbmV3IHZhcmlhYmxlCnNlZCAtaSAncy9LVUJFTEVUX0VYVFJBX0FSR1MvS1VCRUxFVF9FWFRSQV9BUkdTICRFWFRFTkRFRF9LVUJFTEVUX0FSR1MvJyAka3ViZWxldF9zZXJ2aWNlCmNhdCA8PCBFT0YgPiAvZXRjL3N5c3RlbWQvc3lzdGVtL2t1YmVsZXQuc2VydmljZS5kLzk5OTktZXh0ZW5kZWQta3ViZWxldC1hcmdzLmNvbmYKW1NlcnZpY2VdCkVudmlyb25tZW50PSdFWFRFTkRFRF9LVUJFTEVUX0FSR1M9LS1jZ3JvdXAtZHJpdmVyPXN5c3RlbWQnCkVPRgpzeXN0ZW1jdGwgZGFlbW9uLXJlbG9hZAoKIyBBbGxvdyB1c2VyIHN1cHBsaWVkIHVzZXJkYXRhIGNvZGUKCgoKIyBQb2ludCByZXNvbHYuY29uZiB0byBOb2RlTG9jYWwgRE5TCmVjaG8gInN1cGVyc2VkZSBkb21haW4tbmFtZS1zZXJ2ZXJzIDEyNy4wLjAuMSwxNjkuMjU0LjE2OS4yNTM7IiA+PiAvZXRjL2RoY3AvZGhjbGllbnQuY29uZiAmJiBkaGNsaWVudCAtciAmJiBkaGNsaWVudAojIFdlIGFsd2F5cyB1c2UgaW1hZ2UtaWQgaW4gbGF1bmNoLXRlbXBsYXRlIHdoaWNoIG1lYW5zIGl0IGlzIGNvbnNpZGVyZWQgYXMgY3VzdG9tIEFNSQpCNjRfQ0xVU1RFUl9DQT1MUzB0TFMxQ1JVZEpUaUJEUlZKVVNVWkpRMEZVUlMwdExTMHRDazFKU1VNdmFrTkRRV1ZoWjBGM1NVSkJaMGxDUVVSQlRrSm5hM0ZvYTJsSE9YY3dRa0ZSYzBaQlJFRldUVkpOZDBWUldVUldVVkZFUlhkd2NtUlhTbXdLWTIwMWJHUkhWbnBOUWpSWVJGUkplVTFVUlhsUFZFRTBUbFJuTVU5V2IxaEVWRTE1VFZSRmVVNXFRVFJPVkdjeFQxWnZkMFpVUlZSTlFrVkhRVEZWUlFwQmVFMUxZVE5XYVZwWVNuVmFXRkpzWTNwRFEwRlRTWGRFVVZsS1MyOWFTV2gyWTA1QlVVVkNRbEZCUkdkblJWQkJSRU5EUVZGdlEyZG5SVUpCVG1JNUNuTnNRbkJhVVZOa1RqaHpRbFo2TVZNM2VFbzJNakE0V0RWVFRuUmFPVXRVTkdNeWNFUnBNa05YV210bWQwUXZMeXQxVldFcllsVjVOR2RMTm1VM1NUSUtaVlp5VGsxbU4yaHdNVmRSUW14bldHeGlVV3N2T0ZSWE9FMDJSVTR3TWs1dGExcHFiMHhUZDJaRGNFZGpRWEIxU1M5dlZGb3hNSEptZGtSMGNVMVBiQW94UnpKVFEyeHhlRnBWVVU4ekszRm1WRWRtVUdZNGRUSndVeTh2Y204MlJYTjFMME5CZG1RMWNUWkdTbmg2UkdRNVluTlpSRmxLYVd0VllYRlhiblpKQ2xsM01WaFVZVWRYTnlzd2RqSktZMVYzYkVRd2FEQXJOR1pCTTFGdldrVnpXVUptZEVocFJHbHNWR3BRTWxSa1VYZG9WWGRGU0ZRM1QzaDNNRWhzWjBRS1p6TmhZMnBoSzA0MWVrTlNabUUyT0ZkVVVEZEVhalJoT0RNeGQySkpiVzFyU0drNGRsaFpiM0JOU0RGSVltdFdiMVF3WWxOWFJUUnVlbk5EUmpkd1RnbzJiamM0Ym14RGNHMWlTVUZTTVVJd1IyNDRRMEYzUlVGQllVNWFUVVpqZDBSbldVUldVakJRUVZGSUwwSkJVVVJCWjB0clRVRTRSMEV4VldSRmQwVkNDaTkzVVVaTlFVMUNRV1k0ZDBoUldVUldVakJQUWtKWlJVWkpPRVZvUjJGaU4yVjZPVGczVG5SVGJTdHRWalU0UTNGbmNWWk5RbFZIUVRGVlpFVlJVVThLVFVGNVEwTnRkREZaYlZaNVltMVdNRnBZVFhkRVVWbEtTMjlhU1doMlkwNUJVVVZNUWxGQlJHZG5SVUpCVEdaVFRIcGpVRUprYzFkTFlub3dSVlpyWWdwT1pWQk1aMmc1UVRkM1FUSlRhamQwTjFoclpWUjBMek5TYlRVclRYSm1ka3RwZWpkYU5EbHNiMmg2UjI1Uk0xWkxSWFY2VDNJMVkwSkRkRVpNVkVZMUNqaGhaVlJCVUU1eWQxbFRNVTVNUkVoTmMzWlliM1pRU1hvMmJITjJkalJxS3pNeFptaHBUVzVpVWxSSkwwNVBaQzk0VEdKd1dIbDNMM0V4Y25kUldIZ0tURk5PYzFBclkxWk9WekpuUW00NFV6WmxZVTVOV1VocVJXRnFXak5LZFdoSmNUZHNLeTl2WlRVMVVYSlVZbnBIUVVFNFJrdDZhblJxYlZac1JVdEZOUW96WVhnMlJYQkxURXRwTWtsWVVuTXliWFZPYmpSemVHaE1SRU5DVTFaWmVtOVBaRVZMWjBoUVNWcEVNWGgxTnpaR2JHdDFjMmQyT1hkdlVVcGxSakpGQ2pnelExRjNOWEJSVGtKekswTXJkeTgwUjJoWFlsZFFRbVpOYmpWTmVTOTJPVE5LVUVac1QwVTRWRkV4ZUM5cVZtVldOakpWVmpBcllub3lPRXBYY0dvS1VGZzRQUW90TFMwdExVVk9SQ0JEUlZKVVNVWkpRMEZVUlMwdExTMHRDZz09CkFQSV9TRVJWRVJfVVJMPWh0dHBzOi8vMzREQzEyRDYzMjQ2NUQzQjNDNDdFNUQwMzUxNTZBNkUuZ3I3LmFwLXNvdXRoZWFzdC0yLmVrcy5hbWF6b25hd3MuY29tCi9ldGMvZWtzL2Jvb3RzdHJhcC5zaCBub2tpYS1sYWIzIC0tYjY0LWNsdXN0ZXItY2EgJEI2NF9DTFVTVEVSX0NBIC0tYXBpc2VydmVyLWVuZHBvaW50ICRBUElfU0VSVkVSX1VSTCAtLWNvbnRhaW5lci1ydW50aW1lIGRvY2tlcmQKCnRvdWNoIC9ldGMvLmZpcnN0Ym9vdF9kb25lCn0KCgoK",
            "vpc_security_group_ids": null
          },
          "sensitive_attributes": [],
          "private": "bnVsbA==",
          "dependencies": [
            "aws_eks_cluster.this",
            "aws_key_pair.cluster_key",
            "aws_kms_alias.cluster",
            "aws_security_group.cluster",
            "data.aws_ami.eks_worker",
            "data.aws_iam_role.eks",
            "data.aws_subnet_ids.private",
            "data.aws_subnet_ids.vpc",
            "data.template_file.aws_ssm_seelog",
            "data.template_file.workers_userdata"
          ],
          "create_before_destroy": true
        }
      ]
    },
    {
      "mode": "managed",
      "type": "aws_nat_gateway",
      "name": "this",
      "provider": "provider[\"registry.terraform.io/hashicorp/aws\"]",
      "instances": [
        {
          "index_key": 0,
          "schema_version": 0,
          "attributes": {
            "allocation_id": "eipalloc-081d1c6eb1b576e75",
            "connectivity_type": "public",
            "id": "nat-0198972cd147f3402",
            "network_interface_id": "eni-0163471109ec3e4f0",
            "private_ip": "10.10.0.243",
            "public_ip": "54.206.244.176",
            "subnet_id": "subnet-007767e7e27de0615",
            "tags": {
              "Name": "nokia-lab3-ap-southeast-2a"
            },
            "tags_all": {
              "ClusterRegion": "nokia-lab3-ap-southeast-2",
              "Component": "EKS cluster",
              "DeployerTool": "CsfpOps",
              "KubernetesCluster": "nokia-lab3",
              "Name": "nokia-lab3-ap-southeast-2a"
            }
          },
          "sensitive_attributes": [],
          "private": "bnVsbA==",
          "dependencies": [
            "aws_eip.nat",
            "aws_internet_gateway.this",
            "aws_subnet.public",
            "aws_vpc.this",
            "data.aws_availability_zones.azs"
          ],
          "create_before_destroy": true
        },
        {
          "index_key": 1,
          "schema_version": 0,
          "attributes": {
            "allocation_id": "eipalloc-0c13498adbddf1d61",
            "connectivity_type": "public",
            "id": "nat-06ecd521f2fda4821",
            "network_interface_id": "eni-03c2808d94382b228",
            "private_ip": "10.10.2.66",
            "public_ip": "13.55.14.174",
            "subnet_id": "subnet-053a9a6b33b85e899",
            "tags": {
              "Name": "nokia-lab3-ap-southeast-2b"
            },
            "tags_all": {
              "ClusterRegion": "nokia-lab3-ap-southeast-2",
              "Component": "EKS cluster",
              "DeployerTool": "CsfpOps",
              "KubernetesCluster": "nokia-lab3",
              "Name": "nokia-lab3-ap-southeast-2b"
            }
          },
          "sensitive_attributes": [],
          "private": "bnVsbA==",
          "dependencies": [
            "aws_eip.nat",
            "aws_internet_gateway.this",
            "aws_subnet.public",
            "aws_vpc.this",
            "data.aws_availability_zones.azs"
          ],
          "create_before_destroy": true
        },
        {
          "index_key": 2,
          "schema_version": 0,
          "attributes": {
            "allocation_id": "eipalloc-0e6f2d494bbbfb412",
            "connectivity_type": "public",
            "id": "nat-04b1bb2128bc6081b",
            "network_interface_id": "eni-0150f8e69ce828d40",
            "private_ip": "10.10.4.172",
            "public_ip": "54.66.187.7",
            "subnet_id": "subnet-0138ab8d708089a1e",
            "tags": {
              "Name": "nokia-lab3-ap-southeast-2c"
            },
            "tags_all": {
              "ClusterRegion": "nokia-lab3-ap-southeast-2",
              "Component": "EKS cluster",
              "DeployerTool": "CsfpOps",
              "KubernetesCluster": "nokia-lab3",
              "Name": "nokia-lab3-ap-southeast-2c"
            }
          },
          "sensitive_attributes": [],
          "private": "bnVsbA==",
          "dependencies": [
            "aws_eip.nat",
            "aws_internet_gateway.this",
            "aws_subnet.public",
            "aws_vpc.this",
            "data.aws_availability_zones.azs"
          ],
          "create_before_destroy": true
        }
      ]
    },
    {
      "mode": "managed",
      "type": "aws_network_acl",
      "name": "public",
      "provider": "provider[\"registry.terraform.io/hashicorp/aws\"]",
      "instances": [
        {
          "index_key": 0,
          "schema_version": 0,
          "attributes": {
            "arn": "arn:aws:ec2:ap-southeast-2:126494010021:network-acl/acl-0306aa2f99499cca4",
            "egress": [],
            "id": "acl-0306aa2f99499cca4",
            "ingress": [],
            "owner_id": "126494010021",
            "subnet_ids": [
              "subnet-007767e7e27de0615",
              "subnet-0138ab8d708089a1e",
              "subnet-053a9a6b33b85e899",
              "subnet-0b03596537c51c6b4",
              "subnet-0bca5485a6e80ee75",
              "subnet-0c61726a22c7e21e7"
            ],
            "tags": {
              "Name": "nokia-lab3-public"
            },
            "tags_all": {
              "ClusterRegion": "nokia-lab3-ap-southeast-2",
              "Component": "EKS cluster",
              "DeployerTool": "CsfpOps",
              "KubernetesCluster": "nokia-lab3",
              "Name": "nokia-lab3-public"
            },
            "vpc_id": "vpc-07788b521aff07e8a"
          },
          "sensitive_attributes": [],
          "private": "bnVsbA==",
          "dependencies": [
            "aws_subnet.private",
            "aws_subnet.public",
            "aws_vpc.this",
            "data.aws_availability_zones.azs"
          ]
        }
      ]
    },
    {
      "mode": "managed",
      "type": "aws_network_acl_rule",
      "name": "public_inbound",
      "provider": "provider[\"registry.terraform.io/hashicorp/aws\"]",
      "instances": [
        {
          "index_key": 0,
          "schema_version": 0,
          "attributes": {
            "cidr_block": "0.0.0.0/0",
            "egress": false,
            "from_port": 0,
            "icmp_code": null,
            "icmp_type": null,
            "id": "nacl-853209900",
            "ipv6_cidr_block": "",
            "network_acl_id": "acl-0306aa2f99499cca4",
            "protocol": "all",
            "rule_action": "allow",
            "rule_number": 100,
            "to_port": 0
          },
          "sensitive_attributes": [],
          "private": "bnVsbA==",
          "dependencies": [
            "aws_network_acl.public",
            "aws_subnet.private",
            "aws_subnet.public",
            "aws_vpc.this",
            "data.aws_availability_zones.azs"
          ]
        }
      ]
    },
    {
      "mode": "managed",
      "type": "aws_network_acl_rule",
      "name": "public_outbound",
      "provider": "provider[\"registry.terraform.io/hashicorp/aws\"]",
      "instances": [
        {
          "index_key": 0,
          "schema_version": 0,
          "attributes": {
            "cidr_block": "0.0.0.0/0",
            "egress": true,
            "from_port": 0,
            "icmp_code": null,
            "icmp_type": null,
            "id": "nacl-3934047707",
            "ipv6_cidr_block": "",
            "network_acl_id": "acl-0306aa2f99499cca4",
            "protocol": "all",
            "rule_action": "allow",
            "rule_number": 100,
            "to_port": 0
          },
          "sensitive_attributes": [],
          "private": "bnVsbA==",
          "dependencies": [
            "aws_network_acl.public",
            "aws_subnet.private",
            "aws_subnet.public",
            "aws_vpc.this",
            "data.aws_availability_zones.azs"
          ]
        }
      ]
    },
    {
      "mode": "managed",
      "type": "aws_route",
      "name": "private_nat_gateway",
      "provider": "provider[\"registry.terraform.io/hashicorp/aws\"]",
      "instances": [
        {
          "index_key": 0,
          "schema_version": 0,
          "attributes": {
            "carrier_gateway_id": "",
            "destination_cidr_block": "0.0.0.0/0",
            "destination_ipv6_cidr_block": "",
            "destination_prefix_list_id": "",
            "egress_only_gateway_id": "",
            "gateway_id": "",
            "id": "r-rtb-02e5055ddc59b49101080289494",
            "instance_id": "",
            "instance_owner_id": "",
            "local_gateway_id": "",
            "nat_gateway_id": "nat-0198972cd147f3402",
            "network_interface_id": "",
            "origin": "CreateRoute",
            "route_table_id": "rtb-02e5055ddc59b4910",
            "state": "active",
            "timeouts": {
              "create": "5m",
              "delete": null,
              "update": null
            },
            "transit_gateway_id": "",
            "vpc_endpoint_id": "",
            "vpc_peering_connection_id": ""
          },
          "sensitive_attributes": [],
          "private": "eyJlMmJmYjczMC1lY2FhLTExZTYtOGY4OC0zNDM2M2JjN2M0YzAiOnsiY3JlYXRlIjozMDAwMDAwMDAwMDAsImRlbGV0ZSI6MzAwMDAwMDAwMDAwLCJ1cGRhdGUiOjEyMDAwMDAwMDAwMH19",
          "dependencies": [
            "aws_eip.nat",
            "aws_internet_gateway.this",
            "aws_nat_gateway.this",
            "aws_route_table.private",
            "aws_subnet.public",
            "aws_vpc.this",
            "data.aws_availability_zones.azs"
          ]
        },
        {
          "index_key": 1,
          "schema_version": 0,
          "attributes": {
            "carrier_gateway_id": "",
            "destination_cidr_block": "0.0.0.0/0",
            "destination_ipv6_cidr_block": "",
            "destination_prefix_list_id": "",
            "egress_only_gateway_id": "",
            "gateway_id": "",
            "id": "r-rtb-00dc2acb8882f9ffe1080289494",
            "instance_id": "",
            "instance_owner_id": "",
            "local_gateway_id": "",
            "nat_gateway_id": "nat-06ecd521f2fda4821",
            "network_interface_id": "",
            "origin": "CreateRoute",
            "route_table_id": "rtb-00dc2acb8882f9ffe",
            "state": "active",
            "timeouts": {
              "create": "5m",
              "delete": null,
              "update": null
            },
            "transit_gateway_id": "",
            "vpc_endpoint_id": "",
            "vpc_peering_connection_id": ""
          },
          "sensitive_attributes": [],
          "private": "eyJlMmJmYjczMC1lY2FhLTExZTYtOGY4OC0zNDM2M2JjN2M0YzAiOnsiY3JlYXRlIjozMDAwMDAwMDAwMDAsImRlbGV0ZSI6MzAwMDAwMDAwMDAwLCJ1cGRhdGUiOjEyMDAwMDAwMDAwMH19",
          "dependencies": [
            "aws_eip.nat",
            "aws_internet_gateway.this",
            "aws_nat_gateway.this",
            "aws_route_table.private",
            "aws_subnet.public",
            "aws_vpc.this",
            "data.aws_availability_zones.azs"
          ]
        },
        {
          "index_key": 2,
          "schema_version": 0,
          "attributes": {
            "carrier_gateway_id": "",
            "destination_cidr_block": "0.0.0.0/0",
            "destination_ipv6_cidr_block": "",
            "destination_prefix_list_id": "",
            "egress_only_gateway_id": "",
            "gateway_id": "",
            "id": "r-rtb-07d90e0e7800a5f421080289494",
            "instance_id": "",
            "instance_owner_id": "",
            "local_gateway_id": "",
            "nat_gateway_id": "nat-04b1bb2128bc6081b",
            "network_interface_id": "",
            "origin": "CreateRoute",
            "route_table_id": "rtb-07d90e0e7800a5f42",
            "state": "active",
            "timeouts": {
              "create": "5m",
              "delete": null,
              "update": null
            },
            "transit_gateway_id": "",
            "vpc_endpoint_id": "",
            "vpc_peering_connection_id": ""
          },
          "sensitive_attributes": [],
          "private": "eyJlMmJmYjczMC1lY2FhLTExZTYtOGY4OC0zNDM2M2JjN2M0YzAiOnsiY3JlYXRlIjozMDAwMDAwMDAwMDAsImRlbGV0ZSI6MzAwMDAwMDAwMDAwLCJ1cGRhdGUiOjEyMDAwMDAwMDAwMH19",
          "dependencies": [
            "aws_eip.nat",
            "aws_internet_gateway.this",
            "aws_nat_gateway.this",
            "aws_route_table.private",
            "aws_subnet.public",
            "aws_vpc.this",
            "data.aws_availability_zones.azs"
          ]
        }
      ]
    },
    {
      "mode": "managed",
      "type": "aws_route",
      "name": "public_internet_gateway",
      "provider": "provider[\"registry.terraform.io/hashicorp/aws\"]",
      "instances": [
        {
          "index_key": 0,
          "schema_version": 0,
          "attributes": {
            "carrier_gateway_id": "",
            "destination_cidr_block": "0.0.0.0/0",
            "destination_ipv6_cidr_block": "",
            "destination_prefix_list_id": "",
            "egress_only_gateway_id": "",
            "gateway_id": "igw-0ff2b25ace04fafde",
            "id": "r-rtb-02af3c6a12fc85fd51080289494",
            "instance_id": "",
            "instance_owner_id": "",
            "local_gateway_id": "",
            "nat_gateway_id": "",
            "network_interface_id": "",
            "origin": "CreateRoute",
            "route_table_id": "rtb-02af3c6a12fc85fd5",
            "state": "active",
            "timeouts": {
              "create": "5m",
              "delete": null,
              "update": null
            },
            "transit_gateway_id": "",
            "vpc_endpoint_id": "",
            "vpc_peering_connection_id": ""
          },
          "sensitive_attributes": [],
          "private": "eyJlMmJmYjczMC1lY2FhLTExZTYtOGY4OC0zNDM2M2JjN2M0YzAiOnsiY3JlYXRlIjozMDAwMDAwMDAwMDAsImRlbGV0ZSI6MzAwMDAwMDAwMDAwLCJ1cGRhdGUiOjEyMDAwMDAwMDAwMH19",
          "dependencies": [
            "aws_internet_gateway.this",
            "aws_route_table.public",
            "aws_vpc.this"
          ]
        }
      ]
    },
    {
      "mode": "managed",
      "type": "aws_route_table",
      "name": "private",
      "provider": "provider[\"registry.terraform.io/hashicorp/aws\"]",
      "instances": [
        {
          "index_key": 0,
          "schema_version": 0,
          "attributes": {
            "arn": "arn:aws:ec2:ap-southeast-2:126494010021:route-table/rtb-02e5055ddc59b4910",
            "id": "rtb-02e5055ddc59b4910",
            "owner_id": "126494010021",
            "propagating_vgws": [],
            "route": [],
            "tags": {
              "Name": "nokia-lab3-private-ap-southeast-2a-natgw"
            },
            "tags_all": {
              "ClusterRegion": "nokia-lab3-ap-southeast-2",
              "Component": "EKS cluster",
              "DeployerTool": "CsfpOps",
              "KubernetesCluster": "nokia-lab3",
              "Name": "nokia-lab3-private-ap-southeast-2a-natgw"
            },
            "timeouts": null,
            "vpc_id": "vpc-07788b521aff07e8a"
          },
          "sensitive_attributes": [],
          "private": "eyJlMmJmYjczMC1lY2FhLTExZTYtOGY4OC0zNDM2M2JjN2M0YzAiOnsiY3JlYXRlIjoxMjAwMDAwMDAwMDAsImRlbGV0ZSI6MzAwMDAwMDAwMDAwLCJ1cGRhdGUiOjEyMDAwMDAwMDAwMH19",
          "dependencies": [
            "aws_vpc.this",
            "data.aws_availability_zones.azs"
          ]
        },
        {
          "index_key": 1,
          "schema_version": 0,
          "attributes": {
            "arn": "arn:aws:ec2:ap-southeast-2:126494010021:route-table/rtb-00dc2acb8882f9ffe",
            "id": "rtb-00dc2acb8882f9ffe",
            "owner_id": "126494010021",
            "propagating_vgws": [],
            "route": [],
            "tags": {
              "Name": "nokia-lab3-private-ap-southeast-2b-natgw"
            },
            "tags_all": {
              "ClusterRegion": "nokia-lab3-ap-southeast-2",
              "Component": "EKS cluster",
              "DeployerTool": "CsfpOps",
              "KubernetesCluster": "nokia-lab3",
              "Name": "nokia-lab3-private-ap-southeast-2b-natgw"
            },
            "timeouts": null,
            "vpc_id": "vpc-07788b521aff07e8a"
          },
          "sensitive_attributes": [],
          "private": "eyJlMmJmYjczMC1lY2FhLTExZTYtOGY4OC0zNDM2M2JjN2M0YzAiOnsiY3JlYXRlIjoxMjAwMDAwMDAwMDAsImRlbGV0ZSI6MzAwMDAwMDAwMDAwLCJ1cGRhdGUiOjEyMDAwMDAwMDAwMH19",
          "dependencies": [
            "aws_vpc.this",
            "data.aws_availability_zones.azs"
          ]
        },
        {
          "index_key": 2,
          "schema_version": 0,
          "attributes": {
            "arn": "arn:aws:ec2:ap-southeast-2:126494010021:route-table/rtb-07d90e0e7800a5f42",
            "id": "rtb-07d90e0e7800a5f42",
            "owner_id": "126494010021",
            "propagating_vgws": [],
            "route": [],
            "tags": {
              "Name": "nokia-lab3-private-ap-southeast-2c-natgw"
            },
            "tags_all": {
              "ClusterRegion": "nokia-lab3-ap-southeast-2",
              "Component": "EKS cluster",
              "DeployerTool": "CsfpOps",
              "KubernetesCluster": "nokia-lab3",
              "Name": "nokia-lab3-private-ap-southeast-2c-natgw"
            },
            "timeouts": null,
            "vpc_id": "vpc-07788b521aff07e8a"
          },
          "sensitive_attributes": [],
          "private": "eyJlMmJmYjczMC1lY2FhLTExZTYtOGY4OC0zNDM2M2JjN2M0YzAiOnsiY3JlYXRlIjoxMjAwMDAwMDAwMDAsImRlbGV0ZSI6MzAwMDAwMDAwMDAwLCJ1cGRhdGUiOjEyMDAwMDAwMDAwMH19",
          "dependencies": [
            "aws_vpc.this",
            "data.aws_availability_zones.azs"
          ]
        }
      ]
    },
    {
      "mode": "managed",
      "type": "aws_route_table",
      "name": "public",
      "provider": "provider[\"registry.terraform.io/hashicorp/aws\"]",
      "instances": [
        {
          "index_key": 0,
          "schema_version": 0,
          "attributes": {
            "arn": "arn:aws:ec2:ap-southeast-2:126494010021:route-table/rtb-02af3c6a12fc85fd5",
            "id": "rtb-02af3c6a12fc85fd5",
            "owner_id": "126494010021",
            "propagating_vgws": [],
            "route": [],
            "tags": {
              "Name": "nokia-lab3-public-rt"
            },
            "tags_all": {
              "ClusterRegion": "nokia-lab3-ap-southeast-2",
              "Component": "EKS cluster",
              "DeployerTool": "CsfpOps",
              "KubernetesCluster": "nokia-lab3",
              "Name": "nokia-lab3-public-rt"
            },
            "timeouts": null,
            "vpc_id": "vpc-07788b521aff07e8a"
          },
          "sensitive_attributes": [],
          "private": "eyJlMmJmYjczMC1lY2FhLTExZTYtOGY4OC0zNDM2M2JjN2M0YzAiOnsiY3JlYXRlIjoxMjAwMDAwMDAwMDAsImRlbGV0ZSI6MzAwMDAwMDAwMDAwLCJ1cGRhdGUiOjEyMDAwMDAwMDAwMH19",
          "dependencies": [
            "aws_vpc.this"
          ]
        }
      ]
    },
    {
      "mode": "managed",
      "type": "aws_route_table_association",
      "name": "private",
      "provider": "provider[\"registry.terraform.io/hashicorp/aws\"]",
      "instances": [
        {
          "index_key": 0,
          "schema_version": 0,
          "attributes": {
            "gateway_id": "",
            "id": "rtbassoc-094b0b8c2490fbebe",
            "route_table_id": "rtb-02e5055ddc59b4910",
            "subnet_id": "subnet-0b03596537c51c6b4"
          },
          "sensitive_attributes": [],
          "private": "bnVsbA==",
          "dependencies": [
            "aws_route_table.private",
            "aws_subnet.private",
            "aws_vpc.this",
            "data.aws_availability_zones.azs"
          ]
        },
        {
          "index_key": 1,
          "schema_version": 0,
          "attributes": {
            "gateway_id": "",
            "id": "rtbassoc-0d0c83e6ea8b5354a",
            "route_table_id": "rtb-00dc2acb8882f9ffe",
            "subnet_id": "subnet-0bca5485a6e80ee75"
          },
          "sensitive_attributes": [],
          "private": "bnVsbA==",
          "dependencies": [
            "aws_route_table.private",
            "aws_subnet.private",
            "aws_vpc.this",
            "data.aws_availability_zones.azs"
          ]
        },
        {
          "index_key": 2,
          "schema_version": 0,
          "attributes": {
            "gateway_id": "",
            "id": "rtbassoc-02580bd0ff39a0277",
            "route_table_id": "rtb-07d90e0e7800a5f42",
            "subnet_id": "subnet-0c61726a22c7e21e7"
          },
          "sensitive_attributes": [],
          "private": "bnVsbA==",
          "dependencies": [
            "aws_route_table.private",
            "aws_subnet.private",
            "aws_vpc.this",
            "data.aws_availability_zones.azs"
          ]
        }
      ]
    },
    {
      "mode": "managed",
      "type": "aws_route_table_association",
      "name": "public",
      "provider": "provider[\"registry.terraform.io/hashicorp/aws\"]",
      "instances": [
        {
          "index_key": 0,
          "schema_version": 0,
          "attributes": {
            "gateway_id": "",
            "id": "rtbassoc-079e3c3ac12666df5",
            "route_table_id": "rtb-02af3c6a12fc85fd5",
            "subnet_id": "subnet-007767e7e27de0615"
          },
          "sensitive_attributes": [],
          "private": "bnVsbA==",
          "dependencies": [
            "aws_route_table.public",
            "aws_subnet.public",
            "aws_vpc.this",
            "data.aws_availability_zones.azs"
          ]
        },
        {
          "index_key": 1,
          "schema_version": 0,
          "attributes": {
            "gateway_id": "",
            "id": "rtbassoc-02f1e89c870100037",
            "route_table_id": "rtb-02af3c6a12fc85fd5",
            "subnet_id": "subnet-053a9a6b33b85e899"
          },
          "sensitive_attributes": [],
          "private": "bnVsbA==",
          "dependencies": [
            "aws_route_table.public",
            "aws_subnet.public",
            "aws_vpc.this",
            "data.aws_availability_zones.azs"
          ]
        },
        {
          "index_key": 2,
          "schema_version": 0,
          "attributes": {
            "gateway_id": "",
            "id": "rtbassoc-04d6651dd26e38750",
            "route_table_id": "rtb-02af3c6a12fc85fd5",
            "subnet_id": "subnet-0138ab8d708089a1e"
          },
          "sensitive_attributes": [],
          "private": "bnVsbA==",
          "dependencies": [
            "aws_route_table.public",
            "aws_subnet.public",
            "aws_vpc.this",
            "data.aws_availability_zones.azs"
          ]
        }
      ]
    },
    {
      "mode": "managed",
      "type": "aws_security_group",
      "name": "cluster",
      "provider": "provider[\"registry.terraform.io/hashicorp/aws\"]",
      "instances": [
        {
          "schema_version": 1,
          "attributes": {
            "arn": "arn:aws:ec2:ap-southeast-2:126494010021:security-group/sg-05afbe99972cfd71f",
            "description": "Main Cluster security group",
            "egress": [
              {
                "cidr_blocks": [
                  "0.0.0.0/0"
                ],
                "description": "Allow cluster egress access to the Internet.",
                "from_port": 0,
                "ipv6_cidr_blocks": [],
                "prefix_list_ids": [],
                "protocol": "-1",
                "security_groups": [],
                "self": false,
                "to_port": 0
              }
            ],
            "id": "sg-05afbe99972cfd71f",
            "ingress": [
              {
                "cidr_blocks": [
                  "13.55.14.174/32"
                ],
                "description": "allow NAT Gateway EIP (13.55.14.174/32) on all ports",
                "from_port": 0,
                "ipv6_cidr_blocks": [],
                "prefix_list_ids": [],
                "protocol": "tcp",
                "security_groups": [],
                "self": false,
                "to_port": 65535
              },
              {
                "cidr_blocks": [
                  "3.26.255.226/32",
                  "131.228.104.64/27"
                ],
                "description": "Allow internal communication with EKS backplane and CLUSTER_SECURITY_GROUP_RULES.IPSETS defined in vars.yaml.",
                "from_port": 0,
                "ipv6_cidr_blocks": [],
                "prefix_list_ids": [],
                "protocol": "-1",
                "security_groups": [],
                "self": true,
                "to_port": 0
              },
              {
                "cidr_blocks": [
                  "54.206.244.176/32"
                ],
                "description": "allow NAT Gateway EIP (54.206.244.176/32) on all ports",
                "from_port": 0,
                "ipv6_cidr_blocks": [],
                "prefix_list_ids": [],
                "protocol": "tcp",
                "security_groups": [],
                "self": false,
                "to_port": 65535
              },
              {
                "cidr_blocks": [
                  "54.66.187.7/32"
                ],
                "description": "allow NAT Gateway EIP (54.66.187.7/32) on all ports",
                "from_port": 0,
                "ipv6_cidr_blocks": [],
                "prefix_list_ids": [],
                "protocol": "tcp",
                "security_groups": [],
                "self": false,
                "to_port": 65535
              }
            ],
            "name": "nokia-lab3-cluster-sg-20221129085322802600000002",
            "name_prefix": "nokia-lab3-cluster-sg-",
            "owner_id": "126494010021",
            "revoke_rules_on_delete": false,
            "tags": {
              "Name": "nokia-lab3-cluster-sg"
            },
            "tags_all": {
              "ClusterRegion": "nokia-lab3-ap-southeast-2",
              "Component": "EKS cluster",
              "DeployerTool": "CsfpOps",
              "KubernetesCluster": "nokia-lab3",
              "Name": "nokia-lab3-cluster-sg"
            },
            "timeouts": null,
            "vpc_id": "vpc-07788b521aff07e8a"
          },
          "sensitive_attributes": [],
          "private": "eyJlMmJmYjczMC1lY2FhLTExZTYtOGY4OC0zNDM2M2JjN2M0YzAiOnsiY3JlYXRlIjo2MDAwMDAwMDAwMDAsImRlbGV0ZSI6OTAwMDAwMDAwMDAwfSwic2NoZW1hX3ZlcnNpb24iOiIxIn0=",
          "dependencies": [
            "aws_eip.nat",
            "aws_internet_gateway.this",
            "aws_nat_gateway.this",
            "aws_subnet.public",
            "aws_vpc.this",
            "data.aws_availability_zones.azs"
          ],
          "create_before_destroy": true
        }
      ]
    },
    {
      "mode": "managed",
      "type": "aws_subnet",
      "name": "private",
      "provider": "provider[\"registry.terraform.io/hashicorp/aws\"]",
      "instances": [
        {
          "index_key": 0,
          "schema_version": 1,
          "attributes": {
            "arn": "arn:aws:ec2:ap-southeast-2:126494010021:subnet/subnet-0b03596537c51c6b4",
            "assign_ipv6_address_on_creation": false,
            "availability_zone": "ap-southeast-2a",
            "availability_zone_id": "apse2-az1",
            "cidr_block": "10.10.1.0/24",
            "customer_owned_ipv4_pool": "",
            "id": "subnet-0b03596537c51c6b4",
            "ipv6_cidr_block": "",
            "ipv6_cidr_block_association_id": "",
            "map_customer_owned_ip_on_launch": false,
            "map_public_ip_on_launch": false,
            "outpost_arn": "",
            "owner_id": "126494010021",
            "tags": {
              "Name": "nokia-lab3-subnet-private-ap-southeast-2a",
              "Network": "private",
              "kubernetes.io/cluster/nokia-lab3": "shared"
            },
            "tags_all": {
              "ClusterRegion": "nokia-lab3-ap-southeast-2",
              "Component": "EKS cluster",
              "DeployerTool": "CsfpOps",
              "KubernetesCluster": "nokia-lab3",
              "Name": "nokia-lab3-subnet-private-ap-southeast-2a",
              "Network": "private",
              "kubernetes.io/cluster/nokia-lab3": "shared"
            },
            "timeouts": null,
            "vpc_id": "vpc-07788b521aff07e8a"
          },
          "sensitive_attributes": [],
          "private": "eyJlMmJmYjczMC1lY2FhLTExZTYtOGY4OC0zNDM2M2JjN2M0YzAiOnsiY3JlYXRlIjo2MDAwMDAwMDAwMDAsImRlbGV0ZSI6MTIwMDAwMDAwMDAwMH0sInNjaGVtYV92ZXJzaW9uIjoiMSJ9",
          "dependencies": [
            "aws_vpc.this",
            "data.aws_availability_zones.azs"
          ],
          "create_before_destroy": true
        },
        {
          "index_key": 1,
          "schema_version": 1,
          "attributes": {
            "arn": "arn:aws:ec2:ap-southeast-2:126494010021:subnet/subnet-0bca5485a6e80ee75",
            "assign_ipv6_address_on_creation": false,
            "availability_zone": "ap-southeast-2b",
            "availability_zone_id": "apse2-az3",
            "cidr_block": "10.10.3.0/24",
            "customer_owned_ipv4_pool": "",
            "id": "subnet-0bca5485a6e80ee75",
            "ipv6_cidr_block": "",
            "ipv6_cidr_block_association_id": "",
            "map_customer_owned_ip_on_launch": false,
            "map_public_ip_on_launch": false,
            "outpost_arn": "",
            "owner_id": "126494010021",
            "tags": {
              "Name": "nokia-lab3-subnet-private-ap-southeast-2b",
              "Network": "private",
              "kubernetes.io/cluster/nokia-lab3": "shared"
            },
            "tags_all": {
              "ClusterRegion": "nokia-lab3-ap-southeast-2",
              "Component": "EKS cluster",
              "DeployerTool": "CsfpOps",
              "KubernetesCluster": "nokia-lab3",
              "Name": "nokia-lab3-subnet-private-ap-southeast-2b",
              "Network": "private",
              "kubernetes.io/cluster/nokia-lab3": "shared"
            },
            "timeouts": null,
            "vpc_id": "vpc-07788b521aff07e8a"
          },
          "sensitive_attributes": [],
          "private": "eyJlMmJmYjczMC1lY2FhLTExZTYtOGY4OC0zNDM2M2JjN2M0YzAiOnsiY3JlYXRlIjo2MDAwMDAwMDAwMDAsImRlbGV0ZSI6MTIwMDAwMDAwMDAwMH0sInNjaGVtYV92ZXJzaW9uIjoiMSJ9",
          "dependencies": [
            "aws_vpc.this",
            "data.aws_availability_zones.azs"
          ],
          "create_before_destroy": true
        },
        {
          "index_key": 2,
          "schema_version": 1,
          "attributes": {
            "arn": "arn:aws:ec2:ap-southeast-2:126494010021:subnet/subnet-0c61726a22c7e21e7",
            "assign_ipv6_address_on_creation": false,
            "availability_zone": "ap-southeast-2c",
            "availability_zone_id": "apse2-az2",
            "cidr_block": "10.10.5.0/24",
            "customer_owned_ipv4_pool": "",
            "id": "subnet-0c61726a22c7e21e7",
            "ipv6_cidr_block": "",
            "ipv6_cidr_block_association_id": "",
            "map_customer_owned_ip_on_launch": false,
            "map_public_ip_on_launch": false,
            "outpost_arn": "",
            "owner_id": "126494010021",
            "tags": {
              "Name": "nokia-lab3-subnet-private-ap-southeast-2c",
              "Network": "private",
              "kubernetes.io/cluster/nokia-lab3": "shared"
            },
            "tags_all": {
              "ClusterRegion": "nokia-lab3-ap-southeast-2",
              "Component": "EKS cluster",
              "DeployerTool": "CsfpOps",
              "KubernetesCluster": "nokia-lab3",
              "Name": "nokia-lab3-subnet-private-ap-southeast-2c",
              "Network": "private",
              "kubernetes.io/cluster/nokia-lab3": "shared"
            },
            "timeouts": null,
            "vpc_id": "vpc-07788b521aff07e8a"
          },
          "sensitive_attributes": [],
          "private": "eyJlMmJmYjczMC1lY2FhLTExZTYtOGY4OC0zNDM2M2JjN2M0YzAiOnsiY3JlYXRlIjo2MDAwMDAwMDAwMDAsImRlbGV0ZSI6MTIwMDAwMDAwMDAwMH0sInNjaGVtYV92ZXJzaW9uIjoiMSJ9",
          "dependencies": [
            "aws_vpc.this",
            "data.aws_availability_zones.azs"
          ],
          "create_before_destroy": true
        }
      ]
    },
    {
      "mode": "managed",
      "type": "aws_subnet",
      "name": "public",
      "provider": "provider[\"registry.terraform.io/hashicorp/aws\"]",
      "instances": [
        {
          "index_key": 0,
          "schema_version": 1,
          "attributes": {
            "arn": "arn:aws:ec2:ap-southeast-2:126494010021:subnet/subnet-007767e7e27de0615",
            "assign_ipv6_address_on_creation": false,
            "availability_zone": "ap-southeast-2a",
            "availability_zone_id": "apse2-az1",
            "cidr_block": "10.10.0.0/24",
            "customer_owned_ipv4_pool": "",
            "id": "subnet-007767e7e27de0615",
            "ipv6_cidr_block": "",
            "ipv6_cidr_block_association_id": "",
            "map_customer_owned_ip_on_launch": false,
            "map_public_ip_on_launch": true,
            "outpost_arn": "",
            "owner_id": "126494010021",
            "tags": {
              "Name": "nokia-lab3-subnet-public-ap-southeast-2a",
              "Network": "public",
              "kubernetes.io/cluster/nokia-lab3": "shared"
            },
            "tags_all": {
              "ClusterRegion": "nokia-lab3-ap-southeast-2",
              "Component": "EKS cluster",
              "DeployerTool": "CsfpOps",
              "KubernetesCluster": "nokia-lab3",
              "Name": "nokia-lab3-subnet-public-ap-southeast-2a",
              "Network": "public",
              "kubernetes.io/cluster/nokia-lab3": "shared"
            },
            "timeouts": null,
            "vpc_id": "vpc-07788b521aff07e8a"
          },
          "sensitive_attributes": [],
          "private": "eyJlMmJmYjczMC1lY2FhLTExZTYtOGY4OC0zNDM2M2JjN2M0YzAiOnsiY3JlYXRlIjo2MDAwMDAwMDAwMDAsImRlbGV0ZSI6MTIwMDAwMDAwMDAwMH0sInNjaGVtYV92ZXJzaW9uIjoiMSJ9",
          "dependencies": [
            "aws_vpc.this",
            "data.aws_availability_zones.azs"
          ],
          "create_before_destroy": true
        },
        {
          "index_key": 1,
          "schema_version": 1,
          "attributes": {
            "arn": "arn:aws:ec2:ap-southeast-2:126494010021:subnet/subnet-053a9a6b33b85e899",
            "assign_ipv6_address_on_creation": false,
            "availability_zone": "ap-southeast-2b",
            "availability_zone_id": "apse2-az3",
            "cidr_block": "10.10.2.0/24",
            "customer_owned_ipv4_pool": "",
            "id": "subnet-053a9a6b33b85e899",
            "ipv6_cidr_block": "",
            "ipv6_cidr_block_association_id": "",
            "map_customer_owned_ip_on_launch": false,
            "map_public_ip_on_launch": true,
            "outpost_arn": "",
            "owner_id": "126494010021",
            "tags": {
              "Name": "nokia-lab3-subnet-public-ap-southeast-2b",
              "Network": "public",
              "kubernetes.io/cluster/nokia-lab3": "shared"
            },
            "tags_all": {
              "ClusterRegion": "nokia-lab3-ap-southeast-2",
              "Component": "EKS cluster",
              "DeployerTool": "CsfpOps",
              "KubernetesCluster": "nokia-lab3",
              "Name": "nokia-lab3-subnet-public-ap-southeast-2b",
              "Network": "public",
              "kubernetes.io/cluster/nokia-lab3": "shared"
            },
            "timeouts": null,
            "vpc_id": "vpc-07788b521aff07e8a"
          },
          "sensitive_attributes": [],
          "private": "eyJlMmJmYjczMC1lY2FhLTExZTYtOGY4OC0zNDM2M2JjN2M0YzAiOnsiY3JlYXRlIjo2MDAwMDAwMDAwMDAsImRlbGV0ZSI6MTIwMDAwMDAwMDAwMH0sInNjaGVtYV92ZXJzaW9uIjoiMSJ9",
          "dependencies": [
            "aws_vpc.this",
            "data.aws_availability_zones.azs"
          ],
          "create_before_destroy": true
        },
        {
          "index_key": 2,
          "schema_version": 1,
          "attributes": {
            "arn": "arn:aws:ec2:ap-southeast-2:126494010021:subnet/subnet-0138ab8d708089a1e",
            "assign_ipv6_address_on_creation": false,
            "availability_zone": "ap-southeast-2c",
            "availability_zone_id": "apse2-az2",
            "cidr_block": "10.10.4.0/24",
            "customer_owned_ipv4_pool": "",
            "id": "subnet-0138ab8d708089a1e",
            "ipv6_cidr_block": "",
            "ipv6_cidr_block_association_id": "",
            "map_customer_owned_ip_on_launch": false,
            "map_public_ip_on_launch": true,
            "outpost_arn": "",
            "owner_id": "126494010021",
            "tags": {
              "Name": "nokia-lab3-subnet-public-ap-southeast-2c",
              "Network": "public",
              "kubernetes.io/cluster/nokia-lab3": "shared"
            },
            "tags_all": {
              "ClusterRegion": "nokia-lab3-ap-southeast-2",
              "Component": "EKS cluster",
              "DeployerTool": "CsfpOps",
              "KubernetesCluster": "nokia-lab3",
              "Name": "nokia-lab3-subnet-public-ap-southeast-2c",
              "Network": "public",
              "kubernetes.io/cluster/nokia-lab3": "shared"
            },
            "timeouts": null,
            "vpc_id": "vpc-07788b521aff07e8a"
          },
          "sensitive_attributes": [],
          "private": "eyJlMmJmYjczMC1lY2FhLTExZTYtOGY4OC0zNDM2M2JjN2M0YzAiOnsiY3JlYXRlIjo2MDAwMDAwMDAwMDAsImRlbGV0ZSI6MTIwMDAwMDAwMDAwMH0sInNjaGVtYV92ZXJzaW9uIjoiMSJ9",
          "dependencies": [
            "aws_vpc.this",
            "data.aws_availability_zones.azs"
          ],
          "create_before_destroy": true
        }
      ]
    },
    {
      "mode": "managed",
      "type": "aws_vpc",
      "name": "this",
      "provider": "provider[\"registry.terraform.io/hashicorp/aws\"]",
      "instances": [
        {
          "index_key": 0,
          "schema_version": 1,
          "attributes": {
            "arn": "arn:aws:ec2:ap-southeast-2:126494010021:vpc/vpc-07788b521aff07e8a",
            "assign_generated_ipv6_cidr_block": false,
            "cidr_block": "10.10.0.0/16",
            "default_network_acl_id": "acl-0689acf6161f9b9b9",
            "default_route_table_id": "rtb-0176526a572dbce31",
            "default_security_group_id": "sg-05cf3004a55d3090b",
            "dhcp_options_id": "dopt-031020e46fb020284",
            "enable_classiclink": false,
            "enable_classiclink_dns_support": false,
            "enable_dns_hostnames": true,
            "enable_dns_support": true,
            "id": "vpc-07788b521aff07e8a",
            "instance_tenancy": "default",
            "ipv6_association_id": "",
            "ipv6_cidr_block": "",
            "main_route_table_id": "rtb-0176526a572dbce31",
            "owner_id": "126494010021",
            "tags": {
              "Name": "nokia-lab3-vpc"
            },
            "tags_all": {
              "ClusterRegion": "nokia-lab3-ap-southeast-2",
              "Component": "EKS cluster",
              "DeployerTool": "CsfpOps",
              "KubernetesCluster": "nokia-lab3",
              "Name": "nokia-lab3-vpc"
            }
          },
          "sensitive_attributes": [],
          "private": "eyJzY2hlbWFfdmVyc2lvbiI6IjEifQ==",
          "create_before_destroy": true
        }
      ]
    },
    {
      "mode": "managed",
      "type": "aws_vpc_endpoint",
      "name": "gateway_endpoints",
      "provider": "provider[\"registry.terraform.io/hashicorp/aws\"]",
      "instances": [
        {
          "index_key": 0,
          "schema_version": 0,
          "attributes": {
            "arn": "arn:aws:ec2:ap-southeast-2:126494010021:vpc-endpoint/vpce-0531b6c3140527ab0",
            "auto_accept": null,
            "cidr_blocks": [
              "3.5.164.0/22",
              "3.5.168.0/23",
              "52.95.128.0/21"
            ],
            "dns_entry": [],
            "id": "vpce-0531b6c3140527ab0",
            "network_interface_ids": [],
            "owner_id": "126494010021",
            "policy": "{\"Statement\":[{\"Action\":\"*\",\"Effect\":\"Allow\",\"Principal\":\"*\",\"Resource\":\"*\"}],\"Version\":\"2008-10-17\"}",
            "prefix_list_id": "pl-6ca54005",
            "private_dns_enabled": false,
            "requester_managed": false,
            "route_table_ids": [
              "rtb-00dc2acb8882f9ffe",
              "rtb-02e5055ddc59b4910",
              "rtb-07d90e0e7800a5f42"
            ],
            "security_group_ids": [],
            "service_name": "com.amazonaws.ap-southeast-2.s3",
            "state": "available",
            "subnet_ids": [],
            "tags": {
              "Name": "nokia-lab3-vpce-s3"
            },
            "tags_all": {
              "ClusterRegion": "nokia-lab3-ap-southeast-2",
              "Component": "EKS cluster",
              "DeployerTool": "CsfpOps",
              "KubernetesCluster": "nokia-lab3",
              "Name": "nokia-lab3-vpce-s3"
            },
            "timeouts": null,
            "vpc_endpoint_type": "Gateway",
            "vpc_id": "vpc-07788b521aff07e8a"
          },
          "sensitive_attributes": [],
          "private": "eyJlMmJmYjczMC1lY2FhLTExZTYtOGY4OC0zNDM2M2JjN2M0YzAiOnsiY3JlYXRlIjo2MDAwMDAwMDAwMDAsImRlbGV0ZSI6NjAwMDAwMDAwMDAwLCJ1cGRhdGUiOjYwMDAwMDAwMDAwMH19",
          "dependencies": [
            "aws_route_table.private",
            "aws_vpc.this",
            "data.aws_availability_zones.azs"
          ]
        }
      ]
    },
    {
      "mode": "managed",
      "type": "time_sleep",
      "name": "wait_10_seconds",
      "provider": "provider[\"registry.terraform.io/hashicorp/time\"]",
      "instances": [
        {
          "index_key": 0,
          "schema_version": 0,
          "attributes": {
            "create_duration": "10s",
            "destroy_duration": null,
            "id": "2022-11-29T08:51:38Z",
            "triggers": null
          },
          "sensitive_attributes": [],
          "private": "bnVsbA==",
          "dependencies": [
            "aws_subnet.private",
            "aws_subnet.public",
            "aws_vpc.this",
            "data.aws_availability_zones.azs"
          ],
          "create_before_destroy": true
        }
      ]
    }
  ]
}
