{
  "version": 4,
  "terraform_version": "0.14.11",
  "serial": 42,
  "lineage": "24dd44c5-116c-fb3b-4597-0fe7a6507584",
  "outputs": {},
  "resources": [
    {
      "mode": "data",
      "type": "aws_ami",
      "name": "eks_worker",
      "provider": "provider[\"registry.terraform.io/hashicorp/aws\"]",
      "instances": [
        {
          "schema_version": 0,
          "attributes": {
            "architecture": "x86_64",
            "arn": "arn:aws:ec2:ap-southeast-2::image/ami-0ffc36bf1a175f9f5",
            "block_device_mappings": [
              {
                "device_name": "/dev/xvda",
                "ebs": {
                  "delete_on_termination": "true",
                  "encrypted": "false",
                  "iops": "0",
                  "snapshot_id": "snap-0d3e8c0170f0b3f1b",
                  "throughput": "0",
                  "volume_size": "20",
                  "volume_type": "gp2"
                },
                "no_device": "",
                "virtual_name": ""
              }
            ],
            "creation_date": "2022-11-04T14:58:56.000Z",
            "description": "EKS Kubernetes Worker AMI with AmazonLinux2 image, (k8s: 1.22.12, docker: 20.10.17-1.amzn2.0.1, containerd: 1.6.6-1.amzn2.0.2)",
            "ena_support": true,
            "executable_users": null,
            "filter": [
              {
                "name": "name",
                "values": [
                  "amazon-eks-node-1.22-v*"
                ]
              }
            ],
            "hypervisor": "xen",
            "id": "ami-0ffc36bf1a175f9f5",
            "image_id": "ami-0ffc36bf1a175f9f5",
            "image_location": "amazon/amazon-eks-node-1.22-v20221104",
            "image_owner_alias": "amazon",
            "image_type": "machine",
            "kernel_id": null,
            "most_recent": true,
            "name": "amazon-eks-node-1.22-v20221104",
            "name_regex": null,
            "owner_id": "602401143452",
            "owners": [
              "602401143452"
            ],
            "platform": null,
            "platform_details": "Linux/UNIX",
            "product_codes": [],
            "public": true,
            "ramdisk_id": null,
            "root_device_name": "/dev/xvda",
            "root_device_type": "ebs",
            "root_snapshot_id": "snap-0d3e8c0170f0b3f1b",
            "sriov_net_support": "simple",
            "state": "available",
            "state_reason": {
              "code": "UNSET",
              "message": "UNSET"
            },
            "tags": {},
            "usage_operation": "RunInstances",
            "virtualization_type": "hvm"
          },
          "sensitive_attributes": []
        }
      ]
    },
    {
      "mode": "data",
      "type": "aws_availability_zones",
      "name": "azs",
      "provider": "provider[\"registry.terraform.io/hashicorp/aws\"]",
      "instances": [
        {
          "schema_version": 0,
          "attributes": {
            "all_availability_zones": null,
            "exclude_names": null,
            "exclude_zone_ids": null,
            "filter": null,
            "group_names": [
              "ap-southeast-2"
            ],
            "id": "ap-southeast-2",
            "names": [
              "ap-southeast-2a",
              "ap-southeast-2b",
              "ap-southeast-2c"
            ],
            "state": null,
            "zone_ids": [
              "apse2-az1",
              "apse2-az3",
              "apse2-az2"
            ]
          },
          "sensitive_attributes": []
        }
      ]
    },
    {
      "mode": "data",
      "type": "aws_caller_identity",
      "name": "current",
      "provider": "provider[\"registry.terraform.io/hashicorp/aws\"]",
      "instances": [
        {
          "schema_version": 0,
          "attributes": {
            "account_id": "126494010021",
            "arn": "arn:aws:iam::126494010021:user/nokia_installer",
            "id": "126494010021",
            "user_id": "AIDAR245BNKSXQLGVE4AX"
          },
          "sensitive_attributes": []
        }
      ]
    },
    {
      "mode": "data",
      "type": "aws_iam_role",
      "name": "eks",
      "provider": "provider[\"registry.terraform.io/hashicorp/aws\"]",
      "instances": [
        {
          "schema_version": 0,
          "attributes": {
            "arn": "arn:aws:iam::126494010021:role/service_eks_cluster",
            "assume_role_policy": "{\"Version\":\"2012-10-17\",\"Statement\":[{\"Effect\":\"Allow\",\"Principal\":{\"Service\":\"eks.amazonaws.com\"},\"Action\":\"sts:AssumeRole\"}]}",
            "create_date": "2022-02-17T09:04:42Z",
            "description": "Allows access to other AWS service resources that are required to operate clusters managed by EKS.",
            "id": "service_eks_cluster",
            "max_session_duration": 3600,
            "name": "service_eks_cluster",
            "path": "/",
            "permissions_boundary": "",
            "tags": {
              "Name": "service_eks_cluster"
            },
            "unique_id": "AROAR245BNKS5W76WXNZT"
          },
          "sensitive_attributes": []
        }
      ]
    },
    {
      "mode": "data",
      "type": "aws_iam_role",
      "name": "nodes",
      "provider": "provider[\"registry.terraform.io/hashicorp/aws\"]",
      "instances": [
        {
          "schema_version": 0,
          "attributes": {
            "arn": "arn:aws:iam::126494010021:role/service_ec2_eksnode",
            "assume_role_policy": "{\"Version\":\"2012-10-17\",\"Statement\":[{\"Effect\":\"Allow\",\"Principal\":{\"Service\":\"ec2.amazonaws.com\"},\"Action\":\"sts:AssumeRole\"}]}",
            "create_date": "2022-02-17T09:34:50Z",
            "description": "Allows EC2 instances to call AWS services on your behalf.",
            "id": "service_ec2_eksnode",
            "max_session_duration": 3600,
            "name": "service_ec2_eksnode",
            "path": "/",
            "permissions_boundary": "",
            "tags": {
              "Name": "service_ec2_eksnode"
            },
            "unique_id": "AROAR245BNKS42ZXRZBFF"
          },
          "sensitive_attributes": []
        }
      ]
    },
    {
      "mode": "data",
      "type": "aws_kms_key",
      "name": "cluster",
      "provider": "provider[\"registry.terraform.io/hashicorp/aws\"]",
      "instances": [
        {
          "schema_version": 0,
          "attributes": {
            "arn": "arn:aws:kms:ap-southeast-2:126494010021:key/ded84625-25c7-45d3-9118-e3a9997c9094",
            "aws_account_id": "126494010021",
            "creation_date": "2022-11-10T10:41:45Z",
            "customer_master_key_spec": "SYMMETRIC_DEFAULT",
            "deletion_date": null,
            "description": "nokia-lab EKS Secret Encryption Key",
            "enabled": true,
            "expiration_model": "",
            "grant_tokens": null,
            "id": "ded84625-25c7-45d3-9118-e3a9997c9094",
            "key_id": "ded84625-25c7-45d3-9118-e3a9997c9094",
            "key_manager": "CUSTOMER",
            "key_state": "Enabled",
            "key_usage": "ENCRYPT_DECRYPT",
            "multi_region": false,
            "multi_region_configuration": [],
            "origin": "AWS_KMS",
            "valid_to": null
          },
          "sensitive_attributes": []
        }
      ]
    },
    {
      "mode": "data",
      "type": "aws_kms_key",
      "name": "s3_artifacts",
      "provider": "provider[\"registry.terraform.io/hashicorp/aws\"]",
      "instances": [
        {
          "schema_version": 0,
          "attributes": {
            "arn": "arn:aws:kms:ap-southeast-2:126494010021:key/ded84625-25c7-45d3-9118-e3a9997c9094",
            "aws_account_id": "126494010021",
            "creation_date": "2022-11-10T10:41:45Z",
            "customer_master_key_spec": "SYMMETRIC_DEFAULT",
            "deletion_date": null,
            "description": "nokia-lab EKS Secret Encryption Key",
            "enabled": true,
            "expiration_model": "",
            "grant_tokens": null,
            "id": "ded84625-25c7-45d3-9118-e3a9997c9094",
            "key_id": "ded84625-25c7-45d3-9118-e3a9997c9094",
            "key_manager": "CUSTOMER",
            "key_state": "Enabled",
            "key_usage": "ENCRYPT_DECRYPT",
            "multi_region": false,
            "multi_region_configuration": [],
            "origin": "AWS_KMS",
            "valid_to": null
          },
          "sensitive_attributes": []
        }
      ]
    },
    {
      "mode": "data",
      "type": "aws_partition",
      "name": "current",
      "provider": "provider[\"registry.terraform.io/hashicorp/aws\"]",
      "instances": [
        {
          "schema_version": 0,
          "attributes": {
            "dns_suffix": "amazonaws.com",
            "id": "aws",
            "partition": "aws",
            "reverse_dns_prefix": "com.amazonaws"
          },
          "sensitive_attributes": []
        }
      ]
    },
    {
      "mode": "data",
      "type": "aws_subnet_ids",
      "name": "private",
      "provider": "provider[\"registry.terraform.io/hashicorp/aws\"]",
      "instances": [
        {
          "schema_version": 0,
          "attributes": {
            "filter": null,
            "id": "vpc-0222a4021cc5542cd",
            "ids": [
              "subnet-00216bedac0e4dd7b",
              "subnet-01f3eedea408cb1b9",
              "subnet-089fdb0c520580274"
            ],
            "tags": {
              "Network": "private"
            },
            "vpc_id": "vpc-0222a4021cc5542cd"
          },
          "sensitive_attributes": []
        }
      ]
    },
    {
      "mode": "data",
      "type": "aws_subnet_ids",
      "name": "public",
      "provider": "provider[\"registry.terraform.io/hashicorp/aws\"]",
      "instances": [
        {
          "schema_version": 0,
          "attributes": {
            "filter": null,
            "id": "vpc-0222a4021cc5542cd",
            "ids": [
              "subnet-016904f0b6f744ca7",
              "subnet-07498f48dfc8a2662",
              "subnet-0ec2a3d442f718d68"
            ],
            "tags": {
              "Network": "public"
            },
            "vpc_id": "vpc-0222a4021cc5542cd"
          },
          "sensitive_attributes": []
        }
      ]
    },
    {
      "mode": "data",
      "type": "aws_subnet_ids",
      "name": "vpc",
      "provider": "provider[\"registry.terraform.io/hashicorp/aws\"]",
      "instances": [
        {
          "schema_version": 0,
          "attributes": {
            "filter": null,
            "id": "vpc-0222a4021cc5542cd",
            "ids": [
              "subnet-00216bedac0e4dd7b",
              "subnet-016904f0b6f744ca7",
              "subnet-01f3eedea408cb1b9",
              "subnet-07498f48dfc8a2662",
              "subnet-089fdb0c520580274",
              "subnet-0ec2a3d442f718d68"
            ],
            "tags": null,
            "vpc_id": "vpc-0222a4021cc5542cd"
          },
          "sensitive_attributes": []
        }
      ]
    },
    {
      "mode": "data",
      "type": "template_file",
      "name": "aws_ssm_seelog",
      "provider": "provider[\"registry.terraform.io/hashicorp/template\"]",
      "instances": []
    },
    {
      "mode": "managed",
      "type": "aws_default_security_group",
      "name": "default",
      "provider": "provider[\"registry.terraform.io/hashicorp/aws\"]",
      "instances": [
        {
          "index_key": 0,
          "schema_version": 1,
          "attributes": {
            "arn": "arn:aws:ec2:ap-southeast-2:126494010021:security-group/sg-0124de5aef7ac8fa7",
            "description": "default VPC security group",
            "egress": [],
            "id": "sg-0124de5aef7ac8fa7",
            "ingress": [],
            "name": "default",
            "owner_id": "126494010021",
            "revoke_rules_on_delete": false,
            "tags": null,
            "tags_all": {
              "ClusterRegion": "nokia-lab-ap-southeast-2",
              "Component": "EKS cluster",
              "DeployerTool": "CsfpOps",
              "KubernetesCluster": "nokia-lab"
            },
            "vpc_id": "vpc-0222a4021cc5542cd"
          },
          "sensitive_attributes": [],
          "private": "eyJzY2hlbWFfdmVyc2lvbiI6IjEifQ==",
          "dependencies": [
            "aws_vpc.this"
          ]
        }
      ]
    },
    {
      "mode": "managed",
      "type": "aws_efs_file_system",
      "name": "this",
      "provider": "provider[\"registry.terraform.io/hashicorp/aws\"]",
      "instances": []
    },
    {
      "mode": "managed",
      "type": "aws_efs_mount_target",
      "name": "private",
      "provider": "provider[\"registry.terraform.io/hashicorp/aws\"]",
      "instances": []
    },
    {
      "mode": "managed",
      "type": "aws_eip",
      "name": "nat",
      "provider": "provider[\"registry.terraform.io/hashicorp/aws\"]",
      "instances": [
        {
          "index_key": 0,
          "schema_version": 0,
          "attributes": {
            "address": null,
            "allocation_id": "eipalloc-07d151c903cd8e31d",
            "associate_with_private_ip": null,
            "association_id": "",
            "carrier_ip": "",
            "customer_owned_ip": "",
            "customer_owned_ipv4_pool": "",
            "domain": "vpc",
            "id": "eipalloc-07d151c903cd8e31d",
            "instance": "",
            "network_border_group": "ap-southeast-2",
            "network_interface": "",
            "private_dns": null,
            "private_ip": "",
            "public_dns": "ec2-54-253-200-219.ap-southeast-2.compute.amazonaws.com",
            "public_ip": "54.253.200.219",
            "public_ipv4_pool": "amazon",
            "tags": {
              "Name": "nokia-lab-ap-southeast-2a-eip"
            },
            "tags_all": {
              "ClusterRegion": "nokia-lab-ap-southeast-2",
              "Component": "EKS cluster",
              "DeployerTool": "CsfpOps",
              "KubernetesCluster": "nokia-lab",
              "Name": "nokia-lab-ap-southeast-2a-eip"
            },
            "timeouts": null,
            "vpc": true
          },
          "sensitive_attributes": [],
          "private": "eyJlMmJmYjczMC1lY2FhLTExZTYtOGY4OC0zNDM2M2JjN2M0YzAiOnsiZGVsZXRlIjoxODAwMDAwMDAwMDAsInJlYWQiOjkwMDAwMDAwMDAwMCwidXBkYXRlIjozMDAwMDAwMDAwMDB9fQ==",
          "dependencies": [
            "data.aws_availability_zones.azs"
          ],
          "create_before_destroy": true
        },
        {
          "index_key": 1,
          "schema_version": 0,
          "attributes": {
            "address": null,
            "allocation_id": "eipalloc-07a69c6874b841d93",
            "associate_with_private_ip": null,
            "association_id": "",
            "carrier_ip": "",
            "customer_owned_ip": "",
            "customer_owned_ipv4_pool": "",
            "domain": "vpc",
            "id": "eipalloc-07a69c6874b841d93",
            "instance": "",
            "network_border_group": "ap-southeast-2",
            "network_interface": "",
            "private_dns": null,
            "private_ip": "",
            "public_dns": "ec2-3-24-109-189.ap-southeast-2.compute.amazonaws.com",
            "public_ip": "3.24.109.189",
            "public_ipv4_pool": "amazon",
            "tags": {
              "Name": "nokia-lab-ap-southeast-2b-eip"
            },
            "tags_all": {
              "ClusterRegion": "nokia-lab-ap-southeast-2",
              "Component": "EKS cluster",
              "DeployerTool": "CsfpOps",
              "KubernetesCluster": "nokia-lab",
              "Name": "nokia-lab-ap-southeast-2b-eip"
            },
            "timeouts": null,
            "vpc": true
          },
          "sensitive_attributes": [],
          "private": "eyJlMmJmYjczMC1lY2FhLTExZTYtOGY4OC0zNDM2M2JjN2M0YzAiOnsiZGVsZXRlIjoxODAwMDAwMDAwMDAsInJlYWQiOjkwMDAwMDAwMDAwMCwidXBkYXRlIjozMDAwMDAwMDAwMDB9fQ==",
          "dependencies": [
            "data.aws_availability_zones.azs"
          ],
          "create_before_destroy": true
        },
        {
          "index_key": 2,
          "schema_version": 0,
          "attributes": {
            "address": null,
            "allocation_id": "eipalloc-010c24a0dcd600556",
            "associate_with_private_ip": null,
            "association_id": "",
            "carrier_ip": "",
            "customer_owned_ip": "",
            "customer_owned_ipv4_pool": "",
            "domain": "vpc",
            "id": "eipalloc-010c24a0dcd600556",
            "instance": "",
            "network_border_group": "ap-southeast-2",
            "network_interface": "",
            "private_dns": null,
            "private_ip": "",
            "public_dns": "ec2-52-65-106-11.ap-southeast-2.compute.amazonaws.com",
            "public_ip": "52.65.106.11",
            "public_ipv4_pool": "amazon",
            "tags": {
              "Name": "nokia-lab-ap-southeast-2c-eip"
            },
            "tags_all": {
              "ClusterRegion": "nokia-lab-ap-southeast-2",
              "Component": "EKS cluster",
              "DeployerTool": "CsfpOps",
              "KubernetesCluster": "nokia-lab",
              "Name": "nokia-lab-ap-southeast-2c-eip"
            },
            "timeouts": null,
            "vpc": true
          },
          "sensitive_attributes": [],
          "private": "eyJlMmJmYjczMC1lY2FhLTExZTYtOGY4OC0zNDM2M2JjN2M0YzAiOnsiZGVsZXRlIjoxODAwMDAwMDAwMDAsInJlYWQiOjkwMDAwMDAwMDAwMCwidXBkYXRlIjozMDAwMDAwMDAwMDB9fQ==",
          "dependencies": [
            "data.aws_availability_zones.azs"
          ],
          "create_before_destroy": true
        }
      ]
    },
    {
      "mode": "managed",
      "type": "aws_eks_cluster",
      "name": "this",
      "provider": "provider[\"registry.terraform.io/hashicorp/aws\"]",
      "instances": []
    },
    {
      "mode": "managed",
      "type": "aws_internet_gateway",
      "name": "this",
      "provider": "provider[\"registry.terraform.io/hashicorp/aws\"]",
      "instances": [
        {
          "index_key": 0,
          "schema_version": 0,
          "attributes": {
            "arn": "arn:aws:ec2:ap-southeast-2:126494010021:internet-gateway/igw-0599fc838e0a7633c",
            "id": "igw-0599fc838e0a7633c",
            "owner_id": "126494010021",
            "tags": {
              "Name": "nokia-lab-igw"
            },
            "tags_all": {
              "ClusterRegion": "nokia-lab-ap-southeast-2",
              "Component": "EKS cluster",
              "DeployerTool": "CsfpOps",
              "KubernetesCluster": "nokia-lab",
              "Name": "nokia-lab-igw"
            },
            "vpc_id": "vpc-0222a4021cc5542cd"
          },
          "sensitive_attributes": [],
          "private": "bnVsbA==",
          "dependencies": [
            "aws_vpc.this"
          ],
          "create_before_destroy": true
        }
      ]
    },
    {
      "mode": "managed",
      "type": "aws_kms_key",
      "name": "this",
      "provider": "provider[\"registry.terraform.io/hashicorp/aws\"]",
      "instances": [
        {
          "index_key": 0,
          "schema_version": 0,
          "attributes": {
            "arn": "arn:aws:kms:ap-southeast-2:126494010021:key/ded84625-25c7-45d3-9118-e3a9997c9094",
            "bypass_policy_lockout_safety_check": false,
            "customer_master_key_spec": "SYMMETRIC_DEFAULT",
            "deletion_window_in_days": null,
            "description": "nokia-lab EKS Secret Encryption Key",
            "enable_key_rotation": true,
            "id": "ded84625-25c7-45d3-9118-e3a9997c9094",
            "is_enabled": true,
            "key_id": "ded84625-25c7-45d3-9118-e3a9997c9094",
            "key_usage": "ENCRYPT_DECRYPT",
            "multi_region": false,
            "policy": "{\"Id\":\"key-default-1\",\"Statement\":[{\"Action\":\"kms:*\",\"Effect\":\"Allow\",\"Principal\":{\"AWS\":[\"arn:aws:iam::126494010021:role/service_ec2_eksnode\",\"arn:aws:iam::126494010021:role/aws-service-role/autoscaling.amazonaws.com/AWSServiceRoleForAutoScaling\",\"arn:aws:iam::126494010021:root\"]},\"Resource\":\"*\",\"Sid\":\"Enable IAM Role Permissions\"}],\"Version\":\"2012-10-17\"}",
            "tags": null,
            "tags_all": {
              "ClusterRegion": "nokia-lab-ap-southeast-2",
              "Component": "EKS cluster",
              "DeployerTool": "CsfpOps",
              "KubernetesCluster": "nokia-lab"
            }
          },
          "sensitive_attributes": [],
          "private": "bnVsbA==",
          "dependencies": [
            "data.aws_caller_identity.current",
            "data.aws_iam_role.nodes"
          ]
        }
      ]
    },
    {
      "mode": "managed",
      "type": "aws_nat_gateway",
      "name": "this",
      "provider": "provider[\"registry.terraform.io/hashicorp/aws\"]",
      "instances": [
        {
          "index_key": 0,
          "schema_version": 0,
          "attributes": {
            "allocation_id": "eipalloc-07d151c903cd8e31d",
            "connectivity_type": "public",
            "id": "nat-0783272af59541cee",
            "network_interface_id": "eni-0167ea262f16e0493",
            "private_ip": "10.1.0.113",
            "public_ip": "54.253.200.219",
            "subnet_id": "subnet-07498f48dfc8a2662",
            "tags": {
              "Name": "nokia-lab-ap-southeast-2a"
            },
            "tags_all": {
              "ClusterRegion": "nokia-lab-ap-southeast-2",
              "Component": "EKS cluster",
              "DeployerTool": "CsfpOps",
              "KubernetesCluster": "nokia-lab",
              "Name": "nokia-lab-ap-southeast-2a"
            }
          },
          "sensitive_attributes": [],
          "private": "bnVsbA==",
          "dependencies": [
            "aws_eip.nat",
            "aws_internet_gateway.this",
            "aws_subnet.public",
            "aws_vpc.this",
            "data.aws_availability_zones.azs"
          ],
          "create_before_destroy": true
        },
        {
          "index_key": 1,
          "schema_version": 0,
          "attributes": {
            "allocation_id": "eipalloc-07a69c6874b841d93",
            "connectivity_type": "public",
            "id": "nat-07a61d3cc9bff7a44",
            "network_interface_id": "eni-0f5a14c56fc050b4a",
            "private_ip": "10.1.2.240",
            "public_ip": "3.24.109.189",
            "subnet_id": "subnet-016904f0b6f744ca7",
            "tags": {
              "Name": "nokia-lab-ap-southeast-2b"
            },
            "tags_all": {
              "ClusterRegion": "nokia-lab-ap-southeast-2",
              "Component": "EKS cluster",
              "DeployerTool": "CsfpOps",
              "KubernetesCluster": "nokia-lab",
              "Name": "nokia-lab-ap-southeast-2b"
            }
          },
          "sensitive_attributes": [],
          "private": "bnVsbA==",
          "dependencies": [
            "aws_eip.nat",
            "aws_internet_gateway.this",
            "aws_subnet.public",
            "aws_vpc.this",
            "data.aws_availability_zones.azs"
          ],
          "create_before_destroy": true
        },
        {
          "index_key": 2,
          "schema_version": 0,
          "attributes": {
            "allocation_id": "eipalloc-010c24a0dcd600556",
            "connectivity_type": "public",
            "id": "nat-00df96e2527ac8ca2",
            "network_interface_id": "eni-0b7080f28711ad252",
            "private_ip": "10.1.4.235",
            "public_ip": "52.65.106.11",
            "subnet_id": "subnet-0ec2a3d442f718d68",
            "tags": {
              "Name": "nokia-lab-ap-southeast-2c"
            },
            "tags_all": {
              "ClusterRegion": "nokia-lab-ap-southeast-2",
              "Component": "EKS cluster",
              "DeployerTool": "CsfpOps",
              "KubernetesCluster": "nokia-lab",
              "Name": "nokia-lab-ap-southeast-2c"
            }
          },
          "sensitive_attributes": [],
          "private": "bnVsbA==",
          "dependencies": [
            "aws_eip.nat",
            "aws_internet_gateway.this",
            "aws_subnet.public",
            "aws_vpc.this",
            "data.aws_availability_zones.azs"
          ],
          "create_before_destroy": true
        }
      ]
    },
    {
      "mode": "managed",
      "type": "aws_network_acl",
      "name": "public",
      "provider": "provider[\"registry.terraform.io/hashicorp/aws\"]",
      "instances": [
        {
          "index_key": 0,
          "schema_version": 0,
          "attributes": {
            "arn": "arn:aws:ec2:ap-southeast-2:126494010021:network-acl/acl-0fc3b8de80f9ba3f0",
            "egress": [],
            "id": "acl-0fc3b8de80f9ba3f0",
            "ingress": [],
            "owner_id": "126494010021",
            "subnet_ids": [
              "subnet-00216bedac0e4dd7b",
              "subnet-016904f0b6f744ca7",
              "subnet-01f3eedea408cb1b9",
              "subnet-07498f48dfc8a2662",
              "subnet-089fdb0c520580274",
              "subnet-0ec2a3d442f718d68"
            ],
            "tags": {
              "Name": "nokia-lab-public"
            },
            "tags_all": {
              "ClusterRegion": "nokia-lab-ap-southeast-2",
              "Component": "EKS cluster",
              "DeployerTool": "CsfpOps",
              "KubernetesCluster": "nokia-lab",
              "Name": "nokia-lab-public"
            },
            "vpc_id": "vpc-0222a4021cc5542cd"
          },
          "sensitive_attributes": [],
          "private": "bnVsbA==",
          "dependencies": [
            "aws_subnet.private",
            "aws_subnet.public",
            "aws_vpc.this",
            "data.aws_availability_zones.azs"
          ]
        }
      ]
    },
    {
      "mode": "managed",
      "type": "aws_network_acl_rule",
      "name": "public_inbound",
      "provider": "provider[\"registry.terraform.io/hashicorp/aws\"]",
      "instances": [
        {
          "index_key": 0,
          "schema_version": 0,
          "attributes": {
            "cidr_block": "0.0.0.0/0",
            "egress": false,
            "from_port": 0,
            "icmp_code": null,
            "icmp_type": null,
            "id": "nacl-1827545605",
            "ipv6_cidr_block": "",
            "network_acl_id": "acl-0fc3b8de80f9ba3f0",
            "protocol": "all",
            "rule_action": "allow",
            "rule_number": 100,
            "to_port": 0
          },
          "sensitive_attributes": [],
          "private": "bnVsbA==",
          "dependencies": [
            "aws_network_acl.public",
            "aws_subnet.private",
            "aws_subnet.public",
            "aws_vpc.this",
            "data.aws_availability_zones.azs"
          ]
        }
      ]
    },
    {
      "mode": "managed",
      "type": "aws_network_acl_rule",
      "name": "public_outbound",
      "provider": "provider[\"registry.terraform.io/hashicorp/aws\"]",
      "instances": [
        {
          "index_key": 0,
          "schema_version": 0,
          "attributes": {
            "cidr_block": "0.0.0.0/0",
            "egress": true,
            "from_port": 0,
            "icmp_code": null,
            "icmp_type": null,
            "id": "nacl-5565091",
            "ipv6_cidr_block": "",
            "network_acl_id": "acl-0fc3b8de80f9ba3f0",
            "protocol": "all",
            "rule_action": "allow",
            "rule_number": 100,
            "to_port": 0
          },
          "sensitive_attributes": [],
          "private": "bnVsbA==",
          "dependencies": [
            "aws_network_acl.public",
            "aws_subnet.private",
            "aws_subnet.public",
            "aws_vpc.this",
            "data.aws_availability_zones.azs"
          ]
        }
      ]
    },
    {
      "mode": "managed",
      "type": "aws_route",
      "name": "private_nat_gateway",
      "provider": "provider[\"registry.terraform.io/hashicorp/aws\"]",
      "instances": [
        {
          "index_key": 0,
          "schema_version": 0,
          "attributes": {
            "carrier_gateway_id": "",
            "destination_cidr_block": "0.0.0.0/0",
            "destination_ipv6_cidr_block": "",
            "destination_prefix_list_id": "",
            "egress_only_gateway_id": "",
            "gateway_id": "",
            "id": "r-rtb-06de22d9c5166304a1080289494",
            "instance_id": "",
            "instance_owner_id": "",
            "local_gateway_id": "",
            "nat_gateway_id": "nat-0783272af59541cee",
            "network_interface_id": "",
            "origin": "CreateRoute",
            "route_table_id": "rtb-06de22d9c5166304a",
            "state": "active",
            "timeouts": {
              "create": "5m",
              "delete": null,
              "update": null
            },
            "transit_gateway_id": "",
            "vpc_endpoint_id": "",
            "vpc_peering_connection_id": ""
          },
          "sensitive_attributes": [],
          "private": "eyJlMmJmYjczMC1lY2FhLTExZTYtOGY4OC0zNDM2M2JjN2M0YzAiOnsiY3JlYXRlIjozMDAwMDAwMDAwMDAsImRlbGV0ZSI6MzAwMDAwMDAwMDAwLCJ1cGRhdGUiOjEyMDAwMDAwMDAwMH19",
          "dependencies": [
            "aws_eip.nat",
            "aws_internet_gateway.this",
            "aws_nat_gateway.this",
            "aws_route_table.private",
            "aws_subnet.public",
            "aws_vpc.this",
            "data.aws_availability_zones.azs"
          ]
        },
        {
          "index_key": 1,
          "schema_version": 0,
          "attributes": {
            "carrier_gateway_id": "",
            "destination_cidr_block": "0.0.0.0/0",
            "destination_ipv6_cidr_block": "",
            "destination_prefix_list_id": "",
            "egress_only_gateway_id": "",
            "gateway_id": "",
            "id": "r-rtb-073fad8c5dac27e4d1080289494",
            "instance_id": "",
            "instance_owner_id": "",
            "local_gateway_id": "",
            "nat_gateway_id": "nat-07a61d3cc9bff7a44",
            "network_interface_id": "",
            "origin": "CreateRoute",
            "route_table_id": "rtb-073fad8c5dac27e4d",
            "state": "active",
            "timeouts": {
              "create": "5m",
              "delete": null,
              "update": null
            },
            "transit_gateway_id": "",
            "vpc_endpoint_id": "",
            "vpc_peering_connection_id": ""
          },
          "sensitive_attributes": [],
          "private": "eyJlMmJmYjczMC1lY2FhLTExZTYtOGY4OC0zNDM2M2JjN2M0YzAiOnsiY3JlYXRlIjozMDAwMDAwMDAwMDAsImRlbGV0ZSI6MzAwMDAwMDAwMDAwLCJ1cGRhdGUiOjEyMDAwMDAwMDAwMH19",
          "dependencies": [
            "aws_eip.nat",
            "aws_internet_gateway.this",
            "aws_nat_gateway.this",
            "aws_route_table.private",
            "aws_subnet.public",
            "aws_vpc.this",
            "data.aws_availability_zones.azs"
          ]
        },
        {
          "index_key": 2,
          "schema_version": 0,
          "attributes": {
            "carrier_gateway_id": "",
            "destination_cidr_block": "0.0.0.0/0",
            "destination_ipv6_cidr_block": "",
            "destination_prefix_list_id": "",
            "egress_only_gateway_id": "",
            "gateway_id": "",
            "id": "r-rtb-0913448e398f1e3701080289494",
            "instance_id": "",
            "instance_owner_id": "",
            "local_gateway_id": "",
            "nat_gateway_id": "nat-00df96e2527ac8ca2",
            "network_interface_id": "",
            "origin": "CreateRoute",
            "route_table_id": "rtb-0913448e398f1e370",
            "state": "active",
            "timeouts": {
              "create": "5m",
              "delete": null,
              "update": null
            },
            "transit_gateway_id": "",
            "vpc_endpoint_id": "",
            "vpc_peering_connection_id": ""
          },
          "sensitive_attributes": [],
          "private": "eyJlMmJmYjczMC1lY2FhLTExZTYtOGY4OC0zNDM2M2JjN2M0YzAiOnsiY3JlYXRlIjozMDAwMDAwMDAwMDAsImRlbGV0ZSI6MzAwMDAwMDAwMDAwLCJ1cGRhdGUiOjEyMDAwMDAwMDAwMH19",
          "dependencies": [
            "aws_eip.nat",
            "aws_internet_gateway.this",
            "aws_nat_gateway.this",
            "aws_route_table.private",
            "aws_subnet.public",
            "aws_vpc.this",
            "data.aws_availability_zones.azs"
          ]
        }
      ]
    },
    {
      "mode": "managed",
      "type": "aws_route",
      "name": "public_internet_gateway",
      "provider": "provider[\"registry.terraform.io/hashicorp/aws\"]",
      "instances": [
        {
          "index_key": 0,
          "schema_version": 0,
          "attributes": {
            "carrier_gateway_id": "",
            "destination_cidr_block": "0.0.0.0/0",
            "destination_ipv6_cidr_block": "",
            "destination_prefix_list_id": "",
            "egress_only_gateway_id": "",
            "gateway_id": "igw-0599fc838e0a7633c",
            "id": "r-rtb-078bcbc9315a47cbe1080289494",
            "instance_id": "",
            "instance_owner_id": "",
            "local_gateway_id": "",
            "nat_gateway_id": "",
            "network_interface_id": "",
            "origin": "CreateRoute",
            "route_table_id": "rtb-078bcbc9315a47cbe",
            "state": "active",
            "timeouts": {
              "create": "5m",
              "delete": null,
              "update": null
            },
            "transit_gateway_id": "",
            "vpc_endpoint_id": "",
            "vpc_peering_connection_id": ""
          },
          "sensitive_attributes": [],
          "private": "eyJlMmJmYjczMC1lY2FhLTExZTYtOGY4OC0zNDM2M2JjN2M0YzAiOnsiY3JlYXRlIjozMDAwMDAwMDAwMDAsImRlbGV0ZSI6MzAwMDAwMDAwMDAwLCJ1cGRhdGUiOjEyMDAwMDAwMDAwMH19",
          "dependencies": [
            "aws_internet_gateway.this",
            "aws_route_table.public",
            "aws_vpc.this"
          ]
        }
      ]
    },
    {
      "mode": "managed",
      "type": "aws_route_table",
      "name": "private",
      "provider": "provider[\"registry.terraform.io/hashicorp/aws\"]",
      "instances": [
        {
          "index_key": 0,
          "schema_version": 0,
          "attributes": {
            "arn": "arn:aws:ec2:ap-southeast-2:126494010021:route-table/rtb-06de22d9c5166304a",
            "id": "rtb-06de22d9c5166304a",
            "owner_id": "126494010021",
            "propagating_vgws": [],
            "route": [],
            "tags": {
              "Name": "nokia-lab-private-ap-southeast-2a-natgw"
            },
            "tags_all": {
              "ClusterRegion": "nokia-lab-ap-southeast-2",
              "Component": "EKS cluster",
              "DeployerTool": "CsfpOps",
              "KubernetesCluster": "nokia-lab",
              "Name": "nokia-lab-private-ap-southeast-2a-natgw"
            },
            "timeouts": null,
            "vpc_id": "vpc-0222a4021cc5542cd"
          },
          "sensitive_attributes": [],
          "private": "eyJlMmJmYjczMC1lY2FhLTExZTYtOGY4OC0zNDM2M2JjN2M0YzAiOnsiY3JlYXRlIjoxMjAwMDAwMDAwMDAsImRlbGV0ZSI6MzAwMDAwMDAwMDAwLCJ1cGRhdGUiOjEyMDAwMDAwMDAwMH19",
          "dependencies": [
            "aws_vpc.this",
            "data.aws_availability_zones.azs"
          ]
        },
        {
          "index_key": 1,
          "schema_version": 0,
          "attributes": {
            "arn": "arn:aws:ec2:ap-southeast-2:126494010021:route-table/rtb-073fad8c5dac27e4d",
            "id": "rtb-073fad8c5dac27e4d",
            "owner_id": "126494010021",
            "propagating_vgws": [],
            "route": [],
            "tags": {
              "Name": "nokia-lab-private-ap-southeast-2b-natgw"
            },
            "tags_all": {
              "ClusterRegion": "nokia-lab-ap-southeast-2",
              "Component": "EKS cluster",
              "DeployerTool": "CsfpOps",
              "KubernetesCluster": "nokia-lab",
              "Name": "nokia-lab-private-ap-southeast-2b-natgw"
            },
            "timeouts": null,
            "vpc_id": "vpc-0222a4021cc5542cd"
          },
          "sensitive_attributes": [],
          "private": "eyJlMmJmYjczMC1lY2FhLTExZTYtOGY4OC0zNDM2M2JjN2M0YzAiOnsiY3JlYXRlIjoxMjAwMDAwMDAwMDAsImRlbGV0ZSI6MzAwMDAwMDAwMDAwLCJ1cGRhdGUiOjEyMDAwMDAwMDAwMH19",
          "dependencies": [
            "aws_vpc.this",
            "data.aws_availability_zones.azs"
          ]
        },
        {
          "index_key": 2,
          "schema_version": 0,
          "attributes": {
            "arn": "arn:aws:ec2:ap-southeast-2:126494010021:route-table/rtb-0913448e398f1e370",
            "id": "rtb-0913448e398f1e370",
            "owner_id": "126494010021",
            "propagating_vgws": [],
            "route": [],
            "tags": {
              "Name": "nokia-lab-private-ap-southeast-2c-natgw"
            },
            "tags_all": {
              "ClusterRegion": "nokia-lab-ap-southeast-2",
              "Component": "EKS cluster",
              "DeployerTool": "CsfpOps",
              "KubernetesCluster": "nokia-lab",
              "Name": "nokia-lab-private-ap-southeast-2c-natgw"
            },
            "timeouts": null,
            "vpc_id": "vpc-0222a4021cc5542cd"
          },
          "sensitive_attributes": [],
          "private": "eyJlMmJmYjczMC1lY2FhLTExZTYtOGY4OC0zNDM2M2JjN2M0YzAiOnsiY3JlYXRlIjoxMjAwMDAwMDAwMDAsImRlbGV0ZSI6MzAwMDAwMDAwMDAwLCJ1cGRhdGUiOjEyMDAwMDAwMDAwMH19",
          "dependencies": [
            "aws_vpc.this",
            "data.aws_availability_zones.azs"
          ]
        }
      ]
    },
    {
      "mode": "managed",
      "type": "aws_route_table",
      "name": "public",
      "provider": "provider[\"registry.terraform.io/hashicorp/aws\"]",
      "instances": [
        {
          "index_key": 0,
          "schema_version": 0,
          "attributes": {
            "arn": "arn:aws:ec2:ap-southeast-2:126494010021:route-table/rtb-078bcbc9315a47cbe",
            "id": "rtb-078bcbc9315a47cbe",
            "owner_id": "126494010021",
            "propagating_vgws": [],
            "route": [],
            "tags": {
              "Name": "nokia-lab-public-rt"
            },
            "tags_all": {
              "ClusterRegion": "nokia-lab-ap-southeast-2",
              "Component": "EKS cluster",
              "DeployerTool": "CsfpOps",
              "KubernetesCluster": "nokia-lab",
              "Name": "nokia-lab-public-rt"
            },
            "timeouts": null,
            "vpc_id": "vpc-0222a4021cc5542cd"
          },
          "sensitive_attributes": [],
          "private": "eyJlMmJmYjczMC1lY2FhLTExZTYtOGY4OC0zNDM2M2JjN2M0YzAiOnsiY3JlYXRlIjoxMjAwMDAwMDAwMDAsImRlbGV0ZSI6MzAwMDAwMDAwMDAwLCJ1cGRhdGUiOjEyMDAwMDAwMDAwMH19",
          "dependencies": [
            "aws_vpc.this"
          ]
        }
      ]
    },
    {
      "mode": "managed",
      "type": "aws_route_table_association",
      "name": "private",
      "provider": "provider[\"registry.terraform.io/hashicorp/aws\"]",
      "instances": [
        {
          "index_key": 0,
          "schema_version": 0,
          "attributes": {
            "gateway_id": "",
            "id": "rtbassoc-048b8805e9c193b2c",
            "route_table_id": "rtb-06de22d9c5166304a",
            "subnet_id": "subnet-00216bedac0e4dd7b"
          },
          "sensitive_attributes": [],
          "private": "bnVsbA==",
          "dependencies": [
            "aws_route_table.private",
            "aws_subnet.private",
            "aws_vpc.this",
            "data.aws_availability_zones.azs"
          ]
        },
        {
          "index_key": 1,
          "schema_version": 0,
          "attributes": {
            "gateway_id": "",
            "id": "rtbassoc-01b0230a994804bc0",
            "route_table_id": "rtb-073fad8c5dac27e4d",
            "subnet_id": "subnet-089fdb0c520580274"
          },
          "sensitive_attributes": [],
          "private": "bnVsbA==",
          "dependencies": [
            "aws_route_table.private",
            "aws_subnet.private",
            "aws_vpc.this",
            "data.aws_availability_zones.azs"
          ]
        },
        {
          "index_key": 2,
          "schema_version": 0,
          "attributes": {
            "gateway_id": "",
            "id": "rtbassoc-0dd73dd42593b43aa",
            "route_table_id": "rtb-0913448e398f1e370",
            "subnet_id": "subnet-01f3eedea408cb1b9"
          },
          "sensitive_attributes": [],
          "private": "bnVsbA==",
          "dependencies": [
            "aws_route_table.private",
            "aws_subnet.private",
            "aws_vpc.this",
            "data.aws_availability_zones.azs"
          ]
        }
      ]
    },
    {
      "mode": "managed",
      "type": "aws_route_table_association",
      "name": "public",
      "provider": "provider[\"registry.terraform.io/hashicorp/aws\"]",
      "instances": [
        {
          "index_key": 0,
          "schema_version": 0,
          "attributes": {
            "gateway_id": "",
            "id": "rtbassoc-0bd09433a024abad3",
            "route_table_id": "rtb-078bcbc9315a47cbe",
            "subnet_id": "subnet-07498f48dfc8a2662"
          },
          "sensitive_attributes": [],
          "private": "bnVsbA==",
          "dependencies": [
            "aws_route_table.public",
            "aws_subnet.public",
            "aws_vpc.this",
            "data.aws_availability_zones.azs"
          ]
        },
        {
          "index_key": 1,
          "schema_version": 0,
          "attributes": {
            "gateway_id": "",
            "id": "rtbassoc-0806f01642874e7fe",
            "route_table_id": "rtb-078bcbc9315a47cbe",
            "subnet_id": "subnet-016904f0b6f744ca7"
          },
          "sensitive_attributes": [],
          "private": "bnVsbA==",
          "dependencies": [
            "aws_route_table.public",
            "aws_subnet.public",
            "aws_vpc.this",
            "data.aws_availability_zones.azs"
          ]
        },
        {
          "index_key": 2,
          "schema_version": 0,
          "attributes": {
            "gateway_id": "",
            "id": "rtbassoc-00d56869fba68a2b9",
            "route_table_id": "rtb-078bcbc9315a47cbe",
            "subnet_id": "subnet-0ec2a3d442f718d68"
          },
          "sensitive_attributes": [],
          "private": "bnVsbA==",
          "dependencies": [
            "aws_route_table.public",
            "aws_subnet.public",
            "aws_vpc.this",
            "data.aws_availability_zones.azs"
          ]
        }
      ]
    },
    {
      "mode": "managed",
      "type": "aws_security_group",
      "name": "cluster",
      "provider": "provider[\"registry.terraform.io/hashicorp/aws\"]",
      "instances": [
        {
          "schema_version": 1,
          "attributes": {
            "arn": "arn:aws:ec2:ap-southeast-2:126494010021:security-group/sg-0416492e23ffe3d0c",
            "description": "Main Cluster security group",
            "egress": [
              {
                "cidr_blocks": [
                  "0.0.0.0/0"
                ],
                "description": "Allow cluster egress access to the Internet.",
                "from_port": 0,
                "ipv6_cidr_blocks": [],
                "prefix_list_ids": [],
                "protocol": "-1",
                "security_groups": [],
                "self": false,
                "to_port": 0
              }
            ],
            "id": "sg-0416492e23ffe3d0c",
            "ingress": [
              {
                "cidr_blocks": [
                  "13.237.183.33/32"
                ],
                "description": "Allow internal communication with EKS backplane and CLUSTER_SECURITY_GROUP_RULES.IPSETS defined in vars.yaml.",
                "from_port": 0,
                "ipv6_cidr_blocks": [],
                "prefix_list_ids": [],
                "protocol": "-1",
                "security_groups": [],
                "self": true,
                "to_port": 0
              },
              {
                "cidr_blocks": [
                  "3.24.109.189/32"
                ],
                "description": "allow NAT Gateway EIP (3.24.109.189/32) on all ports",
                "from_port": 0,
                "ipv6_cidr_blocks": [],
                "prefix_list_ids": [],
                "protocol": "tcp",
                "security_groups": [],
                "self": false,
                "to_port": 65535
              },
              {
                "cidr_blocks": [
                  "52.65.106.11/32"
                ],
                "description": "allow NAT Gateway EIP (52.65.106.11/32) on all ports",
                "from_port": 0,
                "ipv6_cidr_blocks": [],
                "prefix_list_ids": [],
                "protocol": "tcp",
                "security_groups": [],
                "self": false,
                "to_port": 65535
              },
              {
                "cidr_blocks": [
                  "54.253.200.219/32"
                ],
                "description": "allow NAT Gateway EIP (54.253.200.219/32) on all ports",
                "from_port": 0,
                "ipv6_cidr_blocks": [],
                "prefix_list_ids": [],
                "protocol": "tcp",
                "security_groups": [],
                "self": false,
                "to_port": 65535
              }
            ],
            "name": "nokia-lab-cluster-sg-20221110104401769000000001",
            "name_prefix": "nokia-lab-cluster-sg-",
            "owner_id": "126494010021",
            "revoke_rules_on_delete": false,
            "tags": {
              "Name": "nokia-lab-cluster-sg"
            },
            "tags_all": {
              "ClusterRegion": "nokia-lab-ap-southeast-2",
              "Component": "EKS cluster",
              "DeployerTool": "CsfpOps",
              "KubernetesCluster": "nokia-lab",
              "Name": "nokia-lab-cluster-sg"
            },
            "timeouts": null,
            "vpc_id": "vpc-0222a4021cc5542cd"
          },
          "sensitive_attributes": [],
          "private": "eyJlMmJmYjczMC1lY2FhLTExZTYtOGY4OC0zNDM2M2JjN2M0YzAiOnsiY3JlYXRlIjo2MDAwMDAwMDAwMDAsImRlbGV0ZSI6OTAwMDAwMDAwMDAwfSwic2NoZW1hX3ZlcnNpb24iOiIxIn0=",
          "dependencies": [
            "aws_eip.nat",
            "aws_internet_gateway.this",
            "aws_nat_gateway.this",
            "aws_subnet.public",
            "aws_vpc.this",
            "data.aws_availability_zones.azs"
          ],
          "create_before_destroy": true
        }
      ]
    },
    {
      "mode": "managed",
      "type": "aws_subnet",
      "name": "private",
      "provider": "provider[\"registry.terraform.io/hashicorp/aws\"]",
      "instances": [
        {
          "index_key": 0,
          "schema_version": 1,
          "attributes": {
            "arn": "arn:aws:ec2:ap-southeast-2:126494010021:subnet/subnet-00216bedac0e4dd7b",
            "assign_ipv6_address_on_creation": false,
            "availability_zone": "ap-southeast-2a",
            "availability_zone_id": "apse2-az1",
            "cidr_block": "10.1.1.0/24",
            "customer_owned_ipv4_pool": "",
            "id": "subnet-00216bedac0e4dd7b",
            "ipv6_cidr_block": "",
            "ipv6_cidr_block_association_id": "",
            "map_customer_owned_ip_on_launch": false,
            "map_public_ip_on_launch": false,
            "outpost_arn": "",
            "owner_id": "126494010021",
            "tags": {
              "Name": "nokia-lab-subnet-private-ap-southeast-2a",
              "Network": "private",
              "kubernetes.io/cluster/nokia-lab": "shared"
            },
            "tags_all": {
              "ClusterRegion": "nokia-lab-ap-southeast-2",
              "Component": "EKS cluster",
              "DeployerTool": "CsfpOps",
              "KubernetesCluster": "nokia-lab",
              "Name": "nokia-lab-subnet-private-ap-southeast-2a",
              "Network": "private",
              "kubernetes.io/cluster/nokia-lab": "shared"
            },
            "timeouts": null,
            "vpc_id": "vpc-0222a4021cc5542cd"
          },
          "sensitive_attributes": [],
          "private": "eyJlMmJmYjczMC1lY2FhLTExZTYtOGY4OC0zNDM2M2JjN2M0YzAiOnsiY3JlYXRlIjo2MDAwMDAwMDAwMDAsImRlbGV0ZSI6MTIwMDAwMDAwMDAwMH0sInNjaGVtYV92ZXJzaW9uIjoiMSJ9",
          "dependencies": [
            "aws_vpc.this",
            "data.aws_availability_zones.azs"
          ]
        },
        {
          "index_key": 1,
          "schema_version": 1,
          "attributes": {
            "arn": "arn:aws:ec2:ap-southeast-2:126494010021:subnet/subnet-089fdb0c520580274",
            "assign_ipv6_address_on_creation": false,
            "availability_zone": "ap-southeast-2b",
            "availability_zone_id": "apse2-az3",
            "cidr_block": "10.1.3.0/24",
            "customer_owned_ipv4_pool": "",
            "id": "subnet-089fdb0c520580274",
            "ipv6_cidr_block": "",
            "ipv6_cidr_block_association_id": "",
            "map_customer_owned_ip_on_launch": false,
            "map_public_ip_on_launch": false,
            "outpost_arn": "",
            "owner_id": "126494010021",
            "tags": {
              "Name": "nokia-lab-subnet-private-ap-southeast-2b",
              "Network": "private",
              "kubernetes.io/cluster/nokia-lab": "shared"
            },
            "tags_all": {
              "ClusterRegion": "nokia-lab-ap-southeast-2",
              "Component": "EKS cluster",
              "DeployerTool": "CsfpOps",
              "KubernetesCluster": "nokia-lab",
              "Name": "nokia-lab-subnet-private-ap-southeast-2b",
              "Network": "private",
              "kubernetes.io/cluster/nokia-lab": "shared"
            },
            "timeouts": null,
            "vpc_id": "vpc-0222a4021cc5542cd"
          },
          "sensitive_attributes": [],
          "private": "eyJlMmJmYjczMC1lY2FhLTExZTYtOGY4OC0zNDM2M2JjN2M0YzAiOnsiY3JlYXRlIjo2MDAwMDAwMDAwMDAsImRlbGV0ZSI6MTIwMDAwMDAwMDAwMH0sInNjaGVtYV92ZXJzaW9uIjoiMSJ9",
          "dependencies": [
            "aws_vpc.this",
            "data.aws_availability_zones.azs"
          ]
        },
        {
          "index_key": 2,
          "schema_version": 1,
          "attributes": {
            "arn": "arn:aws:ec2:ap-southeast-2:126494010021:subnet/subnet-01f3eedea408cb1b9",
            "assign_ipv6_address_on_creation": false,
            "availability_zone": "ap-southeast-2c",
            "availability_zone_id": "apse2-az2",
            "cidr_block": "10.1.5.0/24",
            "customer_owned_ipv4_pool": "",
            "id": "subnet-01f3eedea408cb1b9",
            "ipv6_cidr_block": "",
            "ipv6_cidr_block_association_id": "",
            "map_customer_owned_ip_on_launch": false,
            "map_public_ip_on_launch": false,
            "outpost_arn": "",
            "owner_id": "126494010021",
            "tags": {
              "Name": "nokia-lab-subnet-private-ap-southeast-2c",
              "Network": "private",
              "kubernetes.io/cluster/nokia-lab": "shared"
            },
            "tags_all": {
              "ClusterRegion": "nokia-lab-ap-southeast-2",
              "Component": "EKS cluster",
              "DeployerTool": "CsfpOps",
              "KubernetesCluster": "nokia-lab",
              "Name": "nokia-lab-subnet-private-ap-southeast-2c",
              "Network": "private",
              "kubernetes.io/cluster/nokia-lab": "shared"
            },
            "timeouts": null,
            "vpc_id": "vpc-0222a4021cc5542cd"
          },
          "sensitive_attributes": [],
          "private": "eyJlMmJmYjczMC1lY2FhLTExZTYtOGY4OC0zNDM2M2JjN2M0YzAiOnsiY3JlYXRlIjo2MDAwMDAwMDAwMDAsImRlbGV0ZSI6MTIwMDAwMDAwMDAwMH0sInNjaGVtYV92ZXJzaW9uIjoiMSJ9",
          "dependencies": [
            "aws_vpc.this",
            "data.aws_availability_zones.azs"
          ]
        }
      ]
    },
    {
      "mode": "managed",
      "type": "aws_subnet",
      "name": "public",
      "provider": "provider[\"registry.terraform.io/hashicorp/aws\"]",
      "instances": [
        {
          "index_key": 0,
          "schema_version": 1,
          "attributes": {
            "arn": "arn:aws:ec2:ap-southeast-2:126494010021:subnet/subnet-07498f48dfc8a2662",
            "assign_ipv6_address_on_creation": false,
            "availability_zone": "ap-southeast-2a",
            "availability_zone_id": "apse2-az1",
            "cidr_block": "10.1.0.0/24",
            "customer_owned_ipv4_pool": "",
            "id": "subnet-07498f48dfc8a2662",
            "ipv6_cidr_block": "",
            "ipv6_cidr_block_association_id": "",
            "map_customer_owned_ip_on_launch": false,
            "map_public_ip_on_launch": true,
            "outpost_arn": "",
            "owner_id": "126494010021",
            "tags": {
              "Name": "nokia-lab-subnet-public-ap-southeast-2a",
              "Network": "public",
              "kubernetes.io/cluster/nokia-lab": "shared"
            },
            "tags_all": {
              "ClusterRegion": "nokia-lab-ap-southeast-2",
              "Component": "EKS cluster",
              "DeployerTool": "CsfpOps",
              "KubernetesCluster": "nokia-lab",
              "Name": "nokia-lab-subnet-public-ap-southeast-2a",
              "Network": "public",
              "kubernetes.io/cluster/nokia-lab": "shared"
            },
            "timeouts": null,
            "vpc_id": "vpc-0222a4021cc5542cd"
          },
          "sensitive_attributes": [],
          "private": "eyJlMmJmYjczMC1lY2FhLTExZTYtOGY4OC0zNDM2M2JjN2M0YzAiOnsiY3JlYXRlIjo2MDAwMDAwMDAwMDAsImRlbGV0ZSI6MTIwMDAwMDAwMDAwMH0sInNjaGVtYV92ZXJzaW9uIjoiMSJ9",
          "dependencies": [
            "aws_vpc.this",
            "data.aws_availability_zones.azs"
          ],
          "create_before_destroy": true
        },
        {
          "index_key": 1,
          "schema_version": 1,
          "attributes": {
            "arn": "arn:aws:ec2:ap-southeast-2:126494010021:subnet/subnet-016904f0b6f744ca7",
            "assign_ipv6_address_on_creation": false,
            "availability_zone": "ap-southeast-2b",
            "availability_zone_id": "apse2-az3",
            "cidr_block": "10.1.2.0/24",
            "customer_owned_ipv4_pool": "",
            "id": "subnet-016904f0b6f744ca7",
            "ipv6_cidr_block": "",
            "ipv6_cidr_block_association_id": "",
            "map_customer_owned_ip_on_launch": false,
            "map_public_ip_on_launch": true,
            "outpost_arn": "",
            "owner_id": "126494010021",
            "tags": {
              "Name": "nokia-lab-subnet-public-ap-southeast-2b",
              "Network": "public",
              "kubernetes.io/cluster/nokia-lab": "shared"
            },
            "tags_all": {
              "ClusterRegion": "nokia-lab-ap-southeast-2",
              "Component": "EKS cluster",
              "DeployerTool": "CsfpOps",
              "KubernetesCluster": "nokia-lab",
              "Name": "nokia-lab-subnet-public-ap-southeast-2b",
              "Network": "public",
              "kubernetes.io/cluster/nokia-lab": "shared"
            },
            "timeouts": null,
            "vpc_id": "vpc-0222a4021cc5542cd"
          },
          "sensitive_attributes": [],
          "private": "eyJlMmJmYjczMC1lY2FhLTExZTYtOGY4OC0zNDM2M2JjN2M0YzAiOnsiY3JlYXRlIjo2MDAwMDAwMDAwMDAsImRlbGV0ZSI6MTIwMDAwMDAwMDAwMH0sInNjaGVtYV92ZXJzaW9uIjoiMSJ9",
          "dependencies": [
            "aws_vpc.this",
            "data.aws_availability_zones.azs"
          ],
          "create_before_destroy": true
        },
        {
          "index_key": 2,
          "schema_version": 1,
          "attributes": {
            "arn": "arn:aws:ec2:ap-southeast-2:126494010021:subnet/subnet-0ec2a3d442f718d68",
            "assign_ipv6_address_on_creation": false,
            "availability_zone": "ap-southeast-2c",
            "availability_zone_id": "apse2-az2",
            "cidr_block": "10.1.4.0/24",
            "customer_owned_ipv4_pool": "",
            "id": "subnet-0ec2a3d442f718d68",
            "ipv6_cidr_block": "",
            "ipv6_cidr_block_association_id": "",
            "map_customer_owned_ip_on_launch": false,
            "map_public_ip_on_launch": true,
            "outpost_arn": "",
            "owner_id": "126494010021",
            "tags": {
              "Name": "nokia-lab-subnet-public-ap-southeast-2c",
              "Network": "public",
              "kubernetes.io/cluster/nokia-lab": "shared"
            },
            "tags_all": {
              "ClusterRegion": "nokia-lab-ap-southeast-2",
              "Component": "EKS cluster",
              "DeployerTool": "CsfpOps",
              "KubernetesCluster": "nokia-lab",
              "Name": "nokia-lab-subnet-public-ap-southeast-2c",
              "Network": "public",
              "kubernetes.io/cluster/nokia-lab": "shared"
            },
            "timeouts": null,
            "vpc_id": "vpc-0222a4021cc5542cd"
          },
          "sensitive_attributes": [],
          "private": "eyJlMmJmYjczMC1lY2FhLTExZTYtOGY4OC0zNDM2M2JjN2M0YzAiOnsiY3JlYXRlIjo2MDAwMDAwMDAwMDAsImRlbGV0ZSI6MTIwMDAwMDAwMDAwMH0sInNjaGVtYV92ZXJzaW9uIjoiMSJ9",
          "dependencies": [
            "aws_vpc.this",
            "data.aws_availability_zones.azs"
          ],
          "create_before_destroy": true
        }
      ]
    },
    {
      "mode": "managed",
      "type": "aws_vpc",
      "name": "this",
      "provider": "provider[\"registry.terraform.io/hashicorp/aws\"]",
      "instances": [
        {
          "index_key": 0,
          "schema_version": 1,
          "attributes": {
            "arn": "arn:aws:ec2:ap-southeast-2:126494010021:vpc/vpc-0222a4021cc5542cd",
            "assign_generated_ipv6_cidr_block": false,
            "cidr_block": "10.1.0.0/16",
            "default_network_acl_id": "acl-07737c61488c70d84",
            "default_route_table_id": "rtb-082ed501b50085fd2",
            "default_security_group_id": "sg-0124de5aef7ac8fa7",
            "dhcp_options_id": "dopt-031020e46fb020284",
            "enable_classiclink": false,
            "enable_classiclink_dns_support": false,
            "enable_dns_hostnames": true,
            "enable_dns_support": true,
            "id": "vpc-0222a4021cc5542cd",
            "instance_tenancy": "default",
            "ipv6_association_id": "",
            "ipv6_cidr_block": "",
            "main_route_table_id": "rtb-082ed501b50085fd2",
            "owner_id": "126494010021",
            "tags": {
              "Name": "nokia-lab-vpc"
            },
            "tags_all": {
              "ClusterRegion": "nokia-lab-ap-southeast-2",
              "Component": "EKS cluster",
              "DeployerTool": "CsfpOps",
              "KubernetesCluster": "nokia-lab",
              "Name": "nokia-lab-vpc"
            }
          },
          "sensitive_attributes": [],
          "private": "eyJzY2hlbWFfdmVyc2lvbiI6IjEifQ==",
          "create_before_destroy": true
        }
      ]
    },
    {
      "mode": "managed",
      "type": "aws_vpc_endpoint",
      "name": "gateway_endpoints",
      "provider": "provider[\"registry.terraform.io/hashicorp/aws\"]",
      "instances": [
        {
          "index_key": 0,
          "schema_version": 0,
          "attributes": {
            "arn": "arn:aws:ec2:ap-southeast-2:126494010021:vpc-endpoint/vpce-0c1468817f6842864",
            "auto_accept": null,
            "cidr_blocks": [
              "3.5.164.0/22",
              "3.5.168.0/23",
              "52.95.128.0/21"
            ],
            "dns_entry": [],
            "id": "vpce-0c1468817f6842864",
            "network_interface_ids": [],
            "owner_id": "126494010021",
            "policy": "{\"Statement\":[{\"Action\":\"*\",\"Effect\":\"Allow\",\"Principal\":\"*\",\"Resource\":\"*\"}],\"Version\":\"2008-10-17\"}",
            "prefix_list_id": "pl-6ca54005",
            "private_dns_enabled": false,
            "requester_managed": false,
            "route_table_ids": [
              "rtb-06de22d9c5166304a",
              "rtb-073fad8c5dac27e4d",
              "rtb-0913448e398f1e370"
            ],
            "security_group_ids": [],
            "service_name": "com.amazonaws.ap-southeast-2.s3",
            "state": "available",
            "subnet_ids": [],
            "tags": {
              "Name": "nokia-lab-vpce-s3"
            },
            "tags_all": {
              "ClusterRegion": "nokia-lab-ap-southeast-2",
              "Component": "EKS cluster",
              "DeployerTool": "CsfpOps",
              "KubernetesCluster": "nokia-lab",
              "Name": "nokia-lab-vpce-s3"
            },
            "timeouts": null,
            "vpc_endpoint_type": "Gateway",
            "vpc_id": "vpc-0222a4021cc5542cd"
          },
          "sensitive_attributes": [],
          "private": "eyJlMmJmYjczMC1lY2FhLTExZTYtOGY4OC0zNDM2M2JjN2M0YzAiOnsiY3JlYXRlIjo2MDAwMDAwMDAwMDAsImRlbGV0ZSI6NjAwMDAwMDAwMDAwLCJ1cGRhdGUiOjYwMDAwMDAwMDAwMH19",
          "dependencies": [
            "aws_route_table.private",
            "aws_vpc.this",
            "data.aws_availability_zones.azs"
          ]
        }
      ]
    },
    {
      "mode": "managed",
      "type": "time_sleep",
      "name": "wait_10_seconds",
      "provider": "provider[\"registry.terraform.io/hashicorp/time\"]",
      "instances": [
        {
          "index_key": 0,
          "schema_version": 0,
          "attributes": {
            "create_duration": "10s",
            "destroy_duration": null,
            "id": "2022-11-10T10:42:17Z",
            "triggers": null
          },
          "sensitive_attributes": [],
          "private": "bnVsbA==",
          "dependencies": [
            "aws_subnet.private",
            "aws_subnet.public",
            "aws_vpc.this",
            "data.aws_availability_zones.azs"
          ]
        }
      ]
    }
  ]
}
