{
  "version": 4,
  "terraform_version": "0.14.11",
  "serial": 43,
  "lineage": "b37b6e4f-6996-f329-387e-64231810b2f9",
  "outputs": {},
  "resources": [
    {
      "mode": "data",
      "type": "aws_ami",
      "name": "eks_worker",
      "provider": "provider[\"registry.terraform.io/hashicorp/aws\"]",
      "instances": [
        {
          "schema_version": 0,
          "attributes": {
            "architecture": "x86_64",
            "arn": "arn:aws:ec2:ap-southeast-2::image/ami-0ef131285994f51a7",
            "block_device_mappings": [
              {
                "device_name": "/dev/xvda",
                "ebs": {
                  "delete_on_termination": "true",
                  "encrypted": "false",
                  "iops": "0",
                  "snapshot_id": "snap-00f3180a451073088",
                  "throughput": "0",
                  "volume_size": "20",
                  "volume_type": "gp2"
                },
                "no_device": "",
                "virtual_name": ""
              }
            ],
            "creation_date": "2022-10-27T04:13:24.000Z",
            "description": "EKS Kubernetes Worker AMI with AmazonLinux2 image, (k8s: 1.21.14, docker: 20.10.17-1.amzn2.0.1, containerd: 1.6.6-1.amzn2.0.2)",
            "ena_support": true,
            "executable_users": null,
            "filter": [
              {
                "name": "name",
                "values": [
                  "amazon-eks-node-1.21-v*"
                ]
              }
            ],
            "hypervisor": "xen",
            "id": "ami-0ef131285994f51a7",
            "image_id": "ami-0ef131285994f51a7",
            "image_location": "amazon/amazon-eks-node-1.21-v20221027",
            "image_owner_alias": "amazon",
            "image_type": "machine",
            "kernel_id": null,
            "most_recent": true,
            "name": "amazon-eks-node-1.21-v20221027",
            "name_regex": null,
            "owner_id": "602401143452",
            "owners": [
              "602401143452"
            ],
            "platform": null,
            "platform_details": "Linux/UNIX",
            "product_codes": [],
            "public": true,
            "ramdisk_id": null,
            "root_device_name": "/dev/xvda",
            "root_device_type": "ebs",
            "root_snapshot_id": "snap-00f3180a451073088",
            "sriov_net_support": "simple",
            "state": "available",
            "state_reason": {
              "code": "UNSET",
              "message": "UNSET"
            },
            "tags": {},
            "usage_operation": "RunInstances",
            "virtualization_type": "hvm"
          },
          "sensitive_attributes": []
        }
      ]
    },
    {
      "mode": "data",
      "type": "aws_availability_zones",
      "name": "azs",
      "provider": "provider[\"registry.terraform.io/hashicorp/aws\"]",
      "instances": [
        {
          "schema_version": 0,
          "attributes": {
            "all_availability_zones": null,
            "exclude_names": null,
            "exclude_zone_ids": null,
            "filter": null,
            "group_names": [
              "ap-southeast-2"
            ],
            "id": "ap-southeast-2",
            "names": [
              "ap-southeast-2a",
              "ap-southeast-2b",
              "ap-southeast-2c"
            ],
            "state": null,
            "zone_ids": [
              "apse2-az1",
              "apse2-az3",
              "apse2-az2"
            ]
          },
          "sensitive_attributes": []
        }
      ]
    },
    {
      "mode": "data",
      "type": "aws_caller_identity",
      "name": "current",
      "provider": "provider[\"registry.terraform.io/hashicorp/aws\"]",
      "instances": [
        {
          "schema_version": 0,
          "attributes": {
            "account_id": "126494010021",
            "arn": "arn:aws:iam::126494010021:user/nokia_installer",
            "id": "126494010021",
            "user_id": "AIDAR245BNKSXQLGVE4AX"
          },
          "sensitive_attributes": []
        }
      ]
    },
    {
      "mode": "data",
      "type": "aws_iam_policy_document",
      "name": "s3_access",
      "provider": "provider[\"registry.terraform.io/hashicorp/aws\"]",
      "instances": []
    },
    {
      "mode": "data",
      "type": "aws_iam_role",
      "name": "eks",
      "provider": "provider[\"registry.terraform.io/hashicorp/aws\"]",
      "instances": [
        {
          "schema_version": 0,
          "attributes": {
            "arn": "arn:aws:iam::126494010021:role/service_eks_cluster",
            "assume_role_policy": "{\"Version\":\"2012-10-17\",\"Statement\":[{\"Effect\":\"Allow\",\"Principal\":{\"Service\":\"eks.amazonaws.com\"},\"Action\":\"sts:AssumeRole\"}]}",
            "create_date": "2022-02-17T09:04:42Z",
            "description": "Allows access to other AWS service resources that are required to operate clusters managed by EKS.",
            "id": "service_eks_cluster",
            "max_session_duration": 3600,
            "name": "service_eks_cluster",
            "path": "/",
            "permissions_boundary": "",
            "tags": {
              "Name": "service_eks_cluster"
            },
            "unique_id": "AROAR245BNKS5W76WXNZT"
          },
          "sensitive_attributes": []
        }
      ]
    },
    {
      "mode": "data",
      "type": "aws_iam_role",
      "name": "nodes",
      "provider": "provider[\"registry.terraform.io/hashicorp/aws\"]",
      "instances": [
        {
          "schema_version": 0,
          "attributes": {
            "arn": "arn:aws:iam::126494010021:role/service_ec2_eksnode",
            "assume_role_policy": "{\"Version\":\"2012-10-17\",\"Statement\":[{\"Effect\":\"Allow\",\"Principal\":{\"Service\":\"ec2.amazonaws.com\"},\"Action\":\"sts:AssumeRole\"}]}",
            "create_date": "2022-02-17T09:34:50Z",
            "description": "Allows EC2 instances to call AWS services on your behalf.",
            "id": "service_ec2_eksnode",
            "max_session_duration": 3600,
            "name": "service_ec2_eksnode",
            "path": "/",
            "permissions_boundary": "",
            "tags": {
              "Name": "service_ec2_eksnode"
            },
            "unique_id": "AROAR245BNKS42ZXRZBFF"
          },
          "sensitive_attributes": []
        }
      ]
    },
    {
      "mode": "data",
      "type": "aws_kms_key",
      "name": "cluster",
      "provider": "provider[\"registry.terraform.io/hashicorp/aws\"]",
      "instances": [
        {
          "schema_version": 0,
          "attributes": {
            "arn": "arn:aws:kms:ap-southeast-2:126494010021:key/83d7b994-a375-4a8b-9753-cb3eadd2f24a",
            "aws_account_id": "126494010021",
            "creation_date": "2022-10-31T04:24:25Z",
            "customer_master_key_spec": "SYMMETRIC_DEFAULT",
            "deletion_date": null,
            "description": "",
            "enabled": true,
            "expiration_model": "",
            "grant_tokens": null,
            "id": "83d7b994-a375-4a8b-9753-cb3eadd2f24a",
            "key_id": "arn:aws:kms:ap-southeast-2:126494010021:key/83d7b994-a375-4a8b-9753-cb3eadd2f24a",
            "key_manager": "CUSTOMER",
            "key_state": "Enabled",
            "key_usage": "ENCRYPT_DECRYPT",
            "multi_region": false,
            "multi_region_configuration": [],
            "origin": "AWS_KMS",
            "valid_to": null
          },
          "sensitive_attributes": []
        }
      ]
    },
    {
      "mode": "data",
      "type": "aws_kms_key",
      "name": "s3_artifacts",
      "provider": "provider[\"registry.terraform.io/hashicorp/aws\"]",
      "instances": [
        {
          "schema_version": 0,
          "attributes": {
            "arn": "arn:aws:kms:ap-southeast-2:126494010021:key/83d7b994-a375-4a8b-9753-cb3eadd2f24a",
            "aws_account_id": "126494010021",
            "creation_date": "2022-10-31T04:24:25Z",
            "customer_master_key_spec": "SYMMETRIC_DEFAULT",
            "deletion_date": null,
            "description": "",
            "enabled": true,
            "expiration_model": "",
            "grant_tokens": null,
            "id": "83d7b994-a375-4a8b-9753-cb3eadd2f24a",
            "key_id": "arn:aws:kms:ap-southeast-2:126494010021:key/83d7b994-a375-4a8b-9753-cb3eadd2f24a",
            "key_manager": "CUSTOMER",
            "key_state": "Enabled",
            "key_usage": "ENCRYPT_DECRYPT",
            "multi_region": false,
            "multi_region_configuration": [],
            "origin": "AWS_KMS",
            "valid_to": null
          },
          "sensitive_attributes": []
        }
      ]
    },
    {
      "mode": "data",
      "type": "aws_partition",
      "name": "current",
      "provider": "provider[\"registry.terraform.io/hashicorp/aws\"]",
      "instances": [
        {
          "schema_version": 0,
          "attributes": {
            "dns_suffix": "amazonaws.com",
            "id": "aws",
            "partition": "aws",
            "reverse_dns_prefix": "com.amazonaws"
          },
          "sensitive_attributes": []
        }
      ]
    },
    {
      "mode": "data",
      "type": "aws_subnet_ids",
      "name": "private",
      "provider": "provider[\"registry.terraform.io/hashicorp/aws\"]",
      "instances": [
        {
          "schema_version": 0,
          "attributes": {
            "filter": null,
            "id": "vpc-03a8d6ceac4c8ba6c",
            "ids": [
              "subnet-0553a86375bbeacc6",
              "subnet-089d3849b91bc919c",
              "subnet-0c33cfb9afbadfde7"
            ],
            "tags": {
              "Network": "private"
            },
            "vpc_id": "vpc-03a8d6ceac4c8ba6c"
          },
          "sensitive_attributes": []
        }
      ]
    },
    {
      "mode": "data",
      "type": "aws_subnet_ids",
      "name": "public",
      "provider": "provider[\"registry.terraform.io/hashicorp/aws\"]",
      "instances": [
        {
          "schema_version": 0,
          "attributes": {
            "filter": null,
            "id": "vpc-03a8d6ceac4c8ba6c",
            "ids": [
              "subnet-01b12d3b75af3c373",
              "subnet-039a9f5cba4f7b3c2",
              "subnet-0c984518e3b971ecc"
            ],
            "tags": {
              "Network": "public"
            },
            "vpc_id": "vpc-03a8d6ceac4c8ba6c"
          },
          "sensitive_attributes": []
        }
      ]
    },
    {
      "mode": "data",
      "type": "aws_subnet_ids",
      "name": "vpc",
      "provider": "provider[\"registry.terraform.io/hashicorp/aws\"]",
      "instances": [
        {
          "schema_version": 0,
          "attributes": {
            "filter": null,
            "id": "vpc-03a8d6ceac4c8ba6c",
            "ids": [
              "subnet-01b12d3b75af3c373",
              "subnet-039a9f5cba4f7b3c2",
              "subnet-0553a86375bbeacc6",
              "subnet-089d3849b91bc919c",
              "subnet-0c33cfb9afbadfde7",
              "subnet-0c984518e3b971ecc"
            ],
            "tags": null,
            "vpc_id": "vpc-03a8d6ceac4c8ba6c"
          },
          "sensitive_attributes": []
        }
      ]
    },
    {
      "mode": "data",
      "type": "template_file",
      "name": "aws_ssm_seelog",
      "provider": "provider[\"registry.terraform.io/hashicorp/template\"]",
      "instances": []
    },
    {
      "mode": "data",
      "type": "tls_certificate",
      "name": "cluster",
      "provider": "provider[\"registry.terraform.io/hashicorp/tls\"]",
      "instances": []
    },
    {
      "mode": "managed",
      "type": "aws_default_security_group",
      "name": "default",
      "provider": "provider[\"registry.terraform.io/hashicorp/aws\"]",
      "instances": [
        {
          "index_key": 0,
          "schema_version": 1,
          "attributes": {
            "arn": "arn:aws:ec2:ap-southeast-2:126494010021:security-group/sg-0e4c6f22ace4dfffd",
            "description": "default VPC security group",
            "egress": [],
            "id": "sg-0e4c6f22ace4dfffd",
            "ingress": [],
            "name": "default",
            "owner_id": "126494010021",
            "revoke_rules_on_delete": false,
            "tags": null,
            "tags_all": {
              "ClusterRegion": "nokia-lab-ap-southeast-2",
              "Component": "EKS cluster",
              "DeployerTool": "CsfpOps",
              "KubernetesCluster": "nokia-lab"
            },
            "vpc_id": "vpc-03a8d6ceac4c8ba6c"
          },
          "sensitive_attributes": [],
          "private": "eyJzY2hlbWFfdmVyc2lvbiI6IjEifQ==",
          "dependencies": [
            "aws_vpc.this"
          ]
        }
      ]
    },
    {
      "mode": "managed",
      "type": "aws_efs_file_system",
      "name": "this",
      "provider": "provider[\"registry.terraform.io/hashicorp/aws\"]",
      "instances": [
        {
          "index_key": 0,
          "schema_version": 0,
          "attributes": {
            "arn": "arn:aws:elasticfilesystem:ap-southeast-2:126494010021:file-system/fs-00c8991a793431cc4",
            "availability_zone_id": "",
            "availability_zone_name": "",
            "creation_token": "terraform-20221102093432235500000001",
            "dns_name": "fs-00c8991a793431cc4.efs.ap-southeast-2.amazonaws.com",
            "encrypted": true,
            "id": "fs-00c8991a793431cc4",
            "kms_key_id": "arn:aws:kms:ap-southeast-2:126494010021:key/83d7b994-a375-4a8b-9753-cb3eadd2f24a",
            "lifecycle_policy": [
              {
                "transition_to_ia": "AFTER_30_DAYS",
                "transition_to_primary_storage_class": ""
              }
            ],
            "number_of_mount_targets": 0,
            "owner_id": "126494010021",
            "performance_mode": "generalPurpose",
            "provisioned_throughput_in_mibps": 0,
            "size_in_bytes": [
              {
                "value": 6144,
                "value_in_ia": 0,
                "value_in_standard": 6144
              }
            ],
            "tags": {
              "Name": "nokia-lab-efs"
            },
            "tags_all": {
              "ClusterRegion": "nokia-lab-ap-southeast-2",
              "Component": "EKS cluster",
              "DeployerTool": "CsfpOps",
              "KubernetesCluster": "nokia-lab",
              "Name": "nokia-lab-efs"
            },
            "throughput_mode": "bursting"
          },
          "sensitive_attributes": [],
          "private": "bnVsbA==",
          "dependencies": [
            "aws_kms_alias.cluster",
            "aws_kms_key.this",
            "data.aws_kms_key.cluster"
          ]
        }
      ]
    },
    {
      "mode": "managed",
      "type": "aws_efs_mount_target",
      "name": "private",
      "provider": "provider[\"registry.terraform.io/hashicorp/aws\"]",
      "instances": []
    },
    {
      "mode": "managed",
      "type": "aws_eip",
      "name": "nat",
      "provider": "provider[\"registry.terraform.io/hashicorp/aws\"]",
      "instances": [
        {
          "index_key": 0,
          "schema_version": 0,
          "attributes": {
            "address": null,
            "allocation_id": "eipalloc-0fda9fe3f41317528",
            "associate_with_private_ip": null,
            "association_id": "",
            "carrier_ip": "",
            "customer_owned_ip": "",
            "customer_owned_ipv4_pool": "",
            "domain": "vpc",
            "id": "eipalloc-0fda9fe3f41317528",
            "instance": "",
            "network_border_group": "ap-southeast-2",
            "network_interface": "",
            "private_dns": null,
            "private_ip": "",
            "public_dns": "ec2-13-55-53-143.ap-southeast-2.compute.amazonaws.com",
            "public_ip": "13.55.53.143",
            "public_ipv4_pool": "amazon",
            "tags": {
              "Name": "nokia-lab-ap-southeast-2a-eip"
            },
            "tags_all": {
              "ClusterRegion": "nokia-lab-ap-southeast-2",
              "Component": "EKS cluster",
              "DeployerTool": "CsfpOps",
              "KubernetesCluster": "nokia-lab",
              "Name": "nokia-lab-ap-southeast-2a-eip"
            },
            "timeouts": null,
            "vpc": true
          },
          "sensitive_attributes": [],
          "private": "eyJlMmJmYjczMC1lY2FhLTExZTYtOGY4OC0zNDM2M2JjN2M0YzAiOnsiZGVsZXRlIjoxODAwMDAwMDAwMDAsInJlYWQiOjkwMDAwMDAwMDAwMCwidXBkYXRlIjozMDAwMDAwMDAwMDB9fQ==",
          "dependencies": [
            "data.aws_availability_zones.azs"
          ],
          "create_before_destroy": true
        },
        {
          "index_key": 1,
          "schema_version": 0,
          "attributes": {
            "address": null,
            "allocation_id": "eipalloc-097980d70fb1959a7",
            "associate_with_private_ip": null,
            "association_id": "",
            "carrier_ip": "",
            "customer_owned_ip": "",
            "customer_owned_ipv4_pool": "",
            "domain": "vpc",
            "id": "eipalloc-097980d70fb1959a7",
            "instance": "",
            "network_border_group": "ap-southeast-2",
            "network_interface": "",
            "private_dns": null,
            "private_ip": "",
            "public_dns": "ec2-13-54-68-194.ap-southeast-2.compute.amazonaws.com",
            "public_ip": "13.54.68.194",
            "public_ipv4_pool": "amazon",
            "tags": {
              "Name": "nokia-lab-ap-southeast-2b-eip"
            },
            "tags_all": {
              "ClusterRegion": "nokia-lab-ap-southeast-2",
              "Component": "EKS cluster",
              "DeployerTool": "CsfpOps",
              "KubernetesCluster": "nokia-lab",
              "Name": "nokia-lab-ap-southeast-2b-eip"
            },
            "timeouts": null,
            "vpc": true
          },
          "sensitive_attributes": [],
          "private": "eyJlMmJmYjczMC1lY2FhLTExZTYtOGY4OC0zNDM2M2JjN2M0YzAiOnsiZGVsZXRlIjoxODAwMDAwMDAwMDAsInJlYWQiOjkwMDAwMDAwMDAwMCwidXBkYXRlIjozMDAwMDAwMDAwMDB9fQ==",
          "dependencies": [
            "data.aws_availability_zones.azs"
          ],
          "create_before_destroy": true
        },
        {
          "index_key": 2,
          "schema_version": 0,
          "attributes": {
            "address": null,
            "allocation_id": "eipalloc-0a027a5357b237ed7",
            "associate_with_private_ip": null,
            "association_id": "",
            "carrier_ip": "",
            "customer_owned_ip": "",
            "customer_owned_ipv4_pool": "",
            "domain": "vpc",
            "id": "eipalloc-0a027a5357b237ed7",
            "instance": "",
            "network_border_group": "ap-southeast-2",
            "network_interface": "",
            "private_dns": null,
            "private_ip": "",
            "public_dns": "ec2-54-206-182-189.ap-southeast-2.compute.amazonaws.com",
            "public_ip": "54.206.182.189",
            "public_ipv4_pool": "amazon",
            "tags": {
              "Name": "nokia-lab-ap-southeast-2c-eip"
            },
            "tags_all": {
              "ClusterRegion": "nokia-lab-ap-southeast-2",
              "Component": "EKS cluster",
              "DeployerTool": "CsfpOps",
              "KubernetesCluster": "nokia-lab",
              "Name": "nokia-lab-ap-southeast-2c-eip"
            },
            "timeouts": null,
            "vpc": true
          },
          "sensitive_attributes": [],
          "private": "eyJlMmJmYjczMC1lY2FhLTExZTYtOGY4OC0zNDM2M2JjN2M0YzAiOnsiZGVsZXRlIjoxODAwMDAwMDAwMDAsInJlYWQiOjkwMDAwMDAwMDAwMCwidXBkYXRlIjozMDAwMDAwMDAwMDB9fQ==",
          "dependencies": [
            "data.aws_availability_zones.azs"
          ],
          "create_before_destroy": true
        }
      ]
    },
    {
      "mode": "managed",
      "type": "aws_iam_openid_connect_provider",
      "name": "cluster",
      "provider": "provider[\"registry.terraform.io/hashicorp/aws\"]",
      "instances": []
    },
    {
      "mode": "managed",
      "type": "aws_iam_role",
      "name": "s3_access",
      "provider": "provider[\"registry.terraform.io/hashicorp/aws\"]",
      "instances": []
    },
    {
      "mode": "managed",
      "type": "aws_internet_gateway",
      "name": "this",
      "provider": "provider[\"registry.terraform.io/hashicorp/aws\"]",
      "instances": [
        {
          "index_key": 0,
          "schema_version": 0,
          "attributes": {
            "arn": "arn:aws:ec2:ap-southeast-2:126494010021:internet-gateway/igw-0c12919f9e833816a",
            "id": "igw-0c12919f9e833816a",
            "owner_id": "126494010021",
            "tags": {
              "Name": "nokia-lab-igw"
            },
            "tags_all": {
              "ClusterRegion": "nokia-lab-ap-southeast-2",
              "Component": "EKS cluster",
              "DeployerTool": "CsfpOps",
              "KubernetesCluster": "nokia-lab",
              "Name": "nokia-lab-igw"
            },
            "vpc_id": "vpc-03a8d6ceac4c8ba6c"
          },
          "sensitive_attributes": [],
          "private": "bnVsbA==",
          "dependencies": [
            "aws_vpc.this"
          ],
          "create_before_destroy": true
        }
      ]
    },
    {
      "mode": "managed",
      "type": "aws_kms_alias",
      "name": "cluster",
      "provider": "provider[\"registry.terraform.io/hashicorp/aws\"]",
      "instances": [
        {
          "schema_version": 0,
          "attributes": {
            "arn": "arn:aws:kms:ap-southeast-2:126494010021:alias/cluster-nokia-lab",
            "id": "alias/cluster-nokia-lab",
            "name": "alias/cluster-nokia-lab",
            "name_prefix": "",
            "target_key_arn": "arn:aws:kms:ap-southeast-2:126494010021:key/83d7b994-a375-4a8b-9753-cb3eadd2f24a",
            "target_key_id": "83d7b994-a375-4a8b-9753-cb3eadd2f24a"
          },
          "sensitive_attributes": [],
          "private": "bnVsbA==",
          "dependencies": [
            "aws_kms_key.this",
            "data.aws_kms_key.cluster"
          ]
        }
      ]
    },
    {
      "mode": "managed",
      "type": "aws_kms_alias",
      "name": "s3_artifacts",
      "provider": "provider[\"registry.terraform.io/hashicorp/aws\"]",
      "instances": [
        {
          "schema_version": 0,
          "attributes": {
            "arn": "arn:aws:kms:ap-southeast-2:126494010021:alias/s3-artifacts-nokia-lab",
            "id": "alias/s3-artifacts-nokia-lab",
            "name": "alias/s3-artifacts-nokia-lab",
            "name_prefix": "",
            "target_key_arn": "arn:aws:kms:ap-southeast-2:126494010021:key/83d7b994-a375-4a8b-9753-cb3eadd2f24a",
            "target_key_id": "83d7b994-a375-4a8b-9753-cb3eadd2f24a"
          },
          "sensitive_attributes": [],
          "private": "bnVsbA==",
          "dependencies": [
            "aws_kms_key.this",
            "data.aws_kms_key.s3_artifacts"
          ]
        }
      ]
    },
    {
      "mode": "managed",
      "type": "aws_kms_grant",
      "name": "s3_access",
      "provider": "provider[\"registry.terraform.io/hashicorp/aws\"]",
      "instances": []
    },
    {
      "mode": "managed",
      "type": "aws_kms_key",
      "name": "this",
      "provider": "provider[\"registry.terraform.io/hashicorp/aws\"]",
      "instances": []
    },
    {
      "mode": "managed",
      "type": "aws_nat_gateway",
      "name": "this",
      "provider": "provider[\"registry.terraform.io/hashicorp/aws\"]",
      "instances": [
        {
          "index_key": 0,
          "schema_version": 0,
          "attributes": {
            "allocation_id": "eipalloc-0fda9fe3f41317528",
            "connectivity_type": "public",
            "id": "nat-0a36d93c5032c391f",
            "network_interface_id": "eni-0009e5defd2620218",
            "private_ip": "10.1.0.238",
            "public_ip": "13.55.53.143",
            "subnet_id": "subnet-039a9f5cba4f7b3c2",
            "tags": {
              "Name": "nokia-lab-ap-southeast-2a"
            },
            "tags_all": {
              "ClusterRegion": "nokia-lab-ap-southeast-2",
              "Component": "EKS cluster",
              "DeployerTool": "CsfpOps",
              "KubernetesCluster": "nokia-lab",
              "Name": "nokia-lab-ap-southeast-2a"
            }
          },
          "sensitive_attributes": [],
          "private": "bnVsbA==",
          "dependencies": [
            "aws_eip.nat",
            "aws_internet_gateway.this",
            "aws_subnet.public",
            "aws_vpc.this",
            "data.aws_availability_zones.azs"
          ],
          "create_before_destroy": true
        },
        {
          "index_key": 1,
          "schema_version": 0,
          "attributes": {
            "allocation_id": "eipalloc-097980d70fb1959a7",
            "connectivity_type": "public",
            "id": "nat-0872e5ed577c79a99",
            "network_interface_id": "eni-06184bf3966cc01bf",
            "private_ip": "10.1.2.140",
            "public_ip": "13.54.68.194",
            "subnet_id": "subnet-01b12d3b75af3c373",
            "tags": {
              "Name": "nokia-lab-ap-southeast-2b"
            },
            "tags_all": {
              "ClusterRegion": "nokia-lab-ap-southeast-2",
              "Component": "EKS cluster",
              "DeployerTool": "CsfpOps",
              "KubernetesCluster": "nokia-lab",
              "Name": "nokia-lab-ap-southeast-2b"
            }
          },
          "sensitive_attributes": [],
          "private": "bnVsbA==",
          "dependencies": [
            "aws_eip.nat",
            "aws_internet_gateway.this",
            "aws_subnet.public",
            "aws_vpc.this",
            "data.aws_availability_zones.azs"
          ],
          "create_before_destroy": true
        },
        {
          "index_key": 2,
          "schema_version": 0,
          "attributes": {
            "allocation_id": "eipalloc-0a027a5357b237ed7",
            "connectivity_type": "public",
            "id": "nat-0323c52e39dc886cb",
            "network_interface_id": "eni-035dbb9fd6f0c871c",
            "private_ip": "10.1.4.121",
            "public_ip": "54.206.182.189",
            "subnet_id": "subnet-0c984518e3b971ecc",
            "tags": {
              "Name": "nokia-lab-ap-southeast-2c"
            },
            "tags_all": {
              "ClusterRegion": "nokia-lab-ap-southeast-2",
              "Component": "EKS cluster",
              "DeployerTool": "CsfpOps",
              "KubernetesCluster": "nokia-lab",
              "Name": "nokia-lab-ap-southeast-2c"
            }
          },
          "sensitive_attributes": [],
          "private": "bnVsbA==",
          "dependencies": [
            "aws_eip.nat",
            "aws_internet_gateway.this",
            "aws_subnet.public",
            "aws_vpc.this",
            "data.aws_availability_zones.azs"
          ],
          "create_before_destroy": true
        }
      ]
    },
    {
      "mode": "managed",
      "type": "aws_network_acl",
      "name": "public",
      "provider": "provider[\"registry.terraform.io/hashicorp/aws\"]",
      "instances": [
        {
          "index_key": 0,
          "schema_version": 0,
          "attributes": {
            "arn": "arn:aws:ec2:ap-southeast-2:126494010021:network-acl/acl-067da644b7b6c000f",
            "egress": [],
            "id": "acl-067da644b7b6c000f",
            "ingress": [],
            "owner_id": "126494010021",
            "subnet_ids": [
              "subnet-01b12d3b75af3c373",
              "subnet-039a9f5cba4f7b3c2",
              "subnet-0553a86375bbeacc6",
              "subnet-089d3849b91bc919c",
              "subnet-0c33cfb9afbadfde7",
              "subnet-0c984518e3b971ecc"
            ],
            "tags": {
              "Name": "nokia-lab-public"
            },
            "tags_all": {
              "ClusterRegion": "nokia-lab-ap-southeast-2",
              "Component": "EKS cluster",
              "DeployerTool": "CsfpOps",
              "KubernetesCluster": "nokia-lab",
              "Name": "nokia-lab-public"
            },
            "vpc_id": "vpc-03a8d6ceac4c8ba6c"
          },
          "sensitive_attributes": [],
          "private": "bnVsbA==",
          "dependencies": [
            "aws_subnet.private",
            "aws_subnet.public",
            "aws_vpc.this",
            "data.aws_availability_zones.azs"
          ]
        }
      ]
    },
    {
      "mode": "managed",
      "type": "aws_network_acl_rule",
      "name": "public_inbound",
      "provider": "provider[\"registry.terraform.io/hashicorp/aws\"]",
      "instances": [
        {
          "index_key": 0,
          "schema_version": 0,
          "attributes": {
            "cidr_block": "0.0.0.0/0",
            "egress": false,
            "from_port": 0,
            "icmp_code": null,
            "icmp_type": null,
            "id": "nacl-103505309",
            "ipv6_cidr_block": "",
            "network_acl_id": "acl-067da644b7b6c000f",
            "protocol": "all",
            "rule_action": "allow",
            "rule_number": 100,
            "to_port": 0
          },
          "sensitive_attributes": [],
          "private": "bnVsbA==",
          "dependencies": [
            "aws_network_acl.public",
            "aws_subnet.private",
            "aws_subnet.public",
            "aws_vpc.this",
            "data.aws_availability_zones.azs"
          ]
        }
      ]
    },
    {
      "mode": "managed",
      "type": "aws_network_acl_rule",
      "name": "public_outbound",
      "provider": "provider[\"registry.terraform.io/hashicorp/aws\"]",
      "instances": [
        {
          "index_key": 0,
          "schema_version": 0,
          "attributes": {
            "cidr_block": "0.0.0.0/0",
            "egress": true,
            "from_port": 0,
            "icmp_code": null,
            "icmp_type": null,
            "id": "nacl-1963688114",
            "ipv6_cidr_block": "",
            "network_acl_id": "acl-067da644b7b6c000f",
            "protocol": "all",
            "rule_action": "allow",
            "rule_number": 100,
            "to_port": 0
          },
          "sensitive_attributes": [],
          "private": "bnVsbA==",
          "dependencies": [
            "aws_network_acl.public",
            "aws_subnet.private",
            "aws_subnet.public",
            "aws_vpc.this",
            "data.aws_availability_zones.azs"
          ]
        }
      ]
    },
    {
      "mode": "managed",
      "type": "aws_route",
      "name": "private_nat_gateway",
      "provider": "provider[\"registry.terraform.io/hashicorp/aws\"]",
      "instances": [
        {
          "index_key": 0,
          "schema_version": 0,
          "attributes": {
            "carrier_gateway_id": "",
            "destination_cidr_block": "0.0.0.0/0",
            "destination_ipv6_cidr_block": "",
            "destination_prefix_list_id": "",
            "egress_only_gateway_id": "",
            "gateway_id": "",
            "id": "r-rtb-0251ccbbc765ef5281080289494",
            "instance_id": "",
            "instance_owner_id": "",
            "local_gateway_id": "",
            "nat_gateway_id": "nat-0a36d93c5032c391f",
            "network_interface_id": "",
            "origin": "CreateRoute",
            "route_table_id": "rtb-0251ccbbc765ef528",
            "state": "active",
            "timeouts": {
              "create": "5m",
              "delete": null,
              "update": null
            },
            "transit_gateway_id": "",
            "vpc_endpoint_id": "",
            "vpc_peering_connection_id": ""
          },
          "sensitive_attributes": [],
          "private": "eyJlMmJmYjczMC1lY2FhLTExZTYtOGY4OC0zNDM2M2JjN2M0YzAiOnsiY3JlYXRlIjozMDAwMDAwMDAwMDAsImRlbGV0ZSI6MzAwMDAwMDAwMDAwLCJ1cGRhdGUiOjEyMDAwMDAwMDAwMH19",
          "dependencies": [
            "aws_eip.nat",
            "aws_internet_gateway.this",
            "aws_nat_gateway.this",
            "aws_route_table.private",
            "aws_subnet.public",
            "aws_vpc.this",
            "data.aws_availability_zones.azs"
          ]
        },
        {
          "index_key": 1,
          "schema_version": 0,
          "attributes": {
            "carrier_gateway_id": "",
            "destination_cidr_block": "0.0.0.0/0",
            "destination_ipv6_cidr_block": "",
            "destination_prefix_list_id": "",
            "egress_only_gateway_id": "",
            "gateway_id": "",
            "id": "r-rtb-0edf72a65e93772ec1080289494",
            "instance_id": "",
            "instance_owner_id": "",
            "local_gateway_id": "",
            "nat_gateway_id": "nat-0872e5ed577c79a99",
            "network_interface_id": "",
            "origin": "CreateRoute",
            "route_table_id": "rtb-0edf72a65e93772ec",
            "state": "active",
            "timeouts": {
              "create": "5m",
              "delete": null,
              "update": null
            },
            "transit_gateway_id": "",
            "vpc_endpoint_id": "",
            "vpc_peering_connection_id": ""
          },
          "sensitive_attributes": [],
          "private": "eyJlMmJmYjczMC1lY2FhLTExZTYtOGY4OC0zNDM2M2JjN2M0YzAiOnsiY3JlYXRlIjozMDAwMDAwMDAwMDAsImRlbGV0ZSI6MzAwMDAwMDAwMDAwLCJ1cGRhdGUiOjEyMDAwMDAwMDAwMH19",
          "dependencies": [
            "aws_eip.nat",
            "aws_internet_gateway.this",
            "aws_nat_gateway.this",
            "aws_route_table.private",
            "aws_subnet.public",
            "aws_vpc.this",
            "data.aws_availability_zones.azs"
          ]
        },
        {
          "index_key": 2,
          "schema_version": 0,
          "attributes": {
            "carrier_gateway_id": "",
            "destination_cidr_block": "0.0.0.0/0",
            "destination_ipv6_cidr_block": "",
            "destination_prefix_list_id": "",
            "egress_only_gateway_id": "",
            "gateway_id": "",
            "id": "r-rtb-05fd4ec0f60f827c11080289494",
            "instance_id": "",
            "instance_owner_id": "",
            "local_gateway_id": "",
            "nat_gateway_id": "nat-0323c52e39dc886cb",
            "network_interface_id": "",
            "origin": "CreateRoute",
            "route_table_id": "rtb-05fd4ec0f60f827c1",
            "state": "active",
            "timeouts": {
              "create": "5m",
              "delete": null,
              "update": null
            },
            "transit_gateway_id": "",
            "vpc_endpoint_id": "",
            "vpc_peering_connection_id": ""
          },
          "sensitive_attributes": [],
          "private": "eyJlMmJmYjczMC1lY2FhLTExZTYtOGY4OC0zNDM2M2JjN2M0YzAiOnsiY3JlYXRlIjozMDAwMDAwMDAwMDAsImRlbGV0ZSI6MzAwMDAwMDAwMDAwLCJ1cGRhdGUiOjEyMDAwMDAwMDAwMH19",
          "dependencies": [
            "aws_eip.nat",
            "aws_internet_gateway.this",
            "aws_nat_gateway.this",
            "aws_route_table.private",
            "aws_subnet.public",
            "aws_vpc.this",
            "data.aws_availability_zones.azs"
          ]
        }
      ]
    },
    {
      "mode": "managed",
      "type": "aws_route",
      "name": "public_internet_gateway",
      "provider": "provider[\"registry.terraform.io/hashicorp/aws\"]",
      "instances": [
        {
          "index_key": 0,
          "schema_version": 0,
          "attributes": {
            "carrier_gateway_id": "",
            "destination_cidr_block": "0.0.0.0/0",
            "destination_ipv6_cidr_block": "",
            "destination_prefix_list_id": "",
            "egress_only_gateway_id": "",
            "gateway_id": "igw-0c12919f9e833816a",
            "id": "r-rtb-01c4c82f8573db2af1080289494",
            "instance_id": "",
            "instance_owner_id": "",
            "local_gateway_id": "",
            "nat_gateway_id": "",
            "network_interface_id": "",
            "origin": "CreateRoute",
            "route_table_id": "rtb-01c4c82f8573db2af",
            "state": "active",
            "timeouts": {
              "create": "5m",
              "delete": null,
              "update": null
            },
            "transit_gateway_id": "",
            "vpc_endpoint_id": "",
            "vpc_peering_connection_id": ""
          },
          "sensitive_attributes": [],
          "private": "eyJlMmJmYjczMC1lY2FhLTExZTYtOGY4OC0zNDM2M2JjN2M0YzAiOnsiY3JlYXRlIjozMDAwMDAwMDAwMDAsImRlbGV0ZSI6MzAwMDAwMDAwMDAwLCJ1cGRhdGUiOjEyMDAwMDAwMDAwMH19",
          "dependencies": [
            "aws_internet_gateway.this",
            "aws_route_table.public",
            "aws_vpc.this"
          ]
        }
      ]
    },
    {
      "mode": "managed",
      "type": "aws_route53_zone",
      "name": "private",
      "provider": "provider[\"registry.terraform.io/hashicorp/aws\"]",
      "instances": [
        {
          "index_key": 0,
          "schema_version": 0,
          "attributes": {
            "arn": "arn:aws:route53:::hostedzone/Z08754649M3J3TWZ8XMR",
            "comment": "Managed by Terraform",
            "delegation_set_id": "",
            "force_destroy": false,
            "id": "Z08754649M3J3TWZ8XMR",
            "name": "csfp.dev.software.nokia.com",
            "name_servers": [
              "ns-0.awsdns-00.com.",
              "ns-1024.awsdns-00.org.",
              "ns-1536.awsdns-00.co.uk.",
              "ns-512.awsdns-00.net."
            ],
            "tags": null,
            "tags_all": {
              "ClusterRegion": "nokia-lab-ap-southeast-2",
              "Component": "EKS cluster",
              "DeployerTool": "CsfpOps",
              "KubernetesCluster": "nokia-lab"
            },
            "vpc": [
              {
                "vpc_id": "vpc-03a8d6ceac4c8ba6c",
                "vpc_region": "ap-southeast-2"
              }
            ],
            "zone_id": "Z08754649M3J3TWZ8XMR"
          },
          "sensitive_attributes": [],
          "private": "bnVsbA==",
          "dependencies": [
            "aws_vpc.this"
          ]
        }
      ]
    },
    {
      "mode": "managed",
      "type": "aws_route_table",
      "name": "private",
      "provider": "provider[\"registry.terraform.io/hashicorp/aws\"]",
      "instances": [
        {
          "index_key": 0,
          "schema_version": 0,
          "attributes": {
            "arn": "arn:aws:ec2:ap-southeast-2:126494010021:route-table/rtb-0251ccbbc765ef528",
            "id": "rtb-0251ccbbc765ef528",
            "owner_id": "126494010021",
            "propagating_vgws": [],
            "route": [],
            "tags": {
              "Name": "nokia-lab-private-ap-southeast-2a-natgw"
            },
            "tags_all": {
              "ClusterRegion": "nokia-lab-ap-southeast-2",
              "Component": "EKS cluster",
              "DeployerTool": "CsfpOps",
              "KubernetesCluster": "nokia-lab",
              "Name": "nokia-lab-private-ap-southeast-2a-natgw"
            },
            "timeouts": null,
            "vpc_id": "vpc-03a8d6ceac4c8ba6c"
          },
          "sensitive_attributes": [],
          "private": "eyJlMmJmYjczMC1lY2FhLTExZTYtOGY4OC0zNDM2M2JjN2M0YzAiOnsiY3JlYXRlIjoxMjAwMDAwMDAwMDAsImRlbGV0ZSI6MzAwMDAwMDAwMDAwLCJ1cGRhdGUiOjEyMDAwMDAwMDAwMH19",
          "dependencies": [
            "aws_vpc.this",
            "data.aws_availability_zones.azs"
          ]
        },
        {
          "index_key": 1,
          "schema_version": 0,
          "attributes": {
            "arn": "arn:aws:ec2:ap-southeast-2:126494010021:route-table/rtb-0edf72a65e93772ec",
            "id": "rtb-0edf72a65e93772ec",
            "owner_id": "126494010021",
            "propagating_vgws": [],
            "route": [],
            "tags": {
              "Name": "nokia-lab-private-ap-southeast-2b-natgw"
            },
            "tags_all": {
              "ClusterRegion": "nokia-lab-ap-southeast-2",
              "Component": "EKS cluster",
              "DeployerTool": "CsfpOps",
              "KubernetesCluster": "nokia-lab",
              "Name": "nokia-lab-private-ap-southeast-2b-natgw"
            },
            "timeouts": null,
            "vpc_id": "vpc-03a8d6ceac4c8ba6c"
          },
          "sensitive_attributes": [],
          "private": "eyJlMmJmYjczMC1lY2FhLTExZTYtOGY4OC0zNDM2M2JjN2M0YzAiOnsiY3JlYXRlIjoxMjAwMDAwMDAwMDAsImRlbGV0ZSI6MzAwMDAwMDAwMDAwLCJ1cGRhdGUiOjEyMDAwMDAwMDAwMH19",
          "dependencies": [
            "aws_vpc.this",
            "data.aws_availability_zones.azs"
          ]
        },
        {
          "index_key": 2,
          "schema_version": 0,
          "attributes": {
            "arn": "arn:aws:ec2:ap-southeast-2:126494010021:route-table/rtb-05fd4ec0f60f827c1",
            "id": "rtb-05fd4ec0f60f827c1",
            "owner_id": "126494010021",
            "propagating_vgws": [],
            "route": [],
            "tags": {
              "Name": "nokia-lab-private-ap-southeast-2c-natgw"
            },
            "tags_all": {
              "ClusterRegion": "nokia-lab-ap-southeast-2",
              "Component": "EKS cluster",
              "DeployerTool": "CsfpOps",
              "KubernetesCluster": "nokia-lab",
              "Name": "nokia-lab-private-ap-southeast-2c-natgw"
            },
            "timeouts": null,
            "vpc_id": "vpc-03a8d6ceac4c8ba6c"
          },
          "sensitive_attributes": [],
          "private": "eyJlMmJmYjczMC1lY2FhLTExZTYtOGY4OC0zNDM2M2JjN2M0YzAiOnsiY3JlYXRlIjoxMjAwMDAwMDAwMDAsImRlbGV0ZSI6MzAwMDAwMDAwMDAwLCJ1cGRhdGUiOjEyMDAwMDAwMDAwMH19",
          "dependencies": [
            "aws_vpc.this",
            "data.aws_availability_zones.azs"
          ]
        }
      ]
    },
    {
      "mode": "managed",
      "type": "aws_route_table",
      "name": "public",
      "provider": "provider[\"registry.terraform.io/hashicorp/aws\"]",
      "instances": [
        {
          "index_key": 0,
          "schema_version": 0,
          "attributes": {
            "arn": "arn:aws:ec2:ap-southeast-2:126494010021:route-table/rtb-01c4c82f8573db2af",
            "id": "rtb-01c4c82f8573db2af",
            "owner_id": "126494010021",
            "propagating_vgws": [],
            "route": [],
            "tags": {
              "Name": "nokia-lab-public-rt"
            },
            "tags_all": {
              "ClusterRegion": "nokia-lab-ap-southeast-2",
              "Component": "EKS cluster",
              "DeployerTool": "CsfpOps",
              "KubernetesCluster": "nokia-lab",
              "Name": "nokia-lab-public-rt"
            },
            "timeouts": null,
            "vpc_id": "vpc-03a8d6ceac4c8ba6c"
          },
          "sensitive_attributes": [],
          "private": "eyJlMmJmYjczMC1lY2FhLTExZTYtOGY4OC0zNDM2M2JjN2M0YzAiOnsiY3JlYXRlIjoxMjAwMDAwMDAwMDAsImRlbGV0ZSI6MzAwMDAwMDAwMDAwLCJ1cGRhdGUiOjEyMDAwMDAwMDAwMH19",
          "dependencies": [
            "aws_vpc.this"
          ]
        }
      ]
    },
    {
      "mode": "managed",
      "type": "aws_route_table_association",
      "name": "private",
      "provider": "provider[\"registry.terraform.io/hashicorp/aws\"]",
      "instances": [
        {
          "index_key": 0,
          "schema_version": 0,
          "attributes": {
            "gateway_id": "",
            "id": "rtbassoc-00b5ceb57219c4740",
            "route_table_id": "rtb-0251ccbbc765ef528",
            "subnet_id": "subnet-089d3849b91bc919c"
          },
          "sensitive_attributes": [],
          "private": "bnVsbA==",
          "dependencies": [
            "aws_route_table.private",
            "aws_subnet.private",
            "aws_vpc.this",
            "data.aws_availability_zones.azs"
          ]
        },
        {
          "index_key": 1,
          "schema_version": 0,
          "attributes": {
            "gateway_id": "",
            "id": "rtbassoc-0f12cca236048bfe8",
            "route_table_id": "rtb-0edf72a65e93772ec",
            "subnet_id": "subnet-0553a86375bbeacc6"
          },
          "sensitive_attributes": [],
          "private": "bnVsbA==",
          "dependencies": [
            "aws_route_table.private",
            "aws_subnet.private",
            "aws_vpc.this",
            "data.aws_availability_zones.azs"
          ]
        },
        {
          "index_key": 2,
          "schema_version": 0,
          "attributes": {
            "gateway_id": "",
            "id": "rtbassoc-088e7fea7626df266",
            "route_table_id": "rtb-05fd4ec0f60f827c1",
            "subnet_id": "subnet-0c33cfb9afbadfde7"
          },
          "sensitive_attributes": [],
          "private": "bnVsbA==",
          "dependencies": [
            "aws_route_table.private",
            "aws_subnet.private",
            "aws_vpc.this",
            "data.aws_availability_zones.azs"
          ]
        }
      ]
    },
    {
      "mode": "managed",
      "type": "aws_route_table_association",
      "name": "public",
      "provider": "provider[\"registry.terraform.io/hashicorp/aws\"]",
      "instances": [
        {
          "index_key": 0,
          "schema_version": 0,
          "attributes": {
            "gateway_id": "",
            "id": "rtbassoc-0a8dd143a43432c97",
            "route_table_id": "rtb-01c4c82f8573db2af",
            "subnet_id": "subnet-039a9f5cba4f7b3c2"
          },
          "sensitive_attributes": [],
          "private": "bnVsbA==",
          "dependencies": [
            "aws_route_table.public",
            "aws_subnet.public",
            "aws_vpc.this",
            "data.aws_availability_zones.azs"
          ]
        },
        {
          "index_key": 1,
          "schema_version": 0,
          "attributes": {
            "gateway_id": "",
            "id": "rtbassoc-0d0e06dd160623fff",
            "route_table_id": "rtb-01c4c82f8573db2af",
            "subnet_id": "subnet-01b12d3b75af3c373"
          },
          "sensitive_attributes": [],
          "private": "bnVsbA==",
          "dependencies": [
            "aws_route_table.public",
            "aws_subnet.public",
            "aws_vpc.this",
            "data.aws_availability_zones.azs"
          ]
        },
        {
          "index_key": 2,
          "schema_version": 0,
          "attributes": {
            "gateway_id": "",
            "id": "rtbassoc-02e403c67b94220a2",
            "route_table_id": "rtb-01c4c82f8573db2af",
            "subnet_id": "subnet-0c984518e3b971ecc"
          },
          "sensitive_attributes": [],
          "private": "bnVsbA==",
          "dependencies": [
            "aws_route_table.public",
            "aws_subnet.public",
            "aws_vpc.this",
            "data.aws_availability_zones.azs"
          ]
        }
      ]
    },
    {
      "mode": "managed",
      "type": "aws_security_group",
      "name": "cluster",
      "provider": "provider[\"registry.terraform.io/hashicorp/aws\"]",
      "instances": [
        {
          "schema_version": 1,
          "attributes": {
            "arn": "arn:aws:ec2:ap-southeast-2:126494010021:security-group/sg-0f2afd8c03dc2ad1d",
            "description": "Main Cluster security group",
            "egress": [
              {
                "cidr_blocks": [
                  "0.0.0.0/0"
                ],
                "description": "Allow cluster egress access to the Internet.",
                "from_port": 0,
                "ipv6_cidr_blocks": [],
                "prefix_list_ids": [],
                "protocol": "-1",
                "security_groups": [],
                "self": false,
                "to_port": 0
              }
            ],
            "id": "sg-0f2afd8c03dc2ad1d",
            "ingress": [
              {
                "cidr_blocks": [
                  "10.76.200.0/28"
                ],
                "description": "Allow internal communication with EKS backplane and CLUSTER_SECURITY_GROUP_RULES.IPSETS defined in vars.yaml.",
                "from_port": 0,
                "ipv6_cidr_blocks": [],
                "prefix_list_ids": [],
                "protocol": "-1",
                "security_groups": [],
                "self": true,
                "to_port": 0
              },
              {
                "cidr_blocks": [
                  "13.54.68.194/32"
                ],
                "description": "allow NAT Gateway EIP (13.54.68.194/32) on all ports",
                "from_port": 0,
                "ipv6_cidr_blocks": [],
                "prefix_list_ids": [],
                "protocol": "tcp",
                "security_groups": [],
                "self": false,
                "to_port": 65535
              },
              {
                "cidr_blocks": [
                  "13.55.53.143/32"
                ],
                "description": "allow NAT Gateway EIP (13.55.53.143/32) on all ports",
                "from_port": 0,
                "ipv6_cidr_blocks": [],
                "prefix_list_ids": [],
                "protocol": "tcp",
                "security_groups": [],
                "self": false,
                "to_port": 65535
              },
              {
                "cidr_blocks": [
                  "54.206.182.189/32"
                ],
                "description": "allow NAT Gateway EIP (54.206.182.189/32) on all ports",
                "from_port": 0,
                "ipv6_cidr_blocks": [],
                "prefix_list_ids": [],
                "protocol": "tcp",
                "security_groups": [],
                "self": false,
                "to_port": 65535
              }
            ],
            "name": "nokia-lab-cluster-sg-20221102093638513400000003",
            "name_prefix": "nokia-lab-cluster-sg-",
            "owner_id": "126494010021",
            "revoke_rules_on_delete": false,
            "tags": {
              "Name": "nokia-lab-cluster-sg"
            },
            "tags_all": {
              "ClusterRegion": "nokia-lab-ap-southeast-2",
              "Component": "EKS cluster",
              "DeployerTool": "CsfpOps",
              "KubernetesCluster": "nokia-lab",
              "Name": "nokia-lab-cluster-sg"
            },
            "timeouts": null,
            "vpc_id": "vpc-03a8d6ceac4c8ba6c"
          },
          "sensitive_attributes": [],
          "private": "eyJlMmJmYjczMC1lY2FhLTExZTYtOGY4OC0zNDM2M2JjN2M0YzAiOnsiY3JlYXRlIjo2MDAwMDAwMDAwMDAsImRlbGV0ZSI6OTAwMDAwMDAwMDAwfSwic2NoZW1hX3ZlcnNpb24iOiIxIn0=",
          "dependencies": [
            "aws_eip.nat",
            "aws_internet_gateway.this",
            "aws_nat_gateway.this",
            "aws_subnet.public",
            "aws_vpc.this",
            "data.aws_availability_zones.azs"
          ],
          "create_before_destroy": true
        }
      ]
    },
    {
      "mode": "managed",
      "type": "aws_subnet",
      "name": "private",
      "provider": "provider[\"registry.terraform.io/hashicorp/aws\"]",
      "instances": [
        {
          "index_key": 0,
          "schema_version": 1,
          "attributes": {
            "arn": "arn:aws:ec2:ap-southeast-2:126494010021:subnet/subnet-089d3849b91bc919c",
            "assign_ipv6_address_on_creation": false,
            "availability_zone": "ap-southeast-2a",
            "availability_zone_id": "apse2-az1",
            "cidr_block": "10.1.1.0/24",
            "customer_owned_ipv4_pool": "",
            "id": "subnet-089d3849b91bc919c",
            "ipv6_cidr_block": "",
            "ipv6_cidr_block_association_id": "",
            "map_customer_owned_ip_on_launch": false,
            "map_public_ip_on_launch": false,
            "outpost_arn": "",
            "owner_id": "126494010021",
            "tags": {
              "Name": "nokia-lab-subnet-private-ap-southeast-2a",
              "Network": "private",
              "kubernetes.io/cluster/nokia-lab": "shared"
            },
            "tags_all": {
              "ClusterRegion": "nokia-lab-ap-southeast-2",
              "Component": "EKS cluster",
              "DeployerTool": "CsfpOps",
              "KubernetesCluster": "nokia-lab",
              "Name": "nokia-lab-subnet-private-ap-southeast-2a",
              "Network": "private",
              "kubernetes.io/cluster/nokia-lab": "shared"
            },
            "timeouts": null,
            "vpc_id": "vpc-03a8d6ceac4c8ba6c"
          },
          "sensitive_attributes": [],
          "private": "eyJlMmJmYjczMC1lY2FhLTExZTYtOGY4OC0zNDM2M2JjN2M0YzAiOnsiY3JlYXRlIjo2MDAwMDAwMDAwMDAsImRlbGV0ZSI6MTIwMDAwMDAwMDAwMH0sInNjaGVtYV92ZXJzaW9uIjoiMSJ9",
          "dependencies": [
            "aws_vpc.this",
            "data.aws_availability_zones.azs"
          ]
        },
        {
          "index_key": 1,
          "schema_version": 1,
          "attributes": {
            "arn": "arn:aws:ec2:ap-southeast-2:126494010021:subnet/subnet-0553a86375bbeacc6",
            "assign_ipv6_address_on_creation": false,
            "availability_zone": "ap-southeast-2b",
            "availability_zone_id": "apse2-az3",
            "cidr_block": "10.1.3.0/24",
            "customer_owned_ipv4_pool": "",
            "id": "subnet-0553a86375bbeacc6",
            "ipv6_cidr_block": "",
            "ipv6_cidr_block_association_id": "",
            "map_customer_owned_ip_on_launch": false,
            "map_public_ip_on_launch": false,
            "outpost_arn": "",
            "owner_id": "126494010021",
            "tags": {
              "Name": "nokia-lab-subnet-private-ap-southeast-2b",
              "Network": "private",
              "kubernetes.io/cluster/nokia-lab": "shared"
            },
            "tags_all": {
              "ClusterRegion": "nokia-lab-ap-southeast-2",
              "Component": "EKS cluster",
              "DeployerTool": "CsfpOps",
              "KubernetesCluster": "nokia-lab",
              "Name": "nokia-lab-subnet-private-ap-southeast-2b",
              "Network": "private",
              "kubernetes.io/cluster/nokia-lab": "shared"
            },
            "timeouts": null,
            "vpc_id": "vpc-03a8d6ceac4c8ba6c"
          },
          "sensitive_attributes": [],
          "private": "eyJlMmJmYjczMC1lY2FhLTExZTYtOGY4OC0zNDM2M2JjN2M0YzAiOnsiY3JlYXRlIjo2MDAwMDAwMDAwMDAsImRlbGV0ZSI6MTIwMDAwMDAwMDAwMH0sInNjaGVtYV92ZXJzaW9uIjoiMSJ9",
          "dependencies": [
            "aws_vpc.this",
            "data.aws_availability_zones.azs"
          ]
        },
        {
          "index_key": 2,
          "schema_version": 1,
          "attributes": {
            "arn": "arn:aws:ec2:ap-southeast-2:126494010021:subnet/subnet-0c33cfb9afbadfde7",
            "assign_ipv6_address_on_creation": false,
            "availability_zone": "ap-southeast-2c",
            "availability_zone_id": "apse2-az2",
            "cidr_block": "10.1.5.0/24",
            "customer_owned_ipv4_pool": "",
            "id": "subnet-0c33cfb9afbadfde7",
            "ipv6_cidr_block": "",
            "ipv6_cidr_block_association_id": "",
            "map_customer_owned_ip_on_launch": false,
            "map_public_ip_on_launch": false,
            "outpost_arn": "",
            "owner_id": "126494010021",
            "tags": {
              "Name": "nokia-lab-subnet-private-ap-southeast-2c",
              "Network": "private",
              "kubernetes.io/cluster/nokia-lab": "shared"
            },
            "tags_all": {
              "ClusterRegion": "nokia-lab-ap-southeast-2",
              "Component": "EKS cluster",
              "DeployerTool": "CsfpOps",
              "KubernetesCluster": "nokia-lab",
              "Name": "nokia-lab-subnet-private-ap-southeast-2c",
              "Network": "private",
              "kubernetes.io/cluster/nokia-lab": "shared"
            },
            "timeouts": null,
            "vpc_id": "vpc-03a8d6ceac4c8ba6c"
          },
          "sensitive_attributes": [],
          "private": "eyJlMmJmYjczMC1lY2FhLTExZTYtOGY4OC0zNDM2M2JjN2M0YzAiOnsiY3JlYXRlIjo2MDAwMDAwMDAwMDAsImRlbGV0ZSI6MTIwMDAwMDAwMDAwMH0sInNjaGVtYV92ZXJzaW9uIjoiMSJ9",
          "dependencies": [
            "aws_vpc.this",
            "data.aws_availability_zones.azs"
          ]
        }
      ]
    },
    {
      "mode": "managed",
      "type": "aws_subnet",
      "name": "public",
      "provider": "provider[\"registry.terraform.io/hashicorp/aws\"]",
      "instances": [
        {
          "index_key": 0,
          "schema_version": 1,
          "attributes": {
            "arn": "arn:aws:ec2:ap-southeast-2:126494010021:subnet/subnet-039a9f5cba4f7b3c2",
            "assign_ipv6_address_on_creation": false,
            "availability_zone": "ap-southeast-2a",
            "availability_zone_id": "apse2-az1",
            "cidr_block": "10.1.0.0/24",
            "customer_owned_ipv4_pool": "",
            "id": "subnet-039a9f5cba4f7b3c2",
            "ipv6_cidr_block": "",
            "ipv6_cidr_block_association_id": "",
            "map_customer_owned_ip_on_launch": false,
            "map_public_ip_on_launch": true,
            "outpost_arn": "",
            "owner_id": "126494010021",
            "tags": {
              "Name": "nokia-lab-subnet-public-ap-southeast-2a",
              "Network": "public",
              "kubernetes.io/cluster/nokia-lab": "shared"
            },
            "tags_all": {
              "ClusterRegion": "nokia-lab-ap-southeast-2",
              "Component": "EKS cluster",
              "DeployerTool": "CsfpOps",
              "KubernetesCluster": "nokia-lab",
              "Name": "nokia-lab-subnet-public-ap-southeast-2a",
              "Network": "public",
              "kubernetes.io/cluster/nokia-lab": "shared"
            },
            "timeouts": null,
            "vpc_id": "vpc-03a8d6ceac4c8ba6c"
          },
          "sensitive_attributes": [],
          "private": "eyJlMmJmYjczMC1lY2FhLTExZTYtOGY4OC0zNDM2M2JjN2M0YzAiOnsiY3JlYXRlIjo2MDAwMDAwMDAwMDAsImRlbGV0ZSI6MTIwMDAwMDAwMDAwMH0sInNjaGVtYV92ZXJzaW9uIjoiMSJ9",
          "dependencies": [
            "aws_vpc.this",
            "data.aws_availability_zones.azs"
          ],
          "create_before_destroy": true
        },
        {
          "index_key": 1,
          "schema_version": 1,
          "attributes": {
            "arn": "arn:aws:ec2:ap-southeast-2:126494010021:subnet/subnet-01b12d3b75af3c373",
            "assign_ipv6_address_on_creation": false,
            "availability_zone": "ap-southeast-2b",
            "availability_zone_id": "apse2-az3",
            "cidr_block": "10.1.2.0/24",
            "customer_owned_ipv4_pool": "",
            "id": "subnet-01b12d3b75af3c373",
            "ipv6_cidr_block": "",
            "ipv6_cidr_block_association_id": "",
            "map_customer_owned_ip_on_launch": false,
            "map_public_ip_on_launch": true,
            "outpost_arn": "",
            "owner_id": "126494010021",
            "tags": {
              "Name": "nokia-lab-subnet-public-ap-southeast-2b",
              "Network": "public",
              "kubernetes.io/cluster/nokia-lab": "shared"
            },
            "tags_all": {
              "ClusterRegion": "nokia-lab-ap-southeast-2",
              "Component": "EKS cluster",
              "DeployerTool": "CsfpOps",
              "KubernetesCluster": "nokia-lab",
              "Name": "nokia-lab-subnet-public-ap-southeast-2b",
              "Network": "public",
              "kubernetes.io/cluster/nokia-lab": "shared"
            },
            "timeouts": null,
            "vpc_id": "vpc-03a8d6ceac4c8ba6c"
          },
          "sensitive_attributes": [],
          "private": "eyJlMmJmYjczMC1lY2FhLTExZTYtOGY4OC0zNDM2M2JjN2M0YzAiOnsiY3JlYXRlIjo2MDAwMDAwMDAwMDAsImRlbGV0ZSI6MTIwMDAwMDAwMDAwMH0sInNjaGVtYV92ZXJzaW9uIjoiMSJ9",
          "dependencies": [
            "aws_vpc.this",
            "data.aws_availability_zones.azs"
          ],
          "create_before_destroy": true
        },
        {
          "index_key": 2,
          "schema_version": 1,
          "attributes": {
            "arn": "arn:aws:ec2:ap-southeast-2:126494010021:subnet/subnet-0c984518e3b971ecc",
            "assign_ipv6_address_on_creation": false,
            "availability_zone": "ap-southeast-2c",
            "availability_zone_id": "apse2-az2",
            "cidr_block": "10.1.4.0/24",
            "customer_owned_ipv4_pool": "",
            "id": "subnet-0c984518e3b971ecc",
            "ipv6_cidr_block": "",
            "ipv6_cidr_block_association_id": "",
            "map_customer_owned_ip_on_launch": false,
            "map_public_ip_on_launch": true,
            "outpost_arn": "",
            "owner_id": "126494010021",
            "tags": {
              "Name": "nokia-lab-subnet-public-ap-southeast-2c",
              "Network": "public",
              "kubernetes.io/cluster/nokia-lab": "shared"
            },
            "tags_all": {
              "ClusterRegion": "nokia-lab-ap-southeast-2",
              "Component": "EKS cluster",
              "DeployerTool": "CsfpOps",
              "KubernetesCluster": "nokia-lab",
              "Name": "nokia-lab-subnet-public-ap-southeast-2c",
              "Network": "public",
              "kubernetes.io/cluster/nokia-lab": "shared"
            },
            "timeouts": null,
            "vpc_id": "vpc-03a8d6ceac4c8ba6c"
          },
          "sensitive_attributes": [],
          "private": "eyJlMmJmYjczMC1lY2FhLTExZTYtOGY4OC0zNDM2M2JjN2M0YzAiOnsiY3JlYXRlIjo2MDAwMDAwMDAwMDAsImRlbGV0ZSI6MTIwMDAwMDAwMDAwMH0sInNjaGVtYV92ZXJzaW9uIjoiMSJ9",
          "dependencies": [
            "aws_vpc.this",
            "data.aws_availability_zones.azs"
          ],
          "create_before_destroy": true
        }
      ]
    },
    {
      "mode": "managed",
      "type": "aws_vpc",
      "name": "this",
      "provider": "provider[\"registry.terraform.io/hashicorp/aws\"]",
      "instances": [
        {
          "index_key": 0,
          "schema_version": 1,
          "attributes": {
            "arn": "arn:aws:ec2:ap-southeast-2:126494010021:vpc/vpc-03a8d6ceac4c8ba6c",
            "assign_generated_ipv6_cidr_block": false,
            "cidr_block": "10.1.0.0/16",
            "default_network_acl_id": "acl-0f5eaf4290e54d16e",
            "default_route_table_id": "rtb-05a8f50e35295695d",
            "default_security_group_id": "sg-0e4c6f22ace4dfffd",
            "dhcp_options_id": "dopt-031020e46fb020284",
            "enable_classiclink": false,
            "enable_classiclink_dns_support": false,
            "enable_dns_hostnames": true,
            "enable_dns_support": true,
            "id": "vpc-03a8d6ceac4c8ba6c",
            "instance_tenancy": "default",
            "ipv6_association_id": "",
            "ipv6_cidr_block": "",
            "main_route_table_id": "rtb-05a8f50e35295695d",
            "owner_id": "126494010021",
            "tags": {
              "Name": "nokia-lab-vpc"
            },
            "tags_all": {
              "ClusterRegion": "nokia-lab-ap-southeast-2",
              "Component": "EKS cluster",
              "DeployerTool": "CsfpOps",
              "KubernetesCluster": "nokia-lab",
              "Name": "nokia-lab-vpc"
            }
          },
          "sensitive_attributes": [],
          "private": "eyJzY2hlbWFfdmVyc2lvbiI6IjEifQ==",
          "create_before_destroy": true
        }
      ]
    },
    {
      "mode": "managed",
      "type": "aws_vpc_endpoint",
      "name": "gateway_endpoints",
      "provider": "provider[\"registry.terraform.io/hashicorp/aws\"]",
      "instances": [
        {
          "index_key": 0,
          "schema_version": 0,
          "attributes": {
            "arn": "arn:aws:ec2:ap-southeast-2:126494010021:vpc-endpoint/vpce-0be920055209787d0",
            "auto_accept": null,
            "cidr_blocks": [
              "3.5.164.0/22",
              "3.5.168.0/23",
              "52.95.128.0/21"
            ],
            "dns_entry": [],
            "id": "vpce-0be920055209787d0",
            "network_interface_ids": [],
            "owner_id": "126494010021",
            "policy": "{\"Statement\":[{\"Action\":\"*\",\"Effect\":\"Allow\",\"Principal\":\"*\",\"Resource\":\"*\"}],\"Version\":\"2008-10-17\"}",
            "prefix_list_id": "pl-6ca54005",
            "private_dns_enabled": false,
            "requester_managed": false,
            "route_table_ids": [
              "rtb-0251ccbbc765ef528",
              "rtb-05fd4ec0f60f827c1",
              "rtb-0edf72a65e93772ec"
            ],
            "security_group_ids": [],
            "service_name": "com.amazonaws.ap-southeast-2.s3",
            "state": "available",
            "subnet_ids": [],
            "tags": {
              "Name": "nokia-lab-vpce-s3"
            },
            "tags_all": {
              "ClusterRegion": "nokia-lab-ap-southeast-2",
              "Component": "EKS cluster",
              "DeployerTool": "CsfpOps",
              "KubernetesCluster": "nokia-lab",
              "Name": "nokia-lab-vpce-s3"
            },
            "timeouts": null,
            "vpc_endpoint_type": "Gateway",
            "vpc_id": "vpc-03a8d6ceac4c8ba6c"
          },
          "sensitive_attributes": [],
          "private": "eyJlMmJmYjczMC1lY2FhLTExZTYtOGY4OC0zNDM2M2JjN2M0YzAiOnsiY3JlYXRlIjo2MDAwMDAwMDAwMDAsImRlbGV0ZSI6NjAwMDAwMDAwMDAwLCJ1cGRhdGUiOjYwMDAwMDAwMDAwMH19",
          "dependencies": [
            "aws_route_table.private",
            "aws_vpc.this",
            "data.aws_availability_zones.azs"
          ]
        }
      ]
    },
    {
      "mode": "managed",
      "type": "time_sleep",
      "name": "wait_10_seconds",
      "provider": "provider[\"registry.terraform.io/hashicorp/time\"]",
      "instances": [
        {
          "index_key": 0,
          "schema_version": 0,
          "attributes": {
            "create_duration": "10s",
            "destroy_duration": null,
            "id": "2022-11-02T09:35:04Z",
            "triggers": null
          },
          "sensitive_attributes": [],
          "private": "bnVsbA==",
          "dependencies": [
            "aws_subnet.private",
            "aws_subnet.public",
            "aws_vpc.this",
            "data.aws_availability_zones.azs"
          ]
        }
      ]
    }
  ]
}
