{
  "version": 4,
  "terraform_version": "0.14.11",
  "serial": 60,
  "lineage": "658eb1f3-25dd-81f9-4c46-475914cd95bd",
  "outputs": {},
  "resources": [
    {
      "mode": "data",
      "type": "aws_ami",
      "name": "eks_worker",
      "provider": "provider[\"registry.terraform.io/hashicorp/aws\"]",
      "instances": [
        {
          "schema_version": 0,
          "attributes": {
            "architecture": "x86_64",
            "arn": "arn:aws:ec2:ap-southeast-2::image/ami-0ffc36bf1a175f9f5",
            "block_device_mappings": [
              {
                "device_name": "/dev/xvda",
                "ebs": {
                  "delete_on_termination": "true",
                  "encrypted": "false",
                  "iops": "0",
                  "snapshot_id": "snap-0d3e8c0170f0b3f1b",
                  "throughput": "0",
                  "volume_size": "20",
                  "volume_type": "gp2"
                },
                "no_device": "",
                "virtual_name": ""
              }
            ],
            "creation_date": "2022-11-04T14:58:56.000Z",
            "description": "EKS Kubernetes Worker AMI with AmazonLinux2 image, (k8s: 1.22.12, docker: 20.10.17-1.amzn2.0.1, containerd: 1.6.6-1.amzn2.0.2)",
            "ena_support": true,
            "executable_users": null,
            "filter": [
              {
                "name": "name",
                "values": [
                  "amazon-eks-node-1.22-v*"
                ]
              }
            ],
            "hypervisor": "xen",
            "id": "ami-0ffc36bf1a175f9f5",
            "image_id": "ami-0ffc36bf1a175f9f5",
            "image_location": "amazon/amazon-eks-node-1.22-v20221104",
            "image_owner_alias": "amazon",
            "image_type": "machine",
            "kernel_id": null,
            "most_recent": true,
            "name": "amazon-eks-node-1.22-v20221104",
            "name_regex": null,
            "owner_id": "602401143452",
            "owners": [
              "602401143452"
            ],
            "platform": null,
            "platform_details": "Linux/UNIX",
            "product_codes": [],
            "public": true,
            "ramdisk_id": null,
            "root_device_name": "/dev/xvda",
            "root_device_type": "ebs",
            "root_snapshot_id": "snap-0d3e8c0170f0b3f1b",
            "sriov_net_support": "simple",
            "state": "available",
            "state_reason": {
              "code": "UNSET",
              "message": "UNSET"
            },
            "tags": {},
            "usage_operation": "RunInstances",
            "virtualization_type": "hvm"
          },
          "sensitive_attributes": []
        }
      ]
    },
    {
      "mode": "data",
      "type": "aws_availability_zones",
      "name": "azs",
      "provider": "provider[\"registry.terraform.io/hashicorp/aws\"]",
      "instances": [
        {
          "schema_version": 0,
          "attributes": {
            "all_availability_zones": null,
            "exclude_names": null,
            "exclude_zone_ids": null,
            "filter": null,
            "group_names": [
              "ap-southeast-2"
            ],
            "id": "ap-southeast-2",
            "names": [
              "ap-southeast-2a",
              "ap-southeast-2b",
              "ap-southeast-2c"
            ],
            "state": null,
            "zone_ids": [
              "apse2-az1",
              "apse2-az3",
              "apse2-az2"
            ]
          },
          "sensitive_attributes": []
        }
      ]
    },
    {
      "mode": "data",
      "type": "aws_caller_identity",
      "name": "current",
      "provider": "provider[\"registry.terraform.io/hashicorp/aws\"]",
      "instances": [
        {
          "schema_version": 0,
          "attributes": {
            "account_id": "126494010021",
            "arn": "arn:aws:iam::126494010021:user/nokia_installer",
            "id": "126494010021",
            "user_id": "AIDAR245BNKSXQLGVE4AX"
          },
          "sensitive_attributes": []
        }
      ]
    },
    {
      "mode": "data",
      "type": "aws_iam_role",
      "name": "eks",
      "provider": "provider[\"registry.terraform.io/hashicorp/aws\"]",
      "instances": [
        {
          "schema_version": 0,
          "attributes": {
            "arn": "arn:aws:iam::126494010021:role/service_eks_cluster",
            "assume_role_policy": "{\"Version\":\"2012-10-17\",\"Statement\":[{\"Effect\":\"Allow\",\"Principal\":{\"Service\":\"eks.amazonaws.com\"},\"Action\":\"sts:AssumeRole\"}]}",
            "create_date": "2022-02-17T09:04:42Z",
            "description": "Allows access to other AWS service resources that are required to operate clusters managed by EKS.",
            "id": "service_eks_cluster",
            "max_session_duration": 3600,
            "name": "service_eks_cluster",
            "path": "/",
            "permissions_boundary": "",
            "tags": {
              "Name": "service_eks_cluster"
            },
            "unique_id": "AROAR245BNKS5W76WXNZT"
          },
          "sensitive_attributes": []
        }
      ]
    },
    {
      "mode": "data",
      "type": "aws_iam_role",
      "name": "nodes",
      "provider": "provider[\"registry.terraform.io/hashicorp/aws\"]",
      "instances": [
        {
          "schema_version": 0,
          "attributes": {
            "arn": "arn:aws:iam::126494010021:role/service_ec2_eksnode",
            "assume_role_policy": "{\"Version\":\"2012-10-17\",\"Statement\":[{\"Effect\":\"Allow\",\"Principal\":{\"Service\":\"ec2.amazonaws.com\"},\"Action\":\"sts:AssumeRole\"}]}",
            "create_date": "2022-02-17T09:34:50Z",
            "description": "Allows EC2 instances to call AWS services on your behalf.",
            "id": "service_ec2_eksnode",
            "max_session_duration": 3600,
            "name": "service_ec2_eksnode",
            "path": "/",
            "permissions_boundary": "",
            "tags": {
              "Name": "service_ec2_eksnode"
            },
            "unique_id": "AROAR245BNKS42ZXRZBFF"
          },
          "sensitive_attributes": []
        }
      ]
    },
    {
      "mode": "data",
      "type": "aws_kms_key",
      "name": "cluster",
      "provider": "provider[\"registry.terraform.io/hashicorp/aws\"]",
      "instances": [
        {
          "schema_version": 0,
          "attributes": {
            "arn": "arn:aws:kms:ap-southeast-2:126494010021:key/e03ea6d5-14ae-42d4-bbbb-64757cb6e809",
            "aws_account_id": "126494010021",
            "creation_date": "2022-11-11T12:49:11Z",
            "customer_master_key_spec": "SYMMETRIC_DEFAULT",
            "deletion_date": null,
            "description": "nokia-lab EKS Secret Encryption Key",
            "enabled": true,
            "expiration_model": "",
            "grant_tokens": null,
            "id": "e03ea6d5-14ae-42d4-bbbb-64757cb6e809",
            "key_id": "e03ea6d5-14ae-42d4-bbbb-64757cb6e809",
            "key_manager": "CUSTOMER",
            "key_state": "Enabled",
            "key_usage": "ENCRYPT_DECRYPT",
            "multi_region": false,
            "multi_region_configuration": [],
            "origin": "AWS_KMS",
            "valid_to": null
          },
          "sensitive_attributes": []
        }
      ]
    },
    {
      "mode": "data",
      "type": "aws_kms_key",
      "name": "s3_artifacts",
      "provider": "provider[\"registry.terraform.io/hashicorp/aws\"]",
      "instances": [
        {
          "schema_version": 0,
          "attributes": {
            "arn": "arn:aws:kms:ap-southeast-2:126494010021:key/e03ea6d5-14ae-42d4-bbbb-64757cb6e809",
            "aws_account_id": "126494010021",
            "creation_date": "2022-11-11T12:49:11Z",
            "customer_master_key_spec": "SYMMETRIC_DEFAULT",
            "deletion_date": null,
            "description": "nokia-lab EKS Secret Encryption Key",
            "enabled": true,
            "expiration_model": "",
            "grant_tokens": null,
            "id": "e03ea6d5-14ae-42d4-bbbb-64757cb6e809",
            "key_id": "e03ea6d5-14ae-42d4-bbbb-64757cb6e809",
            "key_manager": "CUSTOMER",
            "key_state": "Enabled",
            "key_usage": "ENCRYPT_DECRYPT",
            "multi_region": false,
            "multi_region_configuration": [],
            "origin": "AWS_KMS",
            "valid_to": null
          },
          "sensitive_attributes": []
        }
      ]
    },
    {
      "mode": "data",
      "type": "aws_partition",
      "name": "current",
      "provider": "provider[\"registry.terraform.io/hashicorp/aws\"]",
      "instances": [
        {
          "schema_version": 0,
          "attributes": {
            "dns_suffix": "amazonaws.com",
            "id": "aws",
            "partition": "aws",
            "reverse_dns_prefix": "com.amazonaws"
          },
          "sensitive_attributes": []
        }
      ]
    },
    {
      "mode": "data",
      "type": "aws_subnet_ids",
      "name": "private",
      "provider": "provider[\"registry.terraform.io/hashicorp/aws\"]",
      "instances": [
        {
          "schema_version": 0,
          "attributes": {
            "filter": null,
            "id": "vpc-040985aa96f4bceb4",
            "ids": [
              "subnet-04f9bf45281a5fc95",
              "subnet-0bd8a66cfd99913f6",
              "subnet-0c78f4856d02fdc4e"
            ],
            "tags": {
              "Network": "private"
            },
            "vpc_id": "vpc-040985aa96f4bceb4"
          },
          "sensitive_attributes": []
        }
      ]
    },
    {
      "mode": "data",
      "type": "aws_subnet_ids",
      "name": "public",
      "provider": "provider[\"registry.terraform.io/hashicorp/aws\"]",
      "instances": [
        {
          "schema_version": 0,
          "attributes": {
            "filter": null,
            "id": "vpc-040985aa96f4bceb4",
            "ids": [
              "subnet-054e24ab4e2add756",
              "subnet-07089e72fd9edd138",
              "subnet-08b89bc7a7c44fa16"
            ],
            "tags": {
              "Network": "public"
            },
            "vpc_id": "vpc-040985aa96f4bceb4"
          },
          "sensitive_attributes": []
        }
      ]
    },
    {
      "mode": "data",
      "type": "aws_subnet_ids",
      "name": "vpc",
      "provider": "provider[\"registry.terraform.io/hashicorp/aws\"]",
      "instances": [
        {
          "schema_version": 0,
          "attributes": {
            "filter": null,
            "id": "vpc-040985aa96f4bceb4",
            "ids": [
              "subnet-04f9bf45281a5fc95",
              "subnet-054e24ab4e2add756",
              "subnet-07089e72fd9edd138",
              "subnet-08b89bc7a7c44fa16",
              "subnet-0bd8a66cfd99913f6",
              "subnet-0c78f4856d02fdc4e"
            ],
            "tags": null,
            "vpc_id": "vpc-040985aa96f4bceb4"
          },
          "sensitive_attributes": []
        }
      ]
    },
    {
      "mode": "data",
      "type": "template_file",
      "name": "aws_ssm_seelog",
      "provider": "provider[\"registry.terraform.io/hashicorp/template\"]",
      "instances": [
        {
          "schema_version": 0,
          "attributes": {
            "filename": null,
            "id": "037a222ed3b2fe2dd0e726e17d462eea34c9c0d110ddd209e0e61590c39e0781",
            "rendered": "\u003c!--amazon-ssm-agent uses seelog logging --\u003e\n\u003c!--Seelog has github wiki pages, which contain detailed how-tos references: https://github.com/cihub/seelog/wiki --\u003e\n\u003c!--Seelog examples can be found here: https://github.com/cihub/seelog-examples --\u003e\n\u003cseelog type=\"adaptive\" mininterval=\"2000000\" maxinterval=\"100000000\" critmsgcount=\"500\" minlevel=\"info\"\u003e\n    \u003cexceptions\u003e\n        \u003cexception filepattern=\"test*\" minlevel=\"error\"/\u003e\n    \u003c/exceptions\u003e\n    \u003coutputs formatid=\"fmtinfo\"\u003e\n        \u003cconsole formatid=\"fmtinfo\"/\u003e\n        \u003crollingfile type=\"size\" filename=\"/var/log/amazon/ssm/amazon-ssm-agent.log\" maxsize=\"30000000\" maxrolls=\"5\"/\u003e\n        \u003cfilter levels=\"error,critical\" formatid=\"fmterror\"\u003e\n            \u003crollingfile type=\"size\" filename=\"/var/log/amazon/ssm/errors.log\" maxsize=\"10000000\" maxrolls=\"5\"/\u003e\n        \u003c/filter\u003e\n        \u003ccustom name=\"cloudwatch_receiver\" formatid=\"fmtdebug\" data-log-group=\"/aws/eks/nokia-lab/cluster\"/\u003e\n    \u003c/outputs\u003e\n    \u003cformats\u003e\n        \u003cformat id=\"fmterror\" format=\"%Date %Time %LEVEL [%FuncShort @ %File.%Line] %Msg%n\"/\u003e\n        \u003cformat id=\"fmtdebug\" format=\"%Date %Time %LEVEL [%FuncShort @ %File.%Line] %Msg%n\"/\u003e\n        \u003cformat id=\"fmtinfo\" format=\"%Date %Time %LEVEL %Msg%n\"/\u003e\n    \u003c/formats\u003e\n\u003c/seelog\u003e",
            "template": "\u003c!--amazon-ssm-agent uses seelog logging --\u003e\n\u003c!--Seelog has github wiki pages, which contain detailed how-tos references: https://github.com/cihub/seelog/wiki --\u003e\n\u003c!--Seelog examples can be found here: https://github.com/cihub/seelog-examples --\u003e\n\u003cseelog type=\"adaptive\" mininterval=\"2000000\" maxinterval=\"100000000\" critmsgcount=\"500\" minlevel=\"info\"\u003e\n    \u003cexceptions\u003e\n        \u003cexception filepattern=\"test*\" minlevel=\"error\"/\u003e\n    \u003c/exceptions\u003e\n    \u003coutputs formatid=\"fmtinfo\"\u003e\n        \u003cconsole formatid=\"fmtinfo\"/\u003e\n        \u003crollingfile type=\"size\" filename=\"/var/log/amazon/ssm/amazon-ssm-agent.log\" maxsize=\"30000000\" maxrolls=\"5\"/\u003e\n        \u003cfilter levels=\"error,critical\" formatid=\"fmterror\"\u003e\n            \u003crollingfile type=\"size\" filename=\"/var/log/amazon/ssm/errors.log\" maxsize=\"10000000\" maxrolls=\"5\"/\u003e\n        \u003c/filter\u003e\n        \u003ccustom name=\"cloudwatch_receiver\" formatid=\"fmtdebug\" data-log-group=\"/aws/eks/${cluster_name}/cluster\"/\u003e\n    \u003c/outputs\u003e\n    \u003cformats\u003e\n        \u003cformat id=\"fmterror\" format=\"%Date %Time %LEVEL [%FuncShort @ %File.%Line] %Msg%n\"/\u003e\n        \u003cformat id=\"fmtdebug\" format=\"%Date %Time %LEVEL [%FuncShort @ %File.%Line] %Msg%n\"/\u003e\n        \u003cformat id=\"fmtinfo\" format=\"%Date %Time %LEVEL %Msg%n\"/\u003e\n    \u003c/formats\u003e\n\u003c/seelog\u003e",
            "vars": {
              "cluster_name": "nokia-lab"
            }
          },
          "sensitive_attributes": []
        }
      ]
    },
    {
      "mode": "data",
      "type": "template_file",
      "name": "edges_userdata",
      "provider": "provider[\"registry.terraform.io/hashicorp/template\"]",
      "instances": [
        {
          "schema_version": 0,
          "attributes": {
            "filename": null,
            "id": "e38f7fd758d39a2fde199db40e313d84d99860557feb1d6b23b9654dbac9c9d8",
            "rendered": "MIME-Version: 1.0\nContent-Type: multipart/mixed; boundary=\"//\"\n\n--//\nContent-Type: text/cloud-config; charset=\"us-ascii\"\nMIME-Version: 1.0\nContent-Transfer-Encoding: 7bit\nContent-Disposition: attachment; filename=\"cloud-config.txt\"\n\n#cloud-config\ncloud_final_modules:\n- [scripts-user, always]\n\n--//\nContent-Type: text/x-shellscript; charset=\"us-ascii\"\n#!/bin/bash -xe\n\nexec \u003e \u003e(tee /var/log/user-data.log|logger -t user-data -s 2\u003e/dev/console) 2\u003e\u00261\n\n[[ -f /etc/.firstboot_done ]] || {\n\n## Install requirements\nrpm -qa | grep parted || yum install -y parted\nrpm -qa | grep rsync || yum install -y rsync\n\n## Install Amazon SSM Agent\nrpm -qa | grep amazon-ssm-agent || yum install -y https://s3.ap-southeast-2.amazonaws.com/amazon-ssm-ap-southeast-2/latest/linux_amd64/amazon-ssm-agent.rpm\nsystemctl enable amazon-ssm-agent\ncat \u003c\u003c EOF \u003e\u003e /etc/amazon/ssm/seelog.xml\n\u003c!--amazon-ssm-agent uses seelog logging --\u003e\n\u003c!--Seelog has github wiki pages, which contain detailed how-tos references: https://github.com/cihub/seelog/wiki --\u003e\n\u003c!--Seelog examples can be found here: https://github.com/cihub/seelog-examples --\u003e\n\u003cseelog type=\"adaptive\" mininterval=\"2000000\" maxinterval=\"100000000\" critmsgcount=\"500\" minlevel=\"info\"\u003e\n    \u003cexceptions\u003e\n        \u003cexception filepattern=\"test*\" minlevel=\"error\"/\u003e\n    \u003c/exceptions\u003e\n    \u003coutputs formatid=\"fmtinfo\"\u003e\n        \u003cconsole formatid=\"fmtinfo\"/\u003e\n        \u003crollingfile type=\"size\" filename=\"/var/log/amazon/ssm/amazon-ssm-agent.log\" maxsize=\"30000000\" maxrolls=\"5\"/\u003e\n        \u003cfilter levels=\"error,critical\" formatid=\"fmterror\"\u003e\n            \u003crollingfile type=\"size\" filename=\"/var/log/amazon/ssm/errors.log\" maxsize=\"10000000\" maxrolls=\"5\"/\u003e\n        \u003c/filter\u003e\n        \u003ccustom name=\"cloudwatch_receiver\" formatid=\"fmtdebug\" data-log-group=\"/aws/eks/nokia-lab/cluster\"/\u003e\n    \u003c/outputs\u003e\n    \u003cformats\u003e\n        \u003cformat id=\"fmterror\" format=\"%Date %Time %LEVEL [%FuncShort @ %File.%Line] %Msg%n\"/\u003e\n        \u003cformat id=\"fmtdebug\" format=\"%Date %Time %LEVEL [%FuncShort @ %File.%Line] %Msg%n\"/\u003e\n        \u003cformat id=\"fmtinfo\" format=\"%Date %Time %LEVEL %Msg%n\"/\u003e\n    \u003c/formats\u003e\n\u003c/seelog\u003e\nEOF\nsystemctl restart amazon-ssm-agent\n\n## Partitioning\nparted --script /dev/nvme1n1 \\\nmklabel gpt \\\nmkpart log ext4 0% 100%\npartprobe\n\n## Format new partition\nmkfs.ext4 /dev/nvme1n1p1\n\n## Automatic mount\ncat \u003c\u003c EOF \u003e\u003e /etc/fstab\ntmpfs   /tmp            tmpfs     defaults,size=1g,mode=1777,nodev,noexec,nosuid  0       0\n/tmp    /var/tmp        none      rw,nodev,noexec,nosuid,bind     0       0\ntmpfs   /dev/shm        tmpfs     noexec,nosuid,nodev    0       0\nEOF\n\n# /var/log\necho \"$(blkid | grep nvme1n1p1 | awk '{print $2}') /var/log ext4 defaults,nofail 0 2\" \u003e\u003e /etc/fstab\nmkdir -p /tmp/log\nmount /dev/nvme1n1p1 /tmp/log\nrsync -av /var/log/ /tmp/log\numount /tmp/log\nmount /dev/nvme1n1p1 /var/log\nchmod -R 777 /var/log\n\n# Reload fstab\nmount -a\n\nkubelet_service=\"/etc/systemd/system/kubelet.service\"\n\n\n# Docker options set sysconfig environment file\ncat \u003c\u003c EOF \u003e\u003e /etc/sysconfig/docker\n\nOPTIONS='--selinux-enabled=true --exec-opt=native.cgroupdriver=systemd --storage-opt overlay2.override_kernel_check=true --userland-proxy=false'\nEOF\nsystemctl restart docker\n\n\n# Allow user supplied pre userdata code\n\n\n# Systemd does not support appending environment variables. Add a new variable\nsed -i 's/KUBELET_EXTRA_ARGS/KUBELET_EXTRA_ARGS $EXTENDED_KUBELET_ARGS/' $kubelet_service\ncat \u003c\u003c EOF \u003e /etc/systemd/system/kubelet.service.d/9999-extended-kubelet-args.conf\n[Service]\nEnvironment='EXTENDED_KUBELET_ARGS=--cgroup-driver=systemd'\nEOF\nsystemctl daemon-reload\n\n# Allow user supplied userdata code\n\n\n\n# Point resolv.conf to NodeLocal DNS\necho \"supersede domain-name-servers 127.0.0.1,169.254.169.253;\" \u003e\u003e /etc/dhcp/dhclient.conf \u0026\u0026 dhclient -r \u0026\u0026 dhclient\n# We always use image-id in launch-template which means it is considered as custom AMI\nB64_CLUSTER_CA=LS0tLS1CRUdJTiBDRVJUSUZJQ0FURS0tLS0tCk1JSUMvakNDQWVhZ0F3SUJBZ0lCQURBTkJna3Foa2lHOXcwQkFRc0ZBREFWTVJNd0VRWURWUVFERXdwcmRXSmwKY201bGRHVnpNQjRYRFRJeU1URXhNVEV5TlRjeU5Gb1hEVE15TVRFd09ERXlOVGN5TkZvd0ZURVRNQkVHQTFVRQpBeE1LYTNWaVpYSnVaWFJsY3pDQ0FTSXdEUVlKS29aSWh2Y05BUUVCQlFBRGdnRVBBRENDQVFvQ2dnRUJBTUQwCnYrMC9ibE51aUJ6TGEyWnROMUNjcEsxU3E4OVNsdm1sRjltTzAzUzVWOEgzMmlNcEhQVGVUOEZsamFPTFhLaXMKZTBuWlpMVm9SNVNzUFNwb2ZqSjhEWDFUOU9vV1RnSlFIbk1RMnlwa2NjTUNEWFJ3UE9WY2NjU01aRndTZ2NyZApIaUQ4Mnp0RjhJSmNZZGxKVkRJY3dsc0pxaldaR2V2WU1jUmVuSm9HZzN5Z2xHbkZTWnp4Y2p6NGE5VWtKdERTCktHTkt0TmRCYThxREdrUUFSVE9ERlZheUV5dEQ2ak14aUl2a0hYWVJFYXZrRGg3QURuOFQ1b1F0Wkw2d0pFd00KRE5tbjYramM4T1R6TFpvU2lDcW9UZHJXcVdvSHNkeERHMThrR0pMbU4wRUFyU3czNmZkNFlpY3JEenJtRjA0SQp4RlA3MTFwYi96NEozQXhDb3BFQ0F3RUFBYU5aTUZjd0RnWURWUjBQQVFIL0JBUURBZ0trTUE4R0ExVWRFd0VCCi93UUZNQU1CQWY4d0hRWURWUjBPQkJZRUZCenlzMk9IRFo4a2EwWmhGWW5Kd0c5ekhmcldNQlVHQTFVZEVRUU8KTUF5Q0NtdDFZbVZ5Ym1WMFpYTXdEUVlKS29aSWh2Y05BUUVMQlFBRGdnRUJBQVVUVU1ybWNIUGkwcTJyNzNXUApYK2RQc2daRG1Od2dwSUx4U2JFV1E4S2JZSXY2enMvYWdvQkVIYmxxMmI3NGVhRWR6VUhmZUI3dEhKQzlyVDlFCk8zOWVGb0lxT21UZE5za0NkT1lDQmtheVJac3NUam9pNkg1SmNhQ2hFTUs0dVBoSS93SHY2dVl6RHRXR0JKS2IKVEJmZmM2SGRrK2dYWmIrcW1PcXhRZ2U3aVFZNFV0eDlQTzY4UkFUaFUzWDJmbi9UVlJES20xMlYyZ2lsNUxZVwpRenpkR0NoNHNvbVUvNjRUd3hvdHV2VEdkdzdvL0pOY0xGREJpaEdMdmRRdEMrS2U2K0g0RXlhNjJkR3VmM2ZNCmVCSkZOLy8yZTZ5bGxzQW54K3hlaTd2NXJjVmQwU3phYXB3Qk1jQlhkS0xsQlJCOEs4cHFYQ3JHV2oxaUI3YmwKZHlVPQotLS0tLUVORCBDRVJUSUZJQ0FURS0tLS0tCg==\nAPI_SERVER_URL=https://3A882E5E44C5F410E3C453E8D031D296.gr7.ap-southeast-2.eks.amazonaws.com\n/etc/eks/bootstrap.sh nokia-lab --b64-cluster-ca $B64_CLUSTER_CA --apiserver-endpoint $API_SERVER_URL --container-runtime dockerd\n\ntouch /etc/.firstboot_done\n}\n\n\n\n",
            "template": "MIME-Version: 1.0\nContent-Type: multipart/mixed; boundary=\"//\"\n\n--//\nContent-Type: text/cloud-config; charset=\"us-ascii\"\nMIME-Version: 1.0\nContent-Transfer-Encoding: 7bit\nContent-Disposition: attachment; filename=\"cloud-config.txt\"\n\n#cloud-config\ncloud_final_modules:\n- [scripts-user, always]\n\n--//\nContent-Type: text/x-shellscript; charset=\"us-ascii\"\n#!/bin/bash -xe\n\nexec \u003e \u003e(tee /var/log/user-data.log|logger -t user-data -s 2\u003e/dev/console) 2\u003e\u00261\n\n[[ -f /etc/.firstboot_done ]] || {\n\n## Install requirements\nrpm -qa | grep parted || yum install -y parted\nrpm -qa | grep rsync || yum install -y rsync\n\n## Install Amazon SSM Agent\nrpm -qa | grep amazon-ssm-agent || yum install -y https://s3.${region}.amazonaws.com/amazon-ssm-${region}/latest/linux_amd64/amazon-ssm-agent.rpm\nsystemctl enable amazon-ssm-agent\ncat \u003c\u003c EOF \u003e\u003e /etc/amazon/ssm/seelog.xml\n${seelog_file}\nEOF\nsystemctl restart amazon-ssm-agent\n\n## Partitioning\nparted --script /dev/nvme1n1 \\\nmklabel gpt \\\nmkpart log ext4 0% 100%\npartprobe\n\n## Format new partition\nmkfs.ext4 /dev/nvme1n1p1\n\n## Automatic mount\ncat \u003c\u003c EOF \u003e\u003e /etc/fstab\ntmpfs   /tmp            tmpfs     defaults,size=1g,mode=1777,nodev,noexec,nosuid  0       0\n/tmp    /var/tmp        none      rw,nodev,noexec,nosuid,bind     0       0\ntmpfs   /dev/shm        tmpfs     noexec,nosuid,nodev    0       0\nEOF\n\n# /var/log\necho \"$(blkid | grep nvme1n1p1 | awk '{print $2}') /var/log ext4 defaults,nofail 0 2\" \u003e\u003e /etc/fstab\nmkdir -p /tmp/log\nmount /dev/nvme1n1p1 /tmp/log\nrsync -av /var/log/ /tmp/log\numount /tmp/log\nmount /dev/nvme1n1p1 /var/log\nchmod -R 777 /var/log\n\n# Reload fstab\nmount -a\n\nkubelet_service=\"/etc/systemd/system/kubelet.service\"\n\n%{ if container_runtime == \"containerd\" }\nkubelet_service=\"/etc/eks/containerd/kubelet-containerd.service\"\nconf=/etc/eks/containerd/containerd-config.toml\n# EKS bootstrap script moves $conf to /etc/eks/containerd/config.toml\nsection=\"\\[plugins.\\\"io.containerd.grpc.v1.cri\\\".containerd.runtimes.runc.options\\]\"\nkey=\"SystemdCgroup\"\ngrep -q $section $conf || sed -i \"/^runtime_type.*/a $section\" $conf\ngrep -q $key $conf || sed -i \"/$section.*/a $key = true\" $conf\n%{ else }\n# Docker options set sysconfig environment file\ncat \u003c\u003c EOF \u003e\u003e /etc/sysconfig/docker\n\nOPTIONS='${docker_opts}'\nEOF\nsystemctl restart docker\n%{ endif }\n\n# Allow user supplied pre userdata code\n${pre_userdata}\n\n# Systemd does not support appending environment variables. Add a new variable\nsed -i 's/KUBELET_EXTRA_ARGS/KUBELET_EXTRA_ARGS $EXTENDED_KUBELET_ARGS/' $kubelet_service\ncat \u003c\u003c EOF \u003e /etc/systemd/system/kubelet.service.d/9999-extended-kubelet-args.conf\n[Service]\nEnvironment='EXTENDED_KUBELET_ARGS=${kubelet_extra_args}'\nEOF\nsystemctl daemon-reload\n\n# Allow user supplied userdata code\n${additional_userdata}\n\n# Point resolv.conf to NodeLocal DNS\necho \"supersede domain-name-servers 127.0.0.1,169.254.169.253;\" \u003e\u003e /etc/dhcp/dhclient.conf \u0026\u0026 dhclient -r \u0026\u0026 dhclient\n# We always use image-id in launch-template which means it is considered as custom AMI\nB64_CLUSTER_CA=${cluster_ca}\nAPI_SERVER_URL=${cluster_ep}\n/etc/eks/bootstrap.sh ${cluster_name} --b64-cluster-ca $B64_CLUSTER_CA --apiserver-endpoint $API_SERVER_URL --container-runtime ${container_runtime}\n\ntouch /etc/.firstboot_done\n}\n\n%{ if container_runtime == \"containerd\" }\nln -sf /run/containerd/containerd.sock /run/dockershim.sock\nsystemctl daemon-reload\nsystemctl start kubelet\n%{ endif }\n\n",
            "vars": {
              "additional_userdata": "\n",
              "bootstrap_extra_args": "",
              "cluster_ca": "LS0tLS1CRUdJTiBDRVJUSUZJQ0FURS0tLS0tCk1JSUMvakNDQWVhZ0F3SUJBZ0lCQURBTkJna3Foa2lHOXcwQkFRc0ZBREFWTVJNd0VRWURWUVFERXdwcmRXSmwKY201bGRHVnpNQjRYRFRJeU1URXhNVEV5TlRjeU5Gb1hEVE15TVRFd09ERXlOVGN5TkZvd0ZURVRNQkVHQTFVRQpBeE1LYTNWaVpYSnVaWFJsY3pDQ0FTSXdEUVlKS29aSWh2Y05BUUVCQlFBRGdnRVBBRENDQVFvQ2dnRUJBTUQwCnYrMC9ibE51aUJ6TGEyWnROMUNjcEsxU3E4OVNsdm1sRjltTzAzUzVWOEgzMmlNcEhQVGVUOEZsamFPTFhLaXMKZTBuWlpMVm9SNVNzUFNwb2ZqSjhEWDFUOU9vV1RnSlFIbk1RMnlwa2NjTUNEWFJ3UE9WY2NjU01aRndTZ2NyZApIaUQ4Mnp0RjhJSmNZZGxKVkRJY3dsc0pxaldaR2V2WU1jUmVuSm9HZzN5Z2xHbkZTWnp4Y2p6NGE5VWtKdERTCktHTkt0TmRCYThxREdrUUFSVE9ERlZheUV5dEQ2ak14aUl2a0hYWVJFYXZrRGg3QURuOFQ1b1F0Wkw2d0pFd00KRE5tbjYramM4T1R6TFpvU2lDcW9UZHJXcVdvSHNkeERHMThrR0pMbU4wRUFyU3czNmZkNFlpY3JEenJtRjA0SQp4RlA3MTFwYi96NEozQXhDb3BFQ0F3RUFBYU5aTUZjd0RnWURWUjBQQVFIL0JBUURBZ0trTUE4R0ExVWRFd0VCCi93UUZNQU1CQWY4d0hRWURWUjBPQkJZRUZCenlzMk9IRFo4a2EwWmhGWW5Kd0c5ekhmcldNQlVHQTFVZEVRUU8KTUF5Q0NtdDFZbVZ5Ym1WMFpYTXdEUVlKS29aSWh2Y05BUUVMQlFBRGdnRUJBQVVUVU1ybWNIUGkwcTJyNzNXUApYK2RQc2daRG1Od2dwSUx4U2JFV1E4S2JZSXY2enMvYWdvQkVIYmxxMmI3NGVhRWR6VUhmZUI3dEhKQzlyVDlFCk8zOWVGb0lxT21UZE5za0NkT1lDQmtheVJac3NUam9pNkg1SmNhQ2hFTUs0dVBoSS93SHY2dVl6RHRXR0JKS2IKVEJmZmM2SGRrK2dYWmIrcW1PcXhRZ2U3aVFZNFV0eDlQTzY4UkFUaFUzWDJmbi9UVlJES20xMlYyZ2lsNUxZVwpRenpkR0NoNHNvbVUvNjRUd3hvdHV2VEdkdzdvL0pOY0xGREJpaEdMdmRRdEMrS2U2K0g0RXlhNjJkR3VmM2ZNCmVCSkZOLy8yZTZ5bGxzQW54K3hlaTd2NXJjVmQwU3phYXB3Qk1jQlhkS0xsQlJCOEs4cHFYQ3JHV2oxaUI3YmwKZHlVPQotLS0tLUVORCBDRVJUSUZJQ0FURS0tLS0tCg==",
              "cluster_ep": "https://3A882E5E44C5F410E3C453E8D031D296.gr7.ap-southeast-2.eks.amazonaws.com",
              "cluster_name": "nokia-lab",
              "container_runtime": "dockerd",
              "docker_opts": "--selinux-enabled=true --exec-opt=native.cgroupdriver=systemd --storage-opt overlay2.override_kernel_check=true --userland-proxy=false",
              "kubelet_extra_args": "--cgroup-driver=systemd",
              "pre_userdata": "",
              "region": "ap-southeast-2",
              "seelog_file": "\u003c!--amazon-ssm-agent uses seelog logging --\u003e\n\u003c!--Seelog has github wiki pages, which contain detailed how-tos references: https://github.com/cihub/seelog/wiki --\u003e\n\u003c!--Seelog examples can be found here: https://github.com/cihub/seelog-examples --\u003e\n\u003cseelog type=\"adaptive\" mininterval=\"2000000\" maxinterval=\"100000000\" critmsgcount=\"500\" minlevel=\"info\"\u003e\n    \u003cexceptions\u003e\n        \u003cexception filepattern=\"test*\" minlevel=\"error\"/\u003e\n    \u003c/exceptions\u003e\n    \u003coutputs formatid=\"fmtinfo\"\u003e\n        \u003cconsole formatid=\"fmtinfo\"/\u003e\n        \u003crollingfile type=\"size\" filename=\"/var/log/amazon/ssm/amazon-ssm-agent.log\" maxsize=\"30000000\" maxrolls=\"5\"/\u003e\n        \u003cfilter levels=\"error,critical\" formatid=\"fmterror\"\u003e\n            \u003crollingfile type=\"size\" filename=\"/var/log/amazon/ssm/errors.log\" maxsize=\"10000000\" maxrolls=\"5\"/\u003e\n        \u003c/filter\u003e\n        \u003ccustom name=\"cloudwatch_receiver\" formatid=\"fmtdebug\" data-log-group=\"/aws/eks/nokia-lab/cluster\"/\u003e\n    \u003c/outputs\u003e\n    \u003cformats\u003e\n        \u003cformat id=\"fmterror\" format=\"%Date %Time %LEVEL [%FuncShort @ %File.%Line] %Msg%n\"/\u003e\n        \u003cformat id=\"fmtdebug\" format=\"%Date %Time %LEVEL [%FuncShort @ %File.%Line] %Msg%n\"/\u003e\n        \u003cformat id=\"fmtinfo\" format=\"%Date %Time %LEVEL %Msg%n\"/\u003e\n    \u003c/formats\u003e\n\u003c/seelog\u003e",
              "selinux": "permissive",
              "selinux_booleans": "setsebool -P named_write_master_zones on\nsetsebool -P virt_use_nfs on\nsetsebool -P  container_connect_any on\n",
              "selinux_policies": "cat \u003c\u003c EOF \u003e /tmp/kubemod.te\n\nmodule kubemod 1.0;\nrequire {\n\ttype admin_home_t;\n\ttype auditd_t;\n\ttype afs3_callback_port_t;\n\ttype bin_t;\n\ttype cert_t;\n\ttype cephfs_t;\n\ttype commplex_link_port_t;\n\ttype commplex_main_port_t;\n\ttype chronyd_t;\n\ttype container_t;\n\ttype container_file_t;\n\ttype container_var_lib_t;\n\ttype cgroup_t;\n\ttype chkpwd_t;\n\ttype dhcpc_t;\n\ttype dns_port_t;\n\ttype ec2_instance_connect_t;\n\ttype etc_t;\n\ttype fusefs_t;\n\ttype geneve_port_t;\n\ttype gatekeeper_port_t;\n\ttype hostname_t;\n\ttype http_port_t;\n\ttype http_cache_port_t;\n\ttype ifconfig_t;\n\ttype irqbalance_t;\n\ttype jboss_management_port_t;\n\ttype kerberos_port_t;\n\ttype kernel_t;\n\ttype kubernetes_port_t;\n\ttype logrotate_t;\n\ttype mysqld_port_t;\n\ttype node_t;\n\ttype nfs_t;\n\ttype ntop_port_t;\n\ttype postgresql_port_t;\n\ttype postfix_pickup_t;\n\ttype postfix_master_t;\n\ttype postfix_qmgr_t;\n\ttype pki_ca_port_t;\n\ttype proc_t;\n\ttype rngd_t;\n\ttype redis_port_t;\n\ttype websm_port_t;\n\ttype setfiles_t;\n\ttype sshd_t;\n\ttype sysfs_t;\n\ttype syslogd_t;\n\ttype syslogd_var_run_t;\n\ttype soundd_port_t;\n\ttype unconfined_service_t;\n\ttype unlabeled_t;\n\ttype unreserved_port_t;\n\ttype usr_t;\n\ttype epmd_port_t;\n\ttype hplip_port_t;\n\ttype rabbitmq_port_t;\n\ttype ephemeral_port_t;\n\ttype cyphesis_port_t;\n\ttype amqp_port_t;\n\ttype transproxy_port_t;\n\ttype tram_port_t;\n\tclass capability { audit_write chown fowner dac_override net_bind_service setuid setgid };\n\tclass netlink_route_socket { setopt getopt bind create getattr nlmsg_read read  write};\n\tclass netlink_audit_socket { setopt getopt bind create getattr nlmsg_relay nlmsg_read read  write };\n\tclass dir { open add_name remove_name rmdir create write read setattr search };\n\tclass file { append execute create getattr ioctl lock open rename read setattr unlink write execute_no_trans search };\n\tclass lnk_file { create read write unlink setattr getattr };\n\tclass filesystem associate;\n\tclass fifo_file open;\n\tclass process { setsched transition execmem noatsecure rlimitinh siginh };\n\tclass process2 nnp_transition;\n\tclass system module_request;\n\tclass tcp_socket { accept read write bind connect create getattr listen name_bind name_connect node_bind getopt setopt shutdown };\n\tclass udp_socket { bind read write connect create getattr name_bind name_connect node_bind getopt setopt ioctl };\n}\n#============= auditd_t ==============\nallow auditd_t unlabeled_t:dir { add_name read remove_name write setattr };\nallow auditd_t unlabeled_t:file { append ioctl read create getattr open rename setattr unlink };\n#============= dhcpc_t ==============\nallow dhcpc_t hostname_t:process { noatsecure rlimitinh siginh };\nallow dhcpc_t chronyd_t:process { noatsecure rlimitinh siginh };\nallow dhcpc_t ifconfig_t:process { noatsecure rlimitinh siginh };\nallow dhcpc_t setfiles_t:process { noatsecure rlimitinh siginh };\n#============= ec2_instance_connect_t ==============\nallow ec2_instance_connect_t kernel_t:system module_request;\n#============= container_t ==============\nallow container_t admin_home_t:file open;\nallow container_t bin_t:file { create setattr write rename unlink };\nallow container_t bin_t:dir { add_name remove_name write };\nallow container_t etc_t:dir { add_name remove_name setattr write };\nallow container_t etc_t:file { create rename setattr unlink write };\nallow container_t self:capability { audit_write chown fowner setuid setgid dac_override net_bind_service };\nallow container_t self:netlink_route_socket { setopt bind create  read write getattr nlmsg_read};\nallow container_t self:netlink_audit_socket { write create nlmsg_relay };\nallow container_t self:tcp_socket { accept read write bind connect create getopt getattr listen setopt shutdown };\nallow container_t self:udp_socket { ioctl read write bind connect create getattr getopt setopt };\nallow container_t self:process execmem;\nallow container_t self:dir { add_name write };\nallow container_t self:file { read create };\nallow container_t postgresql_port_t:tcp_socket { name_bind name_connect };\nallow container_t mysqld_port_t:tcp_socket { name_bind name_connect };\nallow container_t websm_port_t:tcp_socket { name_bind name_connect };\nallow container_t dns_port_t:tcp_socket { name_bind name_connect };\nallow container_t dns_port_t:udp_socket name_bind;\nallow container_t fusefs_t:dir setattr;\nallow container_t fusefs_t:file { execute execute_no_trans };\nallow container_t fusefs_t:lnk_file { create read getattr };\nallow container_t cephfs_t:dir { add_name create read remove_name rmdir setattr write };\nallow container_t cephfs_t:file { create execute execute_no_trans rename setattr unlink };\nallow container_t cephfs_t:lnk_file { getattr setattr read write create unlink };\nallow container_t http_cache_port_t:tcp_socket { name_bind name_connect };\nallow container_t http_port_t:tcp_socket { name_bind name_connect };\nallow container_t node_t:tcp_socket node_bind;\nallow container_t node_t:udp_socket node_bind;\nallow container_t nfs_t:dir write;\nallow container_t soundd_port_t:tcp_socket name_bind;\nallow container_t sysfs_t:file { open read getattr };\nallow container_t sysfs_t:dir { open read };\nallow container_t sysfs_t:lnk_file { read getattr };\nallow container_t cgroup_t:file { getattr open read write };\nallow container_t container_var_lib_t:file { ioctl lock open read execute execute_no_trans };\nallow container_t container_file_t:dir search;\nallow container_t container_file_t:file { search read unlink };\nallow container_t container_file_t:lnk_file read;\nallow container_t jboss_management_port_t:tcp_socket { name_bind name_connect };\nallow container_t redis_port_t:tcp_socket { name_bind name_connect };\nallow container_t commplex_link_port_t:tcp_socket { name_bind name_connect };\nallow container_t commplex_main_port_t:tcp_socket { name_bind name_connect };\nallow container_t unreserved_port_t:tcp_socket { name_bind name_connect };\nallow container_t unreserved_port_t:udp_socket { name_bind name_connect };\nallow container_t unconfined_service_t:fifo_file open;\nallow container_t kubernetes_port_t:tcp_socket { name_connect name_bind };\nallow container_t geneve_port_t:tcp_socket name_bind;\nallow container_t pki_ca_port_t:tcp_socket { name_connect name_bind };\nallow container_t gatekeeper_port_t:tcp_socket { name_connect name_bind };\nallow container_t amqp_port_t:tcp_socket { name_connect name_bind };\nallow container_t cyphesis_port_t:tcp_socket { name_connect name_bind };\nallow container_t ephemeral_port_t:tcp_socket { name_connect name_bind };\nallow container_t epmd_port_t:tcp_socket { name_connect name_bind };\nallow container_t hplip_port_t:tcp_socket { name_connect name_bind };\nallow container_t rabbitmq_port_t:tcp_socket { name_connect name_bind };\nallow container_t transproxy_port_t:tcp_socket { name_connect name_bind };\nallow container_t tram_port_t:tcp_socket { name_connect name_bind };\nallow container_t syslogd_var_run_t:file read;\nallow container_t afs3_callback_port_t:tcp_socket { name_connect name_bind };\nallow container_t kernel_t:system module_request;\nallow container_t ntop_port_t:tcp_socket { name_connect name_bind };\nallow container_t proc_t:filesystem associate;\nallow container_t usr_t:dir write;\nallow container_t kerberos_port_t:tcp_socket { name_connect name_bind };\n#============= rngd_t ==============\nallow rngd_t cert_t:dir search;\nallow rngd_t self:process setsched;\n#============= sshd_t ==============\nallow sshd_t unlabeled_t:file { lock open read write };\nallow sshd_t chkpwd_t:process { noatsecure rlimitinh siginh };\nallow sshd_t ec2_instance_connect_t:process { noatsecure rlimitinh siginh };\n#============= syslogd_t ==============\nallow syslogd_t unlabeled_t:file { open ioctl unlink read append getattr };\n#============= unconfined_service_t ==============\nallow unconfined_service_t container_t:process transition;\nallow unconfined_service_t container_t:process2 nnp_transition;\n#============= postfix_master_t ==============\nallow postfix_master_t kernel_t:system module_request;\nallow postfix_master_t postfix_pickup_t:process { noatsecure rlimitinh siginh };\nallow postfix_master_t postfix_qmgr_t:process { noatsecure rlimitinh siginh };\n#============= postfix_pickup_t ==============\nallow postfix_pickup_t kernel_t:system module_request;\n#============= postfix_qmgr_t ==============\nallow postfix_qmgr_t kernel_t:system module_request;\n#============= irqbalance_t ==============\nallow irqbalance_t unlabeled_t:file { open read };\n#============= logrotate_t ==============\nallow logrotate_t unlabeled_t:dir { open read };\n\nEOF\ncheckmodule -M -m -o /tmp/kubemod.mod /tmp/kubemod.te\nsemodule_package -o /tmp/kubemod.pp -m /tmp/kubemod.mod\nsemodule -i /tmp/kubemod.pp\nrestorecon -R /var/log\ntouch /.autorelabel\ntouch /etc/.firstboot_done\nreboot\n"
            }
          },
          "sensitive_attributes": []
        }
      ]
    },
    {
      "mode": "data",
      "type": "template_file",
      "name": "workers_userdata",
      "provider": "provider[\"registry.terraform.io/hashicorp/template\"]",
      "instances": [
        {
          "schema_version": 0,
          "attributes": {
            "filename": null,
            "id": "e38f7fd758d39a2fde199db40e313d84d99860557feb1d6b23b9654dbac9c9d8",
            "rendered": "MIME-Version: 1.0\nContent-Type: multipart/mixed; boundary=\"//\"\n\n--//\nContent-Type: text/cloud-config; charset=\"us-ascii\"\nMIME-Version: 1.0\nContent-Transfer-Encoding: 7bit\nContent-Disposition: attachment; filename=\"cloud-config.txt\"\n\n#cloud-config\ncloud_final_modules:\n- [scripts-user, always]\n\n--//\nContent-Type: text/x-shellscript; charset=\"us-ascii\"\n#!/bin/bash -xe\n\nexec \u003e \u003e(tee /var/log/user-data.log|logger -t user-data -s 2\u003e/dev/console) 2\u003e\u00261\n\n[[ -f /etc/.firstboot_done ]] || {\n\n## Install requirements\nrpm -qa | grep parted || yum install -y parted\nrpm -qa | grep rsync || yum install -y rsync\n\n## Install Amazon SSM Agent\nrpm -qa | grep amazon-ssm-agent || yum install -y https://s3.ap-southeast-2.amazonaws.com/amazon-ssm-ap-southeast-2/latest/linux_amd64/amazon-ssm-agent.rpm\nsystemctl enable amazon-ssm-agent\ncat \u003c\u003c EOF \u003e\u003e /etc/amazon/ssm/seelog.xml\n\u003c!--amazon-ssm-agent uses seelog logging --\u003e\n\u003c!--Seelog has github wiki pages, which contain detailed how-tos references: https://github.com/cihub/seelog/wiki --\u003e\n\u003c!--Seelog examples can be found here: https://github.com/cihub/seelog-examples --\u003e\n\u003cseelog type=\"adaptive\" mininterval=\"2000000\" maxinterval=\"100000000\" critmsgcount=\"500\" minlevel=\"info\"\u003e\n    \u003cexceptions\u003e\n        \u003cexception filepattern=\"test*\" minlevel=\"error\"/\u003e\n    \u003c/exceptions\u003e\n    \u003coutputs formatid=\"fmtinfo\"\u003e\n        \u003cconsole formatid=\"fmtinfo\"/\u003e\n        \u003crollingfile type=\"size\" filename=\"/var/log/amazon/ssm/amazon-ssm-agent.log\" maxsize=\"30000000\" maxrolls=\"5\"/\u003e\n        \u003cfilter levels=\"error,critical\" formatid=\"fmterror\"\u003e\n            \u003crollingfile type=\"size\" filename=\"/var/log/amazon/ssm/errors.log\" maxsize=\"10000000\" maxrolls=\"5\"/\u003e\n        \u003c/filter\u003e\n        \u003ccustom name=\"cloudwatch_receiver\" formatid=\"fmtdebug\" data-log-group=\"/aws/eks/nokia-lab/cluster\"/\u003e\n    \u003c/outputs\u003e\n    \u003cformats\u003e\n        \u003cformat id=\"fmterror\" format=\"%Date %Time %LEVEL [%FuncShort @ %File.%Line] %Msg%n\"/\u003e\n        \u003cformat id=\"fmtdebug\" format=\"%Date %Time %LEVEL [%FuncShort @ %File.%Line] %Msg%n\"/\u003e\n        \u003cformat id=\"fmtinfo\" format=\"%Date %Time %LEVEL %Msg%n\"/\u003e\n    \u003c/formats\u003e\n\u003c/seelog\u003e\nEOF\nsystemctl restart amazon-ssm-agent\n\n## Partitioning\nparted --script /dev/nvme1n1 \\\nmklabel gpt \\\nmkpart log ext4 0% 100%\npartprobe\n\n## Format new partition\nmkfs.ext4 /dev/nvme1n1p1\n\n## Automatic mount\ncat \u003c\u003c EOF \u003e\u003e /etc/fstab\ntmpfs   /tmp            tmpfs     defaults,size=1g,mode=1777,nodev,noexec,nosuid  0       0\n/tmp    /var/tmp        none      rw,nodev,noexec,nosuid,bind     0       0\ntmpfs   /dev/shm        tmpfs     noexec,nosuid,nodev    0       0\nEOF\n\n# /var/log\necho \"$(blkid | grep nvme1n1p1 | awk '{print $2}') /var/log ext4 defaults,nofail 0 2\" \u003e\u003e /etc/fstab\nmkdir -p /tmp/log\nmount /dev/nvme1n1p1 /tmp/log\nrsync -av /var/log/ /tmp/log\numount /tmp/log\nmount /dev/nvme1n1p1 /var/log\nchmod -R 777 /var/log\n\n# Reload fstab\nmount -a\n\nkubelet_service=\"/etc/systemd/system/kubelet.service\"\n\n\n# Docker options set sysconfig environment file\ncat \u003c\u003c EOF \u003e\u003e /etc/sysconfig/docker\n\nOPTIONS='--selinux-enabled=true --exec-opt=native.cgroupdriver=systemd --storage-opt overlay2.override_kernel_check=true --userland-proxy=false'\nEOF\nsystemctl restart docker\n\n\n# Allow user supplied pre userdata code\n\n\n# Systemd does not support appending environment variables. Add a new variable\nsed -i 's/KUBELET_EXTRA_ARGS/KUBELET_EXTRA_ARGS $EXTENDED_KUBELET_ARGS/' $kubelet_service\ncat \u003c\u003c EOF \u003e /etc/systemd/system/kubelet.service.d/9999-extended-kubelet-args.conf\n[Service]\nEnvironment='EXTENDED_KUBELET_ARGS=--cgroup-driver=systemd'\nEOF\nsystemctl daemon-reload\n\n# Allow user supplied userdata code\n\n\n\n# Point resolv.conf to NodeLocal DNS\necho \"supersede domain-name-servers 127.0.0.1,169.254.169.253;\" \u003e\u003e /etc/dhcp/dhclient.conf \u0026\u0026 dhclient -r \u0026\u0026 dhclient\n# We always use image-id in launch-template which means it is considered as custom AMI\nB64_CLUSTER_CA=LS0tLS1CRUdJTiBDRVJUSUZJQ0FURS0tLS0tCk1JSUMvakNDQWVhZ0F3SUJBZ0lCQURBTkJna3Foa2lHOXcwQkFRc0ZBREFWTVJNd0VRWURWUVFERXdwcmRXSmwKY201bGRHVnpNQjRYRFRJeU1URXhNVEV5TlRjeU5Gb1hEVE15TVRFd09ERXlOVGN5TkZvd0ZURVRNQkVHQTFVRQpBeE1LYTNWaVpYSnVaWFJsY3pDQ0FTSXdEUVlKS29aSWh2Y05BUUVCQlFBRGdnRVBBRENDQVFvQ2dnRUJBTUQwCnYrMC9ibE51aUJ6TGEyWnROMUNjcEsxU3E4OVNsdm1sRjltTzAzUzVWOEgzMmlNcEhQVGVUOEZsamFPTFhLaXMKZTBuWlpMVm9SNVNzUFNwb2ZqSjhEWDFUOU9vV1RnSlFIbk1RMnlwa2NjTUNEWFJ3UE9WY2NjU01aRndTZ2NyZApIaUQ4Mnp0RjhJSmNZZGxKVkRJY3dsc0pxaldaR2V2WU1jUmVuSm9HZzN5Z2xHbkZTWnp4Y2p6NGE5VWtKdERTCktHTkt0TmRCYThxREdrUUFSVE9ERlZheUV5dEQ2ak14aUl2a0hYWVJFYXZrRGg3QURuOFQ1b1F0Wkw2d0pFd00KRE5tbjYramM4T1R6TFpvU2lDcW9UZHJXcVdvSHNkeERHMThrR0pMbU4wRUFyU3czNmZkNFlpY3JEenJtRjA0SQp4RlA3MTFwYi96NEozQXhDb3BFQ0F3RUFBYU5aTUZjd0RnWURWUjBQQVFIL0JBUURBZ0trTUE4R0ExVWRFd0VCCi93UUZNQU1CQWY4d0hRWURWUjBPQkJZRUZCenlzMk9IRFo4a2EwWmhGWW5Kd0c5ekhmcldNQlVHQTFVZEVRUU8KTUF5Q0NtdDFZbVZ5Ym1WMFpYTXdEUVlKS29aSWh2Y05BUUVMQlFBRGdnRUJBQVVUVU1ybWNIUGkwcTJyNzNXUApYK2RQc2daRG1Od2dwSUx4U2JFV1E4S2JZSXY2enMvYWdvQkVIYmxxMmI3NGVhRWR6VUhmZUI3dEhKQzlyVDlFCk8zOWVGb0lxT21UZE5za0NkT1lDQmtheVJac3NUam9pNkg1SmNhQ2hFTUs0dVBoSS93SHY2dVl6RHRXR0JKS2IKVEJmZmM2SGRrK2dYWmIrcW1PcXhRZ2U3aVFZNFV0eDlQTzY4UkFUaFUzWDJmbi9UVlJES20xMlYyZ2lsNUxZVwpRenpkR0NoNHNvbVUvNjRUd3hvdHV2VEdkdzdvL0pOY0xGREJpaEdMdmRRdEMrS2U2K0g0RXlhNjJkR3VmM2ZNCmVCSkZOLy8yZTZ5bGxzQW54K3hlaTd2NXJjVmQwU3phYXB3Qk1jQlhkS0xsQlJCOEs4cHFYQ3JHV2oxaUI3YmwKZHlVPQotLS0tLUVORCBDRVJUSUZJQ0FURS0tLS0tCg==\nAPI_SERVER_URL=https://3A882E5E44C5F410E3C453E8D031D296.gr7.ap-southeast-2.eks.amazonaws.com\n/etc/eks/bootstrap.sh nokia-lab --b64-cluster-ca $B64_CLUSTER_CA --apiserver-endpoint $API_SERVER_URL --container-runtime dockerd\n\ntouch /etc/.firstboot_done\n}\n\n\n\n",
            "template": "MIME-Version: 1.0\nContent-Type: multipart/mixed; boundary=\"//\"\n\n--//\nContent-Type: text/cloud-config; charset=\"us-ascii\"\nMIME-Version: 1.0\nContent-Transfer-Encoding: 7bit\nContent-Disposition: attachment; filename=\"cloud-config.txt\"\n\n#cloud-config\ncloud_final_modules:\n- [scripts-user, always]\n\n--//\nContent-Type: text/x-shellscript; charset=\"us-ascii\"\n#!/bin/bash -xe\n\nexec \u003e \u003e(tee /var/log/user-data.log|logger -t user-data -s 2\u003e/dev/console) 2\u003e\u00261\n\n[[ -f /etc/.firstboot_done ]] || {\n\n## Install requirements\nrpm -qa | grep parted || yum install -y parted\nrpm -qa | grep rsync || yum install -y rsync\n\n## Install Amazon SSM Agent\nrpm -qa | grep amazon-ssm-agent || yum install -y https://s3.${region}.amazonaws.com/amazon-ssm-${region}/latest/linux_amd64/amazon-ssm-agent.rpm\nsystemctl enable amazon-ssm-agent\ncat \u003c\u003c EOF \u003e\u003e /etc/amazon/ssm/seelog.xml\n${seelog_file}\nEOF\nsystemctl restart amazon-ssm-agent\n\n## Partitioning\nparted --script /dev/nvme1n1 \\\nmklabel gpt \\\nmkpart log ext4 0% 100%\npartprobe\n\n## Format new partition\nmkfs.ext4 /dev/nvme1n1p1\n\n## Automatic mount\ncat \u003c\u003c EOF \u003e\u003e /etc/fstab\ntmpfs   /tmp            tmpfs     defaults,size=1g,mode=1777,nodev,noexec,nosuid  0       0\n/tmp    /var/tmp        none      rw,nodev,noexec,nosuid,bind     0       0\ntmpfs   /dev/shm        tmpfs     noexec,nosuid,nodev    0       0\nEOF\n\n# /var/log\necho \"$(blkid | grep nvme1n1p1 | awk '{print $2}') /var/log ext4 defaults,nofail 0 2\" \u003e\u003e /etc/fstab\nmkdir -p /tmp/log\nmount /dev/nvme1n1p1 /tmp/log\nrsync -av /var/log/ /tmp/log\numount /tmp/log\nmount /dev/nvme1n1p1 /var/log\nchmod -R 777 /var/log\n\n# Reload fstab\nmount -a\n\nkubelet_service=\"/etc/systemd/system/kubelet.service\"\n\n%{ if container_runtime == \"containerd\" }\nkubelet_service=\"/etc/eks/containerd/kubelet-containerd.service\"\nconf=/etc/eks/containerd/containerd-config.toml\n# EKS bootstrap script moves $conf to /etc/eks/containerd/config.toml\nsection=\"\\[plugins.\\\"io.containerd.grpc.v1.cri\\\".containerd.runtimes.runc.options\\]\"\nkey=\"SystemdCgroup\"\ngrep -q $section $conf || sed -i \"/^runtime_type.*/a $section\" $conf\ngrep -q $key $conf || sed -i \"/$section.*/a $key = true\" $conf\n%{ else }\n# Docker options set sysconfig environment file\ncat \u003c\u003c EOF \u003e\u003e /etc/sysconfig/docker\n\nOPTIONS='${docker_opts}'\nEOF\nsystemctl restart docker\n%{ endif }\n\n# Allow user supplied pre userdata code\n${pre_userdata}\n\n# Systemd does not support appending environment variables. Add a new variable\nsed -i 's/KUBELET_EXTRA_ARGS/KUBELET_EXTRA_ARGS $EXTENDED_KUBELET_ARGS/' $kubelet_service\ncat \u003c\u003c EOF \u003e /etc/systemd/system/kubelet.service.d/9999-extended-kubelet-args.conf\n[Service]\nEnvironment='EXTENDED_KUBELET_ARGS=${kubelet_extra_args}'\nEOF\nsystemctl daemon-reload\n\n# Allow user supplied userdata code\n${additional_userdata}\n\n# Point resolv.conf to NodeLocal DNS\necho \"supersede domain-name-servers 127.0.0.1,169.254.169.253;\" \u003e\u003e /etc/dhcp/dhclient.conf \u0026\u0026 dhclient -r \u0026\u0026 dhclient\n# We always use image-id in launch-template which means it is considered as custom AMI\nB64_CLUSTER_CA=${cluster_ca}\nAPI_SERVER_URL=${cluster_ep}\n/etc/eks/bootstrap.sh ${cluster_name} --b64-cluster-ca $B64_CLUSTER_CA --apiserver-endpoint $API_SERVER_URL --container-runtime ${container_runtime}\n\ntouch /etc/.firstboot_done\n}\n\n%{ if container_runtime == \"containerd\" }\nln -sf /run/containerd/containerd.sock /run/dockershim.sock\nsystemctl daemon-reload\nsystemctl start kubelet\n%{ endif }\n\n",
            "vars": {
              "additional_userdata": "\n",
              "bootstrap_extra_args": "",
              "cluster_ca": "LS0tLS1CRUdJTiBDRVJUSUZJQ0FURS0tLS0tCk1JSUMvakNDQWVhZ0F3SUJBZ0lCQURBTkJna3Foa2lHOXcwQkFRc0ZBREFWTVJNd0VRWURWUVFERXdwcmRXSmwKY201bGRHVnpNQjRYRFRJeU1URXhNVEV5TlRjeU5Gb1hEVE15TVRFd09ERXlOVGN5TkZvd0ZURVRNQkVHQTFVRQpBeE1LYTNWaVpYSnVaWFJsY3pDQ0FTSXdEUVlKS29aSWh2Y05BUUVCQlFBRGdnRVBBRENDQVFvQ2dnRUJBTUQwCnYrMC9ibE51aUJ6TGEyWnROMUNjcEsxU3E4OVNsdm1sRjltTzAzUzVWOEgzMmlNcEhQVGVUOEZsamFPTFhLaXMKZTBuWlpMVm9SNVNzUFNwb2ZqSjhEWDFUOU9vV1RnSlFIbk1RMnlwa2NjTUNEWFJ3UE9WY2NjU01aRndTZ2NyZApIaUQ4Mnp0RjhJSmNZZGxKVkRJY3dsc0pxaldaR2V2WU1jUmVuSm9HZzN5Z2xHbkZTWnp4Y2p6NGE5VWtKdERTCktHTkt0TmRCYThxREdrUUFSVE9ERlZheUV5dEQ2ak14aUl2a0hYWVJFYXZrRGg3QURuOFQ1b1F0Wkw2d0pFd00KRE5tbjYramM4T1R6TFpvU2lDcW9UZHJXcVdvSHNkeERHMThrR0pMbU4wRUFyU3czNmZkNFlpY3JEenJtRjA0SQp4RlA3MTFwYi96NEozQXhDb3BFQ0F3RUFBYU5aTUZjd0RnWURWUjBQQVFIL0JBUURBZ0trTUE4R0ExVWRFd0VCCi93UUZNQU1CQWY4d0hRWURWUjBPQkJZRUZCenlzMk9IRFo4a2EwWmhGWW5Kd0c5ekhmcldNQlVHQTFVZEVRUU8KTUF5Q0NtdDFZbVZ5Ym1WMFpYTXdEUVlKS29aSWh2Y05BUUVMQlFBRGdnRUJBQVVUVU1ybWNIUGkwcTJyNzNXUApYK2RQc2daRG1Od2dwSUx4U2JFV1E4S2JZSXY2enMvYWdvQkVIYmxxMmI3NGVhRWR6VUhmZUI3dEhKQzlyVDlFCk8zOWVGb0lxT21UZE5za0NkT1lDQmtheVJac3NUam9pNkg1SmNhQ2hFTUs0dVBoSS93SHY2dVl6RHRXR0JKS2IKVEJmZmM2SGRrK2dYWmIrcW1PcXhRZ2U3aVFZNFV0eDlQTzY4UkFUaFUzWDJmbi9UVlJES20xMlYyZ2lsNUxZVwpRenpkR0NoNHNvbVUvNjRUd3hvdHV2VEdkdzdvL0pOY0xGREJpaEdMdmRRdEMrS2U2K0g0RXlhNjJkR3VmM2ZNCmVCSkZOLy8yZTZ5bGxzQW54K3hlaTd2NXJjVmQwU3phYXB3Qk1jQlhkS0xsQlJCOEs4cHFYQ3JHV2oxaUI3YmwKZHlVPQotLS0tLUVORCBDRVJUSUZJQ0FURS0tLS0tCg==",
              "cluster_ep": "https://3A882E5E44C5F410E3C453E8D031D296.gr7.ap-southeast-2.eks.amazonaws.com",
              "cluster_name": "nokia-lab",
              "container_runtime": "dockerd",
              "docker_opts": "--selinux-enabled=true --exec-opt=native.cgroupdriver=systemd --storage-opt overlay2.override_kernel_check=true --userland-proxy=false",
              "kubelet_extra_args": "--cgroup-driver=systemd",
              "pre_userdata": "",
              "region": "ap-southeast-2",
              "seelog_file": "\u003c!--amazon-ssm-agent uses seelog logging --\u003e\n\u003c!--Seelog has github wiki pages, which contain detailed how-tos references: https://github.com/cihub/seelog/wiki --\u003e\n\u003c!--Seelog examples can be found here: https://github.com/cihub/seelog-examples --\u003e\n\u003cseelog type=\"adaptive\" mininterval=\"2000000\" maxinterval=\"100000000\" critmsgcount=\"500\" minlevel=\"info\"\u003e\n    \u003cexceptions\u003e\n        \u003cexception filepattern=\"test*\" minlevel=\"error\"/\u003e\n    \u003c/exceptions\u003e\n    \u003coutputs formatid=\"fmtinfo\"\u003e\n        \u003cconsole formatid=\"fmtinfo\"/\u003e\n        \u003crollingfile type=\"size\" filename=\"/var/log/amazon/ssm/amazon-ssm-agent.log\" maxsize=\"30000000\" maxrolls=\"5\"/\u003e\n        \u003cfilter levels=\"error,critical\" formatid=\"fmterror\"\u003e\n            \u003crollingfile type=\"size\" filename=\"/var/log/amazon/ssm/errors.log\" maxsize=\"10000000\" maxrolls=\"5\"/\u003e\n        \u003c/filter\u003e\n        \u003ccustom name=\"cloudwatch_receiver\" formatid=\"fmtdebug\" data-log-group=\"/aws/eks/nokia-lab/cluster\"/\u003e\n    \u003c/outputs\u003e\n    \u003cformats\u003e\n        \u003cformat id=\"fmterror\" format=\"%Date %Time %LEVEL [%FuncShort @ %File.%Line] %Msg%n\"/\u003e\n        \u003cformat id=\"fmtdebug\" format=\"%Date %Time %LEVEL [%FuncShort @ %File.%Line] %Msg%n\"/\u003e\n        \u003cformat id=\"fmtinfo\" format=\"%Date %Time %LEVEL %Msg%n\"/\u003e\n    \u003c/formats\u003e\n\u003c/seelog\u003e",
              "selinux": "permissive",
              "selinux_booleans": "setsebool -P named_write_master_zones on\nsetsebool -P virt_use_nfs on\nsetsebool -P  container_connect_any on\n",
              "selinux_policies": "cat \u003c\u003c EOF \u003e /tmp/kubemod.te\n\nmodule kubemod 1.0;\nrequire {\n\ttype admin_home_t;\n\ttype auditd_t;\n\ttype afs3_callback_port_t;\n\ttype bin_t;\n\ttype cert_t;\n\ttype cephfs_t;\n\ttype commplex_link_port_t;\n\ttype commplex_main_port_t;\n\ttype chronyd_t;\n\ttype container_t;\n\ttype container_file_t;\n\ttype container_var_lib_t;\n\ttype cgroup_t;\n\ttype chkpwd_t;\n\ttype dhcpc_t;\n\ttype dns_port_t;\n\ttype ec2_instance_connect_t;\n\ttype etc_t;\n\ttype fusefs_t;\n\ttype geneve_port_t;\n\ttype gatekeeper_port_t;\n\ttype hostname_t;\n\ttype http_port_t;\n\ttype http_cache_port_t;\n\ttype ifconfig_t;\n\ttype irqbalance_t;\n\ttype jboss_management_port_t;\n\ttype kerberos_port_t;\n\ttype kernel_t;\n\ttype kubernetes_port_t;\n\ttype logrotate_t;\n\ttype mysqld_port_t;\n\ttype node_t;\n\ttype nfs_t;\n\ttype ntop_port_t;\n\ttype postgresql_port_t;\n\ttype postfix_pickup_t;\n\ttype postfix_master_t;\n\ttype postfix_qmgr_t;\n\ttype pki_ca_port_t;\n\ttype proc_t;\n\ttype rngd_t;\n\ttype redis_port_t;\n\ttype websm_port_t;\n\ttype setfiles_t;\n\ttype sshd_t;\n\ttype sysfs_t;\n\ttype syslogd_t;\n\ttype syslogd_var_run_t;\n\ttype soundd_port_t;\n\ttype unconfined_service_t;\n\ttype unlabeled_t;\n\ttype unreserved_port_t;\n\ttype usr_t;\n\ttype epmd_port_t;\n\ttype hplip_port_t;\n\ttype rabbitmq_port_t;\n\ttype ephemeral_port_t;\n\ttype cyphesis_port_t;\n\ttype amqp_port_t;\n\ttype transproxy_port_t;\n\ttype tram_port_t;\n\tclass capability { audit_write chown fowner dac_override net_bind_service setuid setgid };\n\tclass netlink_route_socket { setopt getopt bind create getattr nlmsg_read read  write};\n\tclass netlink_audit_socket { setopt getopt bind create getattr nlmsg_relay nlmsg_read read  write };\n\tclass dir { open add_name remove_name rmdir create write read setattr search };\n\tclass file { append execute create getattr ioctl lock open rename read setattr unlink write execute_no_trans search };\n\tclass lnk_file { create read write unlink setattr getattr };\n\tclass filesystem associate;\n\tclass fifo_file open;\n\tclass process { setsched transition execmem noatsecure rlimitinh siginh };\n\tclass process2 nnp_transition;\n\tclass system module_request;\n\tclass tcp_socket { accept read write bind connect create getattr listen name_bind name_connect node_bind getopt setopt shutdown };\n\tclass udp_socket { bind read write connect create getattr name_bind name_connect node_bind getopt setopt ioctl };\n}\n#============= auditd_t ==============\nallow auditd_t unlabeled_t:dir { add_name read remove_name write setattr };\nallow auditd_t unlabeled_t:file { append ioctl read create getattr open rename setattr unlink };\n#============= dhcpc_t ==============\nallow dhcpc_t hostname_t:process { noatsecure rlimitinh siginh };\nallow dhcpc_t chronyd_t:process { noatsecure rlimitinh siginh };\nallow dhcpc_t ifconfig_t:process { noatsecure rlimitinh siginh };\nallow dhcpc_t setfiles_t:process { noatsecure rlimitinh siginh };\n#============= ec2_instance_connect_t ==============\nallow ec2_instance_connect_t kernel_t:system module_request;\n#============= container_t ==============\nallow container_t admin_home_t:file open;\nallow container_t bin_t:file { create setattr write rename unlink };\nallow container_t bin_t:dir { add_name remove_name write };\nallow container_t etc_t:dir { add_name remove_name setattr write };\nallow container_t etc_t:file { create rename setattr unlink write };\nallow container_t self:capability { audit_write chown fowner setuid setgid dac_override net_bind_service };\nallow container_t self:netlink_route_socket { setopt bind create  read write getattr nlmsg_read};\nallow container_t self:netlink_audit_socket { write create nlmsg_relay };\nallow container_t self:tcp_socket { accept read write bind connect create getopt getattr listen setopt shutdown };\nallow container_t self:udp_socket { ioctl read write bind connect create getattr getopt setopt };\nallow container_t self:process execmem;\nallow container_t self:dir { add_name write };\nallow container_t self:file { read create };\nallow container_t postgresql_port_t:tcp_socket { name_bind name_connect };\nallow container_t mysqld_port_t:tcp_socket { name_bind name_connect };\nallow container_t websm_port_t:tcp_socket { name_bind name_connect };\nallow container_t dns_port_t:tcp_socket { name_bind name_connect };\nallow container_t dns_port_t:udp_socket name_bind;\nallow container_t fusefs_t:dir setattr;\nallow container_t fusefs_t:file { execute execute_no_trans };\nallow container_t fusefs_t:lnk_file { create read getattr };\nallow container_t cephfs_t:dir { add_name create read remove_name rmdir setattr write };\nallow container_t cephfs_t:file { create execute execute_no_trans rename setattr unlink };\nallow container_t cephfs_t:lnk_file { getattr setattr read write create unlink };\nallow container_t http_cache_port_t:tcp_socket { name_bind name_connect };\nallow container_t http_port_t:tcp_socket { name_bind name_connect };\nallow container_t node_t:tcp_socket node_bind;\nallow container_t node_t:udp_socket node_bind;\nallow container_t nfs_t:dir write;\nallow container_t soundd_port_t:tcp_socket name_bind;\nallow container_t sysfs_t:file { open read getattr };\nallow container_t sysfs_t:dir { open read };\nallow container_t sysfs_t:lnk_file { read getattr };\nallow container_t cgroup_t:file { getattr open read write };\nallow container_t container_var_lib_t:file { ioctl lock open read execute execute_no_trans };\nallow container_t container_file_t:dir search;\nallow container_t container_file_t:file { search read unlink };\nallow container_t container_file_t:lnk_file read;\nallow container_t jboss_management_port_t:tcp_socket { name_bind name_connect };\nallow container_t redis_port_t:tcp_socket { name_bind name_connect };\nallow container_t commplex_link_port_t:tcp_socket { name_bind name_connect };\nallow container_t commplex_main_port_t:tcp_socket { name_bind name_connect };\nallow container_t unreserved_port_t:tcp_socket { name_bind name_connect };\nallow container_t unreserved_port_t:udp_socket { name_bind name_connect };\nallow container_t unconfined_service_t:fifo_file open;\nallow container_t kubernetes_port_t:tcp_socket { name_connect name_bind };\nallow container_t geneve_port_t:tcp_socket name_bind;\nallow container_t pki_ca_port_t:tcp_socket { name_connect name_bind };\nallow container_t gatekeeper_port_t:tcp_socket { name_connect name_bind };\nallow container_t amqp_port_t:tcp_socket { name_connect name_bind };\nallow container_t cyphesis_port_t:tcp_socket { name_connect name_bind };\nallow container_t ephemeral_port_t:tcp_socket { name_connect name_bind };\nallow container_t epmd_port_t:tcp_socket { name_connect name_bind };\nallow container_t hplip_port_t:tcp_socket { name_connect name_bind };\nallow container_t rabbitmq_port_t:tcp_socket { name_connect name_bind };\nallow container_t transproxy_port_t:tcp_socket { name_connect name_bind };\nallow container_t tram_port_t:tcp_socket { name_connect name_bind };\nallow container_t syslogd_var_run_t:file read;\nallow container_t afs3_callback_port_t:tcp_socket { name_connect name_bind };\nallow container_t kernel_t:system module_request;\nallow container_t ntop_port_t:tcp_socket { name_connect name_bind };\nallow container_t proc_t:filesystem associate;\nallow container_t usr_t:dir write;\nallow container_t kerberos_port_t:tcp_socket { name_connect name_bind };\n#============= rngd_t ==============\nallow rngd_t cert_t:dir search;\nallow rngd_t self:process setsched;\n#============= sshd_t ==============\nallow sshd_t unlabeled_t:file { lock open read write };\nallow sshd_t chkpwd_t:process { noatsecure rlimitinh siginh };\nallow sshd_t ec2_instance_connect_t:process { noatsecure rlimitinh siginh };\n#============= syslogd_t ==============\nallow syslogd_t unlabeled_t:file { open ioctl unlink read append getattr };\n#============= unconfined_service_t ==============\nallow unconfined_service_t container_t:process transition;\nallow unconfined_service_t container_t:process2 nnp_transition;\n#============= postfix_master_t ==============\nallow postfix_master_t kernel_t:system module_request;\nallow postfix_master_t postfix_pickup_t:process { noatsecure rlimitinh siginh };\nallow postfix_master_t postfix_qmgr_t:process { noatsecure rlimitinh siginh };\n#============= postfix_pickup_t ==============\nallow postfix_pickup_t kernel_t:system module_request;\n#============= postfix_qmgr_t ==============\nallow postfix_qmgr_t kernel_t:system module_request;\n#============= irqbalance_t ==============\nallow irqbalance_t unlabeled_t:file { open read };\n#============= logrotate_t ==============\nallow logrotate_t unlabeled_t:dir { open read };\n\nEOF\ncheckmodule -M -m -o /tmp/kubemod.mod /tmp/kubemod.te\nsemodule_package -o /tmp/kubemod.pp -m /tmp/kubemod.mod\nsemodule -i /tmp/kubemod.pp\nrestorecon -R /var/log\ntouch /.autorelabel\ntouch /etc/.firstboot_done\nreboot\n"
            }
          },
          "sensitive_attributes": []
        }
      ]
    },
    {
      "mode": "managed",
      "type": "aws_default_security_group",
      "name": "default",
      "provider": "provider[\"registry.terraform.io/hashicorp/aws\"]",
      "instances": [
        {
          "index_key": 0,
          "schema_version": 1,
          "attributes": {
            "arn": "arn:aws:ec2:ap-southeast-2:126494010021:security-group/sg-09c604562a36858e6",
            "description": "default VPC security group",
            "egress": [],
            "id": "sg-09c604562a36858e6",
            "ingress": [],
            "name": "default",
            "owner_id": "126494010021",
            "revoke_rules_on_delete": false,
            "tags": null,
            "tags_all": {
              "ClusterRegion": "nokia-lab-ap-southeast-2",
              "Component": "EKS cluster",
              "DeployerTool": "CsfpOps",
              "KubernetesCluster": "nokia-lab"
            },
            "vpc_id": "vpc-040985aa96f4bceb4"
          },
          "sensitive_attributes": [],
          "private": "eyJzY2hlbWFfdmVyc2lvbiI6IjEifQ==",
          "dependencies": [
            "aws_vpc.this"
          ]
        }
      ]
    },
    {
      "mode": "managed",
      "type": "aws_efs_file_system",
      "name": "this",
      "provider": "provider[\"registry.terraform.io/hashicorp/aws\"]",
      "instances": [
        {
          "index_key": 0,
          "schema_version": 0,
          "attributes": {
            "arn": "arn:aws:elasticfilesystem:ap-southeast-2:126494010021:file-system/fs-025d54e136362262b",
            "availability_zone_id": "",
            "availability_zone_name": "",
            "creation_token": "terraform-20221111124923715100000001",
            "dns_name": "fs-025d54e136362262b.efs.ap-southeast-2.amazonaws.com",
            "encrypted": true,
            "id": "fs-025d54e136362262b",
            "kms_key_id": "arn:aws:kms:ap-southeast-2:126494010021:key/e03ea6d5-14ae-42d4-bbbb-64757cb6e809",
            "lifecycle_policy": [
              {
                "transition_to_ia": "AFTER_30_DAYS",
                "transition_to_primary_storage_class": ""
              }
            ],
            "number_of_mount_targets": 0,
            "owner_id": "126494010021",
            "performance_mode": "generalPurpose",
            "provisioned_throughput_in_mibps": 0,
            "size_in_bytes": [
              {
                "value": 6144,
                "value_in_ia": 0,
                "value_in_standard": 6144
              }
            ],
            "tags": {
              "Name": "nokia-lab-efs"
            },
            "tags_all": {
              "ClusterRegion": "nokia-lab-ap-southeast-2",
              "Component": "EKS cluster",
              "DeployerTool": "CsfpOps",
              "KubernetesCluster": "nokia-lab",
              "Name": "nokia-lab-efs"
            },
            "throughput_mode": "bursting"
          },
          "sensitive_attributes": [],
          "private": "bnVsbA==",
          "dependencies": [
            "aws_kms_alias.cluster",
            "aws_kms_key.this",
            "data.aws_caller_identity.current",
            "data.aws_iam_role.nodes",
            "data.aws_kms_key.cluster"
          ]
        }
      ]
    },
    {
      "mode": "managed",
      "type": "aws_efs_mount_target",
      "name": "private",
      "provider": "provider[\"registry.terraform.io/hashicorp/aws\"]",
      "instances": [
        {
          "index_key": 0,
          "schema_version": 0,
          "attributes": {
            "availability_zone_id": "apse2-az3",
            "availability_zone_name": "ap-southeast-2b",
            "dns_name": "fs-025d54e136362262b.efs.ap-southeast-2.amazonaws.com",
            "file_system_arn": "arn:aws:elasticfilesystem:ap-southeast-2:126494010021:file-system/fs-025d54e136362262b",
            "file_system_id": "fs-025d54e136362262b",
            "id": "fsmt-0ba65b7c058168b4a",
            "ip_address": "10.1.3.67",
            "mount_target_dns_name": "ap-southeast-2b.fs-025d54e136362262b.efs.ap-southeast-2.amazonaws.com",
            "network_interface_id": "eni-0da8b4926a6efd9ea",
            "owner_id": "126494010021",
            "security_groups": [
              "sg-0053144ddc896fd6f",
              "sg-0817e73edd4b3802f"
            ],
            "subnet_id": "subnet-04f9bf45281a5fc95"
          },
          "sensitive_attributes": [],
          "private": "bnVsbA==",
          "dependencies": [
            "aws_efs_file_system.this",
            "aws_eip.nat",
            "aws_eks_cluster.this",
            "aws_internet_gateway.this",
            "aws_kms_alias.cluster",
            "aws_kms_key.this",
            "aws_nat_gateway.this",
            "aws_security_group.cluster",
            "aws_subnet.private",
            "aws_subnet.public",
            "aws_vpc.this",
            "data.aws_availability_zones.azs",
            "data.aws_caller_identity.current",
            "data.aws_iam_role.eks",
            "data.aws_iam_role.nodes",
            "data.aws_kms_key.cluster",
            "data.aws_subnet_ids.private",
            "data.aws_subnet_ids.vpc",
            "time_sleep.wait_10_seconds"
          ]
        },
        {
          "index_key": 1,
          "schema_version": 0,
          "attributes": {
            "availability_zone_id": "apse2-az1",
            "availability_zone_name": "ap-southeast-2a",
            "dns_name": "fs-025d54e136362262b.efs.ap-southeast-2.amazonaws.com",
            "file_system_arn": "arn:aws:elasticfilesystem:ap-southeast-2:126494010021:file-system/fs-025d54e136362262b",
            "file_system_id": "fs-025d54e136362262b",
            "id": "fsmt-0e85c224aa57e571b",
            "ip_address": "10.1.1.28",
            "mount_target_dns_name": "ap-southeast-2a.fs-025d54e136362262b.efs.ap-southeast-2.amazonaws.com",
            "network_interface_id": "eni-09fda43f616d40c2c",
            "owner_id": "126494010021",
            "security_groups": [
              "sg-0053144ddc896fd6f",
              "sg-0817e73edd4b3802f"
            ],
            "subnet_id": "subnet-0bd8a66cfd99913f6"
          },
          "sensitive_attributes": [],
          "private": "bnVsbA==",
          "dependencies": [
            "aws_efs_file_system.this",
            "aws_eip.nat",
            "aws_eks_cluster.this",
            "aws_internet_gateway.this",
            "aws_kms_alias.cluster",
            "aws_kms_key.this",
            "aws_nat_gateway.this",
            "aws_security_group.cluster",
            "aws_subnet.private",
            "aws_subnet.public",
            "aws_vpc.this",
            "data.aws_availability_zones.azs",
            "data.aws_caller_identity.current",
            "data.aws_iam_role.eks",
            "data.aws_iam_role.nodes",
            "data.aws_kms_key.cluster",
            "data.aws_subnet_ids.private",
            "data.aws_subnet_ids.vpc",
            "time_sleep.wait_10_seconds"
          ]
        },
        {
          "index_key": 2,
          "schema_version": 0,
          "attributes": {
            "availability_zone_id": "apse2-az2",
            "availability_zone_name": "ap-southeast-2c",
            "dns_name": "fs-025d54e136362262b.efs.ap-southeast-2.amazonaws.com",
            "file_system_arn": "arn:aws:elasticfilesystem:ap-southeast-2:126494010021:file-system/fs-025d54e136362262b",
            "file_system_id": "fs-025d54e136362262b",
            "id": "fsmt-02774865890c64afe",
            "ip_address": "10.1.5.171",
            "mount_target_dns_name": "ap-southeast-2c.fs-025d54e136362262b.efs.ap-southeast-2.amazonaws.com",
            "network_interface_id": "eni-0918200c1ba55b621",
            "owner_id": "126494010021",
            "security_groups": [
              "sg-0053144ddc896fd6f",
              "sg-0817e73edd4b3802f"
            ],
            "subnet_id": "subnet-0c78f4856d02fdc4e"
          },
          "sensitive_attributes": [],
          "private": "bnVsbA==",
          "dependencies": [
            "aws_efs_file_system.this",
            "aws_eip.nat",
            "aws_eks_cluster.this",
            "aws_internet_gateway.this",
            "aws_kms_alias.cluster",
            "aws_kms_key.this",
            "aws_nat_gateway.this",
            "aws_security_group.cluster",
            "aws_subnet.private",
            "aws_subnet.public",
            "aws_vpc.this",
            "data.aws_availability_zones.azs",
            "data.aws_caller_identity.current",
            "data.aws_iam_role.eks",
            "data.aws_iam_role.nodes",
            "data.aws_kms_key.cluster",
            "data.aws_subnet_ids.private",
            "data.aws_subnet_ids.vpc",
            "time_sleep.wait_10_seconds"
          ]
        }
      ]
    },
    {
      "mode": "managed",
      "type": "aws_eip",
      "name": "nat",
      "provider": "provider[\"registry.terraform.io/hashicorp/aws\"]",
      "instances": [
        {
          "index_key": 0,
          "schema_version": 0,
          "attributes": {
            "address": null,
            "allocation_id": "eipalloc-036843e5317601de3",
            "associate_with_private_ip": null,
            "association_id": "eipassoc-04b9699236e895439",
            "carrier_ip": "",
            "customer_owned_ip": "",
            "customer_owned_ipv4_pool": "",
            "domain": "vpc",
            "id": "eipalloc-036843e5317601de3",
            "instance": "",
            "network_border_group": "ap-southeast-2",
            "network_interface": "eni-0ec34af39ba457a99",
            "private_dns": "ip-10-1-0-137.ap-southeast-2.compute.internal",
            "private_ip": "10.1.0.137",
            "public_dns": "ec2-54-79-175-183.ap-southeast-2.compute.amazonaws.com",
            "public_ip": "54.79.175.183",
            "public_ipv4_pool": "amazon",
            "tags": {
              "Name": "nokia-lab-ap-southeast-2a-eip"
            },
            "tags_all": {
              "ClusterRegion": "nokia-lab-ap-southeast-2",
              "Component": "EKS cluster",
              "DeployerTool": "CsfpOps",
              "KubernetesCluster": "nokia-lab",
              "Name": "nokia-lab-ap-southeast-2a-eip"
            },
            "timeouts": null,
            "vpc": true
          },
          "sensitive_attributes": [],
          "private": "eyJlMmJmYjczMC1lY2FhLTExZTYtOGY4OC0zNDM2M2JjN2M0YzAiOnsiZGVsZXRlIjoxODAwMDAwMDAwMDAsInJlYWQiOjkwMDAwMDAwMDAwMCwidXBkYXRlIjozMDAwMDAwMDAwMDB9fQ==",
          "dependencies": [
            "data.aws_availability_zones.azs"
          ],
          "create_before_destroy": true
        },
        {
          "index_key": 1,
          "schema_version": 0,
          "attributes": {
            "address": null,
            "allocation_id": "eipalloc-0f37d0d8f58b0876c",
            "associate_with_private_ip": null,
            "association_id": "eipassoc-011c519acf65b1534",
            "carrier_ip": "",
            "customer_owned_ip": "",
            "customer_owned_ipv4_pool": "",
            "domain": "vpc",
            "id": "eipalloc-0f37d0d8f58b0876c",
            "instance": "",
            "network_border_group": "ap-southeast-2",
            "network_interface": "eni-03d73c0ba7f7a9895",
            "private_dns": "ip-10-1-2-143.ap-southeast-2.compute.internal",
            "private_ip": "10.1.2.143",
            "public_dns": "ec2-54-79-28-142.ap-southeast-2.compute.amazonaws.com",
            "public_ip": "54.79.28.142",
            "public_ipv4_pool": "amazon",
            "tags": {
              "Name": "nokia-lab-ap-southeast-2b-eip"
            },
            "tags_all": {
              "ClusterRegion": "nokia-lab-ap-southeast-2",
              "Component": "EKS cluster",
              "DeployerTool": "CsfpOps",
              "KubernetesCluster": "nokia-lab",
              "Name": "nokia-lab-ap-southeast-2b-eip"
            },
            "timeouts": null,
            "vpc": true
          },
          "sensitive_attributes": [],
          "private": "eyJlMmJmYjczMC1lY2FhLTExZTYtOGY4OC0zNDM2M2JjN2M0YzAiOnsiZGVsZXRlIjoxODAwMDAwMDAwMDAsInJlYWQiOjkwMDAwMDAwMDAwMCwidXBkYXRlIjozMDAwMDAwMDAwMDB9fQ==",
          "dependencies": [
            "data.aws_availability_zones.azs"
          ],
          "create_before_destroy": true
        },
        {
          "index_key": 2,
          "schema_version": 0,
          "attributes": {
            "address": null,
            "allocation_id": "eipalloc-0205a9fff09d9527c",
            "associate_with_private_ip": null,
            "association_id": "eipassoc-097eb5fead80f8c5f",
            "carrier_ip": "",
            "customer_owned_ip": "",
            "customer_owned_ipv4_pool": "",
            "domain": "vpc",
            "id": "eipalloc-0205a9fff09d9527c",
            "instance": "",
            "network_border_group": "ap-southeast-2",
            "network_interface": "eni-093217ed0d9f71085",
            "private_dns": "ip-10-1-4-122.ap-southeast-2.compute.internal",
            "private_ip": "10.1.4.122",
            "public_dns": "ec2-13-210-42-158.ap-southeast-2.compute.amazonaws.com",
            "public_ip": "13.210.42.158",
            "public_ipv4_pool": "amazon",
            "tags": {
              "Name": "nokia-lab-ap-southeast-2c-eip"
            },
            "tags_all": {
              "ClusterRegion": "nokia-lab-ap-southeast-2",
              "Component": "EKS cluster",
              "DeployerTool": "CsfpOps",
              "KubernetesCluster": "nokia-lab",
              "Name": "nokia-lab-ap-southeast-2c-eip"
            },
            "timeouts": null,
            "vpc": true
          },
          "sensitive_attributes": [],
          "private": "eyJlMmJmYjczMC1lY2FhLTExZTYtOGY4OC0zNDM2M2JjN2M0YzAiOnsiZGVsZXRlIjoxODAwMDAwMDAwMDAsInJlYWQiOjkwMDAwMDAwMDAwMCwidXBkYXRlIjozMDAwMDAwMDAwMDB9fQ==",
          "dependencies": [
            "data.aws_availability_zones.azs"
          ],
          "create_before_destroy": true
        }
      ]
    },
    {
      "mode": "managed",
      "type": "aws_eks_cluster",
      "name": "this",
      "provider": "provider[\"registry.terraform.io/hashicorp/aws\"]",
      "instances": [
        {
          "schema_version": 0,
          "attributes": {
            "arn": "arn:aws:eks:ap-southeast-2:126494010021:cluster/nokia-lab",
            "certificate_authority": [
              {
                "data": "LS0tLS1CRUdJTiBDRVJUSUZJQ0FURS0tLS0tCk1JSUMvakNDQWVhZ0F3SUJBZ0lCQURBTkJna3Foa2lHOXcwQkFRc0ZBREFWTVJNd0VRWURWUVFERXdwcmRXSmwKY201bGRHVnpNQjRYRFRJeU1URXhNVEV5TlRjeU5Gb1hEVE15TVRFd09ERXlOVGN5TkZvd0ZURVRNQkVHQTFVRQpBeE1LYTNWaVpYSnVaWFJsY3pDQ0FTSXdEUVlKS29aSWh2Y05BUUVCQlFBRGdnRVBBRENDQVFvQ2dnRUJBTUQwCnYrMC9ibE51aUJ6TGEyWnROMUNjcEsxU3E4OVNsdm1sRjltTzAzUzVWOEgzMmlNcEhQVGVUOEZsamFPTFhLaXMKZTBuWlpMVm9SNVNzUFNwb2ZqSjhEWDFUOU9vV1RnSlFIbk1RMnlwa2NjTUNEWFJ3UE9WY2NjU01aRndTZ2NyZApIaUQ4Mnp0RjhJSmNZZGxKVkRJY3dsc0pxaldaR2V2WU1jUmVuSm9HZzN5Z2xHbkZTWnp4Y2p6NGE5VWtKdERTCktHTkt0TmRCYThxREdrUUFSVE9ERlZheUV5dEQ2ak14aUl2a0hYWVJFYXZrRGg3QURuOFQ1b1F0Wkw2d0pFd00KRE5tbjYramM4T1R6TFpvU2lDcW9UZHJXcVdvSHNkeERHMThrR0pMbU4wRUFyU3czNmZkNFlpY3JEenJtRjA0SQp4RlA3MTFwYi96NEozQXhDb3BFQ0F3RUFBYU5aTUZjd0RnWURWUjBQQVFIL0JBUURBZ0trTUE4R0ExVWRFd0VCCi93UUZNQU1CQWY4d0hRWURWUjBPQkJZRUZCenlzMk9IRFo4a2EwWmhGWW5Kd0c5ekhmcldNQlVHQTFVZEVRUU8KTUF5Q0NtdDFZbVZ5Ym1WMFpYTXdEUVlKS29aSWh2Y05BUUVMQlFBRGdnRUJBQVVUVU1ybWNIUGkwcTJyNzNXUApYK2RQc2daRG1Od2dwSUx4U2JFV1E4S2JZSXY2enMvYWdvQkVIYmxxMmI3NGVhRWR6VUhmZUI3dEhKQzlyVDlFCk8zOWVGb0lxT21UZE5za0NkT1lDQmtheVJac3NUam9pNkg1SmNhQ2hFTUs0dVBoSS93SHY2dVl6RHRXR0JKS2IKVEJmZmM2SGRrK2dYWmIrcW1PcXhRZ2U3aVFZNFV0eDlQTzY4UkFUaFUzWDJmbi9UVlJES20xMlYyZ2lsNUxZVwpRenpkR0NoNHNvbVUvNjRUd3hvdHV2VEdkdzdvL0pOY0xGREJpaEdMdmRRdEMrS2U2K0g0RXlhNjJkR3VmM2ZNCmVCSkZOLy8yZTZ5bGxzQW54K3hlaTd2NXJjVmQwU3phYXB3Qk1jQlhkS0xsQlJCOEs4cHFYQ3JHV2oxaUI3YmwKZHlVPQotLS0tLUVORCBDRVJUSUZJQ0FURS0tLS0tCg=="
              }
            ],
            "created_at": "2022-11-11 12:51:29.89 +0000 UTC",
            "enabled_cluster_log_types": [
              "api",
              "audit",
              "authenticator",
              "controllerManager",
              "scheduler"
            ],
            "encryption_config": [
              {
                "provider": [
                  {
                    "key_arn": "arn:aws:kms:ap-southeast-2:126494010021:key/e03ea6d5-14ae-42d4-bbbb-64757cb6e809"
                  }
                ],
                "resources": [
                  "secrets"
                ]
              }
            ],
            "endpoint": "https://3A882E5E44C5F410E3C453E8D031D296.gr7.ap-southeast-2.eks.amazonaws.com",
            "id": "nokia-lab",
            "identity": [
              {
                "oidc": [
                  {
                    "issuer": "https://oidc.eks.ap-southeast-2.amazonaws.com/id/3A882E5E44C5F410E3C453E8D031D296"
                  }
                ]
              }
            ],
            "kubernetes_network_config": [
              {
                "service_ipv4_cidr": "172.20.0.0/16"
              }
            ],
            "name": "nokia-lab",
            "platform_version": "eks.7",
            "role_arn": "arn:aws:iam::126494010021:role/service_eks_cluster",
            "status": "ACTIVE",
            "tags": {},
            "tags_all": {
              "ClusterRegion": "nokia-lab-ap-southeast-2",
              "Component": "EKS cluster",
              "DeployerTool": "CsfpOps",
              "KubernetesCluster": "nokia-lab"
            },
            "timeouts": {
              "create": "30m",
              "delete": "15m",
              "update": null
            },
            "version": "1.22",
            "vpc_config": [
              {
                "cluster_security_group_id": "sg-0817e73edd4b3802f",
                "endpoint_private_access": true,
                "endpoint_public_access": true,
                "public_access_cidrs": [
                  "13.237.183.33/32"
                ],
                "security_group_ids": [
                  "sg-0053144ddc896fd6f"
                ],
                "subnet_ids": [
                  "subnet-04f9bf45281a5fc95",
                  "subnet-0bd8a66cfd99913f6",
                  "subnet-0c78f4856d02fdc4e"
                ],
                "vpc_id": "vpc-040985aa96f4bceb4"
              }
            ]
          },
          "sensitive_attributes": [],
          "private": "eyJlMmJmYjczMC1lY2FhLTExZTYtOGY4OC0zNDM2M2JjN2M0YzAiOnsiY3JlYXRlIjoxODAwMDAwMDAwMDAwLCJkZWxldGUiOjkwMDAwMDAwMDAwMCwidXBkYXRlIjozNjAwMDAwMDAwMDAwfX0=",
          "dependencies": [
            "aws_kms_alias.cluster",
            "aws_security_group.cluster",
            "data.aws_iam_role.eks",
            "data.aws_subnet_ids.private",
            "data.aws_subnet_ids.vpc"
          ],
          "create_before_destroy": true
        }
      ]
    },
    {
      "mode": "managed",
      "type": "aws_eks_node_group",
      "name": "edges",
      "provider": "provider[\"registry.terraform.io/hashicorp/aws\"]",
      "instances": [
        {
          "schema_version": 0,
          "attributes": {
            "ami_type": "CUSTOM",
            "arn": "arn:aws:eks:ap-southeast-2:126494010021:nodegroup/nokia-lab/nokia-lab-edges_node_group/8ec23365-71eb-f1b0-fd76-444398478ece",
            "capacity_type": "ON_DEMAND",
            "cluster_name": "nokia-lab",
            "disk_size": 0,
            "force_update_version": null,
            "id": "nokia-lab:nokia-lab-edges_node_group",
            "instance_types": [],
            "labels": {
              "is_edge": "true"
            },
            "launch_template": [
              {
                "id": "lt-02367b677e7c7be03",
                "name": "nokia-lab-edges_launch_template20221111130443186900000002",
                "version": "1"
              }
            ],
            "node_group_name": "nokia-lab-edges_node_group",
            "node_group_name_prefix": "",
            "node_role_arn": "arn:aws:iam::126494010021:role/service_ec2_eksnode",
            "release_version": "ami-0ffc36bf1a175f9f5",
            "remote_access": [],
            "resources": [
              {
                "autoscaling_groups": [
                  {
                    "name": "eks-nokia-lab-edges_node_group-8ec23365-71eb-f1b0-fd76-444398478ece"
                  }
                ],
                "remote_access_security_group_id": ""
              }
            ],
            "scaling_config": [
              {
                "desired_size": 3,
                "max_size": 3,
                "min_size": 3
              }
            ],
            "status": "ACTIVE",
            "subnet_ids": [
              "subnet-04f9bf45281a5fc95",
              "subnet-0bd8a66cfd99913f6",
              "subnet-0c78f4856d02fdc4e"
            ],
            "tags": {
              "Name": "nokia-lab-edges_node_group",
              "Role": "edges"
            },
            "tags_all": {
              "ClusterRegion": "nokia-lab-ap-southeast-2",
              "Component": "EKS cluster",
              "DeployerTool": "CsfpOps",
              "KubernetesCluster": "nokia-lab",
              "Name": "nokia-lab-edges_node_group",
              "Role": "edges"
            },
            "taint": [
              {
                "effect": "NO_EXECUTE",
                "key": "is_edge",
                "value": "true"
              }
            ],
            "timeouts": null,
            "update_config": [
              {
                "max_unavailable": 1,
                "max_unavailable_percentage": 0
              }
            ],
            "version": "1.22"
          },
          "sensitive_attributes": [],
          "private": "eyJlMmJmYjczMC1lY2FhLTExZTYtOGY4OC0zNDM2M2JjN2M0YzAiOnsiY3JlYXRlIjozNjAwMDAwMDAwMDAwLCJkZWxldGUiOjM2MDAwMDAwMDAwMDAsInVwZGF0ZSI6MzYwMDAwMDAwMDAwMH19",
          "dependencies": [
            "aws_eks_cluster.this",
            "aws_key_pair.cluster_key",
            "aws_kms_alias.cluster",
            "aws_launch_template.edges",
            "aws_security_group.cluster",
            "data.aws_ami.eks_worker",
            "data.aws_iam_role.eks",
            "data.aws_iam_role.nodes",
            "data.aws_subnet_ids.private",
            "data.aws_subnet_ids.vpc",
            "data.template_file.aws_ssm_seelog",
            "data.template_file.edges_userdata"
          ],
          "create_before_destroy": true
        }
      ]
    },
    {
      "mode": "managed",
      "type": "aws_eks_node_group",
      "name": "workers",
      "provider": "provider[\"registry.terraform.io/hashicorp/aws\"]",
      "instances": [
        {
          "schema_version": 0,
          "attributes": {
            "ami_type": "CUSTOM",
            "arn": "arn:aws:eks:ap-southeast-2:126494010021:nodegroup/nokia-lab/nokia-lab-workers_node_group/0cc23365-71ec-c40f-7b88-5b9c974a0d1c",
            "capacity_type": "ON_DEMAND",
            "cluster_name": "nokia-lab",
            "disk_size": 0,
            "force_update_version": null,
            "id": "nokia-lab:nokia-lab-workers_node_group",
            "instance_types": [],
            "labels": {
              "is_control": "true",
              "is_worker": "true"
            },
            "launch_template": [
              {
                "id": "lt-098d08b724f1f033f",
                "name": "nokia-lab-workers_launch_template20221111130443186700000001",
                "version": "1"
              }
            ],
            "node_group_name": "nokia-lab-workers_node_group",
            "node_group_name_prefix": "",
            "node_role_arn": "arn:aws:iam::126494010021:role/service_ec2_eksnode",
            "release_version": "ami-0ffc36bf1a175f9f5",
            "remote_access": [],
            "resources": [
              {
                "autoscaling_groups": [
                  {
                    "name": "eks-nokia-lab-workers_node_group-0cc23365-71ec-c40f-7b88-5b9c974a0d1c"
                  }
                ],
                "remote_access_security_group_id": ""
              }
            ],
            "scaling_config": [
              {
                "desired_size": 6,
                "max_size": 9,
                "min_size": 6
              }
            ],
            "status": "ACTIVE",
            "subnet_ids": [
              "subnet-04f9bf45281a5fc95",
              "subnet-0bd8a66cfd99913f6",
              "subnet-0c78f4856d02fdc4e"
            ],
            "tags": {
              "Name": "nokia-lab-workers_node_group",
              "Role": "workers"
            },
            "tags_all": {
              "ClusterRegion": "nokia-lab-ap-southeast-2",
              "Component": "EKS cluster",
              "DeployerTool": "CsfpOps",
              "KubernetesCluster": "nokia-lab",
              "Name": "nokia-lab-workers_node_group",
              "Role": "workers"
            },
            "taint": [],
            "timeouts": null,
            "update_config": [
              {
                "max_unavailable": 1,
                "max_unavailable_percentage": 0
              }
            ],
            "version": "1.22"
          },
          "sensitive_attributes": [],
          "private": "eyJlMmJmYjczMC1lY2FhLTExZTYtOGY4OC0zNDM2M2JjN2M0YzAiOnsiY3JlYXRlIjozNjAwMDAwMDAwMDAwLCJkZWxldGUiOjM2MDAwMDAwMDAwMDAsInVwZGF0ZSI6MzYwMDAwMDAwMDAwMH19",
          "dependencies": [
            "aws_eks_cluster.this",
            "aws_key_pair.cluster_key",
            "aws_kms_alias.cluster",
            "aws_launch_template.workers",
            "aws_security_group.cluster",
            "data.aws_ami.eks_worker",
            "data.aws_iam_role.eks",
            "data.aws_iam_role.nodes",
            "data.aws_subnet_ids.private",
            "data.aws_subnet_ids.vpc",
            "data.template_file.aws_ssm_seelog",
            "data.template_file.workers_userdata"
          ],
          "create_before_destroy": true
        }
      ]
    },
    {
      "mode": "managed",
      "type": "aws_internet_gateway",
      "name": "this",
      "provider": "provider[\"registry.terraform.io/hashicorp/aws\"]",
      "instances": [
        {
          "index_key": 0,
          "schema_version": 0,
          "attributes": {
            "arn": "arn:aws:ec2:ap-southeast-2:126494010021:internet-gateway/igw-0ede4d18bb7a84981",
            "id": "igw-0ede4d18bb7a84981",
            "owner_id": "126494010021",
            "tags": {
              "Name": "nokia-lab-igw"
            },
            "tags_all": {
              "ClusterRegion": "nokia-lab-ap-southeast-2",
              "Component": "EKS cluster",
              "DeployerTool": "CsfpOps",
              "KubernetesCluster": "nokia-lab",
              "Name": "nokia-lab-igw"
            },
            "vpc_id": "vpc-040985aa96f4bceb4"
          },
          "sensitive_attributes": [],
          "private": "bnVsbA==",
          "dependencies": [
            "aws_vpc.this"
          ],
          "create_before_destroy": true
        }
      ]
    },
    {
      "mode": "managed",
      "type": "aws_key_pair",
      "name": "cluster_key",
      "provider": "provider[\"registry.terraform.io/hashicorp/aws\"]",
      "instances": [
        {
          "index_key": 0,
          "schema_version": 1,
          "attributes": {
            "arn": "arn:aws:ec2:ap-southeast-2:126494010021:key-pair/nokia-lab-key",
            "fingerprint": "f1:17:63:b3:99:2b:27:a4:23:d3:e7:6f:a5:3c:8e:6a",
            "id": "nokia-lab-key",
            "key_name": "nokia-lab-key",
            "key_name_prefix": "",
            "key_pair_id": "key-093b15218dcd4058d",
            "public_key": "ssh-rsa AAAAB3NzaC1yc2EAAAADAQABAAACAQCaUBMgDJ7q+u7LcpU7aqqTc/QeRdCgCg8pN8xmYIEUD/44NGF7QdP10+1O/u3rhxS9G7viCrofRYiciSDOaQjTBbmAG0K8E2JYVXTXXgtDZjwDLDxxBkVkf0olY8xdGavoy2yc0VUnSqxHL9SNN9+zmQoq+tzqtoMOclQ4TAOStOSCK5vXmtvAMwq4lMV6BuVD2UUdce35aWkh0r+KTeM1zTUK9kBINSWkOf2wmw3/KN/1PUl8C1TNHgycxv1FjQ8LYzI3yyxbu4MCy4dT4d6ci1bkyh2rx/ja2ea1UoK4grWdbLizvHRfC3Ta1AwWmEUdZ84DKNKG881UkK/dBdNti3y9GXetkym04Jyz3aopSWYp1mvWdBYqpOkKKjdAGmb12gT5C7efR6wQO/I/4oGzCeaKKIZGMLjnqvHKL/Gxo554lK44Bvjlo43J/Qaar/XQvy1IKog+BQB0yXi0AQruEiic9J/f130EelZBfYfZ8nAKM/bFMTA3vu8bvWPm0hd3N4DtgLQ9+RQTxr3bJ1YOUfyHva0Rf+PknnSKiIZ0BcYiLhU+qEQakKcEA2NravuQ8ofoysISsDeMHD/ZOCimO/kOM/OPQnA61UCaoyK6Wdnw4FRyMGbh8OjfeWR1XczKBqPCd7XZQQ1ZTDo7iW76Hf+ImiMPwGkJQF1hMbl5fw==",
            "tags": {},
            "tags_all": {
              "ClusterRegion": "nokia-lab-ap-southeast-2",
              "Component": "EKS cluster",
              "DeployerTool": "CsfpOps",
              "KubernetesCluster": "nokia-lab"
            }
          },
          "sensitive_attributes": [],
          "private": "eyJzY2hlbWFfdmVyc2lvbiI6IjEifQ==",
          "create_before_destroy": true
        }
      ]
    },
    {
      "mode": "managed",
      "type": "aws_kms_alias",
      "name": "cluster",
      "provider": "provider[\"registry.terraform.io/hashicorp/aws\"]",
      "instances": [
        {
          "schema_version": 0,
          "attributes": {
            "arn": "arn:aws:kms:ap-southeast-2:126494010021:alias/cluster-nokia-lab",
            "id": "alias/cluster-nokia-lab",
            "name": "alias/cluster-nokia-lab",
            "name_prefix": "",
            "target_key_arn": "arn:aws:kms:ap-southeast-2:126494010021:key/e03ea6d5-14ae-42d4-bbbb-64757cb6e809",
            "target_key_id": "e03ea6d5-14ae-42d4-bbbb-64757cb6e809"
          },
          "sensitive_attributes": [],
          "private": "bnVsbA==",
          "dependencies": [
            "aws_kms_key.this",
            "data.aws_caller_identity.current",
            "data.aws_iam_role.nodes",
            "data.aws_kms_key.cluster"
          ],
          "create_before_destroy": true
        }
      ]
    },
    {
      "mode": "managed",
      "type": "aws_kms_alias",
      "name": "s3_artifacts",
      "provider": "provider[\"registry.terraform.io/hashicorp/aws\"]",
      "instances": [
        {
          "schema_version": 0,
          "attributes": {
            "arn": "arn:aws:kms:ap-southeast-2:126494010021:alias/s3-artifacts-nokia-lab",
            "id": "alias/s3-artifacts-nokia-lab",
            "name": "alias/s3-artifacts-nokia-lab",
            "name_prefix": "",
            "target_key_arn": "arn:aws:kms:ap-southeast-2:126494010021:key/e03ea6d5-14ae-42d4-bbbb-64757cb6e809",
            "target_key_id": "e03ea6d5-14ae-42d4-bbbb-64757cb6e809"
          },
          "sensitive_attributes": [],
          "private": "bnVsbA==",
          "dependencies": [
            "aws_kms_key.this",
            "data.aws_caller_identity.current",
            "data.aws_iam_role.nodes",
            "data.aws_kms_key.s3_artifacts"
          ]
        }
      ]
    },
    {
      "mode": "managed",
      "type": "aws_kms_key",
      "name": "this",
      "provider": "provider[\"registry.terraform.io/hashicorp/aws\"]",
      "instances": [
        {
          "index_key": 0,
          "schema_version": 0,
          "attributes": {
            "arn": "arn:aws:kms:ap-southeast-2:126494010021:key/e03ea6d5-14ae-42d4-bbbb-64757cb6e809",
            "bypass_policy_lockout_safety_check": false,
            "customer_master_key_spec": "SYMMETRIC_DEFAULT",
            "deletion_window_in_days": null,
            "description": "nokia-lab EKS Secret Encryption Key",
            "enable_key_rotation": true,
            "id": "e03ea6d5-14ae-42d4-bbbb-64757cb6e809",
            "is_enabled": true,
            "key_id": "e03ea6d5-14ae-42d4-bbbb-64757cb6e809",
            "key_usage": "ENCRYPT_DECRYPT",
            "multi_region": false,
            "policy": "{\"Id\":\"key-default-1\",\"Statement\":[{\"Action\":\"kms:*\",\"Effect\":\"Allow\",\"Principal\":{\"AWS\":[\"arn:aws:iam::126494010021:role/aws-service-role/autoscaling.amazonaws.com/AWSServiceRoleForAutoScaling\",\"arn:aws:iam::126494010021:role/service_ec2_eksnode\",\"arn:aws:iam::126494010021:root\"]},\"Resource\":\"*\",\"Sid\":\"Enable IAM Role Permissions\"}],\"Version\":\"2012-10-17\"}",
            "tags": {},
            "tags_all": {
              "ClusterRegion": "nokia-lab-ap-southeast-2",
              "Component": "EKS cluster",
              "DeployerTool": "CsfpOps",
              "KubernetesCluster": "nokia-lab"
            }
          },
          "sensitive_attributes": [],
          "private": "bnVsbA==",
          "dependencies": [
            "data.aws_caller_identity.current",
            "data.aws_iam_role.nodes"
          ],
          "create_before_destroy": true
        }
      ]
    },
    {
      "mode": "managed",
      "type": "aws_launch_template",
      "name": "edges",
      "provider": "provider[\"registry.terraform.io/hashicorp/aws\"]",
      "instances": [
        {
          "schema_version": 0,
          "attributes": {
            "arn": "arn:aws:ec2:ap-southeast-2:126494010021:launch-template/lt-02367b677e7c7be03",
            "block_device_mappings": [
              {
                "device_name": "/dev/xvda",
                "ebs": [
                  {
                    "delete_on_termination": "true",
                    "encrypted": "true",
                    "iops": 0,
                    "kms_key_id": "arn:aws:kms:ap-southeast-2:126494010021:alias/cluster-nokia-lab",
                    "snapshot_id": "",
                    "throughput": 0,
                    "volume_size": 50,
                    "volume_type": "gp2"
                  }
                ],
                "no_device": "",
                "virtual_name": ""
              },
              {
                "device_name": "/dev/sdf",
                "ebs": [
                  {
                    "delete_on_termination": "true",
                    "encrypted": "true",
                    "iops": 0,
                    "kms_key_id": "arn:aws:kms:ap-southeast-2:126494010021:alias/cluster-nokia-lab",
                    "snapshot_id": "",
                    "throughput": 0,
                    "volume_size": 50,
                    "volume_type": "gp2"
                  }
                ],
                "no_device": "",
                "virtual_name": ""
              }
            ],
            "capacity_reservation_specification": [],
            "cpu_options": [],
            "credit_specification": [
              {
                "cpu_credits": "standard"
              }
            ],
            "default_version": 1,
            "description": "",
            "disable_api_termination": false,
            "ebs_optimized": "true",
            "elastic_gpu_specifications": [],
            "elastic_inference_accelerator": [],
            "enclave_options": [],
            "hibernation_options": [],
            "iam_instance_profile": [],
            "id": "lt-02367b677e7c7be03",
            "image_id": "ami-0ffc36bf1a175f9f5",
            "instance_initiated_shutdown_behavior": "",
            "instance_market_options": [],
            "instance_type": "m5a.2xlarge",
            "kernel_id": "",
            "key_name": "nokia-lab-key",
            "latest_version": 1,
            "license_specification": [],
            "metadata_options": [
              {
                "http_endpoint": "enabled",
                "http_protocol_ipv6": "disabled",
                "http_put_response_hop_limit": 1,
                "http_tokens": "optional"
              }
            ],
            "monitoring": [
              {
                "enabled": true
              }
            ],
            "name": "nokia-lab-edges_launch_template20221111130443186900000002",
            "name_prefix": "nokia-lab-edges_launch_template",
            "network_interfaces": [
              {
                "associate_carrier_ip_address": "",
                "associate_public_ip_address": "false",
                "delete_on_termination": "true",
                "description": "",
                "device_index": 0,
                "interface_type": "",
                "ipv4_address_count": 0,
                "ipv4_addresses": null,
                "ipv6_address_count": 0,
                "ipv6_addresses": null,
                "network_card_index": 0,
                "network_interface_id": "",
                "private_ip_address": "",
                "security_groups": [
                  "sg-0053144ddc896fd6f"
                ],
                "subnet_id": ""
              }
            ],
            "placement": [
              {
                "affinity": "",
                "availability_zone": "",
                "group_name": "",
                "host_id": "",
                "host_resource_group_arn": "",
                "partition_number": 0,
                "spread_domain": "",
                "tenancy": "default"
              }
            ],
            "ram_disk_id": "",
            "security_group_names": null,
            "tag_specifications": [
              {
                "resource_type": "volume",
                "tags": {
                  "ClusterRegion": "nokia-lab-ap-southeast-2",
                  "Component": "EKS cluster",
                  "DeployerTool": "CsfpOps",
                  "KubernetesCluster": "nokia-lab",
                  "Name": "nokia-lab_eks-edges-node"
                }
              },
              {
                "resource_type": "instance",
                "tags": {
                  "ClusterRegion": "nokia-lab-ap-southeast-2",
                  "Component": "EKS cluster",
                  "DeployerTool": "CsfpOps",
                  "KubernetesCluster": "nokia-lab",
                  "Name": "nokia-lab_eks-edges-node",
                  "k8s.io/cluster-autoscaler/enabled": "false",
                  "k8s.io/cluster-autoscaler/nokia-lab": "owned",
                  "role": "['edges']"
                }
              }
            ],
            "tags": null,
            "tags_all": {
              "ClusterRegion": "nokia-lab-ap-southeast-2",
              "Component": "EKS cluster",
              "DeployerTool": "CsfpOps",
              "KubernetesCluster": "nokia-lab"
            },
            "update_default_version": null,
            "user_data": "TUlNRS1WZXJzaW9uOiAxLjAKQ29udGVudC1UeXBlOiBtdWx0aXBhcnQvbWl4ZWQ7IGJvdW5kYXJ5PSIvLyIKCi0tLy8KQ29udGVudC1UeXBlOiB0ZXh0L2Nsb3VkLWNvbmZpZzsgY2hhcnNldD0idXMtYXNjaWkiCk1JTUUtVmVyc2lvbjogMS4wCkNvbnRlbnQtVHJhbnNmZXItRW5jb2Rpbmc6IDdiaXQKQ29udGVudC1EaXNwb3NpdGlvbjogYXR0YWNobWVudDsgZmlsZW5hbWU9ImNsb3VkLWNvbmZpZy50eHQiCgojY2xvdWQtY29uZmlnCmNsb3VkX2ZpbmFsX21vZHVsZXM6Ci0gW3NjcmlwdHMtdXNlciwgYWx3YXlzXQoKLS0vLwpDb250ZW50LVR5cGU6IHRleHQveC1zaGVsbHNjcmlwdDsgY2hhcnNldD0idXMtYXNjaWkiCiMhL2Jpbi9iYXNoIC14ZQoKZXhlYyA+ID4odGVlIC92YXIvbG9nL3VzZXItZGF0YS5sb2d8bG9nZ2VyIC10IHVzZXItZGF0YSAtcyAyPi9kZXYvY29uc29sZSkgMj4mMQoKW1sgLWYgL2V0Yy8uZmlyc3Rib290X2RvbmUgXV0gfHwgewoKIyMgSW5zdGFsbCByZXF1aXJlbWVudHMKcnBtIC1xYSB8IGdyZXAgcGFydGVkIHx8IHl1bSBpbnN0YWxsIC15IHBhcnRlZApycG0gLXFhIHwgZ3JlcCByc3luYyB8fCB5dW0gaW5zdGFsbCAteSByc3luYwoKIyMgSW5zdGFsbCBBbWF6b24gU1NNIEFnZW50CnJwbSAtcWEgfCBncmVwIGFtYXpvbi1zc20tYWdlbnQgfHwgeXVtIGluc3RhbGwgLXkgaHR0cHM6Ly9zMy5hcC1zb3V0aGVhc3QtMi5hbWF6b25hd3MuY29tL2FtYXpvbi1zc20tYXAtc291dGhlYXN0LTIvbGF0ZXN0L2xpbnV4X2FtZDY0L2FtYXpvbi1zc20tYWdlbnQucnBtCnN5c3RlbWN0bCBlbmFibGUgYW1hem9uLXNzbS1hZ2VudApjYXQgPDwgRU9GID4+IC9ldGMvYW1hem9uL3NzbS9zZWVsb2cueG1sCjwhLS1hbWF6b24tc3NtLWFnZW50IHVzZXMgc2VlbG9nIGxvZ2dpbmcgLS0+CjwhLS1TZWVsb2cgaGFzIGdpdGh1YiB3aWtpIHBhZ2VzLCB3aGljaCBjb250YWluIGRldGFpbGVkIGhvdy10b3MgcmVmZXJlbmNlczogaHR0cHM6Ly9naXRodWIuY29tL2NpaHViL3NlZWxvZy93aWtpIC0tPgo8IS0tU2VlbG9nIGV4YW1wbGVzIGNhbiBiZSBmb3VuZCBoZXJlOiBodHRwczovL2dpdGh1Yi5jb20vY2lodWIvc2VlbG9nLWV4YW1wbGVzIC0tPgo8c2VlbG9nIHR5cGU9ImFkYXB0aXZlIiBtaW5pbnRlcnZhbD0iMjAwMDAwMCIgbWF4aW50ZXJ2YWw9IjEwMDAwMDAwMCIgY3JpdG1zZ2NvdW50PSI1MDAiIG1pbmxldmVsPSJpbmZvIj4KICAgIDxleGNlcHRpb25zPgogICAgICAgIDxleGNlcHRpb24gZmlsZXBhdHRlcm49InRlc3QqIiBtaW5sZXZlbD0iZXJyb3IiLz4KICAgIDwvZXhjZXB0aW9ucz4KICAgIDxvdXRwdXRzIGZvcm1hdGlkPSJmbXRpbmZvIj4KICAgICAgICA8Y29uc29sZSBmb3JtYXRpZD0iZm10aW5mbyIvPgogICAgICAgIDxyb2xsaW5nZmlsZSB0eXBlPSJzaXplIiBmaWxlbmFtZT0iL3Zhci9sb2cvYW1hem9uL3NzbS9hbWF6b24tc3NtLWFnZW50LmxvZyIgbWF4c2l6ZT0iMzAwMDAwMDAiIG1heHJvbGxzPSI1Ii8+CiAgICAgICAgPGZpbHRlciBsZXZlbHM9ImVycm9yLGNyaXRpY2FsIiBmb3JtYXRpZD0iZm10ZXJyb3IiPgogICAgICAgICAgICA8cm9sbGluZ2ZpbGUgdHlwZT0ic2l6ZSIgZmlsZW5hbWU9Ii92YXIvbG9nL2FtYXpvbi9zc20vZXJyb3JzLmxvZyIgbWF4c2l6ZT0iMTAwMDAwMDAiIG1heHJvbGxzPSI1Ii8+CiAgICAgICAgPC9maWx0ZXI+CiAgICAgICAgPGN1c3RvbSBuYW1lPSJjbG91ZHdhdGNoX3JlY2VpdmVyIiBmb3JtYXRpZD0iZm10ZGVidWciIGRhdGEtbG9nLWdyb3VwPSIvYXdzL2Vrcy9ub2tpYS1sYWIvY2x1c3RlciIvPgogICAgPC9vdXRwdXRzPgogICAgPGZvcm1hdHM+CiAgICAgICAgPGZvcm1hdCBpZD0iZm10ZXJyb3IiIGZvcm1hdD0iJURhdGUgJVRpbWUgJUxFVkVMIFslRnVuY1Nob3J0IEAgJUZpbGUuJUxpbmVdICVNc2clbiIvPgogICAgICAgIDxmb3JtYXQgaWQ9ImZtdGRlYnVnIiBmb3JtYXQ9IiVEYXRlICVUaW1lICVMRVZFTCBbJUZ1bmNTaG9ydCBAICVGaWxlLiVMaW5lXSAlTXNnJW4iLz4KICAgICAgICA8Zm9ybWF0IGlkPSJmbXRpbmZvIiBmb3JtYXQ9IiVEYXRlICVUaW1lICVMRVZFTCAlTXNnJW4iLz4KICAgIDwvZm9ybWF0cz4KPC9zZWVsb2c+CkVPRgpzeXN0ZW1jdGwgcmVzdGFydCBhbWF6b24tc3NtLWFnZW50CgojIyBQYXJ0aXRpb25pbmcKcGFydGVkIC0tc2NyaXB0IC9kZXYvbnZtZTFuMSBcCm1rbGFiZWwgZ3B0IFwKbWtwYXJ0IGxvZyBleHQ0IDAlIDEwMCUKcGFydHByb2JlCgojIyBGb3JtYXQgbmV3IHBhcnRpdGlvbgpta2ZzLmV4dDQgL2Rldi9udm1lMW4xcDEKCiMjIEF1dG9tYXRpYyBtb3VudApjYXQgPDwgRU9GID4+IC9ldGMvZnN0YWIKdG1wZnMgICAvdG1wICAgICAgICAgICAgdG1wZnMgICAgIGRlZmF1bHRzLHNpemU9MWcsbW9kZT0xNzc3LG5vZGV2LG5vZXhlYyxub3N1aWQgIDAgICAgICAgMAovdG1wICAgIC92YXIvdG1wICAgICAgICBub25lICAgICAgcncsbm9kZXYsbm9leGVjLG5vc3VpZCxiaW5kICAgICAwICAgICAgIDAKdG1wZnMgICAvZGV2L3NobSAgICAgICAgdG1wZnMgICAgIG5vZXhlYyxub3N1aWQsbm9kZXYgICAgMCAgICAgICAwCkVPRgoKIyAvdmFyL2xvZwplY2hvICIkKGJsa2lkIHwgZ3JlcCBudm1lMW4xcDEgfCBhd2sgJ3twcmludCAkMn0nKSAvdmFyL2xvZyBleHQ0IGRlZmF1bHRzLG5vZmFpbCAwIDIiID4+IC9ldGMvZnN0YWIKbWtkaXIgLXAgL3RtcC9sb2cKbW91bnQgL2Rldi9udm1lMW4xcDEgL3RtcC9sb2cKcnN5bmMgLWF2IC92YXIvbG9nLyAvdG1wL2xvZwp1bW91bnQgL3RtcC9sb2cKbW91bnQgL2Rldi9udm1lMW4xcDEgL3Zhci9sb2cKY2htb2QgLVIgNzc3IC92YXIvbG9nCgojIFJlbG9hZCBmc3RhYgptb3VudCAtYQoKa3ViZWxldF9zZXJ2aWNlPSIvZXRjL3N5c3RlbWQvc3lzdGVtL2t1YmVsZXQuc2VydmljZSIKCgojIERvY2tlciBvcHRpb25zIHNldCBzeXNjb25maWcgZW52aXJvbm1lbnQgZmlsZQpjYXQgPDwgRU9GID4+IC9ldGMvc3lzY29uZmlnL2RvY2tlcgoKT1BUSU9OUz0nLS1zZWxpbnV4LWVuYWJsZWQ9dHJ1ZSAtLWV4ZWMtb3B0PW5hdGl2ZS5jZ3JvdXBkcml2ZXI9c3lzdGVtZCAtLXN0b3JhZ2Utb3B0IG92ZXJsYXkyLm92ZXJyaWRlX2tlcm5lbF9jaGVjaz10cnVlIC0tdXNlcmxhbmQtcHJveHk9ZmFsc2UnCkVPRgpzeXN0ZW1jdGwgcmVzdGFydCBkb2NrZXIKCgojIEFsbG93IHVzZXIgc3VwcGxpZWQgcHJlIHVzZXJkYXRhIGNvZGUKCgojIFN5c3RlbWQgZG9lcyBub3Qgc3VwcG9ydCBhcHBlbmRpbmcgZW52aXJvbm1lbnQgdmFyaWFibGVzLiBBZGQgYSBuZXcgdmFyaWFibGUKc2VkIC1pICdzL0tVQkVMRVRfRVhUUkFfQVJHUy9LVUJFTEVUX0VYVFJBX0FSR1MgJEVYVEVOREVEX0tVQkVMRVRfQVJHUy8nICRrdWJlbGV0X3NlcnZpY2UKY2F0IDw8IEVPRiA+IC9ldGMvc3lzdGVtZC9zeXN0ZW0va3ViZWxldC5zZXJ2aWNlLmQvOTk5OS1leHRlbmRlZC1rdWJlbGV0LWFyZ3MuY29uZgpbU2VydmljZV0KRW52aXJvbm1lbnQ9J0VYVEVOREVEX0tVQkVMRVRfQVJHUz0tLWNncm91cC1kcml2ZXI9c3lzdGVtZCcKRU9GCnN5c3RlbWN0bCBkYWVtb24tcmVsb2FkCgojIEFsbG93IHVzZXIgc3VwcGxpZWQgdXNlcmRhdGEgY29kZQoKCgojIFBvaW50IHJlc29sdi5jb25mIHRvIE5vZGVMb2NhbCBETlMKZWNobyAic3VwZXJzZWRlIGRvbWFpbi1uYW1lLXNlcnZlcnMgMTI3LjAuMC4xLDE2OS4yNTQuMTY5LjI1MzsiID4+IC9ldGMvZGhjcC9kaGNsaWVudC5jb25mICYmIGRoY2xpZW50IC1yICYmIGRoY2xpZW50CiMgV2UgYWx3YXlzIHVzZSBpbWFnZS1pZCBpbiBsYXVuY2gtdGVtcGxhdGUgd2hpY2ggbWVhbnMgaXQgaXMgY29uc2lkZXJlZCBhcyBjdXN0b20gQU1JCkI2NF9DTFVTVEVSX0NBPUxTMHRMUzFDUlVkSlRpQkRSVkpVU1VaSlEwRlVSUzB0TFMwdENrMUpTVU12YWtORFFXVmhaMEYzU1VKQlowbENRVVJCVGtKbmEzRm9hMmxIT1hjd1FrRlJjMFpCUkVGV1RWSk5kMFZSV1VSV1VWRkVSWGR3Y21SWFNtd0tZMjAxYkdSSFZucE5RalJZUkZSSmVVMVVSWGhOVkVWNVRsUmplVTVHYjFoRVZFMTVUVlJGZDA5RVJYbE9WR041VGtadmQwWlVSVlJOUWtWSFFURlZSUXBCZUUxTFlUTldhVnBZU25WYVdGSnNZM3BEUTBGVFNYZEVVVmxLUzI5YVNXaDJZMDVCVVVWQ1FsRkJSR2RuUlZCQlJFTkRRVkZ2UTJkblJVSkJUVVF3Q25Zck1DOWliRTUxYVVKNlRHRXlXblJPTVVOamNFc3hVM0U0T1ZOc2RtMXNSamx0VHpBelV6VldPRWd6TW1sTmNFaFFWR1ZVT0Vac2FtRlBURmhMYVhNS1pUQnVXbHBNVm05U05WTnpVRk53YjJacVNqaEVXREZVT1U5dlYxUm5TbEZJYmsxUk1ubHdhMk5qVFVORVdGSjNVRTlXWTJOalUwMWFSbmRUWjJOeVpBcElhVVE0TW5wMFJqaEpTbU5aWkd4S1ZrUkpZM2RzYzBweGFsZGFSMlYyV1UxalVtVnVTbTlIWnpONVoyeEhia1pUV25wNFkycDZOR0U1Vld0S2RFUlRDa3RIVGt0MFRtUkNZVGh4UkVkclVVRlNWRTlFUmxaaGVVVjVkRVEyYWsxNGFVbDJhMGhZV1ZKRllYWnJSR2czUVVSdU9GUTFiMUYwV2t3MmQwcEZkMDBLUkU1dGJqWXJhbU00VDFSNlRGcHZVMmxEY1c5VVpISlhjVmR2U0hOa2VFUkhNVGhyUjBwTWJVNHdSVUZ5VTNjek5tWmtORmxwWTNKRWVuSnRSakEwU1FwNFJsQTNNVEZ3WWk5Nk5Fb3pRWGhEYjNCRlEwRjNSVUZCWVU1YVRVWmpkMFJuV1VSV1VqQlFRVkZJTDBKQlVVUkJaMHRyVFVFNFIwRXhWV1JGZDBWQ0NpOTNVVVpOUVUxQ1FXWTRkMGhSV1VSV1VqQlBRa0paUlVaQ2VubHpNazlJUkZvNGEyRXdXbWhHV1c1S2QwYzVla2htY2xkTlFsVkhRVEZWWkVWUlVVOEtUVUY1UTBOdGRERlpiVlo1WW0xV01GcFlUWGRFVVZsS1MyOWFTV2gyWTA1QlVVVk1RbEZCUkdkblJVSkJRVlZVVlUxeWJXTklVR2t3Y1RKeU56TlhVQXBZSzJSUWMyZGFSRzFPZDJkd1NVeDRVMkpGVjFFNFMySlpTWFkyZW5NdllXZHZRa1ZJWW14eE1tSTNOR1ZoUldSNlZVaG1aVUkzZEVoS1F6bHlWRGxGQ2s4ek9XVkdiMGx4VDIxVVpFNXphME5rVDFsRFFtdGhlVkphYzNOVWFtOXBOa2cxU21OaFEyaEZUVXMwZFZCb1NTOTNTSFkyZFZsNlJIUlhSMEpLUzJJS1ZFSm1abU0yU0dScksyZFlXbUlyY1cxUGNYaFJaMlUzYVZGWk5GVjBlRGxRVHpZNFVrRlVhRlV6V0RKbWJpOVVWbEpFUzIweE1sWXlaMmxzTlV4WlZ3cFJlbnBrUjBOb05ITnZiVlV2TmpSVWQzaHZkSFYyVkVka2R6ZHZMMHBPWTB4R1JFSnBhRWRNZG1SUmRFTXJTMlUySzBnMFJYbGhOakprUjNWbU0yWk5DbVZDU2taT0x5OHlaVFo1Ykd4elFXNTRLM2hsYVRkMk5YSmpWbVF3VTNwaFlYQjNRazFqUWxoa1MweHNRbEpDT0VzNGNIRllRM0pIVjJveGFVSTNZbXdLWkhsVlBRb3RMUzB0TFVWT1JDQkRSVkpVU1VaSlEwRlVSUzB0TFMwdENnPT0KQVBJX1NFUlZFUl9VUkw9aHR0cHM6Ly8zQTg4MkU1RTQ0QzVGNDEwRTNDNDUzRThEMDMxRDI5Ni5ncjcuYXAtc291dGhlYXN0LTIuZWtzLmFtYXpvbmF3cy5jb20KL2V0Yy9la3MvYm9vdHN0cmFwLnNoIG5va2lhLWxhYiAtLWI2NC1jbHVzdGVyLWNhICRCNjRfQ0xVU1RFUl9DQSAtLWFwaXNlcnZlci1lbmRwb2ludCAkQVBJX1NFUlZFUl9VUkwgLS1jb250YWluZXItcnVudGltZSBkb2NrZXJkCgp0b3VjaCAvZXRjLy5maXJzdGJvb3RfZG9uZQp9CgoKCg==",
            "vpc_security_group_ids": null
          },
          "sensitive_attributes": [],
          "private": "bnVsbA==",
          "dependencies": [
            "aws_eks_cluster.this",
            "aws_key_pair.cluster_key",
            "aws_kms_alias.cluster",
            "aws_security_group.cluster",
            "data.aws_ami.eks_worker",
            "data.aws_iam_role.eks",
            "data.aws_subnet_ids.private",
            "data.aws_subnet_ids.vpc",
            "data.template_file.aws_ssm_seelog",
            "data.template_file.edges_userdata"
          ],
          "create_before_destroy": true
        }
      ]
    },
    {
      "mode": "managed",
      "type": "aws_launch_template",
      "name": "workers",
      "provider": "provider[\"registry.terraform.io/hashicorp/aws\"]",
      "instances": [
        {
          "schema_version": 0,
          "attributes": {
            "arn": "arn:aws:ec2:ap-southeast-2:126494010021:launch-template/lt-098d08b724f1f033f",
            "block_device_mappings": [
              {
                "device_name": "/dev/xvda",
                "ebs": [
                  {
                    "delete_on_termination": "true",
                    "encrypted": "true",
                    "iops": 0,
                    "kms_key_id": "arn:aws:kms:ap-southeast-2:126494010021:alias/cluster-nokia-lab",
                    "snapshot_id": "",
                    "throughput": 0,
                    "volume_size": 50,
                    "volume_type": "gp2"
                  }
                ],
                "no_device": "",
                "virtual_name": ""
              },
              {
                "device_name": "/dev/sdf",
                "ebs": [
                  {
                    "delete_on_termination": "true",
                    "encrypted": "true",
                    "iops": 0,
                    "kms_key_id": "arn:aws:kms:ap-southeast-2:126494010021:alias/cluster-nokia-lab",
                    "snapshot_id": "",
                    "throughput": 0,
                    "volume_size": 100,
                    "volume_type": "gp2"
                  }
                ],
                "no_device": "",
                "virtual_name": ""
              }
            ],
            "capacity_reservation_specification": [],
            "cpu_options": [],
            "credit_specification": [
              {
                "cpu_credits": "standard"
              }
            ],
            "default_version": 1,
            "description": "",
            "disable_api_termination": false,
            "ebs_optimized": "true",
            "elastic_gpu_specifications": [],
            "elastic_inference_accelerator": [],
            "enclave_options": [],
            "hibernation_options": [],
            "iam_instance_profile": [],
            "id": "lt-098d08b724f1f033f",
            "image_id": "ami-0ffc36bf1a175f9f5",
            "instance_initiated_shutdown_behavior": "",
            "instance_market_options": [],
            "instance_type": "m5a.4xlarge",
            "kernel_id": "",
            "key_name": "nokia-lab-key",
            "latest_version": 1,
            "license_specification": [],
            "metadata_options": [
              {
                "http_endpoint": "enabled",
                "http_protocol_ipv6": "disabled",
                "http_put_response_hop_limit": 1,
                "http_tokens": "optional"
              }
            ],
            "monitoring": [
              {
                "enabled": true
              }
            ],
            "name": "nokia-lab-workers_launch_template20221111130443186700000001",
            "name_prefix": "nokia-lab-workers_launch_template",
            "network_interfaces": [
              {
                "associate_carrier_ip_address": "",
                "associate_public_ip_address": "false",
                "delete_on_termination": "true",
                "description": "",
                "device_index": 0,
                "interface_type": "",
                "ipv4_address_count": 0,
                "ipv4_addresses": null,
                "ipv6_address_count": 0,
                "ipv6_addresses": null,
                "network_card_index": 0,
                "network_interface_id": "",
                "private_ip_address": "",
                "security_groups": [
                  "sg-0053144ddc896fd6f"
                ],
                "subnet_id": ""
              }
            ],
            "placement": [
              {
                "affinity": "",
                "availability_zone": "",
                "group_name": "",
                "host_id": "",
                "host_resource_group_arn": "",
                "partition_number": 0,
                "spread_domain": "",
                "tenancy": "default"
              }
            ],
            "ram_disk_id": "",
            "security_group_names": null,
            "tag_specifications": [
              {
                "resource_type": "volume",
                "tags": {
                  "ClusterRegion": "nokia-lab-ap-southeast-2",
                  "Component": "EKS cluster",
                  "DeployerTool": "CsfpOps",
                  "KubernetesCluster": "nokia-lab",
                  "Name": "nokia-lab_eks-workers-node"
                }
              },
              {
                "resource_type": "instance",
                "tags": {
                  "ClusterRegion": "nokia-lab-ap-southeast-2",
                  "Component": "EKS cluster",
                  "DeployerTool": "CsfpOps",
                  "KubernetesCluster": "nokia-lab",
                  "Name": "nokia-lab_eks-workers-node",
                  "k8s.io/cluster-autoscaler/enabled": "false",
                  "k8s.io/cluster-autoscaler/nokia-lab": "owned",
                  "role": "['workers']"
                }
              }
            ],
            "tags": null,
            "tags_all": {
              "ClusterRegion": "nokia-lab-ap-southeast-2",
              "Component": "EKS cluster",
              "DeployerTool": "CsfpOps",
              "KubernetesCluster": "nokia-lab"
            },
            "update_default_version": null,
            "user_data": "TUlNRS1WZXJzaW9uOiAxLjAKQ29udGVudC1UeXBlOiBtdWx0aXBhcnQvbWl4ZWQ7IGJvdW5kYXJ5PSIvLyIKCi0tLy8KQ29udGVudC1UeXBlOiB0ZXh0L2Nsb3VkLWNvbmZpZzsgY2hhcnNldD0idXMtYXNjaWkiCk1JTUUtVmVyc2lvbjogMS4wCkNvbnRlbnQtVHJhbnNmZXItRW5jb2Rpbmc6IDdiaXQKQ29udGVudC1EaXNwb3NpdGlvbjogYXR0YWNobWVudDsgZmlsZW5hbWU9ImNsb3VkLWNvbmZpZy50eHQiCgojY2xvdWQtY29uZmlnCmNsb3VkX2ZpbmFsX21vZHVsZXM6Ci0gW3NjcmlwdHMtdXNlciwgYWx3YXlzXQoKLS0vLwpDb250ZW50LVR5cGU6IHRleHQveC1zaGVsbHNjcmlwdDsgY2hhcnNldD0idXMtYXNjaWkiCiMhL2Jpbi9iYXNoIC14ZQoKZXhlYyA+ID4odGVlIC92YXIvbG9nL3VzZXItZGF0YS5sb2d8bG9nZ2VyIC10IHVzZXItZGF0YSAtcyAyPi9kZXYvY29uc29sZSkgMj4mMQoKW1sgLWYgL2V0Yy8uZmlyc3Rib290X2RvbmUgXV0gfHwgewoKIyMgSW5zdGFsbCByZXF1aXJlbWVudHMKcnBtIC1xYSB8IGdyZXAgcGFydGVkIHx8IHl1bSBpbnN0YWxsIC15IHBhcnRlZApycG0gLXFhIHwgZ3JlcCByc3luYyB8fCB5dW0gaW5zdGFsbCAteSByc3luYwoKIyMgSW5zdGFsbCBBbWF6b24gU1NNIEFnZW50CnJwbSAtcWEgfCBncmVwIGFtYXpvbi1zc20tYWdlbnQgfHwgeXVtIGluc3RhbGwgLXkgaHR0cHM6Ly9zMy5hcC1zb3V0aGVhc3QtMi5hbWF6b25hd3MuY29tL2FtYXpvbi1zc20tYXAtc291dGhlYXN0LTIvbGF0ZXN0L2xpbnV4X2FtZDY0L2FtYXpvbi1zc20tYWdlbnQucnBtCnN5c3RlbWN0bCBlbmFibGUgYW1hem9uLXNzbS1hZ2VudApjYXQgPDwgRU9GID4+IC9ldGMvYW1hem9uL3NzbS9zZWVsb2cueG1sCjwhLS1hbWF6b24tc3NtLWFnZW50IHVzZXMgc2VlbG9nIGxvZ2dpbmcgLS0+CjwhLS1TZWVsb2cgaGFzIGdpdGh1YiB3aWtpIHBhZ2VzLCB3aGljaCBjb250YWluIGRldGFpbGVkIGhvdy10b3MgcmVmZXJlbmNlczogaHR0cHM6Ly9naXRodWIuY29tL2NpaHViL3NlZWxvZy93aWtpIC0tPgo8IS0tU2VlbG9nIGV4YW1wbGVzIGNhbiBiZSBmb3VuZCBoZXJlOiBodHRwczovL2dpdGh1Yi5jb20vY2lodWIvc2VlbG9nLWV4YW1wbGVzIC0tPgo8c2VlbG9nIHR5cGU9ImFkYXB0aXZlIiBtaW5pbnRlcnZhbD0iMjAwMDAwMCIgbWF4aW50ZXJ2YWw9IjEwMDAwMDAwMCIgY3JpdG1zZ2NvdW50PSI1MDAiIG1pbmxldmVsPSJpbmZvIj4KICAgIDxleGNlcHRpb25zPgogICAgICAgIDxleGNlcHRpb24gZmlsZXBhdHRlcm49InRlc3QqIiBtaW5sZXZlbD0iZXJyb3IiLz4KICAgIDwvZXhjZXB0aW9ucz4KICAgIDxvdXRwdXRzIGZvcm1hdGlkPSJmbXRpbmZvIj4KICAgICAgICA8Y29uc29sZSBmb3JtYXRpZD0iZm10aW5mbyIvPgogICAgICAgIDxyb2xsaW5nZmlsZSB0eXBlPSJzaXplIiBmaWxlbmFtZT0iL3Zhci9sb2cvYW1hem9uL3NzbS9hbWF6b24tc3NtLWFnZW50LmxvZyIgbWF4c2l6ZT0iMzAwMDAwMDAiIG1heHJvbGxzPSI1Ii8+CiAgICAgICAgPGZpbHRlciBsZXZlbHM9ImVycm9yLGNyaXRpY2FsIiBmb3JtYXRpZD0iZm10ZXJyb3IiPgogICAgICAgICAgICA8cm9sbGluZ2ZpbGUgdHlwZT0ic2l6ZSIgZmlsZW5hbWU9Ii92YXIvbG9nL2FtYXpvbi9zc20vZXJyb3JzLmxvZyIgbWF4c2l6ZT0iMTAwMDAwMDAiIG1heHJvbGxzPSI1Ii8+CiAgICAgICAgPC9maWx0ZXI+CiAgICAgICAgPGN1c3RvbSBuYW1lPSJjbG91ZHdhdGNoX3JlY2VpdmVyIiBmb3JtYXRpZD0iZm10ZGVidWciIGRhdGEtbG9nLWdyb3VwPSIvYXdzL2Vrcy9ub2tpYS1sYWIvY2x1c3RlciIvPgogICAgPC9vdXRwdXRzPgogICAgPGZvcm1hdHM+CiAgICAgICAgPGZvcm1hdCBpZD0iZm10ZXJyb3IiIGZvcm1hdD0iJURhdGUgJVRpbWUgJUxFVkVMIFslRnVuY1Nob3J0IEAgJUZpbGUuJUxpbmVdICVNc2clbiIvPgogICAgICAgIDxmb3JtYXQgaWQ9ImZtdGRlYnVnIiBmb3JtYXQ9IiVEYXRlICVUaW1lICVMRVZFTCBbJUZ1bmNTaG9ydCBAICVGaWxlLiVMaW5lXSAlTXNnJW4iLz4KICAgICAgICA8Zm9ybWF0IGlkPSJmbXRpbmZvIiBmb3JtYXQ9IiVEYXRlICVUaW1lICVMRVZFTCAlTXNnJW4iLz4KICAgIDwvZm9ybWF0cz4KPC9zZWVsb2c+CkVPRgpzeXN0ZW1jdGwgcmVzdGFydCBhbWF6b24tc3NtLWFnZW50CgojIyBQYXJ0aXRpb25pbmcKcGFydGVkIC0tc2NyaXB0IC9kZXYvbnZtZTFuMSBcCm1rbGFiZWwgZ3B0IFwKbWtwYXJ0IGxvZyBleHQ0IDAlIDEwMCUKcGFydHByb2JlCgojIyBGb3JtYXQgbmV3IHBhcnRpdGlvbgpta2ZzLmV4dDQgL2Rldi9udm1lMW4xcDEKCiMjIEF1dG9tYXRpYyBtb3VudApjYXQgPDwgRU9GID4+IC9ldGMvZnN0YWIKdG1wZnMgICAvdG1wICAgICAgICAgICAgdG1wZnMgICAgIGRlZmF1bHRzLHNpemU9MWcsbW9kZT0xNzc3LG5vZGV2LG5vZXhlYyxub3N1aWQgIDAgICAgICAgMAovdG1wICAgIC92YXIvdG1wICAgICAgICBub25lICAgICAgcncsbm9kZXYsbm9leGVjLG5vc3VpZCxiaW5kICAgICAwICAgICAgIDAKdG1wZnMgICAvZGV2L3NobSAgICAgICAgdG1wZnMgICAgIG5vZXhlYyxub3N1aWQsbm9kZXYgICAgMCAgICAgICAwCkVPRgoKIyAvdmFyL2xvZwplY2hvICIkKGJsa2lkIHwgZ3JlcCBudm1lMW4xcDEgfCBhd2sgJ3twcmludCAkMn0nKSAvdmFyL2xvZyBleHQ0IGRlZmF1bHRzLG5vZmFpbCAwIDIiID4+IC9ldGMvZnN0YWIKbWtkaXIgLXAgL3RtcC9sb2cKbW91bnQgL2Rldi9udm1lMW4xcDEgL3RtcC9sb2cKcnN5bmMgLWF2IC92YXIvbG9nLyAvdG1wL2xvZwp1bW91bnQgL3RtcC9sb2cKbW91bnQgL2Rldi9udm1lMW4xcDEgL3Zhci9sb2cKY2htb2QgLVIgNzc3IC92YXIvbG9nCgojIFJlbG9hZCBmc3RhYgptb3VudCAtYQoKa3ViZWxldF9zZXJ2aWNlPSIvZXRjL3N5c3RlbWQvc3lzdGVtL2t1YmVsZXQuc2VydmljZSIKCgojIERvY2tlciBvcHRpb25zIHNldCBzeXNjb25maWcgZW52aXJvbm1lbnQgZmlsZQpjYXQgPDwgRU9GID4+IC9ldGMvc3lzY29uZmlnL2RvY2tlcgoKT1BUSU9OUz0nLS1zZWxpbnV4LWVuYWJsZWQ9dHJ1ZSAtLWV4ZWMtb3B0PW5hdGl2ZS5jZ3JvdXBkcml2ZXI9c3lzdGVtZCAtLXN0b3JhZ2Utb3B0IG92ZXJsYXkyLm92ZXJyaWRlX2tlcm5lbF9jaGVjaz10cnVlIC0tdXNlcmxhbmQtcHJveHk9ZmFsc2UnCkVPRgpzeXN0ZW1jdGwgcmVzdGFydCBkb2NrZXIKCgojIEFsbG93IHVzZXIgc3VwcGxpZWQgcHJlIHVzZXJkYXRhIGNvZGUKCgojIFN5c3RlbWQgZG9lcyBub3Qgc3VwcG9ydCBhcHBlbmRpbmcgZW52aXJvbm1lbnQgdmFyaWFibGVzLiBBZGQgYSBuZXcgdmFyaWFibGUKc2VkIC1pICdzL0tVQkVMRVRfRVhUUkFfQVJHUy9LVUJFTEVUX0VYVFJBX0FSR1MgJEVYVEVOREVEX0tVQkVMRVRfQVJHUy8nICRrdWJlbGV0X3NlcnZpY2UKY2F0IDw8IEVPRiA+IC9ldGMvc3lzdGVtZC9zeXN0ZW0va3ViZWxldC5zZXJ2aWNlLmQvOTk5OS1leHRlbmRlZC1rdWJlbGV0LWFyZ3MuY29uZgpbU2VydmljZV0KRW52aXJvbm1lbnQ9J0VYVEVOREVEX0tVQkVMRVRfQVJHUz0tLWNncm91cC1kcml2ZXI9c3lzdGVtZCcKRU9GCnN5c3RlbWN0bCBkYWVtb24tcmVsb2FkCgojIEFsbG93IHVzZXIgc3VwcGxpZWQgdXNlcmRhdGEgY29kZQoKCgojIFBvaW50IHJlc29sdi5jb25mIHRvIE5vZGVMb2NhbCBETlMKZWNobyAic3VwZXJzZWRlIGRvbWFpbi1uYW1lLXNlcnZlcnMgMTI3LjAuMC4xLDE2OS4yNTQuMTY5LjI1MzsiID4+IC9ldGMvZGhjcC9kaGNsaWVudC5jb25mICYmIGRoY2xpZW50IC1yICYmIGRoY2xpZW50CiMgV2UgYWx3YXlzIHVzZSBpbWFnZS1pZCBpbiBsYXVuY2gtdGVtcGxhdGUgd2hpY2ggbWVhbnMgaXQgaXMgY29uc2lkZXJlZCBhcyBjdXN0b20gQU1JCkI2NF9DTFVTVEVSX0NBPUxTMHRMUzFDUlVkSlRpQkRSVkpVU1VaSlEwRlVSUzB0TFMwdENrMUpTVU12YWtORFFXVmhaMEYzU1VKQlowbENRVVJCVGtKbmEzRm9hMmxIT1hjd1FrRlJjMFpCUkVGV1RWSk5kMFZSV1VSV1VWRkVSWGR3Y21SWFNtd0tZMjAxYkdSSFZucE5RalJZUkZSSmVVMVVSWGhOVkVWNVRsUmplVTVHYjFoRVZFMTVUVlJGZDA5RVJYbE9WR041VGtadmQwWlVSVlJOUWtWSFFURlZSUXBCZUUxTFlUTldhVnBZU25WYVdGSnNZM3BEUTBGVFNYZEVVVmxLUzI5YVNXaDJZMDVCVVVWQ1FsRkJSR2RuUlZCQlJFTkRRVkZ2UTJkblJVSkJUVVF3Q25Zck1DOWliRTUxYVVKNlRHRXlXblJPTVVOamNFc3hVM0U0T1ZOc2RtMXNSamx0VHpBelV6VldPRWd6TW1sTmNFaFFWR1ZVT0Vac2FtRlBURmhMYVhNS1pUQnVXbHBNVm05U05WTnpVRk53YjJacVNqaEVXREZVT1U5dlYxUm5TbEZJYmsxUk1ubHdhMk5qVFVORVdGSjNVRTlXWTJOalUwMWFSbmRUWjJOeVpBcElhVVE0TW5wMFJqaEpTbU5aWkd4S1ZrUkpZM2RzYzBweGFsZGFSMlYyV1UxalVtVnVTbTlIWnpONVoyeEhia1pUV25wNFkycDZOR0U1Vld0S2RFUlRDa3RIVGt0MFRtUkNZVGh4UkVkclVVRlNWRTlFUmxaaGVVVjVkRVEyYWsxNGFVbDJhMGhZV1ZKRllYWnJSR2czUVVSdU9GUTFiMUYwV2t3MmQwcEZkMDBLUkU1dGJqWXJhbU00VDFSNlRGcHZVMmxEY1c5VVpISlhjVmR2U0hOa2VFUkhNVGhyUjBwTWJVNHdSVUZ5VTNjek5tWmtORmxwWTNKRWVuSnRSakEwU1FwNFJsQTNNVEZ3WWk5Nk5Fb3pRWGhEYjNCRlEwRjNSVUZCWVU1YVRVWmpkMFJuV1VSV1VqQlFRVkZJTDBKQlVVUkJaMHRyVFVFNFIwRXhWV1JGZDBWQ0NpOTNVVVpOUVUxQ1FXWTRkMGhSV1VSV1VqQlBRa0paUlVaQ2VubHpNazlJUkZvNGEyRXdXbWhHV1c1S2QwYzVla2htY2xkTlFsVkhRVEZWWkVWUlVVOEtUVUY1UTBOdGRERlpiVlo1WW0xV01GcFlUWGRFVVZsS1MyOWFTV2gyWTA1QlVVVk1RbEZCUkdkblJVSkJRVlZVVlUxeWJXTklVR2t3Y1RKeU56TlhVQXBZSzJSUWMyZGFSRzFPZDJkd1NVeDRVMkpGVjFFNFMySlpTWFkyZW5NdllXZHZRa1ZJWW14eE1tSTNOR1ZoUldSNlZVaG1aVUkzZEVoS1F6bHlWRGxGQ2s4ek9XVkdiMGx4VDIxVVpFNXphME5rVDFsRFFtdGhlVkphYzNOVWFtOXBOa2cxU21OaFEyaEZUVXMwZFZCb1NTOTNTSFkyZFZsNlJIUlhSMEpLUzJJS1ZFSm1abU0yU0dScksyZFlXbUlyY1cxUGNYaFJaMlUzYVZGWk5GVjBlRGxRVHpZNFVrRlVhRlV6V0RKbWJpOVVWbEpFUzIweE1sWXlaMmxzTlV4WlZ3cFJlbnBrUjBOb05ITnZiVlV2TmpSVWQzaHZkSFYyVkVka2R6ZHZMMHBPWTB4R1JFSnBhRWRNZG1SUmRFTXJTMlUySzBnMFJYbGhOakprUjNWbU0yWk5DbVZDU2taT0x5OHlaVFo1Ykd4elFXNTRLM2hsYVRkMk5YSmpWbVF3VTNwaFlYQjNRazFqUWxoa1MweHNRbEpDT0VzNGNIRllRM0pIVjJveGFVSTNZbXdLWkhsVlBRb3RMUzB0TFVWT1JDQkRSVkpVU1VaSlEwRlVSUzB0TFMwdENnPT0KQVBJX1NFUlZFUl9VUkw9aHR0cHM6Ly8zQTg4MkU1RTQ0QzVGNDEwRTNDNDUzRThEMDMxRDI5Ni5ncjcuYXAtc291dGhlYXN0LTIuZWtzLmFtYXpvbmF3cy5jb20KL2V0Yy9la3MvYm9vdHN0cmFwLnNoIG5va2lhLWxhYiAtLWI2NC1jbHVzdGVyLWNhICRCNjRfQ0xVU1RFUl9DQSAtLWFwaXNlcnZlci1lbmRwb2ludCAkQVBJX1NFUlZFUl9VUkwgLS1jb250YWluZXItcnVudGltZSBkb2NrZXJkCgp0b3VjaCAvZXRjLy5maXJzdGJvb3RfZG9uZQp9CgoKCg==",
            "vpc_security_group_ids": null
          },
          "sensitive_attributes": [],
          "private": "bnVsbA==",
          "dependencies": [
            "aws_eks_cluster.this",
            "aws_key_pair.cluster_key",
            "aws_kms_alias.cluster",
            "aws_security_group.cluster",
            "data.aws_ami.eks_worker",
            "data.aws_iam_role.eks",
            "data.aws_subnet_ids.private",
            "data.aws_subnet_ids.vpc",
            "data.template_file.aws_ssm_seelog",
            "data.template_file.workers_userdata"
          ],
          "create_before_destroy": true
        }
      ]
    },
    {
      "mode": "managed",
      "type": "aws_nat_gateway",
      "name": "this",
      "provider": "provider[\"registry.terraform.io/hashicorp/aws\"]",
      "instances": [
        {
          "index_key": 0,
          "schema_version": 0,
          "attributes": {
            "allocation_id": "eipalloc-036843e5317601de3",
            "connectivity_type": "public",
            "id": "nat-0475bbcdf720733e7",
            "network_interface_id": "eni-0ec34af39ba457a99",
            "private_ip": "10.1.0.137",
            "public_ip": "54.79.175.183",
            "subnet_id": "subnet-08b89bc7a7c44fa16",
            "tags": {
              "Name": "nokia-lab-ap-southeast-2a"
            },
            "tags_all": {
              "ClusterRegion": "nokia-lab-ap-southeast-2",
              "Component": "EKS cluster",
              "DeployerTool": "CsfpOps",
              "KubernetesCluster": "nokia-lab",
              "Name": "nokia-lab-ap-southeast-2a"
            }
          },
          "sensitive_attributes": [],
          "private": "bnVsbA==",
          "dependencies": [
            "aws_eip.nat",
            "aws_internet_gateway.this",
            "aws_subnet.public",
            "aws_vpc.this",
            "data.aws_availability_zones.azs"
          ],
          "create_before_destroy": true
        },
        {
          "index_key": 1,
          "schema_version": 0,
          "attributes": {
            "allocation_id": "eipalloc-0f37d0d8f58b0876c",
            "connectivity_type": "public",
            "id": "nat-0af89cfe59b83542f",
            "network_interface_id": "eni-03d73c0ba7f7a9895",
            "private_ip": "10.1.2.143",
            "public_ip": "54.79.28.142",
            "subnet_id": "subnet-07089e72fd9edd138",
            "tags": {
              "Name": "nokia-lab-ap-southeast-2b"
            },
            "tags_all": {
              "ClusterRegion": "nokia-lab-ap-southeast-2",
              "Component": "EKS cluster",
              "DeployerTool": "CsfpOps",
              "KubernetesCluster": "nokia-lab",
              "Name": "nokia-lab-ap-southeast-2b"
            }
          },
          "sensitive_attributes": [],
          "private": "bnVsbA==",
          "dependencies": [
            "aws_eip.nat",
            "aws_internet_gateway.this",
            "aws_subnet.public",
            "aws_vpc.this",
            "data.aws_availability_zones.azs"
          ],
          "create_before_destroy": true
        },
        {
          "index_key": 2,
          "schema_version": 0,
          "attributes": {
            "allocation_id": "eipalloc-0205a9fff09d9527c",
            "connectivity_type": "public",
            "id": "nat-0ef140a6f98364f8f",
            "network_interface_id": "eni-093217ed0d9f71085",
            "private_ip": "10.1.4.122",
            "public_ip": "13.210.42.158",
            "subnet_id": "subnet-054e24ab4e2add756",
            "tags": {
              "Name": "nokia-lab-ap-southeast-2c"
            },
            "tags_all": {
              "ClusterRegion": "nokia-lab-ap-southeast-2",
              "Component": "EKS cluster",
              "DeployerTool": "CsfpOps",
              "KubernetesCluster": "nokia-lab",
              "Name": "nokia-lab-ap-southeast-2c"
            }
          },
          "sensitive_attributes": [],
          "private": "bnVsbA==",
          "dependencies": [
            "aws_eip.nat",
            "aws_internet_gateway.this",
            "aws_subnet.public",
            "aws_vpc.this",
            "data.aws_availability_zones.azs"
          ],
          "create_before_destroy": true
        }
      ]
    },
    {
      "mode": "managed",
      "type": "aws_network_acl",
      "name": "public",
      "provider": "provider[\"registry.terraform.io/hashicorp/aws\"]",
      "instances": [
        {
          "index_key": 0,
          "schema_version": 0,
          "attributes": {
            "arn": "arn:aws:ec2:ap-southeast-2:126494010021:network-acl/acl-0575f73686dd286c6",
            "egress": [],
            "id": "acl-0575f73686dd286c6",
            "ingress": [],
            "owner_id": "126494010021",
            "subnet_ids": [
              "subnet-04f9bf45281a5fc95",
              "subnet-054e24ab4e2add756",
              "subnet-07089e72fd9edd138",
              "subnet-08b89bc7a7c44fa16",
              "subnet-0bd8a66cfd99913f6",
              "subnet-0c78f4856d02fdc4e"
            ],
            "tags": {
              "Name": "nokia-lab-public"
            },
            "tags_all": {
              "ClusterRegion": "nokia-lab-ap-southeast-2",
              "Component": "EKS cluster",
              "DeployerTool": "CsfpOps",
              "KubernetesCluster": "nokia-lab",
              "Name": "nokia-lab-public"
            },
            "vpc_id": "vpc-040985aa96f4bceb4"
          },
          "sensitive_attributes": [],
          "private": "bnVsbA==",
          "dependencies": [
            "aws_subnet.private",
            "aws_subnet.public",
            "aws_vpc.this",
            "data.aws_availability_zones.azs"
          ]
        }
      ]
    },
    {
      "mode": "managed",
      "type": "aws_network_acl_rule",
      "name": "public_inbound",
      "provider": "provider[\"registry.terraform.io/hashicorp/aws\"]",
      "instances": [
        {
          "index_key": 0,
          "schema_version": 0,
          "attributes": {
            "cidr_block": "0.0.0.0/0",
            "egress": false,
            "from_port": 0,
            "icmp_code": null,
            "icmp_type": null,
            "id": "nacl-584048224",
            "ipv6_cidr_block": "",
            "network_acl_id": "acl-0575f73686dd286c6",
            "protocol": "all",
            "rule_action": "allow",
            "rule_number": 100,
            "to_port": 0
          },
          "sensitive_attributes": [],
          "private": "bnVsbA==",
          "dependencies": [
            "aws_network_acl.public",
            "aws_subnet.private",
            "aws_subnet.public",
            "aws_vpc.this",
            "data.aws_availability_zones.azs"
          ]
        }
      ]
    },
    {
      "mode": "managed",
      "type": "aws_network_acl_rule",
      "name": "public_outbound",
      "provider": "provider[\"registry.terraform.io/hashicorp/aws\"]",
      "instances": [
        {
          "index_key": 0,
          "schema_version": 0,
          "attributes": {
            "cidr_block": "0.0.0.0/0",
            "egress": true,
            "from_port": 0,
            "icmp_code": null,
            "icmp_type": null,
            "id": "nacl-623631169",
            "ipv6_cidr_block": "",
            "network_acl_id": "acl-0575f73686dd286c6",
            "protocol": "all",
            "rule_action": "allow",
            "rule_number": 100,
            "to_port": 0
          },
          "sensitive_attributes": [],
          "private": "bnVsbA==",
          "dependencies": [
            "aws_network_acl.public",
            "aws_subnet.private",
            "aws_subnet.public",
            "aws_vpc.this",
            "data.aws_availability_zones.azs"
          ]
        }
      ]
    },
    {
      "mode": "managed",
      "type": "aws_route",
      "name": "private_nat_gateway",
      "provider": "provider[\"registry.terraform.io/hashicorp/aws\"]",
      "instances": [
        {
          "index_key": 0,
          "schema_version": 0,
          "attributes": {
            "carrier_gateway_id": "",
            "destination_cidr_block": "0.0.0.0/0",
            "destination_ipv6_cidr_block": "",
            "destination_prefix_list_id": "",
            "egress_only_gateway_id": "",
            "gateway_id": "",
            "id": "r-rtb-0c8056005d0c6041c1080289494",
            "instance_id": "",
            "instance_owner_id": "",
            "local_gateway_id": "",
            "nat_gateway_id": "nat-0475bbcdf720733e7",
            "network_interface_id": "",
            "origin": "CreateRoute",
            "route_table_id": "rtb-0c8056005d0c6041c",
            "state": "active",
            "timeouts": {
              "create": "5m",
              "delete": null,
              "update": null
            },
            "transit_gateway_id": "",
            "vpc_endpoint_id": "",
            "vpc_peering_connection_id": ""
          },
          "sensitive_attributes": [],
          "private": "eyJlMmJmYjczMC1lY2FhLTExZTYtOGY4OC0zNDM2M2JjN2M0YzAiOnsiY3JlYXRlIjozMDAwMDAwMDAwMDAsImRlbGV0ZSI6MzAwMDAwMDAwMDAwLCJ1cGRhdGUiOjEyMDAwMDAwMDAwMH19",
          "dependencies": [
            "aws_eip.nat",
            "aws_internet_gateway.this",
            "aws_nat_gateway.this",
            "aws_route_table.private",
            "aws_subnet.public",
            "aws_vpc.this",
            "data.aws_availability_zones.azs"
          ]
        },
        {
          "index_key": 1,
          "schema_version": 0,
          "attributes": {
            "carrier_gateway_id": "",
            "destination_cidr_block": "0.0.0.0/0",
            "destination_ipv6_cidr_block": "",
            "destination_prefix_list_id": "",
            "egress_only_gateway_id": "",
            "gateway_id": "",
            "id": "r-rtb-086f9ca8dd25203db1080289494",
            "instance_id": "",
            "instance_owner_id": "",
            "local_gateway_id": "",
            "nat_gateway_id": "nat-0af89cfe59b83542f",
            "network_interface_id": "",
            "origin": "CreateRoute",
            "route_table_id": "rtb-086f9ca8dd25203db",
            "state": "active",
            "timeouts": {
              "create": "5m",
              "delete": null,
              "update": null
            },
            "transit_gateway_id": "",
            "vpc_endpoint_id": "",
            "vpc_peering_connection_id": ""
          },
          "sensitive_attributes": [],
          "private": "eyJlMmJmYjczMC1lY2FhLTExZTYtOGY4OC0zNDM2M2JjN2M0YzAiOnsiY3JlYXRlIjozMDAwMDAwMDAwMDAsImRlbGV0ZSI6MzAwMDAwMDAwMDAwLCJ1cGRhdGUiOjEyMDAwMDAwMDAwMH19",
          "dependencies": [
            "aws_eip.nat",
            "aws_internet_gateway.this",
            "aws_nat_gateway.this",
            "aws_route_table.private",
            "aws_subnet.public",
            "aws_vpc.this",
            "data.aws_availability_zones.azs"
          ]
        },
        {
          "index_key": 2,
          "schema_version": 0,
          "attributes": {
            "carrier_gateway_id": "",
            "destination_cidr_block": "0.0.0.0/0",
            "destination_ipv6_cidr_block": "",
            "destination_prefix_list_id": "",
            "egress_only_gateway_id": "",
            "gateway_id": "",
            "id": "r-rtb-05e5f63a6830d46401080289494",
            "instance_id": "",
            "instance_owner_id": "",
            "local_gateway_id": "",
            "nat_gateway_id": "nat-0ef140a6f98364f8f",
            "network_interface_id": "",
            "origin": "CreateRoute",
            "route_table_id": "rtb-05e5f63a6830d4640",
            "state": "active",
            "timeouts": {
              "create": "5m",
              "delete": null,
              "update": null
            },
            "transit_gateway_id": "",
            "vpc_endpoint_id": "",
            "vpc_peering_connection_id": ""
          },
          "sensitive_attributes": [],
          "private": "eyJlMmJmYjczMC1lY2FhLTExZTYtOGY4OC0zNDM2M2JjN2M0YzAiOnsiY3JlYXRlIjozMDAwMDAwMDAwMDAsImRlbGV0ZSI6MzAwMDAwMDAwMDAwLCJ1cGRhdGUiOjEyMDAwMDAwMDAwMH19",
          "dependencies": [
            "aws_eip.nat",
            "aws_internet_gateway.this",
            "aws_nat_gateway.this",
            "aws_route_table.private",
            "aws_subnet.public",
            "aws_vpc.this",
            "data.aws_availability_zones.azs"
          ]
        }
      ]
    },
    {
      "mode": "managed",
      "type": "aws_route",
      "name": "public_internet_gateway",
      "provider": "provider[\"registry.terraform.io/hashicorp/aws\"]",
      "instances": [
        {
          "index_key": 0,
          "schema_version": 0,
          "attributes": {
            "carrier_gateway_id": "",
            "destination_cidr_block": "0.0.0.0/0",
            "destination_ipv6_cidr_block": "",
            "destination_prefix_list_id": "",
            "egress_only_gateway_id": "",
            "gateway_id": "igw-0ede4d18bb7a84981",
            "id": "r-rtb-0e6979abe2ced5e631080289494",
            "instance_id": "",
            "instance_owner_id": "",
            "local_gateway_id": "",
            "nat_gateway_id": "",
            "network_interface_id": "",
            "origin": "CreateRoute",
            "route_table_id": "rtb-0e6979abe2ced5e63",
            "state": "active",
            "timeouts": {
              "create": "5m",
              "delete": null,
              "update": null
            },
            "transit_gateway_id": "",
            "vpc_endpoint_id": "",
            "vpc_peering_connection_id": ""
          },
          "sensitive_attributes": [],
          "private": "eyJlMmJmYjczMC1lY2FhLTExZTYtOGY4OC0zNDM2M2JjN2M0YzAiOnsiY3JlYXRlIjozMDAwMDAwMDAwMDAsImRlbGV0ZSI6MzAwMDAwMDAwMDAwLCJ1cGRhdGUiOjEyMDAwMDAwMDAwMH19",
          "dependencies": [
            "aws_internet_gateway.this",
            "aws_route_table.public",
            "aws_vpc.this"
          ]
        }
      ]
    },
    {
      "mode": "managed",
      "type": "aws_route_table",
      "name": "private",
      "provider": "provider[\"registry.terraform.io/hashicorp/aws\"]",
      "instances": [
        {
          "index_key": 0,
          "schema_version": 0,
          "attributes": {
            "arn": "arn:aws:ec2:ap-southeast-2:126494010021:route-table/rtb-0c8056005d0c6041c",
            "id": "rtb-0c8056005d0c6041c",
            "owner_id": "126494010021",
            "propagating_vgws": [],
            "route": [],
            "tags": {
              "Name": "nokia-lab-private-ap-southeast-2a-natgw"
            },
            "tags_all": {
              "ClusterRegion": "nokia-lab-ap-southeast-2",
              "Component": "EKS cluster",
              "DeployerTool": "CsfpOps",
              "KubernetesCluster": "nokia-lab",
              "Name": "nokia-lab-private-ap-southeast-2a-natgw"
            },
            "timeouts": null,
            "vpc_id": "vpc-040985aa96f4bceb4"
          },
          "sensitive_attributes": [],
          "private": "eyJlMmJmYjczMC1lY2FhLTExZTYtOGY4OC0zNDM2M2JjN2M0YzAiOnsiY3JlYXRlIjoxMjAwMDAwMDAwMDAsImRlbGV0ZSI6MzAwMDAwMDAwMDAwLCJ1cGRhdGUiOjEyMDAwMDAwMDAwMH19",
          "dependencies": [
            "aws_vpc.this",
            "data.aws_availability_zones.azs"
          ]
        },
        {
          "index_key": 1,
          "schema_version": 0,
          "attributes": {
            "arn": "arn:aws:ec2:ap-southeast-2:126494010021:route-table/rtb-086f9ca8dd25203db",
            "id": "rtb-086f9ca8dd25203db",
            "owner_id": "126494010021",
            "propagating_vgws": [],
            "route": [],
            "tags": {
              "Name": "nokia-lab-private-ap-southeast-2b-natgw"
            },
            "tags_all": {
              "ClusterRegion": "nokia-lab-ap-southeast-2",
              "Component": "EKS cluster",
              "DeployerTool": "CsfpOps",
              "KubernetesCluster": "nokia-lab",
              "Name": "nokia-lab-private-ap-southeast-2b-natgw"
            },
            "timeouts": null,
            "vpc_id": "vpc-040985aa96f4bceb4"
          },
          "sensitive_attributes": [],
          "private": "eyJlMmJmYjczMC1lY2FhLTExZTYtOGY4OC0zNDM2M2JjN2M0YzAiOnsiY3JlYXRlIjoxMjAwMDAwMDAwMDAsImRlbGV0ZSI6MzAwMDAwMDAwMDAwLCJ1cGRhdGUiOjEyMDAwMDAwMDAwMH19",
          "dependencies": [
            "aws_vpc.this",
            "data.aws_availability_zones.azs"
          ]
        },
        {
          "index_key": 2,
          "schema_version": 0,
          "attributes": {
            "arn": "arn:aws:ec2:ap-southeast-2:126494010021:route-table/rtb-05e5f63a6830d4640",
            "id": "rtb-05e5f63a6830d4640",
            "owner_id": "126494010021",
            "propagating_vgws": [],
            "route": [],
            "tags": {
              "Name": "nokia-lab-private-ap-southeast-2c-natgw"
            },
            "tags_all": {
              "ClusterRegion": "nokia-lab-ap-southeast-2",
              "Component": "EKS cluster",
              "DeployerTool": "CsfpOps",
              "KubernetesCluster": "nokia-lab",
              "Name": "nokia-lab-private-ap-southeast-2c-natgw"
            },
            "timeouts": null,
            "vpc_id": "vpc-040985aa96f4bceb4"
          },
          "sensitive_attributes": [],
          "private": "eyJlMmJmYjczMC1lY2FhLTExZTYtOGY4OC0zNDM2M2JjN2M0YzAiOnsiY3JlYXRlIjoxMjAwMDAwMDAwMDAsImRlbGV0ZSI6MzAwMDAwMDAwMDAwLCJ1cGRhdGUiOjEyMDAwMDAwMDAwMH19",
          "dependencies": [
            "aws_vpc.this",
            "data.aws_availability_zones.azs"
          ]
        }
      ]
    },
    {
      "mode": "managed",
      "type": "aws_route_table",
      "name": "public",
      "provider": "provider[\"registry.terraform.io/hashicorp/aws\"]",
      "instances": [
        {
          "index_key": 0,
          "schema_version": 0,
          "attributes": {
            "arn": "arn:aws:ec2:ap-southeast-2:126494010021:route-table/rtb-0e6979abe2ced5e63",
            "id": "rtb-0e6979abe2ced5e63",
            "owner_id": "126494010021",
            "propagating_vgws": [],
            "route": [],
            "tags": {
              "Name": "nokia-lab-public-rt"
            },
            "tags_all": {
              "ClusterRegion": "nokia-lab-ap-southeast-2",
              "Component": "EKS cluster",
              "DeployerTool": "CsfpOps",
              "KubernetesCluster": "nokia-lab",
              "Name": "nokia-lab-public-rt"
            },
            "timeouts": null,
            "vpc_id": "vpc-040985aa96f4bceb4"
          },
          "sensitive_attributes": [],
          "private": "eyJlMmJmYjczMC1lY2FhLTExZTYtOGY4OC0zNDM2M2JjN2M0YzAiOnsiY3JlYXRlIjoxMjAwMDAwMDAwMDAsImRlbGV0ZSI6MzAwMDAwMDAwMDAwLCJ1cGRhdGUiOjEyMDAwMDAwMDAwMH19",
          "dependencies": [
            "aws_vpc.this"
          ]
        }
      ]
    },
    {
      "mode": "managed",
      "type": "aws_route_table_association",
      "name": "private",
      "provider": "provider[\"registry.terraform.io/hashicorp/aws\"]",
      "instances": [
        {
          "index_key": 0,
          "schema_version": 0,
          "attributes": {
            "gateway_id": "",
            "id": "rtbassoc-03d7d9bc37c4b18f1",
            "route_table_id": "rtb-0c8056005d0c6041c",
            "subnet_id": "subnet-0bd8a66cfd99913f6"
          },
          "sensitive_attributes": [],
          "private": "bnVsbA==",
          "dependencies": [
            "aws_route_table.private",
            "aws_subnet.private",
            "aws_vpc.this",
            "data.aws_availability_zones.azs"
          ]
        },
        {
          "index_key": 1,
          "schema_version": 0,
          "attributes": {
            "gateway_id": "",
            "id": "rtbassoc-03dc579ff6924a5ee",
            "route_table_id": "rtb-086f9ca8dd25203db",
            "subnet_id": "subnet-04f9bf45281a5fc95"
          },
          "sensitive_attributes": [],
          "private": "bnVsbA==",
          "dependencies": [
            "aws_route_table.private",
            "aws_subnet.private",
            "aws_vpc.this",
            "data.aws_availability_zones.azs"
          ]
        },
        {
          "index_key": 2,
          "schema_version": 0,
          "attributes": {
            "gateway_id": "",
            "id": "rtbassoc-0f952dfdb07c3db60",
            "route_table_id": "rtb-05e5f63a6830d4640",
            "subnet_id": "subnet-0c78f4856d02fdc4e"
          },
          "sensitive_attributes": [],
          "private": "bnVsbA==",
          "dependencies": [
            "aws_route_table.private",
            "aws_subnet.private",
            "aws_vpc.this",
            "data.aws_availability_zones.azs"
          ]
        }
      ]
    },
    {
      "mode": "managed",
      "type": "aws_route_table_association",
      "name": "public",
      "provider": "provider[\"registry.terraform.io/hashicorp/aws\"]",
      "instances": [
        {
          "index_key": 0,
          "schema_version": 0,
          "attributes": {
            "gateway_id": "",
            "id": "rtbassoc-0e1d4a10ffe2c911c",
            "route_table_id": "rtb-0e6979abe2ced5e63",
            "subnet_id": "subnet-08b89bc7a7c44fa16"
          },
          "sensitive_attributes": [],
          "private": "bnVsbA==",
          "dependencies": [
            "aws_route_table.public",
            "aws_subnet.public",
            "aws_vpc.this",
            "data.aws_availability_zones.azs"
          ]
        },
        {
          "index_key": 1,
          "schema_version": 0,
          "attributes": {
            "gateway_id": "",
            "id": "rtbassoc-00f03ed63d69c2466",
            "route_table_id": "rtb-0e6979abe2ced5e63",
            "subnet_id": "subnet-07089e72fd9edd138"
          },
          "sensitive_attributes": [],
          "private": "bnVsbA==",
          "dependencies": [
            "aws_route_table.public",
            "aws_subnet.public",
            "aws_vpc.this",
            "data.aws_availability_zones.azs"
          ]
        },
        {
          "index_key": 2,
          "schema_version": 0,
          "attributes": {
            "gateway_id": "",
            "id": "rtbassoc-0d97d09e227035167",
            "route_table_id": "rtb-0e6979abe2ced5e63",
            "subnet_id": "subnet-054e24ab4e2add756"
          },
          "sensitive_attributes": [],
          "private": "bnVsbA==",
          "dependencies": [
            "aws_route_table.public",
            "aws_subnet.public",
            "aws_vpc.this",
            "data.aws_availability_zones.azs"
          ]
        }
      ]
    },
    {
      "mode": "managed",
      "type": "aws_security_group",
      "name": "cluster",
      "provider": "provider[\"registry.terraform.io/hashicorp/aws\"]",
      "instances": [
        {
          "schema_version": 1,
          "attributes": {
            "arn": "arn:aws:ec2:ap-southeast-2:126494010021:security-group/sg-0053144ddc896fd6f",
            "description": "Main Cluster security group",
            "egress": [
              {
                "cidr_blocks": [
                  "0.0.0.0/0"
                ],
                "description": "Allow cluster egress access to the Internet.",
                "from_port": 0,
                "ipv6_cidr_blocks": [],
                "prefix_list_ids": [],
                "protocol": "-1",
                "security_groups": [],
                "self": false,
                "to_port": 0
              }
            ],
            "id": "sg-0053144ddc896fd6f",
            "ingress": [
              {
                "cidr_blocks": [
                  "13.210.42.158/32"
                ],
                "description": "allow NAT Gateway EIP (13.210.42.158/32) on all ports",
                "from_port": 0,
                "ipv6_cidr_blocks": [],
                "prefix_list_ids": [],
                "protocol": "tcp",
                "security_groups": [],
                "self": false,
                "to_port": 65535
              },
              {
                "cidr_blocks": [
                  "13.237.183.33/32"
                ],
                "description": "Allow internal communication with EKS backplane and CLUSTER_SECURITY_GROUP_RULES.IPSETS defined in vars.yaml.",
                "from_port": 0,
                "ipv6_cidr_blocks": [],
                "prefix_list_ids": [],
                "protocol": "-1",
                "security_groups": [],
                "self": true,
                "to_port": 0
              },
              {
                "cidr_blocks": [
                  "54.79.175.183/32"
                ],
                "description": "allow NAT Gateway EIP (54.79.175.183/32) on all ports",
                "from_port": 0,
                "ipv6_cidr_blocks": [],
                "prefix_list_ids": [],
                "protocol": "tcp",
                "security_groups": [],
                "self": false,
                "to_port": 65535
              },
              {
                "cidr_blocks": [
                  "54.79.28.142/32"
                ],
                "description": "allow NAT Gateway EIP (54.79.28.142/32) on all ports",
                "from_port": 0,
                "ipv6_cidr_blocks": [],
                "prefix_list_ids": [],
                "protocol": "tcp",
                "security_groups": [],
                "self": false,
                "to_port": 65535
              }
            ],
            "name": "nokia-lab-cluster-sg-20221111125127051200000002",
            "name_prefix": "nokia-lab-cluster-sg-",
            "owner_id": "126494010021",
            "revoke_rules_on_delete": false,
            "tags": {
              "Name": "nokia-lab-cluster-sg"
            },
            "tags_all": {
              "ClusterRegion": "nokia-lab-ap-southeast-2",
              "Component": "EKS cluster",
              "DeployerTool": "CsfpOps",
              "KubernetesCluster": "nokia-lab",
              "Name": "nokia-lab-cluster-sg"
            },
            "timeouts": null,
            "vpc_id": "vpc-040985aa96f4bceb4"
          },
          "sensitive_attributes": [],
          "private": "eyJlMmJmYjczMC1lY2FhLTExZTYtOGY4OC0zNDM2M2JjN2M0YzAiOnsiY3JlYXRlIjo2MDAwMDAwMDAwMDAsImRlbGV0ZSI6OTAwMDAwMDAwMDAwfSwic2NoZW1hX3ZlcnNpb24iOiIxIn0=",
          "dependencies": [
            "aws_eip.nat",
            "aws_internet_gateway.this",
            "aws_nat_gateway.this",
            "aws_subnet.public",
            "aws_vpc.this",
            "data.aws_availability_zones.azs"
          ],
          "create_before_destroy": true
        }
      ]
    },
    {
      "mode": "managed",
      "type": "aws_subnet",
      "name": "private",
      "provider": "provider[\"registry.terraform.io/hashicorp/aws\"]",
      "instances": [
        {
          "index_key": 0,
          "schema_version": 1,
          "attributes": {
            "arn": "arn:aws:ec2:ap-southeast-2:126494010021:subnet/subnet-0bd8a66cfd99913f6",
            "assign_ipv6_address_on_creation": false,
            "availability_zone": "ap-southeast-2a",
            "availability_zone_id": "apse2-az1",
            "cidr_block": "10.1.1.0/24",
            "customer_owned_ipv4_pool": "",
            "id": "subnet-0bd8a66cfd99913f6",
            "ipv6_cidr_block": "",
            "ipv6_cidr_block_association_id": "",
            "map_customer_owned_ip_on_launch": false,
            "map_public_ip_on_launch": false,
            "outpost_arn": "",
            "owner_id": "126494010021",
            "tags": {
              "Name": "nokia-lab-subnet-private-ap-southeast-2a",
              "Network": "private",
              "kubernetes.io/cluster/nokia-lab": "shared"
            },
            "tags_all": {
              "ClusterRegion": "nokia-lab-ap-southeast-2",
              "Component": "EKS cluster",
              "DeployerTool": "CsfpOps",
              "KubernetesCluster": "nokia-lab",
              "Name": "nokia-lab-subnet-private-ap-southeast-2a",
              "Network": "private",
              "kubernetes.io/cluster/nokia-lab": "shared"
            },
            "timeouts": null,
            "vpc_id": "vpc-040985aa96f4bceb4"
          },
          "sensitive_attributes": [],
          "private": "eyJlMmJmYjczMC1lY2FhLTExZTYtOGY4OC0zNDM2M2JjN2M0YzAiOnsiY3JlYXRlIjo2MDAwMDAwMDAwMDAsImRlbGV0ZSI6MTIwMDAwMDAwMDAwMH0sInNjaGVtYV92ZXJzaW9uIjoiMSJ9",
          "dependencies": [
            "aws_vpc.this",
            "data.aws_availability_zones.azs"
          ],
          "create_before_destroy": true
        },
        {
          "index_key": 1,
          "schema_version": 1,
          "attributes": {
            "arn": "arn:aws:ec2:ap-southeast-2:126494010021:subnet/subnet-04f9bf45281a5fc95",
            "assign_ipv6_address_on_creation": false,
            "availability_zone": "ap-southeast-2b",
            "availability_zone_id": "apse2-az3",
            "cidr_block": "10.1.3.0/24",
            "customer_owned_ipv4_pool": "",
            "id": "subnet-04f9bf45281a5fc95",
            "ipv6_cidr_block": "",
            "ipv6_cidr_block_association_id": "",
            "map_customer_owned_ip_on_launch": false,
            "map_public_ip_on_launch": false,
            "outpost_arn": "",
            "owner_id": "126494010021",
            "tags": {
              "Name": "nokia-lab-subnet-private-ap-southeast-2b",
              "Network": "private",
              "kubernetes.io/cluster/nokia-lab": "shared"
            },
            "tags_all": {
              "ClusterRegion": "nokia-lab-ap-southeast-2",
              "Component": "EKS cluster",
              "DeployerTool": "CsfpOps",
              "KubernetesCluster": "nokia-lab",
              "Name": "nokia-lab-subnet-private-ap-southeast-2b",
              "Network": "private",
              "kubernetes.io/cluster/nokia-lab": "shared"
            },
            "timeouts": null,
            "vpc_id": "vpc-040985aa96f4bceb4"
          },
          "sensitive_attributes": [],
          "private": "eyJlMmJmYjczMC1lY2FhLTExZTYtOGY4OC0zNDM2M2JjN2M0YzAiOnsiY3JlYXRlIjo2MDAwMDAwMDAwMDAsImRlbGV0ZSI6MTIwMDAwMDAwMDAwMH0sInNjaGVtYV92ZXJzaW9uIjoiMSJ9",
          "dependencies": [
            "aws_vpc.this",
            "data.aws_availability_zones.azs"
          ],
          "create_before_destroy": true
        },
        {
          "index_key": 2,
          "schema_version": 1,
          "attributes": {
            "arn": "arn:aws:ec2:ap-southeast-2:126494010021:subnet/subnet-0c78f4856d02fdc4e",
            "assign_ipv6_address_on_creation": false,
            "availability_zone": "ap-southeast-2c",
            "availability_zone_id": "apse2-az2",
            "cidr_block": "10.1.5.0/24",
            "customer_owned_ipv4_pool": "",
            "id": "subnet-0c78f4856d02fdc4e",
            "ipv6_cidr_block": "",
            "ipv6_cidr_block_association_id": "",
            "map_customer_owned_ip_on_launch": false,
            "map_public_ip_on_launch": false,
            "outpost_arn": "",
            "owner_id": "126494010021",
            "tags": {
              "Name": "nokia-lab-subnet-private-ap-southeast-2c",
              "Network": "private",
              "kubernetes.io/cluster/nokia-lab": "shared"
            },
            "tags_all": {
              "ClusterRegion": "nokia-lab-ap-southeast-2",
              "Component": "EKS cluster",
              "DeployerTool": "CsfpOps",
              "KubernetesCluster": "nokia-lab",
              "Name": "nokia-lab-subnet-private-ap-southeast-2c",
              "Network": "private",
              "kubernetes.io/cluster/nokia-lab": "shared"
            },
            "timeouts": null,
            "vpc_id": "vpc-040985aa96f4bceb4"
          },
          "sensitive_attributes": [],
          "private": "eyJlMmJmYjczMC1lY2FhLTExZTYtOGY4OC0zNDM2M2JjN2M0YzAiOnsiY3JlYXRlIjo2MDAwMDAwMDAwMDAsImRlbGV0ZSI6MTIwMDAwMDAwMDAwMH0sInNjaGVtYV92ZXJzaW9uIjoiMSJ9",
          "dependencies": [
            "aws_vpc.this",
            "data.aws_availability_zones.azs"
          ],
          "create_before_destroy": true
        }
      ]
    },
    {
      "mode": "managed",
      "type": "aws_subnet",
      "name": "public",
      "provider": "provider[\"registry.terraform.io/hashicorp/aws\"]",
      "instances": [
        {
          "index_key": 0,
          "schema_version": 1,
          "attributes": {
            "arn": "arn:aws:ec2:ap-southeast-2:126494010021:subnet/subnet-08b89bc7a7c44fa16",
            "assign_ipv6_address_on_creation": false,
            "availability_zone": "ap-southeast-2a",
            "availability_zone_id": "apse2-az1",
            "cidr_block": "10.1.0.0/24",
            "customer_owned_ipv4_pool": "",
            "id": "subnet-08b89bc7a7c44fa16",
            "ipv6_cidr_block": "",
            "ipv6_cidr_block_association_id": "",
            "map_customer_owned_ip_on_launch": false,
            "map_public_ip_on_launch": true,
            "outpost_arn": "",
            "owner_id": "126494010021",
            "tags": {
              "Name": "nokia-lab-subnet-public-ap-southeast-2a",
              "Network": "public",
              "kubernetes.io/cluster/nokia-lab": "shared"
            },
            "tags_all": {
              "ClusterRegion": "nokia-lab-ap-southeast-2",
              "Component": "EKS cluster",
              "DeployerTool": "CsfpOps",
              "KubernetesCluster": "nokia-lab",
              "Name": "nokia-lab-subnet-public-ap-southeast-2a",
              "Network": "public",
              "kubernetes.io/cluster/nokia-lab": "shared"
            },
            "timeouts": null,
            "vpc_id": "vpc-040985aa96f4bceb4"
          },
          "sensitive_attributes": [],
          "private": "eyJlMmJmYjczMC1lY2FhLTExZTYtOGY4OC0zNDM2M2JjN2M0YzAiOnsiY3JlYXRlIjo2MDAwMDAwMDAwMDAsImRlbGV0ZSI6MTIwMDAwMDAwMDAwMH0sInNjaGVtYV92ZXJzaW9uIjoiMSJ9",
          "dependencies": [
            "aws_vpc.this",
            "data.aws_availability_zones.azs"
          ],
          "create_before_destroy": true
        },
        {
          "index_key": 1,
          "schema_version": 1,
          "attributes": {
            "arn": "arn:aws:ec2:ap-southeast-2:126494010021:subnet/subnet-07089e72fd9edd138",
            "assign_ipv6_address_on_creation": false,
            "availability_zone": "ap-southeast-2b",
            "availability_zone_id": "apse2-az3",
            "cidr_block": "10.1.2.0/24",
            "customer_owned_ipv4_pool": "",
            "id": "subnet-07089e72fd9edd138",
            "ipv6_cidr_block": "",
            "ipv6_cidr_block_association_id": "",
            "map_customer_owned_ip_on_launch": false,
            "map_public_ip_on_launch": true,
            "outpost_arn": "",
            "owner_id": "126494010021",
            "tags": {
              "Name": "nokia-lab-subnet-public-ap-southeast-2b",
              "Network": "public",
              "kubernetes.io/cluster/nokia-lab": "shared"
            },
            "tags_all": {
              "ClusterRegion": "nokia-lab-ap-southeast-2",
              "Component": "EKS cluster",
              "DeployerTool": "CsfpOps",
              "KubernetesCluster": "nokia-lab",
              "Name": "nokia-lab-subnet-public-ap-southeast-2b",
              "Network": "public",
              "kubernetes.io/cluster/nokia-lab": "shared"
            },
            "timeouts": null,
            "vpc_id": "vpc-040985aa96f4bceb4"
          },
          "sensitive_attributes": [],
          "private": "eyJlMmJmYjczMC1lY2FhLTExZTYtOGY4OC0zNDM2M2JjN2M0YzAiOnsiY3JlYXRlIjo2MDAwMDAwMDAwMDAsImRlbGV0ZSI6MTIwMDAwMDAwMDAwMH0sInNjaGVtYV92ZXJzaW9uIjoiMSJ9",
          "dependencies": [
            "aws_vpc.this",
            "data.aws_availability_zones.azs"
          ],
          "create_before_destroy": true
        },
        {
          "index_key": 2,
          "schema_version": 1,
          "attributes": {
            "arn": "arn:aws:ec2:ap-southeast-2:126494010021:subnet/subnet-054e24ab4e2add756",
            "assign_ipv6_address_on_creation": false,
            "availability_zone": "ap-southeast-2c",
            "availability_zone_id": "apse2-az2",
            "cidr_block": "10.1.4.0/24",
            "customer_owned_ipv4_pool": "",
            "id": "subnet-054e24ab4e2add756",
            "ipv6_cidr_block": "",
            "ipv6_cidr_block_association_id": "",
            "map_customer_owned_ip_on_launch": false,
            "map_public_ip_on_launch": true,
            "outpost_arn": "",
            "owner_id": "126494010021",
            "tags": {
              "Name": "nokia-lab-subnet-public-ap-southeast-2c",
              "Network": "public",
              "kubernetes.io/cluster/nokia-lab": "shared"
            },
            "tags_all": {
              "ClusterRegion": "nokia-lab-ap-southeast-2",
              "Component": "EKS cluster",
              "DeployerTool": "CsfpOps",
              "KubernetesCluster": "nokia-lab",
              "Name": "nokia-lab-subnet-public-ap-southeast-2c",
              "Network": "public",
              "kubernetes.io/cluster/nokia-lab": "shared"
            },
            "timeouts": null,
            "vpc_id": "vpc-040985aa96f4bceb4"
          },
          "sensitive_attributes": [],
          "private": "eyJlMmJmYjczMC1lY2FhLTExZTYtOGY4OC0zNDM2M2JjN2M0YzAiOnsiY3JlYXRlIjo2MDAwMDAwMDAwMDAsImRlbGV0ZSI6MTIwMDAwMDAwMDAwMH0sInNjaGVtYV92ZXJzaW9uIjoiMSJ9",
          "dependencies": [
            "aws_vpc.this",
            "data.aws_availability_zones.azs"
          ],
          "create_before_destroy": true
        }
      ]
    },
    {
      "mode": "managed",
      "type": "aws_vpc",
      "name": "this",
      "provider": "provider[\"registry.terraform.io/hashicorp/aws\"]",
      "instances": [
        {
          "index_key": 0,
          "schema_version": 1,
          "attributes": {
            "arn": "arn:aws:ec2:ap-southeast-2:126494010021:vpc/vpc-040985aa96f4bceb4",
            "assign_generated_ipv6_cidr_block": false,
            "cidr_block": "10.1.0.0/16",
            "default_network_acl_id": "acl-0169570b8d455b355",
            "default_route_table_id": "rtb-051eaec0e6bb580f1",
            "default_security_group_id": "sg-09c604562a36858e6",
            "dhcp_options_id": "dopt-031020e46fb020284",
            "enable_classiclink": false,
            "enable_classiclink_dns_support": false,
            "enable_dns_hostnames": true,
            "enable_dns_support": true,
            "id": "vpc-040985aa96f4bceb4",
            "instance_tenancy": "default",
            "ipv6_association_id": "",
            "ipv6_cidr_block": "",
            "main_route_table_id": "rtb-051eaec0e6bb580f1",
            "owner_id": "126494010021",
            "tags": {
              "Name": "nokia-lab-vpc"
            },
            "tags_all": {
              "ClusterRegion": "nokia-lab-ap-southeast-2",
              "Component": "EKS cluster",
              "DeployerTool": "CsfpOps",
              "KubernetesCluster": "nokia-lab",
              "Name": "nokia-lab-vpc"
            }
          },
          "sensitive_attributes": [],
          "private": "eyJzY2hlbWFfdmVyc2lvbiI6IjEifQ==",
          "create_before_destroy": true
        }
      ]
    },
    {
      "mode": "managed",
      "type": "aws_vpc_endpoint",
      "name": "gateway_endpoints",
      "provider": "provider[\"registry.terraform.io/hashicorp/aws\"]",
      "instances": [
        {
          "index_key": 0,
          "schema_version": 0,
          "attributes": {
            "arn": "arn:aws:ec2:ap-southeast-2:126494010021:vpc-endpoint/vpce-0bf5e63099a7bff51",
            "auto_accept": null,
            "cidr_blocks": [
              "3.5.164.0/22",
              "3.5.168.0/23",
              "52.95.128.0/21"
            ],
            "dns_entry": [],
            "id": "vpce-0bf5e63099a7bff51",
            "network_interface_ids": [],
            "owner_id": "126494010021",
            "policy": "{\"Statement\":[{\"Action\":\"*\",\"Effect\":\"Allow\",\"Principal\":\"*\",\"Resource\":\"*\"}],\"Version\":\"2008-10-17\"}",
            "prefix_list_id": "pl-6ca54005",
            "private_dns_enabled": false,
            "requester_managed": false,
            "route_table_ids": [
              "rtb-05e5f63a6830d4640",
              "rtb-086f9ca8dd25203db",
              "rtb-0c8056005d0c6041c"
            ],
            "security_group_ids": [],
            "service_name": "com.amazonaws.ap-southeast-2.s3",
            "state": "available",
            "subnet_ids": [],
            "tags": {
              "Name": "nokia-lab-vpce-s3"
            },
            "tags_all": {
              "ClusterRegion": "nokia-lab-ap-southeast-2",
              "Component": "EKS cluster",
              "DeployerTool": "CsfpOps",
              "KubernetesCluster": "nokia-lab",
              "Name": "nokia-lab-vpce-s3"
            },
            "timeouts": null,
            "vpc_endpoint_type": "Gateway",
            "vpc_id": "vpc-040985aa96f4bceb4"
          },
          "sensitive_attributes": [],
          "private": "eyJlMmJmYjczMC1lY2FhLTExZTYtOGY4OC0zNDM2M2JjN2M0YzAiOnsiY3JlYXRlIjo2MDAwMDAwMDAwMDAsImRlbGV0ZSI6NjAwMDAwMDAwMDAwLCJ1cGRhdGUiOjYwMDAwMDAwMDAwMH19",
          "dependencies": [
            "aws_route_table.private",
            "aws_vpc.this",
            "data.aws_availability_zones.azs"
          ]
        }
      ]
    },
    {
      "mode": "managed",
      "type": "time_sleep",
      "name": "wait_10_seconds",
      "provider": "provider[\"registry.terraform.io/hashicorp/time\"]",
      "instances": [
        {
          "index_key": 0,
          "schema_version": 0,
          "attributes": {
            "create_duration": "10s",
            "destroy_duration": null,
            "id": "2022-11-11T12:49:43Z",
            "triggers": null
          },
          "sensitive_attributes": [],
          "private": "bnVsbA==",
          "dependencies": [
            "aws_subnet.private",
            "aws_subnet.public",
            "aws_vpc.this",
            "data.aws_availability_zones.azs"
          ],
          "create_before_destroy": true
        }
      ]
    }
  ]
}
