{
  "version": 4,
  "terraform_version": "0.14.11",
  "serial": 60,
  "lineage": "01439978-772a-3feb-7c30-4a112043cc88",
  "outputs": {},
  "resources": [
    {
      "mode": "data",
      "type": "aws_ami",
      "name": "eks_worker",
      "provider": "provider[\"registry.terraform.io/hashicorp/aws\"]",
      "instances": [
        {
          "schema_version": 0,
          "attributes": {
            "architecture": "x86_64",
            "arn": "arn:aws:ec2:ap-southeast-2::image/ami-096616ff8d4550ba1",
            "block_device_mappings": [
              {
                "device_name": "/dev/xvda",
                "ebs": {
                  "delete_on_termination": "true",
                  "encrypted": "false",
                  "iops": "0",
                  "snapshot_id": "snap-09fa7c3d6a0a46d7b",
                  "throughput": "0",
                  "volume_size": "20",
                  "volume_type": "gp2"
                },
                "no_device": "",
                "virtual_name": ""
              }
            ],
            "creation_date": "2022-11-01T22:37:25.000Z",
            "description": "EKS Kubernetes Worker AMI with AmazonLinux2 image, (k8s: 1.21.14, docker: 20.10.17-1.amzn2.0.1, containerd: 1.6.6-1.amzn2.0.2)",
            "ena_support": true,
            "executable_users": null,
            "filter": [
              {
                "name": "name",
                "values": [
                  "amazon-eks-node-1.21-v*"
                ]
              }
            ],
            "hypervisor": "xen",
            "id": "ami-096616ff8d4550ba1",
            "image_id": "ami-096616ff8d4550ba1",
            "image_location": "amazon/amazon-eks-node-1.21-v20221101",
            "image_owner_alias": "amazon",
            "image_type": "machine",
            "kernel_id": null,
            "most_recent": true,
            "name": "amazon-eks-node-1.21-v20221101",
            "name_regex": null,
            "owner_id": "602401143452",
            "owners": [
              "602401143452"
            ],
            "platform": null,
            "platform_details": "Linux/UNIX",
            "product_codes": [],
            "public": true,
            "ramdisk_id": null,
            "root_device_name": "/dev/xvda",
            "root_device_type": "ebs",
            "root_snapshot_id": "snap-09fa7c3d6a0a46d7b",
            "sriov_net_support": "simple",
            "state": "available",
            "state_reason": {
              "code": "UNSET",
              "message": "UNSET"
            },
            "tags": {},
            "usage_operation": "RunInstances",
            "virtualization_type": "hvm"
          },
          "sensitive_attributes": []
        }
      ]
    },
    {
      "mode": "data",
      "type": "aws_availability_zones",
      "name": "azs",
      "provider": "provider[\"registry.terraform.io/hashicorp/aws\"]",
      "instances": [
        {
          "schema_version": 0,
          "attributes": {
            "all_availability_zones": null,
            "exclude_names": null,
            "exclude_zone_ids": null,
            "filter": null,
            "group_names": [
              "ap-southeast-2"
            ],
            "id": "ap-southeast-2",
            "names": [
              "ap-southeast-2a",
              "ap-southeast-2b",
              "ap-southeast-2c"
            ],
            "state": null,
            "zone_ids": [
              "apse2-az1",
              "apse2-az3",
              "apse2-az2"
            ]
          },
          "sensitive_attributes": []
        }
      ]
    },
    {
      "mode": "data",
      "type": "aws_caller_identity",
      "name": "current",
      "provider": "provider[\"registry.terraform.io/hashicorp/aws\"]",
      "instances": [
        {
          "schema_version": 0,
          "attributes": {
            "account_id": "126494010021",
            "arn": "arn:aws:iam::126494010021:user/nokia_installer",
            "id": "126494010021",
            "user_id": "AIDAR245BNKSXQLGVE4AX"
          },
          "sensitive_attributes": []
        }
      ]
    },
    {
      "mode": "data",
      "type": "aws_iam_role",
      "name": "eks",
      "provider": "provider[\"registry.terraform.io/hashicorp/aws\"]",
      "instances": [
        {
          "schema_version": 0,
          "attributes": {
            "arn": "arn:aws:iam::126494010021:role/service_eks_cluster",
            "assume_role_policy": "{\"Version\":\"2012-10-17\",\"Statement\":[{\"Effect\":\"Allow\",\"Principal\":{\"Service\":\"eks.amazonaws.com\"},\"Action\":\"sts:AssumeRole\"}]}",
            "create_date": "2022-02-17T09:04:42Z",
            "description": "Allows access to other AWS service resources that are required to operate clusters managed by EKS.",
            "id": "service_eks_cluster",
            "max_session_duration": 3600,
            "name": "service_eks_cluster",
            "path": "/",
            "permissions_boundary": "",
            "tags": {
              "Name": "service_eks_cluster"
            },
            "unique_id": "AROAR245BNKS5W76WXNZT"
          },
          "sensitive_attributes": []
        }
      ]
    },
    {
      "mode": "data",
      "type": "aws_iam_role",
      "name": "nodes",
      "provider": "provider[\"registry.terraform.io/hashicorp/aws\"]",
      "instances": [
        {
          "schema_version": 0,
          "attributes": {
            "arn": "arn:aws:iam::126494010021:role/service_ec2_eksnode",
            "assume_role_policy": "{\"Version\":\"2012-10-17\",\"Statement\":[{\"Effect\":\"Allow\",\"Principal\":{\"Service\":\"ec2.amazonaws.com\"},\"Action\":\"sts:AssumeRole\"}]}",
            "create_date": "2022-02-17T09:34:50Z",
            "description": "Allows EC2 instances to call AWS services on your behalf.",
            "id": "service_ec2_eksnode",
            "max_session_duration": 3600,
            "name": "service_ec2_eksnode",
            "path": "/",
            "permissions_boundary": "",
            "tags": {
              "Name": "service_ec2_eksnode"
            },
            "unique_id": "AROAR245BNKS42ZXRZBFF"
          },
          "sensitive_attributes": []
        }
      ]
    },
    {
      "mode": "data",
      "type": "aws_kms_key",
      "name": "cluster",
      "provider": "provider[\"registry.terraform.io/hashicorp/aws\"]",
      "instances": [
        {
          "schema_version": 0,
          "attributes": {
            "arn": "arn:aws:kms:ap-southeast-2:126494010021:key/f62d507a-3dc9-4f38-89c1-6e398ecbe7db",
            "aws_account_id": "126494010021",
            "creation_date": "2022-11-07T07:38:30Z",
            "customer_master_key_spec": "SYMMETRIC_DEFAULT",
            "deletion_date": null,
            "description": "nokia-lab EKS Secret Encryption Key",
            "enabled": true,
            "expiration_model": "",
            "grant_tokens": null,
            "id": "f62d507a-3dc9-4f38-89c1-6e398ecbe7db",
            "key_id": "f62d507a-3dc9-4f38-89c1-6e398ecbe7db",
            "key_manager": "CUSTOMER",
            "key_state": "Enabled",
            "key_usage": "ENCRYPT_DECRYPT",
            "multi_region": false,
            "multi_region_configuration": [],
            "origin": "AWS_KMS",
            "valid_to": null
          },
          "sensitive_attributes": []
        }
      ]
    },
    {
      "mode": "data",
      "type": "aws_kms_key",
      "name": "s3_artifacts",
      "provider": "provider[\"registry.terraform.io/hashicorp/aws\"]",
      "instances": [
        {
          "schema_version": 0,
          "attributes": {
            "arn": "arn:aws:kms:ap-southeast-2:126494010021:key/f62d507a-3dc9-4f38-89c1-6e398ecbe7db",
            "aws_account_id": "126494010021",
            "creation_date": "2022-11-07T07:38:30Z",
            "customer_master_key_spec": "SYMMETRIC_DEFAULT",
            "deletion_date": null,
            "description": "nokia-lab EKS Secret Encryption Key",
            "enabled": true,
            "expiration_model": "",
            "grant_tokens": null,
            "id": "f62d507a-3dc9-4f38-89c1-6e398ecbe7db",
            "key_id": "f62d507a-3dc9-4f38-89c1-6e398ecbe7db",
            "key_manager": "CUSTOMER",
            "key_state": "Enabled",
            "key_usage": "ENCRYPT_DECRYPT",
            "multi_region": false,
            "multi_region_configuration": [],
            "origin": "AWS_KMS",
            "valid_to": null
          },
          "sensitive_attributes": []
        }
      ]
    },
    {
      "mode": "data",
      "type": "aws_partition",
      "name": "current",
      "provider": "provider[\"registry.terraform.io/hashicorp/aws\"]",
      "instances": [
        {
          "schema_version": 0,
          "attributes": {
            "dns_suffix": "amazonaws.com",
            "id": "aws",
            "partition": "aws",
            "reverse_dns_prefix": "com.amazonaws"
          },
          "sensitive_attributes": []
        }
      ]
    },
    {
      "mode": "data",
      "type": "aws_subnet_ids",
      "name": "private",
      "provider": "provider[\"registry.terraform.io/hashicorp/aws\"]",
      "instances": [
        {
          "schema_version": 0,
          "attributes": {
            "filter": null,
            "id": "vpc-0dc3e0026241d59fc",
            "ids": [
              "subnet-0030801bfcfdd823d",
              "subnet-0885576a030087945",
              "subnet-0b9fdd6b89ea82405"
            ],
            "tags": {
              "Network": "private"
            },
            "vpc_id": "vpc-0dc3e0026241d59fc"
          },
          "sensitive_attributes": []
        }
      ]
    },
    {
      "mode": "data",
      "type": "aws_subnet_ids",
      "name": "public",
      "provider": "provider[\"registry.terraform.io/hashicorp/aws\"]",
      "instances": [
        {
          "schema_version": 0,
          "attributes": {
            "filter": null,
            "id": "vpc-0dc3e0026241d59fc",
            "ids": [
              "subnet-0234b6a64d8c1ce34",
              "subnet-03644df32e5ed837b",
              "subnet-04a2f686ee8ba21dc"
            ],
            "tags": {
              "Network": "public"
            },
            "vpc_id": "vpc-0dc3e0026241d59fc"
          },
          "sensitive_attributes": []
        }
      ]
    },
    {
      "mode": "data",
      "type": "aws_subnet_ids",
      "name": "vpc",
      "provider": "provider[\"registry.terraform.io/hashicorp/aws\"]",
      "instances": [
        {
          "schema_version": 0,
          "attributes": {
            "filter": null,
            "id": "vpc-0dc3e0026241d59fc",
            "ids": [
              "subnet-0030801bfcfdd823d",
              "subnet-0234b6a64d8c1ce34",
              "subnet-03644df32e5ed837b",
              "subnet-04a2f686ee8ba21dc",
              "subnet-0885576a030087945",
              "subnet-0b9fdd6b89ea82405"
            ],
            "tags": null,
            "vpc_id": "vpc-0dc3e0026241d59fc"
          },
          "sensitive_attributes": []
        }
      ]
    },
    {
      "mode": "data",
      "type": "template_file",
      "name": "aws_ssm_seelog",
      "provider": "provider[\"registry.terraform.io/hashicorp/template\"]",
      "instances": [
        {
          "schema_version": 0,
          "attributes": {
            "filename": null,
            "id": "037a222ed3b2fe2dd0e726e17d462eea34c9c0d110ddd209e0e61590c39e0781",
            "rendered": "\u003c!--amazon-ssm-agent uses seelog logging --\u003e\n\u003c!--Seelog has github wiki pages, which contain detailed how-tos references: https://github.com/cihub/seelog/wiki --\u003e\n\u003c!--Seelog examples can be found here: https://github.com/cihub/seelog-examples --\u003e\n\u003cseelog type=\"adaptive\" mininterval=\"2000000\" maxinterval=\"100000000\" critmsgcount=\"500\" minlevel=\"info\"\u003e\n    \u003cexceptions\u003e\n        \u003cexception filepattern=\"test*\" minlevel=\"error\"/\u003e\n    \u003c/exceptions\u003e\n    \u003coutputs formatid=\"fmtinfo\"\u003e\n        \u003cconsole formatid=\"fmtinfo\"/\u003e\n        \u003crollingfile type=\"size\" filename=\"/var/log/amazon/ssm/amazon-ssm-agent.log\" maxsize=\"30000000\" maxrolls=\"5\"/\u003e\n        \u003cfilter levels=\"error,critical\" formatid=\"fmterror\"\u003e\n            \u003crollingfile type=\"size\" filename=\"/var/log/amazon/ssm/errors.log\" maxsize=\"10000000\" maxrolls=\"5\"/\u003e\n        \u003c/filter\u003e\n        \u003ccustom name=\"cloudwatch_receiver\" formatid=\"fmtdebug\" data-log-group=\"/aws/eks/nokia-lab/cluster\"/\u003e\n    \u003c/outputs\u003e\n    \u003cformats\u003e\n        \u003cformat id=\"fmterror\" format=\"%Date %Time %LEVEL [%FuncShort @ %File.%Line] %Msg%n\"/\u003e\n        \u003cformat id=\"fmtdebug\" format=\"%Date %Time %LEVEL [%FuncShort @ %File.%Line] %Msg%n\"/\u003e\n        \u003cformat id=\"fmtinfo\" format=\"%Date %Time %LEVEL %Msg%n\"/\u003e\n    \u003c/formats\u003e\n\u003c/seelog\u003e",
            "template": "\u003c!--amazon-ssm-agent uses seelog logging --\u003e\n\u003c!--Seelog has github wiki pages, which contain detailed how-tos references: https://github.com/cihub/seelog/wiki --\u003e\n\u003c!--Seelog examples can be found here: https://github.com/cihub/seelog-examples --\u003e\n\u003cseelog type=\"adaptive\" mininterval=\"2000000\" maxinterval=\"100000000\" critmsgcount=\"500\" minlevel=\"info\"\u003e\n    \u003cexceptions\u003e\n        \u003cexception filepattern=\"test*\" minlevel=\"error\"/\u003e\n    \u003c/exceptions\u003e\n    \u003coutputs formatid=\"fmtinfo\"\u003e\n        \u003cconsole formatid=\"fmtinfo\"/\u003e\n        \u003crollingfile type=\"size\" filename=\"/var/log/amazon/ssm/amazon-ssm-agent.log\" maxsize=\"30000000\" maxrolls=\"5\"/\u003e\n        \u003cfilter levels=\"error,critical\" formatid=\"fmterror\"\u003e\n            \u003crollingfile type=\"size\" filename=\"/var/log/amazon/ssm/errors.log\" maxsize=\"10000000\" maxrolls=\"5\"/\u003e\n        \u003c/filter\u003e\n        \u003ccustom name=\"cloudwatch_receiver\" formatid=\"fmtdebug\" data-log-group=\"/aws/eks/${cluster_name}/cluster\"/\u003e\n    \u003c/outputs\u003e\n    \u003cformats\u003e\n        \u003cformat id=\"fmterror\" format=\"%Date %Time %LEVEL [%FuncShort @ %File.%Line] %Msg%n\"/\u003e\n        \u003cformat id=\"fmtdebug\" format=\"%Date %Time %LEVEL [%FuncShort @ %File.%Line] %Msg%n\"/\u003e\n        \u003cformat id=\"fmtinfo\" format=\"%Date %Time %LEVEL %Msg%n\"/\u003e\n    \u003c/formats\u003e\n\u003c/seelog\u003e",
            "vars": {
              "cluster_name": "nokia-lab"
            }
          },
          "sensitive_attributes": []
        }
      ]
    },
    {
      "mode": "data",
      "type": "template_file",
      "name": "edges_userdata",
      "provider": "provider[\"registry.terraform.io/hashicorp/template\"]",
      "instances": [
        {
          "schema_version": 0,
          "attributes": {
            "filename": null,
            "id": "714dd2d147c0fe23239f6c69d746fa5e5ae25194139f08848e7d7f3402b696f2",
            "rendered": "MIME-Version: 1.0\nContent-Type: multipart/mixed; boundary=\"//\"\n\n--//\nContent-Type: text/cloud-config; charset=\"us-ascii\"\nMIME-Version: 1.0\nContent-Transfer-Encoding: 7bit\nContent-Disposition: attachment; filename=\"cloud-config.txt\"\n\n#cloud-config\ncloud_final_modules:\n- [scripts-user, always]\n\n--//\nContent-Type: text/x-shellscript; charset=\"us-ascii\"\n#!/bin/bash -xe\n\nexec \u003e \u003e(tee /var/log/user-data.log|logger -t user-data -s 2\u003e/dev/console) 2\u003e\u00261\n\n[[ -f /etc/.firstboot_done ]] || {\n\n## Install requirements\nrpm -qa | grep parted || yum install -y parted\nrpm -qa | grep rsync || yum install -y rsync\n\n## Install Amazon SSM Agent\nrpm -qa | grep amazon-ssm-agent || yum install -y https://s3.ap-southeast-2.amazonaws.com/amazon-ssm-ap-southeast-2/latest/linux_amd64/amazon-ssm-agent.rpm\nsystemctl enable amazon-ssm-agent\ncat \u003c\u003c EOF \u003e\u003e /etc/amazon/ssm/seelog.xml\n\u003c!--amazon-ssm-agent uses seelog logging --\u003e\n\u003c!--Seelog has github wiki pages, which contain detailed how-tos references: https://github.com/cihub/seelog/wiki --\u003e\n\u003c!--Seelog examples can be found here: https://github.com/cihub/seelog-examples --\u003e\n\u003cseelog type=\"adaptive\" mininterval=\"2000000\" maxinterval=\"100000000\" critmsgcount=\"500\" minlevel=\"info\"\u003e\n    \u003cexceptions\u003e\n        \u003cexception filepattern=\"test*\" minlevel=\"error\"/\u003e\n    \u003c/exceptions\u003e\n    \u003coutputs formatid=\"fmtinfo\"\u003e\n        \u003cconsole formatid=\"fmtinfo\"/\u003e\n        \u003crollingfile type=\"size\" filename=\"/var/log/amazon/ssm/amazon-ssm-agent.log\" maxsize=\"30000000\" maxrolls=\"5\"/\u003e\n        \u003cfilter levels=\"error,critical\" formatid=\"fmterror\"\u003e\n            \u003crollingfile type=\"size\" filename=\"/var/log/amazon/ssm/errors.log\" maxsize=\"10000000\" maxrolls=\"5\"/\u003e\n        \u003c/filter\u003e\n        \u003ccustom name=\"cloudwatch_receiver\" formatid=\"fmtdebug\" data-log-group=\"/aws/eks/nokia-lab/cluster\"/\u003e\n    \u003c/outputs\u003e\n    \u003cformats\u003e\n        \u003cformat id=\"fmterror\" format=\"%Date %Time %LEVEL [%FuncShort @ %File.%Line] %Msg%n\"/\u003e\n        \u003cformat id=\"fmtdebug\" format=\"%Date %Time %LEVEL [%FuncShort @ %File.%Line] %Msg%n\"/\u003e\n        \u003cformat id=\"fmtinfo\" format=\"%Date %Time %LEVEL %Msg%n\"/\u003e\n    \u003c/formats\u003e\n\u003c/seelog\u003e\nEOF\nsystemctl restart amazon-ssm-agent\n\n## Partitioning\nparted --script /dev/nvme1n1 \\\nmklabel gpt \\\nmkpart log ext4 0% 100%\npartprobe\n\n## Format new partition\nmkfs.ext4 /dev/nvme1n1p1\n\n## Automatic mount\ncat \u003c\u003c EOF \u003e\u003e /etc/fstab\ntmpfs   /tmp            tmpfs     defaults,size=1g,mode=1777,nodev,noexec,nosuid  0       0\n/tmp    /var/tmp        none      rw,nodev,noexec,nosuid,bind     0       0\ntmpfs   /dev/shm        tmpfs     noexec,nosuid,nodev    0       0\nEOF\n\n# /var/log\necho \"$(blkid | grep nvme1n1p1 | awk '{print $2}') /var/log ext4 defaults,nofail 0 2\" \u003e\u003e /etc/fstab\nmkdir -p /tmp/log\nmount /dev/nvme1n1p1 /tmp/log\nrsync -av /var/log/ /tmp/log\numount /tmp/log\nmount /dev/nvme1n1p1 /var/log\nchmod -R 777 /var/log\n\n# Reload fstab\nmount -a\n\nkubelet_service=\"/etc/systemd/system/kubelet.service\"\n\n\n# Docker options set sysconfig environment file\ncat \u003c\u003c EOF \u003e\u003e /etc/sysconfig/docker\n\nOPTIONS='--selinux-enabled=true --exec-opt=native.cgroupdriver=systemd --storage-opt overlay2.override_kernel_check=true --userland-proxy=false'\nEOF\nsystemctl restart docker\n\n\n# Allow user supplied pre userdata code\n\n\n# Systemd does not support appending environment variables. Add a new variable\nsed -i 's/KUBELET_EXTRA_ARGS/KUBELET_EXTRA_ARGS $EXTENDED_KUBELET_ARGS/' $kubelet_service\ncat \u003c\u003c EOF \u003e /etc/systemd/system/kubelet.service.d/9999-extended-kubelet-args.conf\n[Service]\nEnvironment='EXTENDED_KUBELET_ARGS=--cgroup-driver=systemd'\nEOF\nsystemctl daemon-reload\n\n# Allow user supplied userdata code\n\n\n\n# Point resolv.conf to NodeLocal DNS\necho \"supersede domain-name-servers 127.0.0.1,169.254.169.253;\" \u003e\u003e /etc/dhcp/dhclient.conf \u0026\u0026 dhclient -r \u0026\u0026 dhclient\n# We always use image-id in launch-template which means it is considered as custom AMI\nB64_CLUSTER_CA=LS0tLS1CRUdJTiBDRVJUSUZJQ0FURS0tLS0tCk1JSUM1ekNDQWMrZ0F3SUJBZ0lCQURBTkJna3Foa2lHOXcwQkFRc0ZBREFWTVJNd0VRWURWUVFERXdwcmRXSmwKY201bGRHVnpNQjRYRFRJeU1URXdOekEzTkRZd05sb1hEVE15TVRFd05EQTNORFl3Tmxvd0ZURVRNQkVHQTFVRQpBeE1LYTNWaVpYSnVaWFJsY3pDQ0FTSXdEUVlKS29aSWh2Y05BUUVCQlFBRGdnRVBBRENDQVFvQ2dnRUJBT3kzCkZqeTNJa2U5aEZERnBkKzRvbmdUNDh4dG9HbWgyV2w1ZkxrU0FkMFJ3TVVHU2RLTXdSVUpSK0NXTEI1eU1ZaGwKcDR1TnRFZTI1Z3RZQWtEZVlxdHF4WmlLQ0tWbEp4UlZqalJEZU5mcFluZGtIdzVJRlhuRDZlWWQ5OFlzbVArSQpNSm9QK0lLMXkrU3kwaFJMbFhMdFBZdEdUOU9XenlaelJSN3cxVWdXQjRsS0tCRnl3N0w0aC82N0xVcUROdEJ2ClZjSC9TbVB2UDJlbFZJSXFKaklUd1R6eGlSV2UvV2I5VDArZWliQytUODBkVTh3SnJIc1h4M3FLSEFjWTRrYlkKSEtaUDJxTWMvUFpoNysxT3FRNzFnOU1UTUgvTGs2dDVHQjF6aEdsTERMTjdZOXE3QXRlT2FyRThJQy9Eb3hMZApMVGdHdFdhSzcrejl2bGI3VmZjQ0F3RUFBYU5DTUVBd0RnWURWUjBQQVFIL0JBUURBZ0trTUE4R0ExVWRFd0VCCi93UUZNQU1CQWY4d0hRWURWUjBPQkJZRUZHcmI1S0RVZEhJc3JxVnNZY0RuNHVVWU03L0FNQTBHQ1NxR1NJYjMKRFFFQkN3VUFBNElCQVFDL1NVb1g5Mks2ZjkxallDNXhTUTZ1SnFoL1lFY1BnZ25Id3BuM2hRMEROU1prQVFEeQpkc1lyc2dBSWwrd011MFo3ZHlYdkN0MkR0M3g0aG5Od1Byc0RNb0hVeVIwOHA2ZG1NM0NsenFjM20xKy8xeVloClpRR3FKNFNmaDl6UGVmTUhBRmhVc2NxZ0xiTnBLTTFUelF1VktQYzBWWVY4cFVoenVSc1NvSERLZFd3bUFMemsKL2VsSHN5WlZKWEY3MkFtMGVndTJVWWZqUGdnWSs1b2U5cTBxdUt6NXB6Qk1MMDJzMElSN3R6NTdReFdrVXYrRgpFRXVvVkFidE1hTEQ0MS9HbUtXRjRuOURIUnY3RE92YVMxWWpyWUhnQTdHSGRaTVYwWklRTXJlNmZFN1lRK1VkCmNnRnhXSmVndVBZWVdITWd0TGpXTzJqZzV4TGFPSU9hMkdBYQotLS0tLUVORCBDRVJUSUZJQ0FURS0tLS0tCg==\nAPI_SERVER_URL=https://84A2B0DBE0DDE50398678C6F1C2861A7.gr7.ap-southeast-2.eks.amazonaws.com\n/etc/eks/bootstrap.sh nokia-lab --b64-cluster-ca $B64_CLUSTER_CA --apiserver-endpoint $API_SERVER_URL --container-runtime dockerd\n\ntouch /etc/.firstboot_done\n}\n\n\n\n",
            "template": "MIME-Version: 1.0\nContent-Type: multipart/mixed; boundary=\"//\"\n\n--//\nContent-Type: text/cloud-config; charset=\"us-ascii\"\nMIME-Version: 1.0\nContent-Transfer-Encoding: 7bit\nContent-Disposition: attachment; filename=\"cloud-config.txt\"\n\n#cloud-config\ncloud_final_modules:\n- [scripts-user, always]\n\n--//\nContent-Type: text/x-shellscript; charset=\"us-ascii\"\n#!/bin/bash -xe\n\nexec \u003e \u003e(tee /var/log/user-data.log|logger -t user-data -s 2\u003e/dev/console) 2\u003e\u00261\n\n[[ -f /etc/.firstboot_done ]] || {\n\n## Install requirements\nrpm -qa | grep parted || yum install -y parted\nrpm -qa | grep rsync || yum install -y rsync\n\n## Install Amazon SSM Agent\nrpm -qa | grep amazon-ssm-agent || yum install -y https://s3.${region}.amazonaws.com/amazon-ssm-${region}/latest/linux_amd64/amazon-ssm-agent.rpm\nsystemctl enable amazon-ssm-agent\ncat \u003c\u003c EOF \u003e\u003e /etc/amazon/ssm/seelog.xml\n${seelog_file}\nEOF\nsystemctl restart amazon-ssm-agent\n\n## Partitioning\nparted --script /dev/nvme1n1 \\\nmklabel gpt \\\nmkpart log ext4 0% 100%\npartprobe\n\n## Format new partition\nmkfs.ext4 /dev/nvme1n1p1\n\n## Automatic mount\ncat \u003c\u003c EOF \u003e\u003e /etc/fstab\ntmpfs   /tmp            tmpfs     defaults,size=1g,mode=1777,nodev,noexec,nosuid  0       0\n/tmp    /var/tmp        none      rw,nodev,noexec,nosuid,bind     0       0\ntmpfs   /dev/shm        tmpfs     noexec,nosuid,nodev    0       0\nEOF\n\n# /var/log\necho \"$(blkid | grep nvme1n1p1 | awk '{print $2}') /var/log ext4 defaults,nofail 0 2\" \u003e\u003e /etc/fstab\nmkdir -p /tmp/log\nmount /dev/nvme1n1p1 /tmp/log\nrsync -av /var/log/ /tmp/log\numount /tmp/log\nmount /dev/nvme1n1p1 /var/log\nchmod -R 777 /var/log\n\n# Reload fstab\nmount -a\n\nkubelet_service=\"/etc/systemd/system/kubelet.service\"\n\n%{ if container_runtime == \"containerd\" }\nkubelet_service=\"/etc/eks/containerd/kubelet-containerd.service\"\nconf=/etc/eks/containerd/containerd-config.toml\n# EKS bootstrap script moves $conf to /etc/eks/containerd/config.toml\nsection=\"\\[plugins.\\\"io.containerd.grpc.v1.cri\\\".containerd.runtimes.runc.options\\]\"\nkey=\"SystemdCgroup\"\ngrep -q $section $conf || sed -i \"/^runtime_type.*/a $section\" $conf\ngrep -q $key $conf || sed -i \"/$section.*/a $key = true\" $conf\n%{ else }\n# Docker options set sysconfig environment file\ncat \u003c\u003c EOF \u003e\u003e /etc/sysconfig/docker\n\nOPTIONS='${docker_opts}'\nEOF\nsystemctl restart docker\n%{ endif }\n\n# Allow user supplied pre userdata code\n${pre_userdata}\n\n# Systemd does not support appending environment variables. Add a new variable\nsed -i 's/KUBELET_EXTRA_ARGS/KUBELET_EXTRA_ARGS $EXTENDED_KUBELET_ARGS/' $kubelet_service\ncat \u003c\u003c EOF \u003e /etc/systemd/system/kubelet.service.d/9999-extended-kubelet-args.conf\n[Service]\nEnvironment='EXTENDED_KUBELET_ARGS=${kubelet_extra_args}'\nEOF\nsystemctl daemon-reload\n\n# Allow user supplied userdata code\n${additional_userdata}\n\n# Point resolv.conf to NodeLocal DNS\necho \"supersede domain-name-servers 127.0.0.1,169.254.169.253;\" \u003e\u003e /etc/dhcp/dhclient.conf \u0026\u0026 dhclient -r \u0026\u0026 dhclient\n# We always use image-id in launch-template which means it is considered as custom AMI\nB64_CLUSTER_CA=${cluster_ca}\nAPI_SERVER_URL=${cluster_ep}\n/etc/eks/bootstrap.sh ${cluster_name} --b64-cluster-ca $B64_CLUSTER_CA --apiserver-endpoint $API_SERVER_URL --container-runtime ${container_runtime}\n\ntouch /etc/.firstboot_done\n}\n\n%{ if container_runtime == \"containerd\" }\nln -sf /run/containerd/containerd.sock /run/dockershim.sock\nsystemctl daemon-reload\nsystemctl start kubelet\n%{ endif }\n\n",
            "vars": {
              "additional_userdata": "\n",
              "bootstrap_extra_args": "",
              "cluster_ca": "LS0tLS1CRUdJTiBDRVJUSUZJQ0FURS0tLS0tCk1JSUM1ekNDQWMrZ0F3SUJBZ0lCQURBTkJna3Foa2lHOXcwQkFRc0ZBREFWTVJNd0VRWURWUVFERXdwcmRXSmwKY201bGRHVnpNQjRYRFRJeU1URXdOekEzTkRZd05sb1hEVE15TVRFd05EQTNORFl3Tmxvd0ZURVRNQkVHQTFVRQpBeE1LYTNWaVpYSnVaWFJsY3pDQ0FTSXdEUVlKS29aSWh2Y05BUUVCQlFBRGdnRVBBRENDQVFvQ2dnRUJBT3kzCkZqeTNJa2U5aEZERnBkKzRvbmdUNDh4dG9HbWgyV2w1ZkxrU0FkMFJ3TVVHU2RLTXdSVUpSK0NXTEI1eU1ZaGwKcDR1TnRFZTI1Z3RZQWtEZVlxdHF4WmlLQ0tWbEp4UlZqalJEZU5mcFluZGtIdzVJRlhuRDZlWWQ5OFlzbVArSQpNSm9QK0lLMXkrU3kwaFJMbFhMdFBZdEdUOU9XenlaelJSN3cxVWdXQjRsS0tCRnl3N0w0aC82N0xVcUROdEJ2ClZjSC9TbVB2UDJlbFZJSXFKaklUd1R6eGlSV2UvV2I5VDArZWliQytUODBkVTh3SnJIc1h4M3FLSEFjWTRrYlkKSEtaUDJxTWMvUFpoNysxT3FRNzFnOU1UTUgvTGs2dDVHQjF6aEdsTERMTjdZOXE3QXRlT2FyRThJQy9Eb3hMZApMVGdHdFdhSzcrejl2bGI3VmZjQ0F3RUFBYU5DTUVBd0RnWURWUjBQQVFIL0JBUURBZ0trTUE4R0ExVWRFd0VCCi93UUZNQU1CQWY4d0hRWURWUjBPQkJZRUZHcmI1S0RVZEhJc3JxVnNZY0RuNHVVWU03L0FNQTBHQ1NxR1NJYjMKRFFFQkN3VUFBNElCQVFDL1NVb1g5Mks2ZjkxallDNXhTUTZ1SnFoL1lFY1BnZ25Id3BuM2hRMEROU1prQVFEeQpkc1lyc2dBSWwrd011MFo3ZHlYdkN0MkR0M3g0aG5Od1Byc0RNb0hVeVIwOHA2ZG1NM0NsenFjM20xKy8xeVloClpRR3FKNFNmaDl6UGVmTUhBRmhVc2NxZ0xiTnBLTTFUelF1VktQYzBWWVY4cFVoenVSc1NvSERLZFd3bUFMemsKL2VsSHN5WlZKWEY3MkFtMGVndTJVWWZqUGdnWSs1b2U5cTBxdUt6NXB6Qk1MMDJzMElSN3R6NTdReFdrVXYrRgpFRXVvVkFidE1hTEQ0MS9HbUtXRjRuOURIUnY3RE92YVMxWWpyWUhnQTdHSGRaTVYwWklRTXJlNmZFN1lRK1VkCmNnRnhXSmVndVBZWVdITWd0TGpXTzJqZzV4TGFPSU9hMkdBYQotLS0tLUVORCBDRVJUSUZJQ0FURS0tLS0tCg==",
              "cluster_ep": "https://84A2B0DBE0DDE50398678C6F1C2861A7.gr7.ap-southeast-2.eks.amazonaws.com",
              "cluster_name": "nokia-lab",
              "container_runtime": "dockerd",
              "docker_opts": "--selinux-enabled=true --exec-opt=native.cgroupdriver=systemd --storage-opt overlay2.override_kernel_check=true --userland-proxy=false",
              "kubelet_extra_args": "--cgroup-driver=systemd",
              "pre_userdata": "",
              "region": "ap-southeast-2",
              "seelog_file": "\u003c!--amazon-ssm-agent uses seelog logging --\u003e\n\u003c!--Seelog has github wiki pages, which contain detailed how-tos references: https://github.com/cihub/seelog/wiki --\u003e\n\u003c!--Seelog examples can be found here: https://github.com/cihub/seelog-examples --\u003e\n\u003cseelog type=\"adaptive\" mininterval=\"2000000\" maxinterval=\"100000000\" critmsgcount=\"500\" minlevel=\"info\"\u003e\n    \u003cexceptions\u003e\n        \u003cexception filepattern=\"test*\" minlevel=\"error\"/\u003e\n    \u003c/exceptions\u003e\n    \u003coutputs formatid=\"fmtinfo\"\u003e\n        \u003cconsole formatid=\"fmtinfo\"/\u003e\n        \u003crollingfile type=\"size\" filename=\"/var/log/amazon/ssm/amazon-ssm-agent.log\" maxsize=\"30000000\" maxrolls=\"5\"/\u003e\n        \u003cfilter levels=\"error,critical\" formatid=\"fmterror\"\u003e\n            \u003crollingfile type=\"size\" filename=\"/var/log/amazon/ssm/errors.log\" maxsize=\"10000000\" maxrolls=\"5\"/\u003e\n        \u003c/filter\u003e\n        \u003ccustom name=\"cloudwatch_receiver\" formatid=\"fmtdebug\" data-log-group=\"/aws/eks/nokia-lab/cluster\"/\u003e\n    \u003c/outputs\u003e\n    \u003cformats\u003e\n        \u003cformat id=\"fmterror\" format=\"%Date %Time %LEVEL [%FuncShort @ %File.%Line] %Msg%n\"/\u003e\n        \u003cformat id=\"fmtdebug\" format=\"%Date %Time %LEVEL [%FuncShort @ %File.%Line] %Msg%n\"/\u003e\n        \u003cformat id=\"fmtinfo\" format=\"%Date %Time %LEVEL %Msg%n\"/\u003e\n    \u003c/formats\u003e\n\u003c/seelog\u003e",
              "selinux": "permissive",
              "selinux_booleans": "setsebool -P named_write_master_zones on\nsetsebool -P virt_use_nfs on\nsetsebool -P  container_connect_any on\n",
              "selinux_policies": "cat \u003c\u003c EOF \u003e /tmp/kubemod.te\n\nmodule kubemod 1.0;\nrequire {\n\ttype admin_home_t;\n\ttype auditd_t;\n\ttype afs3_callback_port_t;\n\ttype bin_t;\n\ttype cert_t;\n\ttype cephfs_t;\n\ttype commplex_link_port_t;\n\ttype commplex_main_port_t;\n\ttype chronyd_t;\n\ttype container_t;\n\ttype container_file_t;\n\ttype container_var_lib_t;\n\ttype cgroup_t;\n\ttype chkpwd_t;\n\ttype dhcpc_t;\n\ttype dns_port_t;\n\ttype ec2_instance_connect_t;\n\ttype etc_t;\n\ttype fusefs_t;\n\ttype geneve_port_t;\n\ttype gatekeeper_port_t;\n\ttype hostname_t;\n\ttype http_port_t;\n\ttype http_cache_port_t;\n\ttype ifconfig_t;\n\ttype irqbalance_t;\n\ttype jboss_management_port_t;\n\ttype kerberos_port_t;\n\ttype kernel_t;\n\ttype kubernetes_port_t;\n\ttype logrotate_t;\n\ttype mysqld_port_t;\n\ttype node_t;\n\ttype nfs_t;\n\ttype ntop_port_t;\n\ttype postgresql_port_t;\n\ttype postfix_pickup_t;\n\ttype postfix_master_t;\n\ttype postfix_qmgr_t;\n\ttype pki_ca_port_t;\n\ttype proc_t;\n\ttype rngd_t;\n\ttype redis_port_t;\n\ttype websm_port_t;\n\ttype setfiles_t;\n\ttype sshd_t;\n\ttype sysfs_t;\n\ttype syslogd_t;\n\ttype syslogd_var_run_t;\n\ttype soundd_port_t;\n\ttype unconfined_service_t;\n\ttype unlabeled_t;\n\ttype unreserved_port_t;\n\ttype usr_t;\n\ttype epmd_port_t;\n\ttype hplip_port_t;\n\ttype rabbitmq_port_t;\n\ttype ephemeral_port_t;\n\ttype cyphesis_port_t;\n\ttype amqp_port_t;\n\ttype transproxy_port_t;\n\ttype tram_port_t;\n\tclass capability { audit_write chown fowner dac_override net_bind_service setuid setgid };\n\tclass netlink_route_socket { setopt getopt bind create getattr nlmsg_read read  write};\n\tclass netlink_audit_socket { setopt getopt bind create getattr nlmsg_relay nlmsg_read read  write };\n\tclass dir { open add_name remove_name rmdir create write read setattr search };\n\tclass file { append execute create getattr ioctl lock open rename read setattr unlink write execute_no_trans search };\n\tclass lnk_file { create read write unlink setattr getattr };\n\tclass filesystem associate;\n\tclass fifo_file open;\n\tclass process { setsched transition execmem noatsecure rlimitinh siginh };\n\tclass process2 nnp_transition;\n\tclass system module_request;\n\tclass tcp_socket { accept read write bind connect create getattr listen name_bind name_connect node_bind getopt setopt shutdown };\n\tclass udp_socket { bind read write connect create getattr name_bind name_connect node_bind getopt setopt ioctl };\n}\n#============= auditd_t ==============\nallow auditd_t unlabeled_t:dir { add_name read remove_name write setattr };\nallow auditd_t unlabeled_t:file { append ioctl read create getattr open rename setattr unlink };\n#============= dhcpc_t ==============\nallow dhcpc_t hostname_t:process { noatsecure rlimitinh siginh };\nallow dhcpc_t chronyd_t:process { noatsecure rlimitinh siginh };\nallow dhcpc_t ifconfig_t:process { noatsecure rlimitinh siginh };\nallow dhcpc_t setfiles_t:process { noatsecure rlimitinh siginh };\n#============= ec2_instance_connect_t ==============\nallow ec2_instance_connect_t kernel_t:system module_request;\n#============= container_t ==============\nallow container_t admin_home_t:file open;\nallow container_t bin_t:file { create setattr write rename unlink };\nallow container_t bin_t:dir { add_name remove_name write };\nallow container_t etc_t:dir { add_name remove_name setattr write };\nallow container_t etc_t:file { create rename setattr unlink write };\nallow container_t self:capability { audit_write chown fowner setuid setgid dac_override net_bind_service };\nallow container_t self:netlink_route_socket { setopt bind create  read write getattr nlmsg_read};\nallow container_t self:netlink_audit_socket { write create nlmsg_relay };\nallow container_t self:tcp_socket { accept read write bind connect create getopt getattr listen setopt shutdown };\nallow container_t self:udp_socket { ioctl read write bind connect create getattr getopt setopt };\nallow container_t self:process execmem;\nallow container_t self:dir { add_name write };\nallow container_t self:file { read create };\nallow container_t postgresql_port_t:tcp_socket { name_bind name_connect };\nallow container_t mysqld_port_t:tcp_socket { name_bind name_connect };\nallow container_t websm_port_t:tcp_socket { name_bind name_connect };\nallow container_t dns_port_t:tcp_socket { name_bind name_connect };\nallow container_t dns_port_t:udp_socket name_bind;\nallow container_t fusefs_t:dir setattr;\nallow container_t fusefs_t:file { execute execute_no_trans };\nallow container_t fusefs_t:lnk_file { create read getattr };\nallow container_t cephfs_t:dir { add_name create read remove_name rmdir setattr write };\nallow container_t cephfs_t:file { create execute execute_no_trans rename setattr unlink };\nallow container_t cephfs_t:lnk_file { getattr setattr read write create unlink };\nallow container_t http_cache_port_t:tcp_socket { name_bind name_connect };\nallow container_t http_port_t:tcp_socket { name_bind name_connect };\nallow container_t node_t:tcp_socket node_bind;\nallow container_t node_t:udp_socket node_bind;\nallow container_t nfs_t:dir write;\nallow container_t soundd_port_t:tcp_socket name_bind;\nallow container_t sysfs_t:file { open read getattr };\nallow container_t sysfs_t:dir { open read };\nallow container_t sysfs_t:lnk_file { read getattr };\nallow container_t cgroup_t:file { getattr open read write };\nallow container_t container_var_lib_t:file { ioctl lock open read execute execute_no_trans };\nallow container_t container_file_t:dir search;\nallow container_t container_file_t:file { search read unlink };\nallow container_t container_file_t:lnk_file read;\nallow container_t jboss_management_port_t:tcp_socket { name_bind name_connect };\nallow container_t redis_port_t:tcp_socket { name_bind name_connect };\nallow container_t commplex_link_port_t:tcp_socket { name_bind name_connect };\nallow container_t commplex_main_port_t:tcp_socket { name_bind name_connect };\nallow container_t unreserved_port_t:tcp_socket { name_bind name_connect };\nallow container_t unreserved_port_t:udp_socket { name_bind name_connect };\nallow container_t unconfined_service_t:fifo_file open;\nallow container_t kubernetes_port_t:tcp_socket { name_connect name_bind };\nallow container_t geneve_port_t:tcp_socket name_bind;\nallow container_t pki_ca_port_t:tcp_socket { name_connect name_bind };\nallow container_t gatekeeper_port_t:tcp_socket { name_connect name_bind };\nallow container_t amqp_port_t:tcp_socket { name_connect name_bind };\nallow container_t cyphesis_port_t:tcp_socket { name_connect name_bind };\nallow container_t ephemeral_port_t:tcp_socket { name_connect name_bind };\nallow container_t epmd_port_t:tcp_socket { name_connect name_bind };\nallow container_t hplip_port_t:tcp_socket { name_connect name_bind };\nallow container_t rabbitmq_port_t:tcp_socket { name_connect name_bind };\nallow container_t transproxy_port_t:tcp_socket { name_connect name_bind };\nallow container_t tram_port_t:tcp_socket { name_connect name_bind };\nallow container_t syslogd_var_run_t:file read;\nallow container_t afs3_callback_port_t:tcp_socket { name_connect name_bind };\nallow container_t kernel_t:system module_request;\nallow container_t ntop_port_t:tcp_socket { name_connect name_bind };\nallow container_t proc_t:filesystem associate;\nallow container_t usr_t:dir write;\nallow container_t kerberos_port_t:tcp_socket { name_connect name_bind };\n#============= rngd_t ==============\nallow rngd_t cert_t:dir search;\nallow rngd_t self:process setsched;\n#============= sshd_t ==============\nallow sshd_t unlabeled_t:file { lock open read write };\nallow sshd_t chkpwd_t:process { noatsecure rlimitinh siginh };\nallow sshd_t ec2_instance_connect_t:process { noatsecure rlimitinh siginh };\n#============= syslogd_t ==============\nallow syslogd_t unlabeled_t:file { open ioctl unlink read append getattr };\n#============= unconfined_service_t ==============\nallow unconfined_service_t container_t:process transition;\nallow unconfined_service_t container_t:process2 nnp_transition;\n#============= postfix_master_t ==============\nallow postfix_master_t kernel_t:system module_request;\nallow postfix_master_t postfix_pickup_t:process { noatsecure rlimitinh siginh };\nallow postfix_master_t postfix_qmgr_t:process { noatsecure rlimitinh siginh };\n#============= postfix_pickup_t ==============\nallow postfix_pickup_t kernel_t:system module_request;\n#============= postfix_qmgr_t ==============\nallow postfix_qmgr_t kernel_t:system module_request;\n#============= irqbalance_t ==============\nallow irqbalance_t unlabeled_t:file { open read };\n#============= logrotate_t ==============\nallow logrotate_t unlabeled_t:dir { open read };\n\nEOF\ncheckmodule -M -m -o /tmp/kubemod.mod /tmp/kubemod.te\nsemodule_package -o /tmp/kubemod.pp -m /tmp/kubemod.mod\nsemodule -i /tmp/kubemod.pp\nrestorecon -R /var/log\ntouch /.autorelabel\ntouch /etc/.firstboot_done\nreboot\n"
            }
          },
          "sensitive_attributes": []
        }
      ]
    },
    {
      "mode": "data",
      "type": "template_file",
      "name": "workers_userdata",
      "provider": "provider[\"registry.terraform.io/hashicorp/template\"]",
      "instances": [
        {
          "schema_version": 0,
          "attributes": {
            "filename": null,
            "id": "714dd2d147c0fe23239f6c69d746fa5e5ae25194139f08848e7d7f3402b696f2",
            "rendered": "MIME-Version: 1.0\nContent-Type: multipart/mixed; boundary=\"//\"\n\n--//\nContent-Type: text/cloud-config; charset=\"us-ascii\"\nMIME-Version: 1.0\nContent-Transfer-Encoding: 7bit\nContent-Disposition: attachment; filename=\"cloud-config.txt\"\n\n#cloud-config\ncloud_final_modules:\n- [scripts-user, always]\n\n--//\nContent-Type: text/x-shellscript; charset=\"us-ascii\"\n#!/bin/bash -xe\n\nexec \u003e \u003e(tee /var/log/user-data.log|logger -t user-data -s 2\u003e/dev/console) 2\u003e\u00261\n\n[[ -f /etc/.firstboot_done ]] || {\n\n## Install requirements\nrpm -qa | grep parted || yum install -y parted\nrpm -qa | grep rsync || yum install -y rsync\n\n## Install Amazon SSM Agent\nrpm -qa | grep amazon-ssm-agent || yum install -y https://s3.ap-southeast-2.amazonaws.com/amazon-ssm-ap-southeast-2/latest/linux_amd64/amazon-ssm-agent.rpm\nsystemctl enable amazon-ssm-agent\ncat \u003c\u003c EOF \u003e\u003e /etc/amazon/ssm/seelog.xml\n\u003c!--amazon-ssm-agent uses seelog logging --\u003e\n\u003c!--Seelog has github wiki pages, which contain detailed how-tos references: https://github.com/cihub/seelog/wiki --\u003e\n\u003c!--Seelog examples can be found here: https://github.com/cihub/seelog-examples --\u003e\n\u003cseelog type=\"adaptive\" mininterval=\"2000000\" maxinterval=\"100000000\" critmsgcount=\"500\" minlevel=\"info\"\u003e\n    \u003cexceptions\u003e\n        \u003cexception filepattern=\"test*\" minlevel=\"error\"/\u003e\n    \u003c/exceptions\u003e\n    \u003coutputs formatid=\"fmtinfo\"\u003e\n        \u003cconsole formatid=\"fmtinfo\"/\u003e\n        \u003crollingfile type=\"size\" filename=\"/var/log/amazon/ssm/amazon-ssm-agent.log\" maxsize=\"30000000\" maxrolls=\"5\"/\u003e\n        \u003cfilter levels=\"error,critical\" formatid=\"fmterror\"\u003e\n            \u003crollingfile type=\"size\" filename=\"/var/log/amazon/ssm/errors.log\" maxsize=\"10000000\" maxrolls=\"5\"/\u003e\n        \u003c/filter\u003e\n        \u003ccustom name=\"cloudwatch_receiver\" formatid=\"fmtdebug\" data-log-group=\"/aws/eks/nokia-lab/cluster\"/\u003e\n    \u003c/outputs\u003e\n    \u003cformats\u003e\n        \u003cformat id=\"fmterror\" format=\"%Date %Time %LEVEL [%FuncShort @ %File.%Line] %Msg%n\"/\u003e\n        \u003cformat id=\"fmtdebug\" format=\"%Date %Time %LEVEL [%FuncShort @ %File.%Line] %Msg%n\"/\u003e\n        \u003cformat id=\"fmtinfo\" format=\"%Date %Time %LEVEL %Msg%n\"/\u003e\n    \u003c/formats\u003e\n\u003c/seelog\u003e\nEOF\nsystemctl restart amazon-ssm-agent\n\n## Partitioning\nparted --script /dev/nvme1n1 \\\nmklabel gpt \\\nmkpart log ext4 0% 100%\npartprobe\n\n## Format new partition\nmkfs.ext4 /dev/nvme1n1p1\n\n## Automatic mount\ncat \u003c\u003c EOF \u003e\u003e /etc/fstab\ntmpfs   /tmp            tmpfs     defaults,size=1g,mode=1777,nodev,noexec,nosuid  0       0\n/tmp    /var/tmp        none      rw,nodev,noexec,nosuid,bind     0       0\ntmpfs   /dev/shm        tmpfs     noexec,nosuid,nodev    0       0\nEOF\n\n# /var/log\necho \"$(blkid | grep nvme1n1p1 | awk '{print $2}') /var/log ext4 defaults,nofail 0 2\" \u003e\u003e /etc/fstab\nmkdir -p /tmp/log\nmount /dev/nvme1n1p1 /tmp/log\nrsync -av /var/log/ /tmp/log\numount /tmp/log\nmount /dev/nvme1n1p1 /var/log\nchmod -R 777 /var/log\n\n# Reload fstab\nmount -a\n\nkubelet_service=\"/etc/systemd/system/kubelet.service\"\n\n\n# Docker options set sysconfig environment file\ncat \u003c\u003c EOF \u003e\u003e /etc/sysconfig/docker\n\nOPTIONS='--selinux-enabled=true --exec-opt=native.cgroupdriver=systemd --storage-opt overlay2.override_kernel_check=true --userland-proxy=false'\nEOF\nsystemctl restart docker\n\n\n# Allow user supplied pre userdata code\n\n\n# Systemd does not support appending environment variables. Add a new variable\nsed -i 's/KUBELET_EXTRA_ARGS/KUBELET_EXTRA_ARGS $EXTENDED_KUBELET_ARGS/' $kubelet_service\ncat \u003c\u003c EOF \u003e /etc/systemd/system/kubelet.service.d/9999-extended-kubelet-args.conf\n[Service]\nEnvironment='EXTENDED_KUBELET_ARGS=--cgroup-driver=systemd'\nEOF\nsystemctl daemon-reload\n\n# Allow user supplied userdata code\n\n\n\n# Point resolv.conf to NodeLocal DNS\necho \"supersede domain-name-servers 127.0.0.1,169.254.169.253;\" \u003e\u003e /etc/dhcp/dhclient.conf \u0026\u0026 dhclient -r \u0026\u0026 dhclient\n# We always use image-id in launch-template which means it is considered as custom AMI\nB64_CLUSTER_CA=LS0tLS1CRUdJTiBDRVJUSUZJQ0FURS0tLS0tCk1JSUM1ekNDQWMrZ0F3SUJBZ0lCQURBTkJna3Foa2lHOXcwQkFRc0ZBREFWTVJNd0VRWURWUVFERXdwcmRXSmwKY201bGRHVnpNQjRYRFRJeU1URXdOekEzTkRZd05sb1hEVE15TVRFd05EQTNORFl3Tmxvd0ZURVRNQkVHQTFVRQpBeE1LYTNWaVpYSnVaWFJsY3pDQ0FTSXdEUVlKS29aSWh2Y05BUUVCQlFBRGdnRVBBRENDQVFvQ2dnRUJBT3kzCkZqeTNJa2U5aEZERnBkKzRvbmdUNDh4dG9HbWgyV2w1ZkxrU0FkMFJ3TVVHU2RLTXdSVUpSK0NXTEI1eU1ZaGwKcDR1TnRFZTI1Z3RZQWtEZVlxdHF4WmlLQ0tWbEp4UlZqalJEZU5mcFluZGtIdzVJRlhuRDZlWWQ5OFlzbVArSQpNSm9QK0lLMXkrU3kwaFJMbFhMdFBZdEdUOU9XenlaelJSN3cxVWdXQjRsS0tCRnl3N0w0aC82N0xVcUROdEJ2ClZjSC9TbVB2UDJlbFZJSXFKaklUd1R6eGlSV2UvV2I5VDArZWliQytUODBkVTh3SnJIc1h4M3FLSEFjWTRrYlkKSEtaUDJxTWMvUFpoNysxT3FRNzFnOU1UTUgvTGs2dDVHQjF6aEdsTERMTjdZOXE3QXRlT2FyRThJQy9Eb3hMZApMVGdHdFdhSzcrejl2bGI3VmZjQ0F3RUFBYU5DTUVBd0RnWURWUjBQQVFIL0JBUURBZ0trTUE4R0ExVWRFd0VCCi93UUZNQU1CQWY4d0hRWURWUjBPQkJZRUZHcmI1S0RVZEhJc3JxVnNZY0RuNHVVWU03L0FNQTBHQ1NxR1NJYjMKRFFFQkN3VUFBNElCQVFDL1NVb1g5Mks2ZjkxallDNXhTUTZ1SnFoL1lFY1BnZ25Id3BuM2hRMEROU1prQVFEeQpkc1lyc2dBSWwrd011MFo3ZHlYdkN0MkR0M3g0aG5Od1Byc0RNb0hVeVIwOHA2ZG1NM0NsenFjM20xKy8xeVloClpRR3FKNFNmaDl6UGVmTUhBRmhVc2NxZ0xiTnBLTTFUelF1VktQYzBWWVY4cFVoenVSc1NvSERLZFd3bUFMemsKL2VsSHN5WlZKWEY3MkFtMGVndTJVWWZqUGdnWSs1b2U5cTBxdUt6NXB6Qk1MMDJzMElSN3R6NTdReFdrVXYrRgpFRXVvVkFidE1hTEQ0MS9HbUtXRjRuOURIUnY3RE92YVMxWWpyWUhnQTdHSGRaTVYwWklRTXJlNmZFN1lRK1VkCmNnRnhXSmVndVBZWVdITWd0TGpXTzJqZzV4TGFPSU9hMkdBYQotLS0tLUVORCBDRVJUSUZJQ0FURS0tLS0tCg==\nAPI_SERVER_URL=https://84A2B0DBE0DDE50398678C6F1C2861A7.gr7.ap-southeast-2.eks.amazonaws.com\n/etc/eks/bootstrap.sh nokia-lab --b64-cluster-ca $B64_CLUSTER_CA --apiserver-endpoint $API_SERVER_URL --container-runtime dockerd\n\ntouch /etc/.firstboot_done\n}\n\n\n\n",
            "template": "MIME-Version: 1.0\nContent-Type: multipart/mixed; boundary=\"//\"\n\n--//\nContent-Type: text/cloud-config; charset=\"us-ascii\"\nMIME-Version: 1.0\nContent-Transfer-Encoding: 7bit\nContent-Disposition: attachment; filename=\"cloud-config.txt\"\n\n#cloud-config\ncloud_final_modules:\n- [scripts-user, always]\n\n--//\nContent-Type: text/x-shellscript; charset=\"us-ascii\"\n#!/bin/bash -xe\n\nexec \u003e \u003e(tee /var/log/user-data.log|logger -t user-data -s 2\u003e/dev/console) 2\u003e\u00261\n\n[[ -f /etc/.firstboot_done ]] || {\n\n## Install requirements\nrpm -qa | grep parted || yum install -y parted\nrpm -qa | grep rsync || yum install -y rsync\n\n## Install Amazon SSM Agent\nrpm -qa | grep amazon-ssm-agent || yum install -y https://s3.${region}.amazonaws.com/amazon-ssm-${region}/latest/linux_amd64/amazon-ssm-agent.rpm\nsystemctl enable amazon-ssm-agent\ncat \u003c\u003c EOF \u003e\u003e /etc/amazon/ssm/seelog.xml\n${seelog_file}\nEOF\nsystemctl restart amazon-ssm-agent\n\n## Partitioning\nparted --script /dev/nvme1n1 \\\nmklabel gpt \\\nmkpart log ext4 0% 100%\npartprobe\n\n## Format new partition\nmkfs.ext4 /dev/nvme1n1p1\n\n## Automatic mount\ncat \u003c\u003c EOF \u003e\u003e /etc/fstab\ntmpfs   /tmp            tmpfs     defaults,size=1g,mode=1777,nodev,noexec,nosuid  0       0\n/tmp    /var/tmp        none      rw,nodev,noexec,nosuid,bind     0       0\ntmpfs   /dev/shm        tmpfs     noexec,nosuid,nodev    0       0\nEOF\n\n# /var/log\necho \"$(blkid | grep nvme1n1p1 | awk '{print $2}') /var/log ext4 defaults,nofail 0 2\" \u003e\u003e /etc/fstab\nmkdir -p /tmp/log\nmount /dev/nvme1n1p1 /tmp/log\nrsync -av /var/log/ /tmp/log\numount /tmp/log\nmount /dev/nvme1n1p1 /var/log\nchmod -R 777 /var/log\n\n# Reload fstab\nmount -a\n\nkubelet_service=\"/etc/systemd/system/kubelet.service\"\n\n%{ if container_runtime == \"containerd\" }\nkubelet_service=\"/etc/eks/containerd/kubelet-containerd.service\"\nconf=/etc/eks/containerd/containerd-config.toml\n# EKS bootstrap script moves $conf to /etc/eks/containerd/config.toml\nsection=\"\\[plugins.\\\"io.containerd.grpc.v1.cri\\\".containerd.runtimes.runc.options\\]\"\nkey=\"SystemdCgroup\"\ngrep -q $section $conf || sed -i \"/^runtime_type.*/a $section\" $conf\ngrep -q $key $conf || sed -i \"/$section.*/a $key = true\" $conf\n%{ else }\n# Docker options set sysconfig environment file\ncat \u003c\u003c EOF \u003e\u003e /etc/sysconfig/docker\n\nOPTIONS='${docker_opts}'\nEOF\nsystemctl restart docker\n%{ endif }\n\n# Allow user supplied pre userdata code\n${pre_userdata}\n\n# Systemd does not support appending environment variables. Add a new variable\nsed -i 's/KUBELET_EXTRA_ARGS/KUBELET_EXTRA_ARGS $EXTENDED_KUBELET_ARGS/' $kubelet_service\ncat \u003c\u003c EOF \u003e /etc/systemd/system/kubelet.service.d/9999-extended-kubelet-args.conf\n[Service]\nEnvironment='EXTENDED_KUBELET_ARGS=${kubelet_extra_args}'\nEOF\nsystemctl daemon-reload\n\n# Allow user supplied userdata code\n${additional_userdata}\n\n# Point resolv.conf to NodeLocal DNS\necho \"supersede domain-name-servers 127.0.0.1,169.254.169.253;\" \u003e\u003e /etc/dhcp/dhclient.conf \u0026\u0026 dhclient -r \u0026\u0026 dhclient\n# We always use image-id in launch-template which means it is considered as custom AMI\nB64_CLUSTER_CA=${cluster_ca}\nAPI_SERVER_URL=${cluster_ep}\n/etc/eks/bootstrap.sh ${cluster_name} --b64-cluster-ca $B64_CLUSTER_CA --apiserver-endpoint $API_SERVER_URL --container-runtime ${container_runtime}\n\ntouch /etc/.firstboot_done\n}\n\n%{ if container_runtime == \"containerd\" }\nln -sf /run/containerd/containerd.sock /run/dockershim.sock\nsystemctl daemon-reload\nsystemctl start kubelet\n%{ endif }\n\n",
            "vars": {
              "additional_userdata": "\n",
              "bootstrap_extra_args": "",
              "cluster_ca": "LS0tLS1CRUdJTiBDRVJUSUZJQ0FURS0tLS0tCk1JSUM1ekNDQWMrZ0F3SUJBZ0lCQURBTkJna3Foa2lHOXcwQkFRc0ZBREFWTVJNd0VRWURWUVFERXdwcmRXSmwKY201bGRHVnpNQjRYRFRJeU1URXdOekEzTkRZd05sb1hEVE15TVRFd05EQTNORFl3Tmxvd0ZURVRNQkVHQTFVRQpBeE1LYTNWaVpYSnVaWFJsY3pDQ0FTSXdEUVlKS29aSWh2Y05BUUVCQlFBRGdnRVBBRENDQVFvQ2dnRUJBT3kzCkZqeTNJa2U5aEZERnBkKzRvbmdUNDh4dG9HbWgyV2w1ZkxrU0FkMFJ3TVVHU2RLTXdSVUpSK0NXTEI1eU1ZaGwKcDR1TnRFZTI1Z3RZQWtEZVlxdHF4WmlLQ0tWbEp4UlZqalJEZU5mcFluZGtIdzVJRlhuRDZlWWQ5OFlzbVArSQpNSm9QK0lLMXkrU3kwaFJMbFhMdFBZdEdUOU9XenlaelJSN3cxVWdXQjRsS0tCRnl3N0w0aC82N0xVcUROdEJ2ClZjSC9TbVB2UDJlbFZJSXFKaklUd1R6eGlSV2UvV2I5VDArZWliQytUODBkVTh3SnJIc1h4M3FLSEFjWTRrYlkKSEtaUDJxTWMvUFpoNysxT3FRNzFnOU1UTUgvTGs2dDVHQjF6aEdsTERMTjdZOXE3QXRlT2FyRThJQy9Eb3hMZApMVGdHdFdhSzcrejl2bGI3VmZjQ0F3RUFBYU5DTUVBd0RnWURWUjBQQVFIL0JBUURBZ0trTUE4R0ExVWRFd0VCCi93UUZNQU1CQWY4d0hRWURWUjBPQkJZRUZHcmI1S0RVZEhJc3JxVnNZY0RuNHVVWU03L0FNQTBHQ1NxR1NJYjMKRFFFQkN3VUFBNElCQVFDL1NVb1g5Mks2ZjkxallDNXhTUTZ1SnFoL1lFY1BnZ25Id3BuM2hRMEROU1prQVFEeQpkc1lyc2dBSWwrd011MFo3ZHlYdkN0MkR0M3g0aG5Od1Byc0RNb0hVeVIwOHA2ZG1NM0NsenFjM20xKy8xeVloClpRR3FKNFNmaDl6UGVmTUhBRmhVc2NxZ0xiTnBLTTFUelF1VktQYzBWWVY4cFVoenVSc1NvSERLZFd3bUFMemsKL2VsSHN5WlZKWEY3MkFtMGVndTJVWWZqUGdnWSs1b2U5cTBxdUt6NXB6Qk1MMDJzMElSN3R6NTdReFdrVXYrRgpFRXVvVkFidE1hTEQ0MS9HbUtXRjRuOURIUnY3RE92YVMxWWpyWUhnQTdHSGRaTVYwWklRTXJlNmZFN1lRK1VkCmNnRnhXSmVndVBZWVdITWd0TGpXTzJqZzV4TGFPSU9hMkdBYQotLS0tLUVORCBDRVJUSUZJQ0FURS0tLS0tCg==",
              "cluster_ep": "https://84A2B0DBE0DDE50398678C6F1C2861A7.gr7.ap-southeast-2.eks.amazonaws.com",
              "cluster_name": "nokia-lab",
              "container_runtime": "dockerd",
              "docker_opts": "--selinux-enabled=true --exec-opt=native.cgroupdriver=systemd --storage-opt overlay2.override_kernel_check=true --userland-proxy=false",
              "kubelet_extra_args": "--cgroup-driver=systemd",
              "pre_userdata": "",
              "region": "ap-southeast-2",
              "seelog_file": "\u003c!--amazon-ssm-agent uses seelog logging --\u003e\n\u003c!--Seelog has github wiki pages, which contain detailed how-tos references: https://github.com/cihub/seelog/wiki --\u003e\n\u003c!--Seelog examples can be found here: https://github.com/cihub/seelog-examples --\u003e\n\u003cseelog type=\"adaptive\" mininterval=\"2000000\" maxinterval=\"100000000\" critmsgcount=\"500\" minlevel=\"info\"\u003e\n    \u003cexceptions\u003e\n        \u003cexception filepattern=\"test*\" minlevel=\"error\"/\u003e\n    \u003c/exceptions\u003e\n    \u003coutputs formatid=\"fmtinfo\"\u003e\n        \u003cconsole formatid=\"fmtinfo\"/\u003e\n        \u003crollingfile type=\"size\" filename=\"/var/log/amazon/ssm/amazon-ssm-agent.log\" maxsize=\"30000000\" maxrolls=\"5\"/\u003e\n        \u003cfilter levels=\"error,critical\" formatid=\"fmterror\"\u003e\n            \u003crollingfile type=\"size\" filename=\"/var/log/amazon/ssm/errors.log\" maxsize=\"10000000\" maxrolls=\"5\"/\u003e\n        \u003c/filter\u003e\n        \u003ccustom name=\"cloudwatch_receiver\" formatid=\"fmtdebug\" data-log-group=\"/aws/eks/nokia-lab/cluster\"/\u003e\n    \u003c/outputs\u003e\n    \u003cformats\u003e\n        \u003cformat id=\"fmterror\" format=\"%Date %Time %LEVEL [%FuncShort @ %File.%Line] %Msg%n\"/\u003e\n        \u003cformat id=\"fmtdebug\" format=\"%Date %Time %LEVEL [%FuncShort @ %File.%Line] %Msg%n\"/\u003e\n        \u003cformat id=\"fmtinfo\" format=\"%Date %Time %LEVEL %Msg%n\"/\u003e\n    \u003c/formats\u003e\n\u003c/seelog\u003e",
              "selinux": "permissive",
              "selinux_booleans": "setsebool -P named_write_master_zones on\nsetsebool -P virt_use_nfs on\nsetsebool -P  container_connect_any on\n",
              "selinux_policies": "cat \u003c\u003c EOF \u003e /tmp/kubemod.te\n\nmodule kubemod 1.0;\nrequire {\n\ttype admin_home_t;\n\ttype auditd_t;\n\ttype afs3_callback_port_t;\n\ttype bin_t;\n\ttype cert_t;\n\ttype cephfs_t;\n\ttype commplex_link_port_t;\n\ttype commplex_main_port_t;\n\ttype chronyd_t;\n\ttype container_t;\n\ttype container_file_t;\n\ttype container_var_lib_t;\n\ttype cgroup_t;\n\ttype chkpwd_t;\n\ttype dhcpc_t;\n\ttype dns_port_t;\n\ttype ec2_instance_connect_t;\n\ttype etc_t;\n\ttype fusefs_t;\n\ttype geneve_port_t;\n\ttype gatekeeper_port_t;\n\ttype hostname_t;\n\ttype http_port_t;\n\ttype http_cache_port_t;\n\ttype ifconfig_t;\n\ttype irqbalance_t;\n\ttype jboss_management_port_t;\n\ttype kerberos_port_t;\n\ttype kernel_t;\n\ttype kubernetes_port_t;\n\ttype logrotate_t;\n\ttype mysqld_port_t;\n\ttype node_t;\n\ttype nfs_t;\n\ttype ntop_port_t;\n\ttype postgresql_port_t;\n\ttype postfix_pickup_t;\n\ttype postfix_master_t;\n\ttype postfix_qmgr_t;\n\ttype pki_ca_port_t;\n\ttype proc_t;\n\ttype rngd_t;\n\ttype redis_port_t;\n\ttype websm_port_t;\n\ttype setfiles_t;\n\ttype sshd_t;\n\ttype sysfs_t;\n\ttype syslogd_t;\n\ttype syslogd_var_run_t;\n\ttype soundd_port_t;\n\ttype unconfined_service_t;\n\ttype unlabeled_t;\n\ttype unreserved_port_t;\n\ttype usr_t;\n\ttype epmd_port_t;\n\ttype hplip_port_t;\n\ttype rabbitmq_port_t;\n\ttype ephemeral_port_t;\n\ttype cyphesis_port_t;\n\ttype amqp_port_t;\n\ttype transproxy_port_t;\n\ttype tram_port_t;\n\tclass capability { audit_write chown fowner dac_override net_bind_service setuid setgid };\n\tclass netlink_route_socket { setopt getopt bind create getattr nlmsg_read read  write};\n\tclass netlink_audit_socket { setopt getopt bind create getattr nlmsg_relay nlmsg_read read  write };\n\tclass dir { open add_name remove_name rmdir create write read setattr search };\n\tclass file { append execute create getattr ioctl lock open rename read setattr unlink write execute_no_trans search };\n\tclass lnk_file { create read write unlink setattr getattr };\n\tclass filesystem associate;\n\tclass fifo_file open;\n\tclass process { setsched transition execmem noatsecure rlimitinh siginh };\n\tclass process2 nnp_transition;\n\tclass system module_request;\n\tclass tcp_socket { accept read write bind connect create getattr listen name_bind name_connect node_bind getopt setopt shutdown };\n\tclass udp_socket { bind read write connect create getattr name_bind name_connect node_bind getopt setopt ioctl };\n}\n#============= auditd_t ==============\nallow auditd_t unlabeled_t:dir { add_name read remove_name write setattr };\nallow auditd_t unlabeled_t:file { append ioctl read create getattr open rename setattr unlink };\n#============= dhcpc_t ==============\nallow dhcpc_t hostname_t:process { noatsecure rlimitinh siginh };\nallow dhcpc_t chronyd_t:process { noatsecure rlimitinh siginh };\nallow dhcpc_t ifconfig_t:process { noatsecure rlimitinh siginh };\nallow dhcpc_t setfiles_t:process { noatsecure rlimitinh siginh };\n#============= ec2_instance_connect_t ==============\nallow ec2_instance_connect_t kernel_t:system module_request;\n#============= container_t ==============\nallow container_t admin_home_t:file open;\nallow container_t bin_t:file { create setattr write rename unlink };\nallow container_t bin_t:dir { add_name remove_name write };\nallow container_t etc_t:dir { add_name remove_name setattr write };\nallow container_t etc_t:file { create rename setattr unlink write };\nallow container_t self:capability { audit_write chown fowner setuid setgid dac_override net_bind_service };\nallow container_t self:netlink_route_socket { setopt bind create  read write getattr nlmsg_read};\nallow container_t self:netlink_audit_socket { write create nlmsg_relay };\nallow container_t self:tcp_socket { accept read write bind connect create getopt getattr listen setopt shutdown };\nallow container_t self:udp_socket { ioctl read write bind connect create getattr getopt setopt };\nallow container_t self:process execmem;\nallow container_t self:dir { add_name write };\nallow container_t self:file { read create };\nallow container_t postgresql_port_t:tcp_socket { name_bind name_connect };\nallow container_t mysqld_port_t:tcp_socket { name_bind name_connect };\nallow container_t websm_port_t:tcp_socket { name_bind name_connect };\nallow container_t dns_port_t:tcp_socket { name_bind name_connect };\nallow container_t dns_port_t:udp_socket name_bind;\nallow container_t fusefs_t:dir setattr;\nallow container_t fusefs_t:file { execute execute_no_trans };\nallow container_t fusefs_t:lnk_file { create read getattr };\nallow container_t cephfs_t:dir { add_name create read remove_name rmdir setattr write };\nallow container_t cephfs_t:file { create execute execute_no_trans rename setattr unlink };\nallow container_t cephfs_t:lnk_file { getattr setattr read write create unlink };\nallow container_t http_cache_port_t:tcp_socket { name_bind name_connect };\nallow container_t http_port_t:tcp_socket { name_bind name_connect };\nallow container_t node_t:tcp_socket node_bind;\nallow container_t node_t:udp_socket node_bind;\nallow container_t nfs_t:dir write;\nallow container_t soundd_port_t:tcp_socket name_bind;\nallow container_t sysfs_t:file { open read getattr };\nallow container_t sysfs_t:dir { open read };\nallow container_t sysfs_t:lnk_file { read getattr };\nallow container_t cgroup_t:file { getattr open read write };\nallow container_t container_var_lib_t:file { ioctl lock open read execute execute_no_trans };\nallow container_t container_file_t:dir search;\nallow container_t container_file_t:file { search read unlink };\nallow container_t container_file_t:lnk_file read;\nallow container_t jboss_management_port_t:tcp_socket { name_bind name_connect };\nallow container_t redis_port_t:tcp_socket { name_bind name_connect };\nallow container_t commplex_link_port_t:tcp_socket { name_bind name_connect };\nallow container_t commplex_main_port_t:tcp_socket { name_bind name_connect };\nallow container_t unreserved_port_t:tcp_socket { name_bind name_connect };\nallow container_t unreserved_port_t:udp_socket { name_bind name_connect };\nallow container_t unconfined_service_t:fifo_file open;\nallow container_t kubernetes_port_t:tcp_socket { name_connect name_bind };\nallow container_t geneve_port_t:tcp_socket name_bind;\nallow container_t pki_ca_port_t:tcp_socket { name_connect name_bind };\nallow container_t gatekeeper_port_t:tcp_socket { name_connect name_bind };\nallow container_t amqp_port_t:tcp_socket { name_connect name_bind };\nallow container_t cyphesis_port_t:tcp_socket { name_connect name_bind };\nallow container_t ephemeral_port_t:tcp_socket { name_connect name_bind };\nallow container_t epmd_port_t:tcp_socket { name_connect name_bind };\nallow container_t hplip_port_t:tcp_socket { name_connect name_bind };\nallow container_t rabbitmq_port_t:tcp_socket { name_connect name_bind };\nallow container_t transproxy_port_t:tcp_socket { name_connect name_bind };\nallow container_t tram_port_t:tcp_socket { name_connect name_bind };\nallow container_t syslogd_var_run_t:file read;\nallow container_t afs3_callback_port_t:tcp_socket { name_connect name_bind };\nallow container_t kernel_t:system module_request;\nallow container_t ntop_port_t:tcp_socket { name_connect name_bind };\nallow container_t proc_t:filesystem associate;\nallow container_t usr_t:dir write;\nallow container_t kerberos_port_t:tcp_socket { name_connect name_bind };\n#============= rngd_t ==============\nallow rngd_t cert_t:dir search;\nallow rngd_t self:process setsched;\n#============= sshd_t ==============\nallow sshd_t unlabeled_t:file { lock open read write };\nallow sshd_t chkpwd_t:process { noatsecure rlimitinh siginh };\nallow sshd_t ec2_instance_connect_t:process { noatsecure rlimitinh siginh };\n#============= syslogd_t ==============\nallow syslogd_t unlabeled_t:file { open ioctl unlink read append getattr };\n#============= unconfined_service_t ==============\nallow unconfined_service_t container_t:process transition;\nallow unconfined_service_t container_t:process2 nnp_transition;\n#============= postfix_master_t ==============\nallow postfix_master_t kernel_t:system module_request;\nallow postfix_master_t postfix_pickup_t:process { noatsecure rlimitinh siginh };\nallow postfix_master_t postfix_qmgr_t:process { noatsecure rlimitinh siginh };\n#============= postfix_pickup_t ==============\nallow postfix_pickup_t kernel_t:system module_request;\n#============= postfix_qmgr_t ==============\nallow postfix_qmgr_t kernel_t:system module_request;\n#============= irqbalance_t ==============\nallow irqbalance_t unlabeled_t:file { open read };\n#============= logrotate_t ==============\nallow logrotate_t unlabeled_t:dir { open read };\n\nEOF\ncheckmodule -M -m -o /tmp/kubemod.mod /tmp/kubemod.te\nsemodule_package -o /tmp/kubemod.pp -m /tmp/kubemod.mod\nsemodule -i /tmp/kubemod.pp\nrestorecon -R /var/log\ntouch /.autorelabel\ntouch /etc/.firstboot_done\nreboot\n"
            }
          },
          "sensitive_attributes": []
        }
      ]
    },
    {
      "mode": "managed",
      "type": "aws_default_security_group",
      "name": "default",
      "provider": "provider[\"registry.terraform.io/hashicorp/aws\"]",
      "instances": [
        {
          "index_key": 0,
          "schema_version": 1,
          "attributes": {
            "arn": "arn:aws:ec2:ap-southeast-2:126494010021:security-group/sg-0d8b9f758394f911f",
            "description": "default VPC security group",
            "egress": [],
            "id": "sg-0d8b9f758394f911f",
            "ingress": [],
            "name": "default",
            "owner_id": "126494010021",
            "revoke_rules_on_delete": false,
            "tags": null,
            "tags_all": {
              "ClusterRegion": "nokia-lab-ap-southeast-2",
              "Component": "EKS cluster",
              "DeployerTool": "CsfpOps",
              "KubernetesCluster": "nokia-lab"
            },
            "vpc_id": "vpc-0dc3e0026241d59fc"
          },
          "sensitive_attributes": [],
          "private": "eyJzY2hlbWFfdmVyc2lvbiI6IjEifQ==",
          "dependencies": [
            "aws_vpc.this"
          ]
        }
      ]
    },
    {
      "mode": "managed",
      "type": "aws_efs_file_system",
      "name": "this",
      "provider": "provider[\"registry.terraform.io/hashicorp/aws\"]",
      "instances": [
        {
          "index_key": 0,
          "schema_version": 0,
          "attributes": {
            "arn": "arn:aws:elasticfilesystem:ap-southeast-2:126494010021:file-system/fs-0d1411717080ff029",
            "availability_zone_id": "",
            "availability_zone_name": "",
            "creation_token": "terraform-20221107073843703900000001",
            "dns_name": "fs-0d1411717080ff029.efs.ap-southeast-2.amazonaws.com",
            "encrypted": true,
            "id": "fs-0d1411717080ff029",
            "kms_key_id": "arn:aws:kms:ap-southeast-2:126494010021:key/f62d507a-3dc9-4f38-89c1-6e398ecbe7db",
            "lifecycle_policy": [
              {
                "transition_to_ia": "AFTER_30_DAYS",
                "transition_to_primary_storage_class": ""
              }
            ],
            "number_of_mount_targets": 0,
            "owner_id": "126494010021",
            "performance_mode": "generalPurpose",
            "provisioned_throughput_in_mibps": 0,
            "size_in_bytes": [
              {
                "value": 6144,
                "value_in_ia": 0,
                "value_in_standard": 6144
              }
            ],
            "tags": {
              "Name": "nokia-lab-efs"
            },
            "tags_all": {
              "ClusterRegion": "nokia-lab-ap-southeast-2",
              "Component": "EKS cluster",
              "DeployerTool": "CsfpOps",
              "KubernetesCluster": "nokia-lab",
              "Name": "nokia-lab-efs"
            },
            "throughput_mode": "bursting"
          },
          "sensitive_attributes": [],
          "private": "bnVsbA==",
          "dependencies": [
            "aws_kms_alias.cluster",
            "aws_kms_key.this",
            "data.aws_caller_identity.current",
            "data.aws_iam_role.nodes",
            "data.aws_kms_key.cluster"
          ]
        }
      ]
    },
    {
      "mode": "managed",
      "type": "aws_efs_mount_target",
      "name": "private",
      "provider": "provider[\"registry.terraform.io/hashicorp/aws\"]",
      "instances": [
        {
          "index_key": 0,
          "schema_version": 0,
          "attributes": {
            "availability_zone_id": "apse2-az2",
            "availability_zone_name": "ap-southeast-2c",
            "dns_name": "fs-0d1411717080ff029.efs.ap-southeast-2.amazonaws.com",
            "file_system_arn": "arn:aws:elasticfilesystem:ap-southeast-2:126494010021:file-system/fs-0d1411717080ff029",
            "file_system_id": "fs-0d1411717080ff029",
            "id": "fsmt-0c9c8d954e8f7dc10",
            "ip_address": "10.1.5.163",
            "mount_target_dns_name": "ap-southeast-2c.fs-0d1411717080ff029.efs.ap-southeast-2.amazonaws.com",
            "network_interface_id": "eni-0a48d5811df884393",
            "owner_id": "126494010021",
            "security_groups": [
              "sg-0479e4d20d50c3ee5",
              "sg-0704604fac01c7309"
            ],
            "subnet_id": "subnet-0030801bfcfdd823d"
          },
          "sensitive_attributes": [],
          "private": "bnVsbA==",
          "dependencies": [
            "aws_efs_file_system.this",
            "aws_eip.nat",
            "aws_eks_cluster.this",
            "aws_internet_gateway.this",
            "aws_kms_alias.cluster",
            "aws_kms_key.this",
            "aws_nat_gateway.this",
            "aws_security_group.cluster",
            "aws_subnet.private",
            "aws_subnet.public",
            "aws_vpc.this",
            "data.aws_availability_zones.azs",
            "data.aws_caller_identity.current",
            "data.aws_iam_role.eks",
            "data.aws_iam_role.nodes",
            "data.aws_kms_key.cluster",
            "data.aws_subnet_ids.private",
            "data.aws_subnet_ids.vpc",
            "time_sleep.wait_10_seconds"
          ]
        },
        {
          "index_key": 1,
          "schema_version": 0,
          "attributes": {
            "availability_zone_id": "apse2-az1",
            "availability_zone_name": "ap-southeast-2a",
            "dns_name": "fs-0d1411717080ff029.efs.ap-southeast-2.amazonaws.com",
            "file_system_arn": "arn:aws:elasticfilesystem:ap-southeast-2:126494010021:file-system/fs-0d1411717080ff029",
            "file_system_id": "fs-0d1411717080ff029",
            "id": "fsmt-02f2c7e97089ddd90",
            "ip_address": "10.1.1.68",
            "mount_target_dns_name": "ap-southeast-2a.fs-0d1411717080ff029.efs.ap-southeast-2.amazonaws.com",
            "network_interface_id": "eni-09a012b9ae3380f9c",
            "owner_id": "126494010021",
            "security_groups": [
              "sg-0479e4d20d50c3ee5",
              "sg-0704604fac01c7309"
            ],
            "subnet_id": "subnet-0885576a030087945"
          },
          "sensitive_attributes": [],
          "private": "bnVsbA==",
          "dependencies": [
            "aws_efs_file_system.this",
            "aws_eip.nat",
            "aws_eks_cluster.this",
            "aws_internet_gateway.this",
            "aws_kms_alias.cluster",
            "aws_kms_key.this",
            "aws_nat_gateway.this",
            "aws_security_group.cluster",
            "aws_subnet.private",
            "aws_subnet.public",
            "aws_vpc.this",
            "data.aws_availability_zones.azs",
            "data.aws_caller_identity.current",
            "data.aws_iam_role.eks",
            "data.aws_iam_role.nodes",
            "data.aws_kms_key.cluster",
            "data.aws_subnet_ids.private",
            "data.aws_subnet_ids.vpc",
            "time_sleep.wait_10_seconds"
          ]
        },
        {
          "index_key": 2,
          "schema_version": 0,
          "attributes": {
            "availability_zone_id": "apse2-az3",
            "availability_zone_name": "ap-southeast-2b",
            "dns_name": "fs-0d1411717080ff029.efs.ap-southeast-2.amazonaws.com",
            "file_system_arn": "arn:aws:elasticfilesystem:ap-southeast-2:126494010021:file-system/fs-0d1411717080ff029",
            "file_system_id": "fs-0d1411717080ff029",
            "id": "fsmt-0908c1835b660feb6",
            "ip_address": "10.1.3.48",
            "mount_target_dns_name": "ap-southeast-2b.fs-0d1411717080ff029.efs.ap-southeast-2.amazonaws.com",
            "network_interface_id": "eni-0d9f11121733f355a",
            "owner_id": "126494010021",
            "security_groups": [
              "sg-0479e4d20d50c3ee5",
              "sg-0704604fac01c7309"
            ],
            "subnet_id": "subnet-0b9fdd6b89ea82405"
          },
          "sensitive_attributes": [],
          "private": "bnVsbA==",
          "dependencies": [
            "aws_efs_file_system.this",
            "aws_eip.nat",
            "aws_eks_cluster.this",
            "aws_internet_gateway.this",
            "aws_kms_alias.cluster",
            "aws_kms_key.this",
            "aws_nat_gateway.this",
            "aws_security_group.cluster",
            "aws_subnet.private",
            "aws_subnet.public",
            "aws_vpc.this",
            "data.aws_availability_zones.azs",
            "data.aws_caller_identity.current",
            "data.aws_iam_role.eks",
            "data.aws_iam_role.nodes",
            "data.aws_kms_key.cluster",
            "data.aws_subnet_ids.private",
            "data.aws_subnet_ids.vpc",
            "time_sleep.wait_10_seconds"
          ]
        }
      ]
    },
    {
      "mode": "managed",
      "type": "aws_eip",
      "name": "nat",
      "provider": "provider[\"registry.terraform.io/hashicorp/aws\"]",
      "instances": [
        {
          "index_key": 0,
          "schema_version": 0,
          "attributes": {
            "address": null,
            "allocation_id": "eipalloc-06c6950ab2e93c000",
            "associate_with_private_ip": null,
            "association_id": "eipassoc-049d2b6765e96da60",
            "carrier_ip": "",
            "customer_owned_ip": "",
            "customer_owned_ipv4_pool": "",
            "domain": "vpc",
            "id": "eipalloc-06c6950ab2e93c000",
            "instance": "",
            "network_border_group": "ap-southeast-2",
            "network_interface": "eni-02a87fd01e157681c",
            "private_dns": "ip-10-1-0-74.ap-southeast-2.compute.internal",
            "private_ip": "10.1.0.74",
            "public_dns": "ec2-54-79-236-59.ap-southeast-2.compute.amazonaws.com",
            "public_ip": "54.79.236.59",
            "public_ipv4_pool": "amazon",
            "tags": {
              "Name": "nokia-lab-ap-southeast-2a-eip"
            },
            "tags_all": {
              "ClusterRegion": "nokia-lab-ap-southeast-2",
              "Component": "EKS cluster",
              "DeployerTool": "CsfpOps",
              "KubernetesCluster": "nokia-lab",
              "Name": "nokia-lab-ap-southeast-2a-eip"
            },
            "timeouts": null,
            "vpc": true
          },
          "sensitive_attributes": [],
          "private": "eyJlMmJmYjczMC1lY2FhLTExZTYtOGY4OC0zNDM2M2JjN2M0YzAiOnsiZGVsZXRlIjoxODAwMDAwMDAwMDAsInJlYWQiOjkwMDAwMDAwMDAwMCwidXBkYXRlIjozMDAwMDAwMDAwMDB9fQ==",
          "dependencies": [
            "data.aws_availability_zones.azs"
          ],
          "create_before_destroy": true
        },
        {
          "index_key": 1,
          "schema_version": 0,
          "attributes": {
            "address": null,
            "allocation_id": "eipalloc-0ad19bebec62021ca",
            "associate_with_private_ip": null,
            "association_id": "eipassoc-006bd93b2bdaa489f",
            "carrier_ip": "",
            "customer_owned_ip": "",
            "customer_owned_ipv4_pool": "",
            "domain": "vpc",
            "id": "eipalloc-0ad19bebec62021ca",
            "instance": "",
            "network_border_group": "ap-southeast-2",
            "network_interface": "eni-05fc3f84aefeebc57",
            "private_dns": "ip-10-1-2-186.ap-southeast-2.compute.internal",
            "private_ip": "10.1.2.186",
            "public_dns": "ec2-54-153-235-254.ap-southeast-2.compute.amazonaws.com",
            "public_ip": "54.153.235.254",
            "public_ipv4_pool": "amazon",
            "tags": {
              "Name": "nokia-lab-ap-southeast-2b-eip"
            },
            "tags_all": {
              "ClusterRegion": "nokia-lab-ap-southeast-2",
              "Component": "EKS cluster",
              "DeployerTool": "CsfpOps",
              "KubernetesCluster": "nokia-lab",
              "Name": "nokia-lab-ap-southeast-2b-eip"
            },
            "timeouts": null,
            "vpc": true
          },
          "sensitive_attributes": [],
          "private": "eyJlMmJmYjczMC1lY2FhLTExZTYtOGY4OC0zNDM2M2JjN2M0YzAiOnsiZGVsZXRlIjoxODAwMDAwMDAwMDAsInJlYWQiOjkwMDAwMDAwMDAwMCwidXBkYXRlIjozMDAwMDAwMDAwMDB9fQ==",
          "dependencies": [
            "data.aws_availability_zones.azs"
          ],
          "create_before_destroy": true
        },
        {
          "index_key": 2,
          "schema_version": 0,
          "attributes": {
            "address": null,
            "allocation_id": "eipalloc-0b17493dae0cd2e85",
            "associate_with_private_ip": null,
            "association_id": "eipassoc-02cc481799f504297",
            "carrier_ip": "",
            "customer_owned_ip": "",
            "customer_owned_ipv4_pool": "",
            "domain": "vpc",
            "id": "eipalloc-0b17493dae0cd2e85",
            "instance": "",
            "network_border_group": "ap-southeast-2",
            "network_interface": "eni-0548a7bd9458b96ce",
            "private_dns": "ip-10-1-4-215.ap-southeast-2.compute.internal",
            "private_ip": "10.1.4.215",
            "public_dns": "ec2-54-79-250-75.ap-southeast-2.compute.amazonaws.com",
            "public_ip": "54.79.250.75",
            "public_ipv4_pool": "amazon",
            "tags": {
              "Name": "nokia-lab-ap-southeast-2c-eip"
            },
            "tags_all": {
              "ClusterRegion": "nokia-lab-ap-southeast-2",
              "Component": "EKS cluster",
              "DeployerTool": "CsfpOps",
              "KubernetesCluster": "nokia-lab",
              "Name": "nokia-lab-ap-southeast-2c-eip"
            },
            "timeouts": null,
            "vpc": true
          },
          "sensitive_attributes": [],
          "private": "eyJlMmJmYjczMC1lY2FhLTExZTYtOGY4OC0zNDM2M2JjN2M0YzAiOnsiZGVsZXRlIjoxODAwMDAwMDAwMDAsInJlYWQiOjkwMDAwMDAwMDAwMCwidXBkYXRlIjozMDAwMDAwMDAwMDB9fQ==",
          "dependencies": [
            "data.aws_availability_zones.azs"
          ],
          "create_before_destroy": true
        }
      ]
    },
    {
      "mode": "managed",
      "type": "aws_eks_cluster",
      "name": "this",
      "provider": "provider[\"registry.terraform.io/hashicorp/aws\"]",
      "instances": [
        {
          "schema_version": 0,
          "attributes": {
            "arn": "arn:aws:eks:ap-southeast-2:126494010021:cluster/nokia-lab",
            "certificate_authority": [
              {
                "data": "LS0tLS1CRUdJTiBDRVJUSUZJQ0FURS0tLS0tCk1JSUM1ekNDQWMrZ0F3SUJBZ0lCQURBTkJna3Foa2lHOXcwQkFRc0ZBREFWTVJNd0VRWURWUVFERXdwcmRXSmwKY201bGRHVnpNQjRYRFRJeU1URXdOekEzTkRZd05sb1hEVE15TVRFd05EQTNORFl3Tmxvd0ZURVRNQkVHQTFVRQpBeE1LYTNWaVpYSnVaWFJsY3pDQ0FTSXdEUVlKS29aSWh2Y05BUUVCQlFBRGdnRVBBRENDQVFvQ2dnRUJBT3kzCkZqeTNJa2U5aEZERnBkKzRvbmdUNDh4dG9HbWgyV2w1ZkxrU0FkMFJ3TVVHU2RLTXdSVUpSK0NXTEI1eU1ZaGwKcDR1TnRFZTI1Z3RZQWtEZVlxdHF4WmlLQ0tWbEp4UlZqalJEZU5mcFluZGtIdzVJRlhuRDZlWWQ5OFlzbVArSQpNSm9QK0lLMXkrU3kwaFJMbFhMdFBZdEdUOU9XenlaelJSN3cxVWdXQjRsS0tCRnl3N0w0aC82N0xVcUROdEJ2ClZjSC9TbVB2UDJlbFZJSXFKaklUd1R6eGlSV2UvV2I5VDArZWliQytUODBkVTh3SnJIc1h4M3FLSEFjWTRrYlkKSEtaUDJxTWMvUFpoNysxT3FRNzFnOU1UTUgvTGs2dDVHQjF6aEdsTERMTjdZOXE3QXRlT2FyRThJQy9Eb3hMZApMVGdHdFdhSzcrejl2bGI3VmZjQ0F3RUFBYU5DTUVBd0RnWURWUjBQQVFIL0JBUURBZ0trTUE4R0ExVWRFd0VCCi93UUZNQU1CQWY4d0hRWURWUjBPQkJZRUZHcmI1S0RVZEhJc3JxVnNZY0RuNHVVWU03L0FNQTBHQ1NxR1NJYjMKRFFFQkN3VUFBNElCQVFDL1NVb1g5Mks2ZjkxallDNXhTUTZ1SnFoL1lFY1BnZ25Id3BuM2hRMEROU1prQVFEeQpkc1lyc2dBSWwrd011MFo3ZHlYdkN0MkR0M3g0aG5Od1Byc0RNb0hVeVIwOHA2ZG1NM0NsenFjM20xKy8xeVloClpRR3FKNFNmaDl6UGVmTUhBRmhVc2NxZ0xiTnBLTTFUelF1VktQYzBWWVY4cFVoenVSc1NvSERLZFd3bUFMemsKL2VsSHN5WlZKWEY3MkFtMGVndTJVWWZqUGdnWSs1b2U5cTBxdUt6NXB6Qk1MMDJzMElSN3R6NTdReFdrVXYrRgpFRXVvVkFidE1hTEQ0MS9HbUtXRjRuOURIUnY3RE92YVMxWWpyWUhnQTdHSGRaTVYwWklRTXJlNmZFN1lRK1VkCmNnRnhXSmVndVBZWVdITWd0TGpXTzJqZzV4TGFPSU9hMkdBYQotLS0tLUVORCBDRVJUSUZJQ0FURS0tLS0tCg=="
              }
            ],
            "created_at": "2022-11-07 07:40:39.461 +0000 UTC",
            "enabled_cluster_log_types": [
              "api",
              "audit",
              "authenticator",
              "controllerManager",
              "scheduler"
            ],
            "encryption_config": [
              {
                "provider": [
                  {
                    "key_arn": "arn:aws:kms:ap-southeast-2:126494010021:key/f62d507a-3dc9-4f38-89c1-6e398ecbe7db"
                  }
                ],
                "resources": [
                  "secrets"
                ]
              }
            ],
            "endpoint": "https://84A2B0DBE0DDE50398678C6F1C2861A7.gr7.ap-southeast-2.eks.amazonaws.com",
            "id": "nokia-lab",
            "identity": [
              {
                "oidc": [
                  {
                    "issuer": "https://oidc.eks.ap-southeast-2.amazonaws.com/id/84A2B0DBE0DDE50398678C6F1C2861A7"
                  }
                ]
              }
            ],
            "kubernetes_network_config": [
              {
                "service_ipv4_cidr": "172.20.0.0/16"
              }
            ],
            "name": "nokia-lab",
            "platform_version": "eks.12",
            "role_arn": "arn:aws:iam::126494010021:role/service_eks_cluster",
            "status": "ACTIVE",
            "tags": {},
            "tags_all": {
              "ClusterRegion": "nokia-lab-ap-southeast-2",
              "Component": "EKS cluster",
              "DeployerTool": "CsfpOps",
              "KubernetesCluster": "nokia-lab"
            },
            "timeouts": {
              "create": "30m",
              "delete": "15m",
              "update": null
            },
            "version": "1.21",
            "vpc_config": [
              {
                "cluster_security_group_id": "sg-0479e4d20d50c3ee5",
                "endpoint_private_access": true,
                "endpoint_public_access": true,
                "public_access_cidrs": [
                  "13.237.183.33/32"
                ],
                "security_group_ids": [
                  "sg-0704604fac01c7309"
                ],
                "subnet_ids": [
                  "subnet-0030801bfcfdd823d",
                  "subnet-0885576a030087945",
                  "subnet-0b9fdd6b89ea82405"
                ],
                "vpc_id": "vpc-0dc3e0026241d59fc"
              }
            ]
          },
          "sensitive_attributes": [],
          "private": "eyJlMmJmYjczMC1lY2FhLTExZTYtOGY4OC0zNDM2M2JjN2M0YzAiOnsiY3JlYXRlIjoxODAwMDAwMDAwMDAwLCJkZWxldGUiOjkwMDAwMDAwMDAwMCwidXBkYXRlIjozNjAwMDAwMDAwMDAwfX0=",
          "dependencies": [
            "aws_kms_alias.cluster",
            "aws_security_group.cluster",
            "data.aws_iam_role.eks",
            "data.aws_subnet_ids.private",
            "data.aws_subnet_ids.vpc"
          ],
          "create_before_destroy": true
        }
      ]
    },
    {
      "mode": "managed",
      "type": "aws_eks_node_group",
      "name": "edges",
      "provider": "provider[\"registry.terraform.io/hashicorp/aws\"]",
      "instances": [
        {
          "schema_version": 0,
          "attributes": {
            "ami_type": "CUSTOM",
            "arn": "arn:aws:eks:ap-southeast-2:126494010021:nodegroup/nokia-lab/nokia-lab-edges_node_group/96c2288a-e6aa-4345-b9d6-9598ab754b08",
            "capacity_type": "ON_DEMAND",
            "cluster_name": "nokia-lab",
            "disk_size": 0,
            "force_update_version": null,
            "id": "nokia-lab:nokia-lab-edges_node_group",
            "instance_types": [],
            "labels": {
              "is_edge": "true"
            },
            "launch_template": [
              {
                "id": "lt-08bb7603486a68a3c",
                "name": "nokia-lab-edges_launch_template20221107075453869300000003",
                "version": "1"
              }
            ],
            "node_group_name": "nokia-lab-edges_node_group",
            "node_group_name_prefix": "",
            "node_role_arn": "arn:aws:iam::126494010021:role/service_ec2_eksnode",
            "release_version": "ami-096616ff8d4550ba1",
            "remote_access": [],
            "resources": [
              {
                "autoscaling_groups": [
                  {
                    "name": "eks-nokia-lab-edges_node_group-96c2288a-e6aa-4345-b9d6-9598ab754b08"
                  }
                ],
                "remote_access_security_group_id": ""
              }
            ],
            "scaling_config": [
              {
                "desired_size": 3,
                "max_size": 3,
                "min_size": 3
              }
            ],
            "status": "ACTIVE",
            "subnet_ids": [
              "subnet-0030801bfcfdd823d",
              "subnet-0885576a030087945",
              "subnet-0b9fdd6b89ea82405"
            ],
            "tags": {
              "Name": "nokia-lab-edges_node_group",
              "Role": "edges"
            },
            "tags_all": {
              "ClusterRegion": "nokia-lab-ap-southeast-2",
              "Component": "EKS cluster",
              "DeployerTool": "CsfpOps",
              "KubernetesCluster": "nokia-lab",
              "Name": "nokia-lab-edges_node_group",
              "Role": "edges"
            },
            "taint": [
              {
                "effect": "NO_EXECUTE",
                "key": "is_edge",
                "value": "true"
              }
            ],
            "timeouts": null,
            "update_config": [
              {
                "max_unavailable": 1,
                "max_unavailable_percentage": 0
              }
            ],
            "version": "1.21"
          },
          "sensitive_attributes": [],
          "private": "eyJlMmJmYjczMC1lY2FhLTExZTYtOGY4OC0zNDM2M2JjN2M0YzAiOnsiY3JlYXRlIjozNjAwMDAwMDAwMDAwLCJkZWxldGUiOjM2MDAwMDAwMDAwMDAsInVwZGF0ZSI6MzYwMDAwMDAwMDAwMH19",
          "dependencies": [
            "aws_eks_cluster.this",
            "aws_key_pair.cluster_key",
            "aws_kms_alias.cluster",
            "aws_launch_template.edges",
            "aws_security_group.cluster",
            "data.aws_ami.eks_worker",
            "data.aws_iam_role.eks",
            "data.aws_iam_role.nodes",
            "data.aws_subnet_ids.private",
            "data.aws_subnet_ids.vpc",
            "data.template_file.aws_ssm_seelog",
            "data.template_file.edges_userdata"
          ],
          "create_before_destroy": true
        }
      ]
    },
    {
      "mode": "managed",
      "type": "aws_eks_node_group",
      "name": "workers",
      "provider": "provider[\"registry.terraform.io/hashicorp/aws\"]",
      "instances": [
        {
          "schema_version": 0,
          "attributes": {
            "ami_type": "CUSTOM",
            "arn": "arn:aws:eks:ap-southeast-2:126494010021:nodegroup/nokia-lab/nokia-lab-workers_node_group/cac2288a-e6a0-ad58-10b2-fbf970cd1c9b",
            "capacity_type": "ON_DEMAND",
            "cluster_name": "nokia-lab",
            "disk_size": 0,
            "force_update_version": null,
            "id": "nokia-lab:nokia-lab-workers_node_group",
            "instance_types": [],
            "labels": {
              "is_control": "true",
              "is_worker": "true"
            },
            "launch_template": [
              {
                "id": "lt-032a4d50bd34c6bb4",
                "name": "nokia-lab-workers_launch_template20221107075453860500000001",
                "version": "1"
              }
            ],
            "node_group_name": "nokia-lab-workers_node_group",
            "node_group_name_prefix": "",
            "node_role_arn": "arn:aws:iam::126494010021:role/service_ec2_eksnode",
            "release_version": "ami-096616ff8d4550ba1",
            "remote_access": [],
            "resources": [
              {
                "autoscaling_groups": [
                  {
                    "name": "eks-nokia-lab-workers_node_group-cac2288a-e6a0-ad58-10b2-fbf970cd1c9b"
                  }
                ],
                "remote_access_security_group_id": ""
              }
            ],
            "scaling_config": [
              {
                "desired_size": 6,
                "max_size": 9,
                "min_size": 6
              }
            ],
            "status": "ACTIVE",
            "subnet_ids": [
              "subnet-0030801bfcfdd823d",
              "subnet-0885576a030087945",
              "subnet-0b9fdd6b89ea82405"
            ],
            "tags": {
              "Name": "nokia-lab-workers_node_group",
              "Role": "workers"
            },
            "tags_all": {
              "ClusterRegion": "nokia-lab-ap-southeast-2",
              "Component": "EKS cluster",
              "DeployerTool": "CsfpOps",
              "KubernetesCluster": "nokia-lab",
              "Name": "nokia-lab-workers_node_group",
              "Role": "workers"
            },
            "taint": [],
            "timeouts": null,
            "update_config": [
              {
                "max_unavailable": 1,
                "max_unavailable_percentage": 0
              }
            ],
            "version": "1.21"
          },
          "sensitive_attributes": [],
          "private": "eyJlMmJmYjczMC1lY2FhLTExZTYtOGY4OC0zNDM2M2JjN2M0YzAiOnsiY3JlYXRlIjozNjAwMDAwMDAwMDAwLCJkZWxldGUiOjM2MDAwMDAwMDAwMDAsInVwZGF0ZSI6MzYwMDAwMDAwMDAwMH19",
          "dependencies": [
            "aws_eks_cluster.this",
            "aws_key_pair.cluster_key",
            "aws_kms_alias.cluster",
            "aws_launch_template.workers",
            "aws_security_group.cluster",
            "data.aws_ami.eks_worker",
            "data.aws_iam_role.eks",
            "data.aws_iam_role.nodes",
            "data.aws_subnet_ids.private",
            "data.aws_subnet_ids.vpc",
            "data.template_file.aws_ssm_seelog",
            "data.template_file.workers_userdata"
          ],
          "create_before_destroy": true
        }
      ]
    },
    {
      "mode": "managed",
      "type": "aws_internet_gateway",
      "name": "this",
      "provider": "provider[\"registry.terraform.io/hashicorp/aws\"]",
      "instances": [
        {
          "index_key": 0,
          "schema_version": 0,
          "attributes": {
            "arn": "arn:aws:ec2:ap-southeast-2:126494010021:internet-gateway/igw-09bedceccd1785b6c",
            "id": "igw-09bedceccd1785b6c",
            "owner_id": "126494010021",
            "tags": {
              "Name": "nokia-lab-igw"
            },
            "tags_all": {
              "ClusterRegion": "nokia-lab-ap-southeast-2",
              "Component": "EKS cluster",
              "DeployerTool": "CsfpOps",
              "KubernetesCluster": "nokia-lab",
              "Name": "nokia-lab-igw"
            },
            "vpc_id": "vpc-0dc3e0026241d59fc"
          },
          "sensitive_attributes": [],
          "private": "bnVsbA==",
          "dependencies": [
            "aws_vpc.this"
          ],
          "create_before_destroy": true
        }
      ]
    },
    {
      "mode": "managed",
      "type": "aws_key_pair",
      "name": "cluster_key",
      "provider": "provider[\"registry.terraform.io/hashicorp/aws\"]",
      "instances": [
        {
          "index_key": 0,
          "schema_version": 1,
          "attributes": {
            "arn": "arn:aws:ec2:ap-southeast-2:126494010021:key-pair/nokia-lab-key",
            "fingerprint": "fa:25:2e:7c:29:d5:74:a7:b5:7e:75:08:1b:2d:bd:2e",
            "id": "nokia-lab-key",
            "key_name": "nokia-lab-key",
            "key_name_prefix": "",
            "key_pair_id": "key-04533cb2c1acb5f2e",
            "public_key": "ssh-rsa AAAAB3NzaC1yc2EAAAADAQABAAACAQCr5bumqoDcSqN0LWaQAWYNX/21kHM3OH8JhxjqhpkgOvg4r3P+kLDhsxq24ltl6koX8NHRK369J5y5p+4ybhjeCnyq/BE4iPCyq3O07GFfDMqQwSTyBfEGKau9XxsU0DR646VR4HH2Y9wel6k2bWrlTRUsRp7SWu5hUao+4QdNZvd7GzFckNAoBiUKVpH2sFlPVHG4zFbBIVicXZuyjaoQrJilhkdmGsk3wUj22HvZhlTIlWZrnKE5g4WosRPGDRl2LLfQniXA/F8cQlMZMP2tEs+K+BOyGdcy2pS6Li7F7Y3LMImU5LSvj5jLv8UqVmCAqwUkDoln320hucyfyc/L5QwFoyvzCTBwTAFNAyMB+An5r9hAhAud5YMdlHRVmGr3qCWozQaIrc4utGTKDNt7CydKLE2XwbULoIRapuvAAVYkaXqYcApS5jMrK2vSnwi96K6UlMbucpYDCCzC1TOG6Yrv/Ps9ayxbBZxJXOMaT3xcRvC8ZhhoNoEtCGkAY2VWua4mBXi9kK+STSKc7YWWw1R0/tKlXBg2GrclWTW2DpH8j5JxsK6G3raMXrAB7y7yo8wQDspDLfLKxxQynPYe6tkUwokp6ux2he+b/LRmUyR7YfGOfiXes3+N8yWnQw543rfqo4Fiq2JMRbdhXxk52JXeUBMmR6HltCIeLjJL3w==",
            "tags": {},
            "tags_all": {
              "ClusterRegion": "nokia-lab-ap-southeast-2",
              "Component": "EKS cluster",
              "DeployerTool": "CsfpOps",
              "KubernetesCluster": "nokia-lab"
            }
          },
          "sensitive_attributes": [],
          "private": "eyJzY2hlbWFfdmVyc2lvbiI6IjEifQ==",
          "create_before_destroy": true
        }
      ]
    },
    {
      "mode": "managed",
      "type": "aws_kms_alias",
      "name": "cluster",
      "provider": "provider[\"registry.terraform.io/hashicorp/aws\"]",
      "instances": [
        {
          "schema_version": 0,
          "attributes": {
            "arn": "arn:aws:kms:ap-southeast-2:126494010021:alias/cluster-nokia-lab",
            "id": "alias/cluster-nokia-lab",
            "name": "alias/cluster-nokia-lab",
            "name_prefix": "",
            "target_key_arn": "arn:aws:kms:ap-southeast-2:126494010021:key/f62d507a-3dc9-4f38-89c1-6e398ecbe7db",
            "target_key_id": "f62d507a-3dc9-4f38-89c1-6e398ecbe7db"
          },
          "sensitive_attributes": [],
          "private": "bnVsbA==",
          "dependencies": [
            "aws_kms_key.this",
            "data.aws_caller_identity.current",
            "data.aws_iam_role.nodes",
            "data.aws_kms_key.cluster"
          ],
          "create_before_destroy": true
        }
      ]
    },
    {
      "mode": "managed",
      "type": "aws_kms_alias",
      "name": "s3_artifacts",
      "provider": "provider[\"registry.terraform.io/hashicorp/aws\"]",
      "instances": [
        {
          "schema_version": 0,
          "attributes": {
            "arn": "arn:aws:kms:ap-southeast-2:126494010021:alias/s3-artifacts-nokia-lab",
            "id": "alias/s3-artifacts-nokia-lab",
            "name": "alias/s3-artifacts-nokia-lab",
            "name_prefix": "",
            "target_key_arn": "arn:aws:kms:ap-southeast-2:126494010021:key/f62d507a-3dc9-4f38-89c1-6e398ecbe7db",
            "target_key_id": "f62d507a-3dc9-4f38-89c1-6e398ecbe7db"
          },
          "sensitive_attributes": [],
          "private": "bnVsbA==",
          "dependencies": [
            "aws_kms_key.this",
            "data.aws_caller_identity.current",
            "data.aws_iam_role.nodes",
            "data.aws_kms_key.s3_artifacts"
          ]
        }
      ]
    },
    {
      "mode": "managed",
      "type": "aws_kms_key",
      "name": "this",
      "provider": "provider[\"registry.terraform.io/hashicorp/aws\"]",
      "instances": [
        {
          "index_key": 0,
          "schema_version": 0,
          "attributes": {
            "arn": "arn:aws:kms:ap-southeast-2:126494010021:key/f62d507a-3dc9-4f38-89c1-6e398ecbe7db",
            "bypass_policy_lockout_safety_check": false,
            "customer_master_key_spec": "SYMMETRIC_DEFAULT",
            "deletion_window_in_days": null,
            "description": "nokia-lab EKS Secret Encryption Key",
            "enable_key_rotation": true,
            "id": "f62d507a-3dc9-4f38-89c1-6e398ecbe7db",
            "is_enabled": true,
            "key_id": "f62d507a-3dc9-4f38-89c1-6e398ecbe7db",
            "key_usage": "ENCRYPT_DECRYPT",
            "multi_region": false,
            "policy": "{\"Id\":\"key-default-1\",\"Statement\":[{\"Action\":\"kms:*\",\"Effect\":\"Allow\",\"Principal\":{\"AWS\":[\"arn:aws:iam::126494010021:role/aws-service-role/autoscaling.amazonaws.com/AWSServiceRoleForAutoScaling\",\"arn:aws:iam::126494010021:root\",\"arn:aws:iam::126494010021:role/service_ec2_eksnode\"]},\"Resource\":\"*\",\"Sid\":\"Enable IAM Role Permissions\"}],\"Version\":\"2012-10-17\"}",
            "tags": {},
            "tags_all": {
              "ClusterRegion": "nokia-lab-ap-southeast-2",
              "Component": "EKS cluster",
              "DeployerTool": "CsfpOps",
              "KubernetesCluster": "nokia-lab"
            }
          },
          "sensitive_attributes": [],
          "private": "bnVsbA==",
          "dependencies": [
            "data.aws_caller_identity.current",
            "data.aws_iam_role.nodes"
          ],
          "create_before_destroy": true
        }
      ]
    },
    {
      "mode": "managed",
      "type": "aws_launch_template",
      "name": "edges",
      "provider": "provider[\"registry.terraform.io/hashicorp/aws\"]",
      "instances": [
        {
          "schema_version": 0,
          "attributes": {
            "arn": "arn:aws:ec2:ap-southeast-2:126494010021:launch-template/lt-08bb7603486a68a3c",
            "block_device_mappings": [
              {
                "device_name": "/dev/xvda",
                "ebs": [
                  {
                    "delete_on_termination": "true",
                    "encrypted": "true",
                    "iops": 0,
                    "kms_key_id": "arn:aws:kms:ap-southeast-2:126494010021:alias/cluster-nokia-lab",
                    "snapshot_id": "",
                    "throughput": 0,
                    "volume_size": 50,
                    "volume_type": "gp2"
                  }
                ],
                "no_device": "",
                "virtual_name": ""
              },
              {
                "device_name": "/dev/sdf",
                "ebs": [
                  {
                    "delete_on_termination": "true",
                    "encrypted": "true",
                    "iops": 0,
                    "kms_key_id": "arn:aws:kms:ap-southeast-2:126494010021:alias/cluster-nokia-lab",
                    "snapshot_id": "",
                    "throughput": 0,
                    "volume_size": 50,
                    "volume_type": "gp2"
                  }
                ],
                "no_device": "",
                "virtual_name": ""
              }
            ],
            "capacity_reservation_specification": [],
            "cpu_options": [],
            "credit_specification": [
              {
                "cpu_credits": "standard"
              }
            ],
            "default_version": 1,
            "description": "",
            "disable_api_termination": false,
            "ebs_optimized": "true",
            "elastic_gpu_specifications": [],
            "elastic_inference_accelerator": [],
            "enclave_options": [],
            "hibernation_options": [],
            "iam_instance_profile": [],
            "id": "lt-08bb7603486a68a3c",
            "image_id": "ami-096616ff8d4550ba1",
            "instance_initiated_shutdown_behavior": "",
            "instance_market_options": [],
            "instance_type": "m5a.2xlarge",
            "kernel_id": "",
            "key_name": "nokia-lab-key",
            "latest_version": 1,
            "license_specification": [],
            "metadata_options": [
              {
                "http_endpoint": "enabled",
                "http_protocol_ipv6": "disabled",
                "http_put_response_hop_limit": 1,
                "http_tokens": "optional"
              }
            ],
            "monitoring": [
              {
                "enabled": true
              }
            ],
            "name": "nokia-lab-edges_launch_template20221107075453869300000003",
            "name_prefix": "nokia-lab-edges_launch_template",
            "network_interfaces": [
              {
                "associate_carrier_ip_address": "",
                "associate_public_ip_address": "false",
                "delete_on_termination": "true",
                "description": "",
                "device_index": 0,
                "interface_type": "",
                "ipv4_address_count": 0,
                "ipv4_addresses": null,
                "ipv6_address_count": 0,
                "ipv6_addresses": null,
                "network_card_index": 0,
                "network_interface_id": "",
                "private_ip_address": "",
                "security_groups": [
                  "sg-0704604fac01c7309"
                ],
                "subnet_id": ""
              }
            ],
            "placement": [
              {
                "affinity": "",
                "availability_zone": "",
                "group_name": "",
                "host_id": "",
                "host_resource_group_arn": "",
                "partition_number": 0,
                "spread_domain": "",
                "tenancy": "default"
              }
            ],
            "ram_disk_id": "",
            "security_group_names": null,
            "tag_specifications": [
              {
                "resource_type": "volume",
                "tags": {
                  "ClusterRegion": "nokia-lab-ap-southeast-2",
                  "Component": "EKS cluster",
                  "DeployerTool": "CsfpOps",
                  "KubernetesCluster": "nokia-lab",
                  "Name": "nokia-lab_eks-edges-node"
                }
              },
              {
                "resource_type": "instance",
                "tags": {
                  "ClusterRegion": "nokia-lab-ap-southeast-2",
                  "Component": "EKS cluster",
                  "DeployerTool": "CsfpOps",
                  "KubernetesCluster": "nokia-lab",
                  "Name": "nokia-lab_eks-edges-node",
                  "k8s.io/cluster-autoscaler/enabled": "false",
                  "k8s.io/cluster-autoscaler/nokia-lab": "owned",
                  "role": "['edges']"
                }
              }
            ],
            "tags": null,
            "tags_all": {
              "ClusterRegion": "nokia-lab-ap-southeast-2",
              "Component": "EKS cluster",
              "DeployerTool": "CsfpOps",
              "KubernetesCluster": "nokia-lab"
            },
            "update_default_version": null,
            "user_data": "TUlNRS1WZXJzaW9uOiAxLjAKQ29udGVudC1UeXBlOiBtdWx0aXBhcnQvbWl4ZWQ7IGJvdW5kYXJ5PSIvLyIKCi0tLy8KQ29udGVudC1UeXBlOiB0ZXh0L2Nsb3VkLWNvbmZpZzsgY2hhcnNldD0idXMtYXNjaWkiCk1JTUUtVmVyc2lvbjogMS4wCkNvbnRlbnQtVHJhbnNmZXItRW5jb2Rpbmc6IDdiaXQKQ29udGVudC1EaXNwb3NpdGlvbjogYXR0YWNobWVudDsgZmlsZW5hbWU9ImNsb3VkLWNvbmZpZy50eHQiCgojY2xvdWQtY29uZmlnCmNsb3VkX2ZpbmFsX21vZHVsZXM6Ci0gW3NjcmlwdHMtdXNlciwgYWx3YXlzXQoKLS0vLwpDb250ZW50LVR5cGU6IHRleHQveC1zaGVsbHNjcmlwdDsgY2hhcnNldD0idXMtYXNjaWkiCiMhL2Jpbi9iYXNoIC14ZQoKZXhlYyA+ID4odGVlIC92YXIvbG9nL3VzZXItZGF0YS5sb2d8bG9nZ2VyIC10IHVzZXItZGF0YSAtcyAyPi9kZXYvY29uc29sZSkgMj4mMQoKW1sgLWYgL2V0Yy8uZmlyc3Rib290X2RvbmUgXV0gfHwgewoKIyMgSW5zdGFsbCByZXF1aXJlbWVudHMKcnBtIC1xYSB8IGdyZXAgcGFydGVkIHx8IHl1bSBpbnN0YWxsIC15IHBhcnRlZApycG0gLXFhIHwgZ3JlcCByc3luYyB8fCB5dW0gaW5zdGFsbCAteSByc3luYwoKIyMgSW5zdGFsbCBBbWF6b24gU1NNIEFnZW50CnJwbSAtcWEgfCBncmVwIGFtYXpvbi1zc20tYWdlbnQgfHwgeXVtIGluc3RhbGwgLXkgaHR0cHM6Ly9zMy5hcC1zb3V0aGVhc3QtMi5hbWF6b25hd3MuY29tL2FtYXpvbi1zc20tYXAtc291dGhlYXN0LTIvbGF0ZXN0L2xpbnV4X2FtZDY0L2FtYXpvbi1zc20tYWdlbnQucnBtCnN5c3RlbWN0bCBlbmFibGUgYW1hem9uLXNzbS1hZ2VudApjYXQgPDwgRU9GID4+IC9ldGMvYW1hem9uL3NzbS9zZWVsb2cueG1sCjwhLS1hbWF6b24tc3NtLWFnZW50IHVzZXMgc2VlbG9nIGxvZ2dpbmcgLS0+CjwhLS1TZWVsb2cgaGFzIGdpdGh1YiB3aWtpIHBhZ2VzLCB3aGljaCBjb250YWluIGRldGFpbGVkIGhvdy10b3MgcmVmZXJlbmNlczogaHR0cHM6Ly9naXRodWIuY29tL2NpaHViL3NlZWxvZy93aWtpIC0tPgo8IS0tU2VlbG9nIGV4YW1wbGVzIGNhbiBiZSBmb3VuZCBoZXJlOiBodHRwczovL2dpdGh1Yi5jb20vY2lodWIvc2VlbG9nLWV4YW1wbGVzIC0tPgo8c2VlbG9nIHR5cGU9ImFkYXB0aXZlIiBtaW5pbnRlcnZhbD0iMjAwMDAwMCIgbWF4aW50ZXJ2YWw9IjEwMDAwMDAwMCIgY3JpdG1zZ2NvdW50PSI1MDAiIG1pbmxldmVsPSJpbmZvIj4KICAgIDxleGNlcHRpb25zPgogICAgICAgIDxleGNlcHRpb24gZmlsZXBhdHRlcm49InRlc3QqIiBtaW5sZXZlbD0iZXJyb3IiLz4KICAgIDwvZXhjZXB0aW9ucz4KICAgIDxvdXRwdXRzIGZvcm1hdGlkPSJmbXRpbmZvIj4KICAgICAgICA8Y29uc29sZSBmb3JtYXRpZD0iZm10aW5mbyIvPgogICAgICAgIDxyb2xsaW5nZmlsZSB0eXBlPSJzaXplIiBmaWxlbmFtZT0iL3Zhci9sb2cvYW1hem9uL3NzbS9hbWF6b24tc3NtLWFnZW50LmxvZyIgbWF4c2l6ZT0iMzAwMDAwMDAiIG1heHJvbGxzPSI1Ii8+CiAgICAgICAgPGZpbHRlciBsZXZlbHM9ImVycm9yLGNyaXRpY2FsIiBmb3JtYXRpZD0iZm10ZXJyb3IiPgogICAgICAgICAgICA8cm9sbGluZ2ZpbGUgdHlwZT0ic2l6ZSIgZmlsZW5hbWU9Ii92YXIvbG9nL2FtYXpvbi9zc20vZXJyb3JzLmxvZyIgbWF4c2l6ZT0iMTAwMDAwMDAiIG1heHJvbGxzPSI1Ii8+CiAgICAgICAgPC9maWx0ZXI+CiAgICAgICAgPGN1c3RvbSBuYW1lPSJjbG91ZHdhdGNoX3JlY2VpdmVyIiBmb3JtYXRpZD0iZm10ZGVidWciIGRhdGEtbG9nLWdyb3VwPSIvYXdzL2Vrcy9ub2tpYS1sYWIvY2x1c3RlciIvPgogICAgPC9vdXRwdXRzPgogICAgPGZvcm1hdHM+CiAgICAgICAgPGZvcm1hdCBpZD0iZm10ZXJyb3IiIGZvcm1hdD0iJURhdGUgJVRpbWUgJUxFVkVMIFslRnVuY1Nob3J0IEAgJUZpbGUuJUxpbmVdICVNc2clbiIvPgogICAgICAgIDxmb3JtYXQgaWQ9ImZtdGRlYnVnIiBmb3JtYXQ9IiVEYXRlICVUaW1lICVMRVZFTCBbJUZ1bmNTaG9ydCBAICVGaWxlLiVMaW5lXSAlTXNnJW4iLz4KICAgICAgICA8Zm9ybWF0IGlkPSJmbXRpbmZvIiBmb3JtYXQ9IiVEYXRlICVUaW1lICVMRVZFTCAlTXNnJW4iLz4KICAgIDwvZm9ybWF0cz4KPC9zZWVsb2c+CkVPRgpzeXN0ZW1jdGwgcmVzdGFydCBhbWF6b24tc3NtLWFnZW50CgojIyBQYXJ0aXRpb25pbmcKcGFydGVkIC0tc2NyaXB0IC9kZXYvbnZtZTFuMSBcCm1rbGFiZWwgZ3B0IFwKbWtwYXJ0IGxvZyBleHQ0IDAlIDEwMCUKcGFydHByb2JlCgojIyBGb3JtYXQgbmV3IHBhcnRpdGlvbgpta2ZzLmV4dDQgL2Rldi9udm1lMW4xcDEKCiMjIEF1dG9tYXRpYyBtb3VudApjYXQgPDwgRU9GID4+IC9ldGMvZnN0YWIKdG1wZnMgICAvdG1wICAgICAgICAgICAgdG1wZnMgICAgIGRlZmF1bHRzLHNpemU9MWcsbW9kZT0xNzc3LG5vZGV2LG5vZXhlYyxub3N1aWQgIDAgICAgICAgMAovdG1wICAgIC92YXIvdG1wICAgICAgICBub25lICAgICAgcncsbm9kZXYsbm9leGVjLG5vc3VpZCxiaW5kICAgICAwICAgICAgIDAKdG1wZnMgICAvZGV2L3NobSAgICAgICAgdG1wZnMgICAgIG5vZXhlYyxub3N1aWQsbm9kZXYgICAgMCAgICAgICAwCkVPRgoKIyAvdmFyL2xvZwplY2hvICIkKGJsa2lkIHwgZ3JlcCBudm1lMW4xcDEgfCBhd2sgJ3twcmludCAkMn0nKSAvdmFyL2xvZyBleHQ0IGRlZmF1bHRzLG5vZmFpbCAwIDIiID4+IC9ldGMvZnN0YWIKbWtkaXIgLXAgL3RtcC9sb2cKbW91bnQgL2Rldi9udm1lMW4xcDEgL3RtcC9sb2cKcnN5bmMgLWF2IC92YXIvbG9nLyAvdG1wL2xvZwp1bW91bnQgL3RtcC9sb2cKbW91bnQgL2Rldi9udm1lMW4xcDEgL3Zhci9sb2cKY2htb2QgLVIgNzc3IC92YXIvbG9nCgojIFJlbG9hZCBmc3RhYgptb3VudCAtYQoKa3ViZWxldF9zZXJ2aWNlPSIvZXRjL3N5c3RlbWQvc3lzdGVtL2t1YmVsZXQuc2VydmljZSIKCgojIERvY2tlciBvcHRpb25zIHNldCBzeXNjb25maWcgZW52aXJvbm1lbnQgZmlsZQpjYXQgPDwgRU9GID4+IC9ldGMvc3lzY29uZmlnL2RvY2tlcgoKT1BUSU9OUz0nLS1zZWxpbnV4LWVuYWJsZWQ9dHJ1ZSAtLWV4ZWMtb3B0PW5hdGl2ZS5jZ3JvdXBkcml2ZXI9c3lzdGVtZCAtLXN0b3JhZ2Utb3B0IG92ZXJsYXkyLm92ZXJyaWRlX2tlcm5lbF9jaGVjaz10cnVlIC0tdXNlcmxhbmQtcHJveHk9ZmFsc2UnCkVPRgpzeXN0ZW1jdGwgcmVzdGFydCBkb2NrZXIKCgojIEFsbG93IHVzZXIgc3VwcGxpZWQgcHJlIHVzZXJkYXRhIGNvZGUKCgojIFN5c3RlbWQgZG9lcyBub3Qgc3VwcG9ydCBhcHBlbmRpbmcgZW52aXJvbm1lbnQgdmFyaWFibGVzLiBBZGQgYSBuZXcgdmFyaWFibGUKc2VkIC1pICdzL0tVQkVMRVRfRVhUUkFfQVJHUy9LVUJFTEVUX0VYVFJBX0FSR1MgJEVYVEVOREVEX0tVQkVMRVRfQVJHUy8nICRrdWJlbGV0X3NlcnZpY2UKY2F0IDw8IEVPRiA+IC9ldGMvc3lzdGVtZC9zeXN0ZW0va3ViZWxldC5zZXJ2aWNlLmQvOTk5OS1leHRlbmRlZC1rdWJlbGV0LWFyZ3MuY29uZgpbU2VydmljZV0KRW52aXJvbm1lbnQ9J0VYVEVOREVEX0tVQkVMRVRfQVJHUz0tLWNncm91cC1kcml2ZXI9c3lzdGVtZCcKRU9GCnN5c3RlbWN0bCBkYWVtb24tcmVsb2FkCgojIEFsbG93IHVzZXIgc3VwcGxpZWQgdXNlcmRhdGEgY29kZQoKCgojIFBvaW50IHJlc29sdi5jb25mIHRvIE5vZGVMb2NhbCBETlMKZWNobyAic3VwZXJzZWRlIGRvbWFpbi1uYW1lLXNlcnZlcnMgMTI3LjAuMC4xLDE2OS4yNTQuMTY5LjI1MzsiID4+IC9ldGMvZGhjcC9kaGNsaWVudC5jb25mICYmIGRoY2xpZW50IC1yICYmIGRoY2xpZW50CiMgV2UgYWx3YXlzIHVzZSBpbWFnZS1pZCBpbiBsYXVuY2gtdGVtcGxhdGUgd2hpY2ggbWVhbnMgaXQgaXMgY29uc2lkZXJlZCBhcyBjdXN0b20gQU1JCkI2NF9DTFVTVEVSX0NBPUxTMHRMUzFDUlVkSlRpQkRSVkpVU1VaSlEwRlVSUzB0TFMwdENrMUpTVU0xZWtORFFXTXJaMEYzU1VKQlowbENRVVJCVGtKbmEzRm9hMmxIT1hjd1FrRlJjMFpCUkVGV1RWSk5kMFZSV1VSV1VWRkVSWGR3Y21SWFNtd0tZMjAxYkdSSFZucE5RalJZUkZSSmVVMVVSWGRPZWtFelRrUlpkMDVzYjFoRVZFMTVUVlJGZDA1RVFUTk9SRmwzVG14dmQwWlVSVlJOUWtWSFFURlZSUXBCZUUxTFlUTldhVnBZU25WYVdGSnNZM3BEUTBGVFNYZEVVVmxLUzI5YVNXaDJZMDVCVVVWQ1FsRkJSR2RuUlZCQlJFTkRRVkZ2UTJkblJVSkJUM2t6Q2tacWVUTkphMlU1YUVaRVJuQmtLelJ2Ym1kVU5EaDRkRzlIYldneVYydzFaa3hyVTBGa01GSjNUVlZIVTJSTFRYZFNWVXBTSzBOWFRFSTFlVTFaYUd3S2NEUjFUblJGWlRJMVozUlpRV3RFWlZseGRIRjRXbWxMUTB0V2JFcDRVbFpxYWxKRVpVNW1jRmx1Wkd0SWR6VkpSbGh1UkRabFdXUTVPRmx6YlZBclNRcE5TbTlRSzBsTE1Ya3JVM2t3YUZKTWJGaE1kRkJaZEVkVU9VOVhlbmxhZWxKU04zY3hWV2RYUWpSc1MwdENSbmwzTjB3MGFDODJOMHhWY1VST2RFSjJDbFpqU0M5VGJWQjJVREpsYkZaSlNYRktha2xVZDFSNmVHbFNWMlV2VjJJNVZEQXJaV2xpUXl0VU9EQmtWVGgzU25KSWMxaDRNM0ZMU0VGaldUUnJZbGtLU0V0YVVESnhUV012VUZwb055c3hUM0ZSTnpGbk9VMVVUVWd2VEdzMmREVkhRakY2YUVkc1RFUk1UamRaT1hFM1FYUmxUMkZ5UlRoSlF5OUViM2hNWkFwTVZHZEhkRmRoU3pjcmVqbDJiR0kzVm1aalEwRjNSVUZCWVU1RFRVVkJkMFJuV1VSV1VqQlFRVkZJTDBKQlVVUkJaMHRyVFVFNFIwRXhWV1JGZDBWQ0NpOTNVVVpOUVUxQ1FXWTRkMGhSV1VSV1VqQlBRa0paUlVaSGNtSTFTMFJWWkVoSmMzSnhWbk5aWTBSdU5IVlZXVTAzTDBGTlFUQkhRMU54UjFOSllqTUtSRkZGUWtOM1ZVRkJORWxDUVZGREwxTlZiMWc1TWtzMlpqa3hhbGxETlhoVFVUWjFTbkZvTDFsRlkxQm5aMjVJZDNCdU0yaFJNRVJPVTFwclFWRkVlUXBrYzFseWMyZEJTV3dyZDAxMU1GbzNaSGxZZGtOME1rUjBNM2cwYUc1T2QxQnljMFJOYjBoVmVWSXdPSEEyWkcxTk0wTnNlbkZqTTIweEt5OHhlVmxvQ2xwUlIzRktORk5tYURsNlVHVm1UVWhCUm1oVmMyTnhaMHhpVG5CTFRURlVlbEYxVmt0UVl6QldXVlk0Y0ZWb2VuVlNjMU52U0VSTFpGZDNiVUZNZW1zS0wyVnNTSE41V2xaS1dFWTNNa0Z0TUdWbmRUSlZXV1pxVUdkbldTczFiMlU1Y1RCeGRVdDZOWEI2UWsxTU1ESnpNRWxTTjNSNk5UZFJlRmRyVlhZclJncEZSWFZ2VmtGaWRFMWhURVEwTVM5SGJVdFhSalJ1T1VSSVVuWTNSRTkyWVZNeFdXcHlXVWhuUVRkSFNHUmFUVll3V2tsUlRYSmxObVpGTjFsUksxVmtDbU5uUm5oWFNtVm5kVkJaV1ZkSVRXZDBUR3BYVHpKcVp6VjRUR0ZQU1U5aE1rZEJZUW90TFMwdExVVk9SQ0JEUlZKVVNVWkpRMEZVUlMwdExTMHRDZz09CkFQSV9TRVJWRVJfVVJMPWh0dHBzOi8vODRBMkIwREJFMERERTUwMzk4Njc4QzZGMUMyODYxQTcuZ3I3LmFwLXNvdXRoZWFzdC0yLmVrcy5hbWF6b25hd3MuY29tCi9ldGMvZWtzL2Jvb3RzdHJhcC5zaCBub2tpYS1sYWIgLS1iNjQtY2x1c3Rlci1jYSAkQjY0X0NMVVNURVJfQ0EgLS1hcGlzZXJ2ZXItZW5kcG9pbnQgJEFQSV9TRVJWRVJfVVJMIC0tY29udGFpbmVyLXJ1bnRpbWUgZG9ja2VyZAoKdG91Y2ggL2V0Yy8uZmlyc3Rib290X2RvbmUKfQoKCgo=",
            "vpc_security_group_ids": null
          },
          "sensitive_attributes": [],
          "private": "bnVsbA==",
          "dependencies": [
            "aws_eks_cluster.this",
            "aws_key_pair.cluster_key",
            "aws_kms_alias.cluster",
            "aws_security_group.cluster",
            "data.aws_ami.eks_worker",
            "data.aws_iam_role.eks",
            "data.aws_subnet_ids.private",
            "data.aws_subnet_ids.vpc",
            "data.template_file.aws_ssm_seelog",
            "data.template_file.edges_userdata"
          ],
          "create_before_destroy": true
        }
      ]
    },
    {
      "mode": "managed",
      "type": "aws_launch_template",
      "name": "workers",
      "provider": "provider[\"registry.terraform.io/hashicorp/aws\"]",
      "instances": [
        {
          "schema_version": 0,
          "attributes": {
            "arn": "arn:aws:ec2:ap-southeast-2:126494010021:launch-template/lt-032a4d50bd34c6bb4",
            "block_device_mappings": [
              {
                "device_name": "/dev/xvda",
                "ebs": [
                  {
                    "delete_on_termination": "true",
                    "encrypted": "true",
                    "iops": 0,
                    "kms_key_id": "arn:aws:kms:ap-southeast-2:126494010021:alias/cluster-nokia-lab",
                    "snapshot_id": "",
                    "throughput": 0,
                    "volume_size": 50,
                    "volume_type": "gp2"
                  }
                ],
                "no_device": "",
                "virtual_name": ""
              },
              {
                "device_name": "/dev/sdf",
                "ebs": [
                  {
                    "delete_on_termination": "true",
                    "encrypted": "true",
                    "iops": 0,
                    "kms_key_id": "arn:aws:kms:ap-southeast-2:126494010021:alias/cluster-nokia-lab",
                    "snapshot_id": "",
                    "throughput": 0,
                    "volume_size": 100,
                    "volume_type": "gp2"
                  }
                ],
                "no_device": "",
                "virtual_name": ""
              }
            ],
            "capacity_reservation_specification": [],
            "cpu_options": [],
            "credit_specification": [
              {
                "cpu_credits": "standard"
              }
            ],
            "default_version": 1,
            "description": "",
            "disable_api_termination": false,
            "ebs_optimized": "true",
            "elastic_gpu_specifications": [],
            "elastic_inference_accelerator": [],
            "enclave_options": [],
            "hibernation_options": [],
            "iam_instance_profile": [],
            "id": "lt-032a4d50bd34c6bb4",
            "image_id": "ami-096616ff8d4550ba1",
            "instance_initiated_shutdown_behavior": "",
            "instance_market_options": [],
            "instance_type": "m5a.4xlarge",
            "kernel_id": "",
            "key_name": "nokia-lab-key",
            "latest_version": 1,
            "license_specification": [],
            "metadata_options": [
              {
                "http_endpoint": "enabled",
                "http_protocol_ipv6": "disabled",
                "http_put_response_hop_limit": 1,
                "http_tokens": "optional"
              }
            ],
            "monitoring": [
              {
                "enabled": true
              }
            ],
            "name": "nokia-lab-workers_launch_template20221107075453860500000001",
            "name_prefix": "nokia-lab-workers_launch_template",
            "network_interfaces": [
              {
                "associate_carrier_ip_address": "",
                "associate_public_ip_address": "false",
                "delete_on_termination": "true",
                "description": "",
                "device_index": 0,
                "interface_type": "",
                "ipv4_address_count": 0,
                "ipv4_addresses": null,
                "ipv6_address_count": 0,
                "ipv6_addresses": null,
                "network_card_index": 0,
                "network_interface_id": "",
                "private_ip_address": "",
                "security_groups": [
                  "sg-0704604fac01c7309"
                ],
                "subnet_id": ""
              }
            ],
            "placement": [
              {
                "affinity": "",
                "availability_zone": "",
                "group_name": "",
                "host_id": "",
                "host_resource_group_arn": "",
                "partition_number": 0,
                "spread_domain": "",
                "tenancy": "default"
              }
            ],
            "ram_disk_id": "",
            "security_group_names": null,
            "tag_specifications": [
              {
                "resource_type": "volume",
                "tags": {
                  "ClusterRegion": "nokia-lab-ap-southeast-2",
                  "Component": "EKS cluster",
                  "DeployerTool": "CsfpOps",
                  "KubernetesCluster": "nokia-lab",
                  "Name": "nokia-lab_eks-workers-node"
                }
              },
              {
                "resource_type": "instance",
                "tags": {
                  "ClusterRegion": "nokia-lab-ap-southeast-2",
                  "Component": "EKS cluster",
                  "DeployerTool": "CsfpOps",
                  "KubernetesCluster": "nokia-lab",
                  "Name": "nokia-lab_eks-workers-node",
                  "k8s.io/cluster-autoscaler/enabled": "false",
                  "k8s.io/cluster-autoscaler/nokia-lab": "owned",
                  "role": "['workers']"
                }
              }
            ],
            "tags": null,
            "tags_all": {
              "ClusterRegion": "nokia-lab-ap-southeast-2",
              "Component": "EKS cluster",
              "DeployerTool": "CsfpOps",
              "KubernetesCluster": "nokia-lab"
            },
            "update_default_version": null,
            "user_data": "TUlNRS1WZXJzaW9uOiAxLjAKQ29udGVudC1UeXBlOiBtdWx0aXBhcnQvbWl4ZWQ7IGJvdW5kYXJ5PSIvLyIKCi0tLy8KQ29udGVudC1UeXBlOiB0ZXh0L2Nsb3VkLWNvbmZpZzsgY2hhcnNldD0idXMtYXNjaWkiCk1JTUUtVmVyc2lvbjogMS4wCkNvbnRlbnQtVHJhbnNmZXItRW5jb2Rpbmc6IDdiaXQKQ29udGVudC1EaXNwb3NpdGlvbjogYXR0YWNobWVudDsgZmlsZW5hbWU9ImNsb3VkLWNvbmZpZy50eHQiCgojY2xvdWQtY29uZmlnCmNsb3VkX2ZpbmFsX21vZHVsZXM6Ci0gW3NjcmlwdHMtdXNlciwgYWx3YXlzXQoKLS0vLwpDb250ZW50LVR5cGU6IHRleHQveC1zaGVsbHNjcmlwdDsgY2hhcnNldD0idXMtYXNjaWkiCiMhL2Jpbi9iYXNoIC14ZQoKZXhlYyA+ID4odGVlIC92YXIvbG9nL3VzZXItZGF0YS5sb2d8bG9nZ2VyIC10IHVzZXItZGF0YSAtcyAyPi9kZXYvY29uc29sZSkgMj4mMQoKW1sgLWYgL2V0Yy8uZmlyc3Rib290X2RvbmUgXV0gfHwgewoKIyMgSW5zdGFsbCByZXF1aXJlbWVudHMKcnBtIC1xYSB8IGdyZXAgcGFydGVkIHx8IHl1bSBpbnN0YWxsIC15IHBhcnRlZApycG0gLXFhIHwgZ3JlcCByc3luYyB8fCB5dW0gaW5zdGFsbCAteSByc3luYwoKIyMgSW5zdGFsbCBBbWF6b24gU1NNIEFnZW50CnJwbSAtcWEgfCBncmVwIGFtYXpvbi1zc20tYWdlbnQgfHwgeXVtIGluc3RhbGwgLXkgaHR0cHM6Ly9zMy5hcC1zb3V0aGVhc3QtMi5hbWF6b25hd3MuY29tL2FtYXpvbi1zc20tYXAtc291dGhlYXN0LTIvbGF0ZXN0L2xpbnV4X2FtZDY0L2FtYXpvbi1zc20tYWdlbnQucnBtCnN5c3RlbWN0bCBlbmFibGUgYW1hem9uLXNzbS1hZ2VudApjYXQgPDwgRU9GID4+IC9ldGMvYW1hem9uL3NzbS9zZWVsb2cueG1sCjwhLS1hbWF6b24tc3NtLWFnZW50IHVzZXMgc2VlbG9nIGxvZ2dpbmcgLS0+CjwhLS1TZWVsb2cgaGFzIGdpdGh1YiB3aWtpIHBhZ2VzLCB3aGljaCBjb250YWluIGRldGFpbGVkIGhvdy10b3MgcmVmZXJlbmNlczogaHR0cHM6Ly9naXRodWIuY29tL2NpaHViL3NlZWxvZy93aWtpIC0tPgo8IS0tU2VlbG9nIGV4YW1wbGVzIGNhbiBiZSBmb3VuZCBoZXJlOiBodHRwczovL2dpdGh1Yi5jb20vY2lodWIvc2VlbG9nLWV4YW1wbGVzIC0tPgo8c2VlbG9nIHR5cGU9ImFkYXB0aXZlIiBtaW5pbnRlcnZhbD0iMjAwMDAwMCIgbWF4aW50ZXJ2YWw9IjEwMDAwMDAwMCIgY3JpdG1zZ2NvdW50PSI1MDAiIG1pbmxldmVsPSJpbmZvIj4KICAgIDxleGNlcHRpb25zPgogICAgICAgIDxleGNlcHRpb24gZmlsZXBhdHRlcm49InRlc3QqIiBtaW5sZXZlbD0iZXJyb3IiLz4KICAgIDwvZXhjZXB0aW9ucz4KICAgIDxvdXRwdXRzIGZvcm1hdGlkPSJmbXRpbmZvIj4KICAgICAgICA8Y29uc29sZSBmb3JtYXRpZD0iZm10aW5mbyIvPgogICAgICAgIDxyb2xsaW5nZmlsZSB0eXBlPSJzaXplIiBmaWxlbmFtZT0iL3Zhci9sb2cvYW1hem9uL3NzbS9hbWF6b24tc3NtLWFnZW50LmxvZyIgbWF4c2l6ZT0iMzAwMDAwMDAiIG1heHJvbGxzPSI1Ii8+CiAgICAgICAgPGZpbHRlciBsZXZlbHM9ImVycm9yLGNyaXRpY2FsIiBmb3JtYXRpZD0iZm10ZXJyb3IiPgogICAgICAgICAgICA8cm9sbGluZ2ZpbGUgdHlwZT0ic2l6ZSIgZmlsZW5hbWU9Ii92YXIvbG9nL2FtYXpvbi9zc20vZXJyb3JzLmxvZyIgbWF4c2l6ZT0iMTAwMDAwMDAiIG1heHJvbGxzPSI1Ii8+CiAgICAgICAgPC9maWx0ZXI+CiAgICAgICAgPGN1c3RvbSBuYW1lPSJjbG91ZHdhdGNoX3JlY2VpdmVyIiBmb3JtYXRpZD0iZm10ZGVidWciIGRhdGEtbG9nLWdyb3VwPSIvYXdzL2Vrcy9ub2tpYS1sYWIvY2x1c3RlciIvPgogICAgPC9vdXRwdXRzPgogICAgPGZvcm1hdHM+CiAgICAgICAgPGZvcm1hdCBpZD0iZm10ZXJyb3IiIGZvcm1hdD0iJURhdGUgJVRpbWUgJUxFVkVMIFslRnVuY1Nob3J0IEAgJUZpbGUuJUxpbmVdICVNc2clbiIvPgogICAgICAgIDxmb3JtYXQgaWQ9ImZtdGRlYnVnIiBmb3JtYXQ9IiVEYXRlICVUaW1lICVMRVZFTCBbJUZ1bmNTaG9ydCBAICVGaWxlLiVMaW5lXSAlTXNnJW4iLz4KICAgICAgICA8Zm9ybWF0IGlkPSJmbXRpbmZvIiBmb3JtYXQ9IiVEYXRlICVUaW1lICVMRVZFTCAlTXNnJW4iLz4KICAgIDwvZm9ybWF0cz4KPC9zZWVsb2c+CkVPRgpzeXN0ZW1jdGwgcmVzdGFydCBhbWF6b24tc3NtLWFnZW50CgojIyBQYXJ0aXRpb25pbmcKcGFydGVkIC0tc2NyaXB0IC9kZXYvbnZtZTFuMSBcCm1rbGFiZWwgZ3B0IFwKbWtwYXJ0IGxvZyBleHQ0IDAlIDEwMCUKcGFydHByb2JlCgojIyBGb3JtYXQgbmV3IHBhcnRpdGlvbgpta2ZzLmV4dDQgL2Rldi9udm1lMW4xcDEKCiMjIEF1dG9tYXRpYyBtb3VudApjYXQgPDwgRU9GID4+IC9ldGMvZnN0YWIKdG1wZnMgICAvdG1wICAgICAgICAgICAgdG1wZnMgICAgIGRlZmF1bHRzLHNpemU9MWcsbW9kZT0xNzc3LG5vZGV2LG5vZXhlYyxub3N1aWQgIDAgICAgICAgMAovdG1wICAgIC92YXIvdG1wICAgICAgICBub25lICAgICAgcncsbm9kZXYsbm9leGVjLG5vc3VpZCxiaW5kICAgICAwICAgICAgIDAKdG1wZnMgICAvZGV2L3NobSAgICAgICAgdG1wZnMgICAgIG5vZXhlYyxub3N1aWQsbm9kZXYgICAgMCAgICAgICAwCkVPRgoKIyAvdmFyL2xvZwplY2hvICIkKGJsa2lkIHwgZ3JlcCBudm1lMW4xcDEgfCBhd2sgJ3twcmludCAkMn0nKSAvdmFyL2xvZyBleHQ0IGRlZmF1bHRzLG5vZmFpbCAwIDIiID4+IC9ldGMvZnN0YWIKbWtkaXIgLXAgL3RtcC9sb2cKbW91bnQgL2Rldi9udm1lMW4xcDEgL3RtcC9sb2cKcnN5bmMgLWF2IC92YXIvbG9nLyAvdG1wL2xvZwp1bW91bnQgL3RtcC9sb2cKbW91bnQgL2Rldi9udm1lMW4xcDEgL3Zhci9sb2cKY2htb2QgLVIgNzc3IC92YXIvbG9nCgojIFJlbG9hZCBmc3RhYgptb3VudCAtYQoKa3ViZWxldF9zZXJ2aWNlPSIvZXRjL3N5c3RlbWQvc3lzdGVtL2t1YmVsZXQuc2VydmljZSIKCgojIERvY2tlciBvcHRpb25zIHNldCBzeXNjb25maWcgZW52aXJvbm1lbnQgZmlsZQpjYXQgPDwgRU9GID4+IC9ldGMvc3lzY29uZmlnL2RvY2tlcgoKT1BUSU9OUz0nLS1zZWxpbnV4LWVuYWJsZWQ9dHJ1ZSAtLWV4ZWMtb3B0PW5hdGl2ZS5jZ3JvdXBkcml2ZXI9c3lzdGVtZCAtLXN0b3JhZ2Utb3B0IG92ZXJsYXkyLm92ZXJyaWRlX2tlcm5lbF9jaGVjaz10cnVlIC0tdXNlcmxhbmQtcHJveHk9ZmFsc2UnCkVPRgpzeXN0ZW1jdGwgcmVzdGFydCBkb2NrZXIKCgojIEFsbG93IHVzZXIgc3VwcGxpZWQgcHJlIHVzZXJkYXRhIGNvZGUKCgojIFN5c3RlbWQgZG9lcyBub3Qgc3VwcG9ydCBhcHBlbmRpbmcgZW52aXJvbm1lbnQgdmFyaWFibGVzLiBBZGQgYSBuZXcgdmFyaWFibGUKc2VkIC1pICdzL0tVQkVMRVRfRVhUUkFfQVJHUy9LVUJFTEVUX0VYVFJBX0FSR1MgJEVYVEVOREVEX0tVQkVMRVRfQVJHUy8nICRrdWJlbGV0X3NlcnZpY2UKY2F0IDw8IEVPRiA+IC9ldGMvc3lzdGVtZC9zeXN0ZW0va3ViZWxldC5zZXJ2aWNlLmQvOTk5OS1leHRlbmRlZC1rdWJlbGV0LWFyZ3MuY29uZgpbU2VydmljZV0KRW52aXJvbm1lbnQ9J0VYVEVOREVEX0tVQkVMRVRfQVJHUz0tLWNncm91cC1kcml2ZXI9c3lzdGVtZCcKRU9GCnN5c3RlbWN0bCBkYWVtb24tcmVsb2FkCgojIEFsbG93IHVzZXIgc3VwcGxpZWQgdXNlcmRhdGEgY29kZQoKCgojIFBvaW50IHJlc29sdi5jb25mIHRvIE5vZGVMb2NhbCBETlMKZWNobyAic3VwZXJzZWRlIGRvbWFpbi1uYW1lLXNlcnZlcnMgMTI3LjAuMC4xLDE2OS4yNTQuMTY5LjI1MzsiID4+IC9ldGMvZGhjcC9kaGNsaWVudC5jb25mICYmIGRoY2xpZW50IC1yICYmIGRoY2xpZW50CiMgV2UgYWx3YXlzIHVzZSBpbWFnZS1pZCBpbiBsYXVuY2gtdGVtcGxhdGUgd2hpY2ggbWVhbnMgaXQgaXMgY29uc2lkZXJlZCBhcyBjdXN0b20gQU1JCkI2NF9DTFVTVEVSX0NBPUxTMHRMUzFDUlVkSlRpQkRSVkpVU1VaSlEwRlVSUzB0TFMwdENrMUpTVU0xZWtORFFXTXJaMEYzU1VKQlowbENRVVJCVGtKbmEzRm9hMmxIT1hjd1FrRlJjMFpCUkVGV1RWSk5kMFZSV1VSV1VWRkVSWGR3Y21SWFNtd0tZMjAxYkdSSFZucE5RalJZUkZSSmVVMVVSWGRPZWtFelRrUlpkMDVzYjFoRVZFMTVUVlJGZDA1RVFUTk9SRmwzVG14dmQwWlVSVlJOUWtWSFFURlZSUXBCZUUxTFlUTldhVnBZU25WYVdGSnNZM3BEUTBGVFNYZEVVVmxLUzI5YVNXaDJZMDVCVVVWQ1FsRkJSR2RuUlZCQlJFTkRRVkZ2UTJkblJVSkJUM2t6Q2tacWVUTkphMlU1YUVaRVJuQmtLelJ2Ym1kVU5EaDRkRzlIYldneVYydzFaa3hyVTBGa01GSjNUVlZIVTJSTFRYZFNWVXBTSzBOWFRFSTFlVTFaYUd3S2NEUjFUblJGWlRJMVozUlpRV3RFWlZseGRIRjRXbWxMUTB0V2JFcDRVbFpxYWxKRVpVNW1jRmx1Wkd0SWR6VkpSbGh1UkRabFdXUTVPRmx6YlZBclNRcE5TbTlRSzBsTE1Ya3JVM2t3YUZKTWJGaE1kRkJaZEVkVU9VOVhlbmxhZWxKU04zY3hWV2RYUWpSc1MwdENSbmwzTjB3MGFDODJOMHhWY1VST2RFSjJDbFpqU0M5VGJWQjJVREpsYkZaSlNYRktha2xVZDFSNmVHbFNWMlV2VjJJNVZEQXJaV2xpUXl0VU9EQmtWVGgzU25KSWMxaDRNM0ZMU0VGaldUUnJZbGtLU0V0YVVESnhUV012VUZwb055c3hUM0ZSTnpGbk9VMVVUVWd2VEdzMmREVkhRakY2YUVkc1RFUk1UamRaT1hFM1FYUmxUMkZ5UlRoSlF5OUViM2hNWkFwTVZHZEhkRmRoU3pjcmVqbDJiR0kzVm1aalEwRjNSVUZCWVU1RFRVVkJkMFJuV1VSV1VqQlFRVkZJTDBKQlVVUkJaMHRyVFVFNFIwRXhWV1JGZDBWQ0NpOTNVVVpOUVUxQ1FXWTRkMGhSV1VSV1VqQlBRa0paUlVaSGNtSTFTMFJWWkVoSmMzSnhWbk5aWTBSdU5IVlZXVTAzTDBGTlFUQkhRMU54UjFOSllqTUtSRkZGUWtOM1ZVRkJORWxDUVZGREwxTlZiMWc1TWtzMlpqa3hhbGxETlhoVFVUWjFTbkZvTDFsRlkxQm5aMjVJZDNCdU0yaFJNRVJPVTFwclFWRkVlUXBrYzFseWMyZEJTV3dyZDAxMU1GbzNaSGxZZGtOME1rUjBNM2cwYUc1T2QxQnljMFJOYjBoVmVWSXdPSEEyWkcxTk0wTnNlbkZqTTIweEt5OHhlVmxvQ2xwUlIzRktORk5tYURsNlVHVm1UVWhCUm1oVmMyTnhaMHhpVG5CTFRURlVlbEYxVmt0UVl6QldXVlk0Y0ZWb2VuVlNjMU52U0VSTFpGZDNiVUZNZW1zS0wyVnNTSE41V2xaS1dFWTNNa0Z0TUdWbmRUSlZXV1pxVUdkbldTczFiMlU1Y1RCeGRVdDZOWEI2UWsxTU1ESnpNRWxTTjNSNk5UZFJlRmRyVlhZclJncEZSWFZ2VmtGaWRFMWhURVEwTVM5SGJVdFhSalJ1T1VSSVVuWTNSRTkyWVZNeFdXcHlXVWhuUVRkSFNHUmFUVll3V2tsUlRYSmxObVpGTjFsUksxVmtDbU5uUm5oWFNtVm5kVkJaV1ZkSVRXZDBUR3BYVHpKcVp6VjRUR0ZQU1U5aE1rZEJZUW90TFMwdExVVk9SQ0JEUlZKVVNVWkpRMEZVUlMwdExTMHRDZz09CkFQSV9TRVJWRVJfVVJMPWh0dHBzOi8vODRBMkIwREJFMERERTUwMzk4Njc4QzZGMUMyODYxQTcuZ3I3LmFwLXNvdXRoZWFzdC0yLmVrcy5hbWF6b25hd3MuY29tCi9ldGMvZWtzL2Jvb3RzdHJhcC5zaCBub2tpYS1sYWIgLS1iNjQtY2x1c3Rlci1jYSAkQjY0X0NMVVNURVJfQ0EgLS1hcGlzZXJ2ZXItZW5kcG9pbnQgJEFQSV9TRVJWRVJfVVJMIC0tY29udGFpbmVyLXJ1bnRpbWUgZG9ja2VyZAoKdG91Y2ggL2V0Yy8uZmlyc3Rib290X2RvbmUKfQoKCgo=",
            "vpc_security_group_ids": null
          },
          "sensitive_attributes": [],
          "private": "bnVsbA==",
          "dependencies": [
            "aws_eks_cluster.this",
            "aws_key_pair.cluster_key",
            "aws_kms_alias.cluster",
            "aws_security_group.cluster",
            "data.aws_ami.eks_worker",
            "data.aws_iam_role.eks",
            "data.aws_subnet_ids.private",
            "data.aws_subnet_ids.vpc",
            "data.template_file.aws_ssm_seelog",
            "data.template_file.workers_userdata"
          ],
          "create_before_destroy": true
        }
      ]
    },
    {
      "mode": "managed",
      "type": "aws_nat_gateway",
      "name": "this",
      "provider": "provider[\"registry.terraform.io/hashicorp/aws\"]",
      "instances": [
        {
          "index_key": 0,
          "schema_version": 0,
          "attributes": {
            "allocation_id": "eipalloc-06c6950ab2e93c000",
            "connectivity_type": "public",
            "id": "nat-0058acf9b8bfe26ad",
            "network_interface_id": "eni-02a87fd01e157681c",
            "private_ip": "10.1.0.74",
            "public_ip": "54.79.236.59",
            "subnet_id": "subnet-03644df32e5ed837b",
            "tags": {
              "Name": "nokia-lab-ap-southeast-2a"
            },
            "tags_all": {
              "ClusterRegion": "nokia-lab-ap-southeast-2",
              "Component": "EKS cluster",
              "DeployerTool": "CsfpOps",
              "KubernetesCluster": "nokia-lab",
              "Name": "nokia-lab-ap-southeast-2a"
            }
          },
          "sensitive_attributes": [],
          "private": "bnVsbA==",
          "dependencies": [
            "aws_eip.nat",
            "aws_internet_gateway.this",
            "aws_subnet.public",
            "aws_vpc.this",
            "data.aws_availability_zones.azs"
          ],
          "create_before_destroy": true
        },
        {
          "index_key": 1,
          "schema_version": 0,
          "attributes": {
            "allocation_id": "eipalloc-0ad19bebec62021ca",
            "connectivity_type": "public",
            "id": "nat-0999784a46f3f5852",
            "network_interface_id": "eni-05fc3f84aefeebc57",
            "private_ip": "10.1.2.186",
            "public_ip": "54.153.235.254",
            "subnet_id": "subnet-0234b6a64d8c1ce34",
            "tags": {
              "Name": "nokia-lab-ap-southeast-2b"
            },
            "tags_all": {
              "ClusterRegion": "nokia-lab-ap-southeast-2",
              "Component": "EKS cluster",
              "DeployerTool": "CsfpOps",
              "KubernetesCluster": "nokia-lab",
              "Name": "nokia-lab-ap-southeast-2b"
            }
          },
          "sensitive_attributes": [],
          "private": "bnVsbA==",
          "dependencies": [
            "aws_eip.nat",
            "aws_internet_gateway.this",
            "aws_subnet.public",
            "aws_vpc.this",
            "data.aws_availability_zones.azs"
          ],
          "create_before_destroy": true
        },
        {
          "index_key": 2,
          "schema_version": 0,
          "attributes": {
            "allocation_id": "eipalloc-0b17493dae0cd2e85",
            "connectivity_type": "public",
            "id": "nat-0fc7c22ec532bd3ed",
            "network_interface_id": "eni-0548a7bd9458b96ce",
            "private_ip": "10.1.4.215",
            "public_ip": "54.79.250.75",
            "subnet_id": "subnet-04a2f686ee8ba21dc",
            "tags": {
              "Name": "nokia-lab-ap-southeast-2c"
            },
            "tags_all": {
              "ClusterRegion": "nokia-lab-ap-southeast-2",
              "Component": "EKS cluster",
              "DeployerTool": "CsfpOps",
              "KubernetesCluster": "nokia-lab",
              "Name": "nokia-lab-ap-southeast-2c"
            }
          },
          "sensitive_attributes": [],
          "private": "bnVsbA==",
          "dependencies": [
            "aws_eip.nat",
            "aws_internet_gateway.this",
            "aws_subnet.public",
            "aws_vpc.this",
            "data.aws_availability_zones.azs"
          ],
          "create_before_destroy": true
        }
      ]
    },
    {
      "mode": "managed",
      "type": "aws_network_acl",
      "name": "public",
      "provider": "provider[\"registry.terraform.io/hashicorp/aws\"]",
      "instances": [
        {
          "index_key": 0,
          "schema_version": 0,
          "attributes": {
            "arn": "arn:aws:ec2:ap-southeast-2:126494010021:network-acl/acl-0de6adb6d093580bc",
            "egress": [],
            "id": "acl-0de6adb6d093580bc",
            "ingress": [],
            "owner_id": "126494010021",
            "subnet_ids": [
              "subnet-0030801bfcfdd823d",
              "subnet-0234b6a64d8c1ce34",
              "subnet-03644df32e5ed837b",
              "subnet-04a2f686ee8ba21dc",
              "subnet-0885576a030087945",
              "subnet-0b9fdd6b89ea82405"
            ],
            "tags": {
              "Name": "nokia-lab-public"
            },
            "tags_all": {
              "ClusterRegion": "nokia-lab-ap-southeast-2",
              "Component": "EKS cluster",
              "DeployerTool": "CsfpOps",
              "KubernetesCluster": "nokia-lab",
              "Name": "nokia-lab-public"
            },
            "vpc_id": "vpc-0dc3e0026241d59fc"
          },
          "sensitive_attributes": [],
          "private": "bnVsbA==",
          "dependencies": [
            "aws_subnet.private",
            "aws_subnet.public",
            "aws_vpc.this",
            "data.aws_availability_zones.azs"
          ]
        }
      ]
    },
    {
      "mode": "managed",
      "type": "aws_network_acl_rule",
      "name": "public_inbound",
      "provider": "provider[\"registry.terraform.io/hashicorp/aws\"]",
      "instances": [
        {
          "index_key": 0,
          "schema_version": 0,
          "attributes": {
            "cidr_block": "0.0.0.0/0",
            "egress": false,
            "from_port": 0,
            "icmp_code": null,
            "icmp_type": null,
            "id": "nacl-671895679",
            "ipv6_cidr_block": "",
            "network_acl_id": "acl-0de6adb6d093580bc",
            "protocol": "all",
            "rule_action": "allow",
            "rule_number": 100,
            "to_port": 0
          },
          "sensitive_attributes": [],
          "private": "bnVsbA==",
          "dependencies": [
            "aws_network_acl.public",
            "aws_subnet.private",
            "aws_subnet.public",
            "aws_vpc.this",
            "data.aws_availability_zones.azs"
          ]
        }
      ]
    },
    {
      "mode": "managed",
      "type": "aws_network_acl_rule",
      "name": "public_outbound",
      "provider": "provider[\"registry.terraform.io/hashicorp/aws\"]",
      "instances": [
        {
          "index_key": 0,
          "schema_version": 0,
          "attributes": {
            "cidr_block": "0.0.0.0/0",
            "egress": true,
            "from_port": 0,
            "icmp_code": null,
            "icmp_type": null,
            "id": "nacl-3859538895",
            "ipv6_cidr_block": "",
            "network_acl_id": "acl-0de6adb6d093580bc",
            "protocol": "all",
            "rule_action": "allow",
            "rule_number": 100,
            "to_port": 0
          },
          "sensitive_attributes": [],
          "private": "bnVsbA==",
          "dependencies": [
            "aws_network_acl.public",
            "aws_subnet.private",
            "aws_subnet.public",
            "aws_vpc.this",
            "data.aws_availability_zones.azs"
          ]
        }
      ]
    },
    {
      "mode": "managed",
      "type": "aws_route",
      "name": "private_nat_gateway",
      "provider": "provider[\"registry.terraform.io/hashicorp/aws\"]",
      "instances": [
        {
          "index_key": 0,
          "schema_version": 0,
          "attributes": {
            "carrier_gateway_id": "",
            "destination_cidr_block": "0.0.0.0/0",
            "destination_ipv6_cidr_block": "",
            "destination_prefix_list_id": "",
            "egress_only_gateway_id": "",
            "gateway_id": "",
            "id": "r-rtb-0a59ad18eca8aa6fe1080289494",
            "instance_id": "",
            "instance_owner_id": "",
            "local_gateway_id": "",
            "nat_gateway_id": "nat-0058acf9b8bfe26ad",
            "network_interface_id": "",
            "origin": "CreateRoute",
            "route_table_id": "rtb-0a59ad18eca8aa6fe",
            "state": "active",
            "timeouts": {
              "create": "5m",
              "delete": null,
              "update": null
            },
            "transit_gateway_id": "",
            "vpc_endpoint_id": "",
            "vpc_peering_connection_id": ""
          },
          "sensitive_attributes": [],
          "private": "eyJlMmJmYjczMC1lY2FhLTExZTYtOGY4OC0zNDM2M2JjN2M0YzAiOnsiY3JlYXRlIjozMDAwMDAwMDAwMDAsImRlbGV0ZSI6MzAwMDAwMDAwMDAwLCJ1cGRhdGUiOjEyMDAwMDAwMDAwMH19",
          "dependencies": [
            "aws_eip.nat",
            "aws_internet_gateway.this",
            "aws_nat_gateway.this",
            "aws_route_table.private",
            "aws_subnet.public",
            "aws_vpc.this",
            "data.aws_availability_zones.azs"
          ]
        },
        {
          "index_key": 1,
          "schema_version": 0,
          "attributes": {
            "carrier_gateway_id": "",
            "destination_cidr_block": "0.0.0.0/0",
            "destination_ipv6_cidr_block": "",
            "destination_prefix_list_id": "",
            "egress_only_gateway_id": "",
            "gateway_id": "",
            "id": "r-rtb-0c2137e82958121111080289494",
            "instance_id": "",
            "instance_owner_id": "",
            "local_gateway_id": "",
            "nat_gateway_id": "nat-0999784a46f3f5852",
            "network_interface_id": "",
            "origin": "CreateRoute",
            "route_table_id": "rtb-0c2137e8295812111",
            "state": "active",
            "timeouts": {
              "create": "5m",
              "delete": null,
              "update": null
            },
            "transit_gateway_id": "",
            "vpc_endpoint_id": "",
            "vpc_peering_connection_id": ""
          },
          "sensitive_attributes": [],
          "private": "eyJlMmJmYjczMC1lY2FhLTExZTYtOGY4OC0zNDM2M2JjN2M0YzAiOnsiY3JlYXRlIjozMDAwMDAwMDAwMDAsImRlbGV0ZSI6MzAwMDAwMDAwMDAwLCJ1cGRhdGUiOjEyMDAwMDAwMDAwMH19",
          "dependencies": [
            "aws_eip.nat",
            "aws_internet_gateway.this",
            "aws_nat_gateway.this",
            "aws_route_table.private",
            "aws_subnet.public",
            "aws_vpc.this",
            "data.aws_availability_zones.azs"
          ]
        },
        {
          "index_key": 2,
          "schema_version": 0,
          "attributes": {
            "carrier_gateway_id": "",
            "destination_cidr_block": "0.0.0.0/0",
            "destination_ipv6_cidr_block": "",
            "destination_prefix_list_id": "",
            "egress_only_gateway_id": "",
            "gateway_id": "",
            "id": "r-rtb-0ed7d0cd1835806a41080289494",
            "instance_id": "",
            "instance_owner_id": "",
            "local_gateway_id": "",
            "nat_gateway_id": "nat-0fc7c22ec532bd3ed",
            "network_interface_id": "",
            "origin": "CreateRoute",
            "route_table_id": "rtb-0ed7d0cd1835806a4",
            "state": "active",
            "timeouts": {
              "create": "5m",
              "delete": null,
              "update": null
            },
            "transit_gateway_id": "",
            "vpc_endpoint_id": "",
            "vpc_peering_connection_id": ""
          },
          "sensitive_attributes": [],
          "private": "eyJlMmJmYjczMC1lY2FhLTExZTYtOGY4OC0zNDM2M2JjN2M0YzAiOnsiY3JlYXRlIjozMDAwMDAwMDAwMDAsImRlbGV0ZSI6MzAwMDAwMDAwMDAwLCJ1cGRhdGUiOjEyMDAwMDAwMDAwMH19",
          "dependencies": [
            "aws_eip.nat",
            "aws_internet_gateway.this",
            "aws_nat_gateway.this",
            "aws_route_table.private",
            "aws_subnet.public",
            "aws_vpc.this",
            "data.aws_availability_zones.azs"
          ]
        }
      ]
    },
    {
      "mode": "managed",
      "type": "aws_route",
      "name": "public_internet_gateway",
      "provider": "provider[\"registry.terraform.io/hashicorp/aws\"]",
      "instances": [
        {
          "index_key": 0,
          "schema_version": 0,
          "attributes": {
            "carrier_gateway_id": "",
            "destination_cidr_block": "0.0.0.0/0",
            "destination_ipv6_cidr_block": "",
            "destination_prefix_list_id": "",
            "egress_only_gateway_id": "",
            "gateway_id": "igw-09bedceccd1785b6c",
            "id": "r-rtb-0e64dc5fe26320d3c1080289494",
            "instance_id": "",
            "instance_owner_id": "",
            "local_gateway_id": "",
            "nat_gateway_id": "",
            "network_interface_id": "",
            "origin": "CreateRoute",
            "route_table_id": "rtb-0e64dc5fe26320d3c",
            "state": "active",
            "timeouts": {
              "create": "5m",
              "delete": null,
              "update": null
            },
            "transit_gateway_id": "",
            "vpc_endpoint_id": "",
            "vpc_peering_connection_id": ""
          },
          "sensitive_attributes": [],
          "private": "eyJlMmJmYjczMC1lY2FhLTExZTYtOGY4OC0zNDM2M2JjN2M0YzAiOnsiY3JlYXRlIjozMDAwMDAwMDAwMDAsImRlbGV0ZSI6MzAwMDAwMDAwMDAwLCJ1cGRhdGUiOjEyMDAwMDAwMDAwMH19",
          "dependencies": [
            "aws_internet_gateway.this",
            "aws_route_table.public",
            "aws_vpc.this"
          ]
        }
      ]
    },
    {
      "mode": "managed",
      "type": "aws_route_table",
      "name": "private",
      "provider": "provider[\"registry.terraform.io/hashicorp/aws\"]",
      "instances": [
        {
          "index_key": 0,
          "schema_version": 0,
          "attributes": {
            "arn": "arn:aws:ec2:ap-southeast-2:126494010021:route-table/rtb-0a59ad18eca8aa6fe",
            "id": "rtb-0a59ad18eca8aa6fe",
            "owner_id": "126494010021",
            "propagating_vgws": [],
            "route": [],
            "tags": {
              "Name": "nokia-lab-private-ap-southeast-2a-natgw"
            },
            "tags_all": {
              "ClusterRegion": "nokia-lab-ap-southeast-2",
              "Component": "EKS cluster",
              "DeployerTool": "CsfpOps",
              "KubernetesCluster": "nokia-lab",
              "Name": "nokia-lab-private-ap-southeast-2a-natgw"
            },
            "timeouts": null,
            "vpc_id": "vpc-0dc3e0026241d59fc"
          },
          "sensitive_attributes": [],
          "private": "eyJlMmJmYjczMC1lY2FhLTExZTYtOGY4OC0zNDM2M2JjN2M0YzAiOnsiY3JlYXRlIjoxMjAwMDAwMDAwMDAsImRlbGV0ZSI6MzAwMDAwMDAwMDAwLCJ1cGRhdGUiOjEyMDAwMDAwMDAwMH19",
          "dependencies": [
            "aws_vpc.this",
            "data.aws_availability_zones.azs"
          ]
        },
        {
          "index_key": 1,
          "schema_version": 0,
          "attributes": {
            "arn": "arn:aws:ec2:ap-southeast-2:126494010021:route-table/rtb-0c2137e8295812111",
            "id": "rtb-0c2137e8295812111",
            "owner_id": "126494010021",
            "propagating_vgws": [],
            "route": [],
            "tags": {
              "Name": "nokia-lab-private-ap-southeast-2b-natgw"
            },
            "tags_all": {
              "ClusterRegion": "nokia-lab-ap-southeast-2",
              "Component": "EKS cluster",
              "DeployerTool": "CsfpOps",
              "KubernetesCluster": "nokia-lab",
              "Name": "nokia-lab-private-ap-southeast-2b-natgw"
            },
            "timeouts": null,
            "vpc_id": "vpc-0dc3e0026241d59fc"
          },
          "sensitive_attributes": [],
          "private": "eyJlMmJmYjczMC1lY2FhLTExZTYtOGY4OC0zNDM2M2JjN2M0YzAiOnsiY3JlYXRlIjoxMjAwMDAwMDAwMDAsImRlbGV0ZSI6MzAwMDAwMDAwMDAwLCJ1cGRhdGUiOjEyMDAwMDAwMDAwMH19",
          "dependencies": [
            "aws_vpc.this",
            "data.aws_availability_zones.azs"
          ]
        },
        {
          "index_key": 2,
          "schema_version": 0,
          "attributes": {
            "arn": "arn:aws:ec2:ap-southeast-2:126494010021:route-table/rtb-0ed7d0cd1835806a4",
            "id": "rtb-0ed7d0cd1835806a4",
            "owner_id": "126494010021",
            "propagating_vgws": [],
            "route": [],
            "tags": {
              "Name": "nokia-lab-private-ap-southeast-2c-natgw"
            },
            "tags_all": {
              "ClusterRegion": "nokia-lab-ap-southeast-2",
              "Component": "EKS cluster",
              "DeployerTool": "CsfpOps",
              "KubernetesCluster": "nokia-lab",
              "Name": "nokia-lab-private-ap-southeast-2c-natgw"
            },
            "timeouts": null,
            "vpc_id": "vpc-0dc3e0026241d59fc"
          },
          "sensitive_attributes": [],
          "private": "eyJlMmJmYjczMC1lY2FhLTExZTYtOGY4OC0zNDM2M2JjN2M0YzAiOnsiY3JlYXRlIjoxMjAwMDAwMDAwMDAsImRlbGV0ZSI6MzAwMDAwMDAwMDAwLCJ1cGRhdGUiOjEyMDAwMDAwMDAwMH19",
          "dependencies": [
            "aws_vpc.this",
            "data.aws_availability_zones.azs"
          ]
        }
      ]
    },
    {
      "mode": "managed",
      "type": "aws_route_table",
      "name": "public",
      "provider": "provider[\"registry.terraform.io/hashicorp/aws\"]",
      "instances": [
        {
          "index_key": 0,
          "schema_version": 0,
          "attributes": {
            "arn": "arn:aws:ec2:ap-southeast-2:126494010021:route-table/rtb-0e64dc5fe26320d3c",
            "id": "rtb-0e64dc5fe26320d3c",
            "owner_id": "126494010021",
            "propagating_vgws": [],
            "route": [],
            "tags": {
              "Name": "nokia-lab-public-rt"
            },
            "tags_all": {
              "ClusterRegion": "nokia-lab-ap-southeast-2",
              "Component": "EKS cluster",
              "DeployerTool": "CsfpOps",
              "KubernetesCluster": "nokia-lab",
              "Name": "nokia-lab-public-rt"
            },
            "timeouts": null,
            "vpc_id": "vpc-0dc3e0026241d59fc"
          },
          "sensitive_attributes": [],
          "private": "eyJlMmJmYjczMC1lY2FhLTExZTYtOGY4OC0zNDM2M2JjN2M0YzAiOnsiY3JlYXRlIjoxMjAwMDAwMDAwMDAsImRlbGV0ZSI6MzAwMDAwMDAwMDAwLCJ1cGRhdGUiOjEyMDAwMDAwMDAwMH19",
          "dependencies": [
            "aws_vpc.this"
          ]
        }
      ]
    },
    {
      "mode": "managed",
      "type": "aws_route_table_association",
      "name": "private",
      "provider": "provider[\"registry.terraform.io/hashicorp/aws\"]",
      "instances": [
        {
          "index_key": 0,
          "schema_version": 0,
          "attributes": {
            "gateway_id": "",
            "id": "rtbassoc-0eabe7679e137596d",
            "route_table_id": "rtb-0a59ad18eca8aa6fe",
            "subnet_id": "subnet-0885576a030087945"
          },
          "sensitive_attributes": [],
          "private": "bnVsbA==",
          "dependencies": [
            "aws_route_table.private",
            "aws_subnet.private",
            "aws_vpc.this",
            "data.aws_availability_zones.azs"
          ]
        },
        {
          "index_key": 1,
          "schema_version": 0,
          "attributes": {
            "gateway_id": "",
            "id": "rtbassoc-000909c902890a488",
            "route_table_id": "rtb-0c2137e8295812111",
            "subnet_id": "subnet-0b9fdd6b89ea82405"
          },
          "sensitive_attributes": [],
          "private": "bnVsbA==",
          "dependencies": [
            "aws_route_table.private",
            "aws_subnet.private",
            "aws_vpc.this",
            "data.aws_availability_zones.azs"
          ]
        },
        {
          "index_key": 2,
          "schema_version": 0,
          "attributes": {
            "gateway_id": "",
            "id": "rtbassoc-0c9ff291db2e20a15",
            "route_table_id": "rtb-0ed7d0cd1835806a4",
            "subnet_id": "subnet-0030801bfcfdd823d"
          },
          "sensitive_attributes": [],
          "private": "bnVsbA==",
          "dependencies": [
            "aws_route_table.private",
            "aws_subnet.private",
            "aws_vpc.this",
            "data.aws_availability_zones.azs"
          ]
        }
      ]
    },
    {
      "mode": "managed",
      "type": "aws_route_table_association",
      "name": "public",
      "provider": "provider[\"registry.terraform.io/hashicorp/aws\"]",
      "instances": [
        {
          "index_key": 0,
          "schema_version": 0,
          "attributes": {
            "gateway_id": "",
            "id": "rtbassoc-01f547dfa1ca0ec46",
            "route_table_id": "rtb-0e64dc5fe26320d3c",
            "subnet_id": "subnet-03644df32e5ed837b"
          },
          "sensitive_attributes": [],
          "private": "bnVsbA==",
          "dependencies": [
            "aws_route_table.public",
            "aws_subnet.public",
            "aws_vpc.this",
            "data.aws_availability_zones.azs"
          ]
        },
        {
          "index_key": 1,
          "schema_version": 0,
          "attributes": {
            "gateway_id": "",
            "id": "rtbassoc-03e98cbfdc72c5cc3",
            "route_table_id": "rtb-0e64dc5fe26320d3c",
            "subnet_id": "subnet-0234b6a64d8c1ce34"
          },
          "sensitive_attributes": [],
          "private": "bnVsbA==",
          "dependencies": [
            "aws_route_table.public",
            "aws_subnet.public",
            "aws_vpc.this",
            "data.aws_availability_zones.azs"
          ]
        },
        {
          "index_key": 2,
          "schema_version": 0,
          "attributes": {
            "gateway_id": "",
            "id": "rtbassoc-01eb1f6f7948bc367",
            "route_table_id": "rtb-0e64dc5fe26320d3c",
            "subnet_id": "subnet-04a2f686ee8ba21dc"
          },
          "sensitive_attributes": [],
          "private": "bnVsbA==",
          "dependencies": [
            "aws_route_table.public",
            "aws_subnet.public",
            "aws_vpc.this",
            "data.aws_availability_zones.azs"
          ]
        }
      ]
    },
    {
      "mode": "managed",
      "type": "aws_security_group",
      "name": "cluster",
      "provider": "provider[\"registry.terraform.io/hashicorp/aws\"]",
      "instances": [
        {
          "schema_version": 1,
          "attributes": {
            "arn": "arn:aws:ec2:ap-southeast-2:126494010021:security-group/sg-0704604fac01c7309",
            "description": "Main Cluster security group",
            "egress": [
              {
                "cidr_blocks": [
                  "0.0.0.0/0"
                ],
                "description": "Allow cluster egress access to the Internet.",
                "from_port": 0,
                "ipv6_cidr_blocks": [],
                "prefix_list_ids": [],
                "protocol": "-1",
                "security_groups": [],
                "self": false,
                "to_port": 0
              }
            ],
            "id": "sg-0704604fac01c7309",
            "ingress": [
              {
                "cidr_blocks": [
                  "13.237.183.33/32"
                ],
                "description": "Allow internal communication with EKS backplane and CLUSTER_SECURITY_GROUP_RULES.IPSETS defined in vars.yaml.",
                "from_port": 0,
                "ipv6_cidr_blocks": [],
                "prefix_list_ids": [],
                "protocol": "-1",
                "security_groups": [],
                "self": true,
                "to_port": 0
              },
              {
                "cidr_blocks": [
                  "54.153.235.254/32"
                ],
                "description": "allow NAT Gateway EIP (54.153.235.254/32) on all ports",
                "from_port": 0,
                "ipv6_cidr_blocks": [],
                "prefix_list_ids": [],
                "protocol": "tcp",
                "security_groups": [],
                "self": false,
                "to_port": 65535
              },
              {
                "cidr_blocks": [
                  "54.79.236.59/32"
                ],
                "description": "allow NAT Gateway EIP (54.79.236.59/32) on all ports",
                "from_port": 0,
                "ipv6_cidr_blocks": [],
                "prefix_list_ids": [],
                "protocol": "tcp",
                "security_groups": [],
                "self": false,
                "to_port": 65535
              },
              {
                "cidr_blocks": [
                  "54.79.250.75/32"
                ],
                "description": "allow NAT Gateway EIP (54.79.250.75/32) on all ports",
                "from_port": 0,
                "ipv6_cidr_blocks": [],
                "prefix_list_ids": [],
                "protocol": "tcp",
                "security_groups": [],
                "self": false,
                "to_port": 65535
              }
            ],
            "name": "nokia-lab-cluster-sg-20221107074036545300000002",
            "name_prefix": "nokia-lab-cluster-sg-",
            "owner_id": "126494010021",
            "revoke_rules_on_delete": false,
            "tags": {
              "Name": "nokia-lab-cluster-sg"
            },
            "tags_all": {
              "ClusterRegion": "nokia-lab-ap-southeast-2",
              "Component": "EKS cluster",
              "DeployerTool": "CsfpOps",
              "KubernetesCluster": "nokia-lab",
              "Name": "nokia-lab-cluster-sg"
            },
            "timeouts": null,
            "vpc_id": "vpc-0dc3e0026241d59fc"
          },
          "sensitive_attributes": [],
          "private": "eyJlMmJmYjczMC1lY2FhLTExZTYtOGY4OC0zNDM2M2JjN2M0YzAiOnsiY3JlYXRlIjo2MDAwMDAwMDAwMDAsImRlbGV0ZSI6OTAwMDAwMDAwMDAwfSwic2NoZW1hX3ZlcnNpb24iOiIxIn0=",
          "dependencies": [
            "aws_eip.nat",
            "aws_internet_gateway.this",
            "aws_nat_gateway.this",
            "aws_subnet.public",
            "aws_vpc.this",
            "data.aws_availability_zones.azs"
          ],
          "create_before_destroy": true
        }
      ]
    },
    {
      "mode": "managed",
      "type": "aws_subnet",
      "name": "private",
      "provider": "provider[\"registry.terraform.io/hashicorp/aws\"]",
      "instances": [
        {
          "index_key": 0,
          "schema_version": 1,
          "attributes": {
            "arn": "arn:aws:ec2:ap-southeast-2:126494010021:subnet/subnet-0885576a030087945",
            "assign_ipv6_address_on_creation": false,
            "availability_zone": "ap-southeast-2a",
            "availability_zone_id": "apse2-az1",
            "cidr_block": "10.1.1.0/24",
            "customer_owned_ipv4_pool": "",
            "id": "subnet-0885576a030087945",
            "ipv6_cidr_block": "",
            "ipv6_cidr_block_association_id": "",
            "map_customer_owned_ip_on_launch": false,
            "map_public_ip_on_launch": false,
            "outpost_arn": "",
            "owner_id": "126494010021",
            "tags": {
              "Name": "nokia-lab-subnet-private-ap-southeast-2a",
              "Network": "private",
              "kubernetes.io/cluster/nokia-lab": "shared"
            },
            "tags_all": {
              "ClusterRegion": "nokia-lab-ap-southeast-2",
              "Component": "EKS cluster",
              "DeployerTool": "CsfpOps",
              "KubernetesCluster": "nokia-lab",
              "Name": "nokia-lab-subnet-private-ap-southeast-2a",
              "Network": "private",
              "kubernetes.io/cluster/nokia-lab": "shared"
            },
            "timeouts": null,
            "vpc_id": "vpc-0dc3e0026241d59fc"
          },
          "sensitive_attributes": [],
          "private": "eyJlMmJmYjczMC1lY2FhLTExZTYtOGY4OC0zNDM2M2JjN2M0YzAiOnsiY3JlYXRlIjo2MDAwMDAwMDAwMDAsImRlbGV0ZSI6MTIwMDAwMDAwMDAwMH0sInNjaGVtYV92ZXJzaW9uIjoiMSJ9",
          "dependencies": [
            "aws_vpc.this",
            "data.aws_availability_zones.azs"
          ],
          "create_before_destroy": true
        },
        {
          "index_key": 1,
          "schema_version": 1,
          "attributes": {
            "arn": "arn:aws:ec2:ap-southeast-2:126494010021:subnet/subnet-0b9fdd6b89ea82405",
            "assign_ipv6_address_on_creation": false,
            "availability_zone": "ap-southeast-2b",
            "availability_zone_id": "apse2-az3",
            "cidr_block": "10.1.3.0/24",
            "customer_owned_ipv4_pool": "",
            "id": "subnet-0b9fdd6b89ea82405",
            "ipv6_cidr_block": "",
            "ipv6_cidr_block_association_id": "",
            "map_customer_owned_ip_on_launch": false,
            "map_public_ip_on_launch": false,
            "outpost_arn": "",
            "owner_id": "126494010021",
            "tags": {
              "Name": "nokia-lab-subnet-private-ap-southeast-2b",
              "Network": "private",
              "kubernetes.io/cluster/nokia-lab": "shared"
            },
            "tags_all": {
              "ClusterRegion": "nokia-lab-ap-southeast-2",
              "Component": "EKS cluster",
              "DeployerTool": "CsfpOps",
              "KubernetesCluster": "nokia-lab",
              "Name": "nokia-lab-subnet-private-ap-southeast-2b",
              "Network": "private",
              "kubernetes.io/cluster/nokia-lab": "shared"
            },
            "timeouts": null,
            "vpc_id": "vpc-0dc3e0026241d59fc"
          },
          "sensitive_attributes": [],
          "private": "eyJlMmJmYjczMC1lY2FhLTExZTYtOGY4OC0zNDM2M2JjN2M0YzAiOnsiY3JlYXRlIjo2MDAwMDAwMDAwMDAsImRlbGV0ZSI6MTIwMDAwMDAwMDAwMH0sInNjaGVtYV92ZXJzaW9uIjoiMSJ9",
          "dependencies": [
            "aws_vpc.this",
            "data.aws_availability_zones.azs"
          ],
          "create_before_destroy": true
        },
        {
          "index_key": 2,
          "schema_version": 1,
          "attributes": {
            "arn": "arn:aws:ec2:ap-southeast-2:126494010021:subnet/subnet-0030801bfcfdd823d",
            "assign_ipv6_address_on_creation": false,
            "availability_zone": "ap-southeast-2c",
            "availability_zone_id": "apse2-az2",
            "cidr_block": "10.1.5.0/24",
            "customer_owned_ipv4_pool": "",
            "id": "subnet-0030801bfcfdd823d",
            "ipv6_cidr_block": "",
            "ipv6_cidr_block_association_id": "",
            "map_customer_owned_ip_on_launch": false,
            "map_public_ip_on_launch": false,
            "outpost_arn": "",
            "owner_id": "126494010021",
            "tags": {
              "Name": "nokia-lab-subnet-private-ap-southeast-2c",
              "Network": "private",
              "kubernetes.io/cluster/nokia-lab": "shared"
            },
            "tags_all": {
              "ClusterRegion": "nokia-lab-ap-southeast-2",
              "Component": "EKS cluster",
              "DeployerTool": "CsfpOps",
              "KubernetesCluster": "nokia-lab",
              "Name": "nokia-lab-subnet-private-ap-southeast-2c",
              "Network": "private",
              "kubernetes.io/cluster/nokia-lab": "shared"
            },
            "timeouts": null,
            "vpc_id": "vpc-0dc3e0026241d59fc"
          },
          "sensitive_attributes": [],
          "private": "eyJlMmJmYjczMC1lY2FhLTExZTYtOGY4OC0zNDM2M2JjN2M0YzAiOnsiY3JlYXRlIjo2MDAwMDAwMDAwMDAsImRlbGV0ZSI6MTIwMDAwMDAwMDAwMH0sInNjaGVtYV92ZXJzaW9uIjoiMSJ9",
          "dependencies": [
            "aws_vpc.this",
            "data.aws_availability_zones.azs"
          ],
          "create_before_destroy": true
        }
      ]
    },
    {
      "mode": "managed",
      "type": "aws_subnet",
      "name": "public",
      "provider": "provider[\"registry.terraform.io/hashicorp/aws\"]",
      "instances": [
        {
          "index_key": 0,
          "schema_version": 1,
          "attributes": {
            "arn": "arn:aws:ec2:ap-southeast-2:126494010021:subnet/subnet-03644df32e5ed837b",
            "assign_ipv6_address_on_creation": false,
            "availability_zone": "ap-southeast-2a",
            "availability_zone_id": "apse2-az1",
            "cidr_block": "10.1.0.0/24",
            "customer_owned_ipv4_pool": "",
            "id": "subnet-03644df32e5ed837b",
            "ipv6_cidr_block": "",
            "ipv6_cidr_block_association_id": "",
            "map_customer_owned_ip_on_launch": false,
            "map_public_ip_on_launch": true,
            "outpost_arn": "",
            "owner_id": "126494010021",
            "tags": {
              "Name": "nokia-lab-subnet-public-ap-southeast-2a",
              "Network": "public",
              "kubernetes.io/cluster/nokia-lab": "shared"
            },
            "tags_all": {
              "ClusterRegion": "nokia-lab-ap-southeast-2",
              "Component": "EKS cluster",
              "DeployerTool": "CsfpOps",
              "KubernetesCluster": "nokia-lab",
              "Name": "nokia-lab-subnet-public-ap-southeast-2a",
              "Network": "public",
              "kubernetes.io/cluster/nokia-lab": "shared"
            },
            "timeouts": null,
            "vpc_id": "vpc-0dc3e0026241d59fc"
          },
          "sensitive_attributes": [],
          "private": "eyJlMmJmYjczMC1lY2FhLTExZTYtOGY4OC0zNDM2M2JjN2M0YzAiOnsiY3JlYXRlIjo2MDAwMDAwMDAwMDAsImRlbGV0ZSI6MTIwMDAwMDAwMDAwMH0sInNjaGVtYV92ZXJzaW9uIjoiMSJ9",
          "dependencies": [
            "aws_vpc.this",
            "data.aws_availability_zones.azs"
          ],
          "create_before_destroy": true
        },
        {
          "index_key": 1,
          "schema_version": 1,
          "attributes": {
            "arn": "arn:aws:ec2:ap-southeast-2:126494010021:subnet/subnet-0234b6a64d8c1ce34",
            "assign_ipv6_address_on_creation": false,
            "availability_zone": "ap-southeast-2b",
            "availability_zone_id": "apse2-az3",
            "cidr_block": "10.1.2.0/24",
            "customer_owned_ipv4_pool": "",
            "id": "subnet-0234b6a64d8c1ce34",
            "ipv6_cidr_block": "",
            "ipv6_cidr_block_association_id": "",
            "map_customer_owned_ip_on_launch": false,
            "map_public_ip_on_launch": true,
            "outpost_arn": "",
            "owner_id": "126494010021",
            "tags": {
              "Name": "nokia-lab-subnet-public-ap-southeast-2b",
              "Network": "public",
              "kubernetes.io/cluster/nokia-lab": "shared"
            },
            "tags_all": {
              "ClusterRegion": "nokia-lab-ap-southeast-2",
              "Component": "EKS cluster",
              "DeployerTool": "CsfpOps",
              "KubernetesCluster": "nokia-lab",
              "Name": "nokia-lab-subnet-public-ap-southeast-2b",
              "Network": "public",
              "kubernetes.io/cluster/nokia-lab": "shared"
            },
            "timeouts": null,
            "vpc_id": "vpc-0dc3e0026241d59fc"
          },
          "sensitive_attributes": [],
          "private": "eyJlMmJmYjczMC1lY2FhLTExZTYtOGY4OC0zNDM2M2JjN2M0YzAiOnsiY3JlYXRlIjo2MDAwMDAwMDAwMDAsImRlbGV0ZSI6MTIwMDAwMDAwMDAwMH0sInNjaGVtYV92ZXJzaW9uIjoiMSJ9",
          "dependencies": [
            "aws_vpc.this",
            "data.aws_availability_zones.azs"
          ],
          "create_before_destroy": true
        },
        {
          "index_key": 2,
          "schema_version": 1,
          "attributes": {
            "arn": "arn:aws:ec2:ap-southeast-2:126494010021:subnet/subnet-04a2f686ee8ba21dc",
            "assign_ipv6_address_on_creation": false,
            "availability_zone": "ap-southeast-2c",
            "availability_zone_id": "apse2-az2",
            "cidr_block": "10.1.4.0/24",
            "customer_owned_ipv4_pool": "",
            "id": "subnet-04a2f686ee8ba21dc",
            "ipv6_cidr_block": "",
            "ipv6_cidr_block_association_id": "",
            "map_customer_owned_ip_on_launch": false,
            "map_public_ip_on_launch": true,
            "outpost_arn": "",
            "owner_id": "126494010021",
            "tags": {
              "Name": "nokia-lab-subnet-public-ap-southeast-2c",
              "Network": "public",
              "kubernetes.io/cluster/nokia-lab": "shared"
            },
            "tags_all": {
              "ClusterRegion": "nokia-lab-ap-southeast-2",
              "Component": "EKS cluster",
              "DeployerTool": "CsfpOps",
              "KubernetesCluster": "nokia-lab",
              "Name": "nokia-lab-subnet-public-ap-southeast-2c",
              "Network": "public",
              "kubernetes.io/cluster/nokia-lab": "shared"
            },
            "timeouts": null,
            "vpc_id": "vpc-0dc3e0026241d59fc"
          },
          "sensitive_attributes": [],
          "private": "eyJlMmJmYjczMC1lY2FhLTExZTYtOGY4OC0zNDM2M2JjN2M0YzAiOnsiY3JlYXRlIjo2MDAwMDAwMDAwMDAsImRlbGV0ZSI6MTIwMDAwMDAwMDAwMH0sInNjaGVtYV92ZXJzaW9uIjoiMSJ9",
          "dependencies": [
            "aws_vpc.this",
            "data.aws_availability_zones.azs"
          ],
          "create_before_destroy": true
        }
      ]
    },
    {
      "mode": "managed",
      "type": "aws_vpc",
      "name": "this",
      "provider": "provider[\"registry.terraform.io/hashicorp/aws\"]",
      "instances": [
        {
          "index_key": 0,
          "schema_version": 1,
          "attributes": {
            "arn": "arn:aws:ec2:ap-southeast-2:126494010021:vpc/vpc-0dc3e0026241d59fc",
            "assign_generated_ipv6_cidr_block": false,
            "cidr_block": "10.1.0.0/16",
            "default_network_acl_id": "acl-0b3c85655159c1fb2",
            "default_route_table_id": "rtb-059d8f0f90dc023e4",
            "default_security_group_id": "sg-0d8b9f758394f911f",
            "dhcp_options_id": "dopt-031020e46fb020284",
            "enable_classiclink": false,
            "enable_classiclink_dns_support": false,
            "enable_dns_hostnames": true,
            "enable_dns_support": true,
            "id": "vpc-0dc3e0026241d59fc",
            "instance_tenancy": "default",
            "ipv6_association_id": "",
            "ipv6_cidr_block": "",
            "main_route_table_id": "rtb-059d8f0f90dc023e4",
            "owner_id": "126494010021",
            "tags": {
              "Name": "nokia-lab-vpc"
            },
            "tags_all": {
              "ClusterRegion": "nokia-lab-ap-southeast-2",
              "Component": "EKS cluster",
              "DeployerTool": "CsfpOps",
              "KubernetesCluster": "nokia-lab",
              "Name": "nokia-lab-vpc"
            }
          },
          "sensitive_attributes": [],
          "private": "eyJzY2hlbWFfdmVyc2lvbiI6IjEifQ==",
          "create_before_destroy": true
        }
      ]
    },
    {
      "mode": "managed",
      "type": "aws_vpc_endpoint",
      "name": "gateway_endpoints",
      "provider": "provider[\"registry.terraform.io/hashicorp/aws\"]",
      "instances": [
        {
          "index_key": 0,
          "schema_version": 0,
          "attributes": {
            "arn": "arn:aws:ec2:ap-southeast-2:126494010021:vpc-endpoint/vpce-070e48ed9043e06ba",
            "auto_accept": null,
            "cidr_blocks": [
              "3.5.164.0/22",
              "3.5.168.0/23",
              "52.95.128.0/21"
            ],
            "dns_entry": [],
            "id": "vpce-070e48ed9043e06ba",
            "network_interface_ids": [],
            "owner_id": "126494010021",
            "policy": "{\"Statement\":[{\"Action\":\"*\",\"Effect\":\"Allow\",\"Principal\":\"*\",\"Resource\":\"*\"}],\"Version\":\"2008-10-17\"}",
            "prefix_list_id": "pl-6ca54005",
            "private_dns_enabled": false,
            "requester_managed": false,
            "route_table_ids": [
              "rtb-0a59ad18eca8aa6fe",
              "rtb-0c2137e8295812111",
              "rtb-0ed7d0cd1835806a4"
            ],
            "security_group_ids": [],
            "service_name": "com.amazonaws.ap-southeast-2.s3",
            "state": "available",
            "subnet_ids": [],
            "tags": {
              "Name": "nokia-lab-vpce-s3"
            },
            "tags_all": {
              "ClusterRegion": "nokia-lab-ap-southeast-2",
              "Component": "EKS cluster",
              "DeployerTool": "CsfpOps",
              "KubernetesCluster": "nokia-lab",
              "Name": "nokia-lab-vpce-s3"
            },
            "timeouts": null,
            "vpc_endpoint_type": "Gateway",
            "vpc_id": "vpc-0dc3e0026241d59fc"
          },
          "sensitive_attributes": [],
          "private": "eyJlMmJmYjczMC1lY2FhLTExZTYtOGY4OC0zNDM2M2JjN2M0YzAiOnsiY3JlYXRlIjo2MDAwMDAwMDAwMDAsImRlbGV0ZSI6NjAwMDAwMDAwMDAwLCJ1cGRhdGUiOjYwMDAwMDAwMDAwMH19",
          "dependencies": [
            "aws_route_table.private",
            "aws_vpc.this",
            "data.aws_availability_zones.azs"
          ]
        }
      ]
    },
    {
      "mode": "managed",
      "type": "time_sleep",
      "name": "wait_10_seconds",
      "provider": "provider[\"registry.terraform.io/hashicorp/time\"]",
      "instances": [
        {
          "index_key": 0,
          "schema_version": 0,
          "attributes": {
            "create_duration": "10s",
            "destroy_duration": null,
            "id": "2022-11-07T07:39:02Z",
            "triggers": null
          },
          "sensitive_attributes": [],
          "private": "bnVsbA==",
          "dependencies": [
            "aws_subnet.private",
            "aws_subnet.public",
            "aws_vpc.this",
            "data.aws_availability_zones.azs"
          ],
          "create_before_destroy": true
        }
      ]
    }
  ]
}
